{
  "version": 4,
  "terraform_version": "1.10.0",
  "serial": 74,
  "lineage": "b85f6779-ba1a-9ebc-7279-8aba87ebebfb",
  "outputs": {},
  "resources": [
    {
      "mode": "managed",
      "type": "local_file",
      "name": "pet",
      "provider": "provider[\"registry.terraform.io/hashicorp/local\"]",
      "instances": [
        {
          "index_key": 0,
          "schema_version": 0,
          "attributes": {
            "content": "Fuckkkk Offffffffff",
            "content_base64": null,
            "content_base64sha256": "8N8SL/9aBoRWMu3MQySQ9OPdfZrwzHUc1ocbV4vaVTI=",
            "content_base64sha512": "bt52WlNB6KzZveuSsHIKuVQ5Dniqiwgls3gGaxotPmMH22UMJhULzFbuVDQLzfT6xsWnUWAwgTXwnhySvXdztg==",
            "content_md5": "50b5136deabd7ab9b5c12a063a059610",
            "content_sha1": "19beff268f4bdb040802161974098249a69c70c5",
            "content_sha256": "f0df122fff5a06845632edcc432490f4e3dd7d9af0cc751cd6871b578bda5532",
            "content_sha512": "6ede765a5341e8acd9bdeb92b0720ab954390e78aa8b0825b378066b1a2d3e6307db650c26150bcc56ee54340bcdf4fac6c5a75160308135f09e1c92bd7773b6",
            "directory_permission": "0777",
            "file_permission": "0777",
            "filename": "file1.txt",
            "id": "19beff268f4bdb040802161974098249a69c70c5",
            "sensitive_content": null,
            "source": null
          },
          "sensitive_attributes": [
            [
              {
                "type": "get_attr",
                "value": "sensitive_content"
              }
            ]
          ]
        },
        {
          "index_key": 1,
          "schema_version": 0,
          "attributes": {
            "content": "Fuckkkk Offffffffff",
            "content_base64": null,
            "content_base64sha256": "8N8SL/9aBoRWMu3MQySQ9OPdfZrwzHUc1ocbV4vaVTI=",
            "content_base64sha512": "bt52WlNB6KzZveuSsHIKuVQ5Dniqiwgls3gGaxotPmMH22UMJhULzFbuVDQLzfT6xsWnUWAwgTXwnhySvXdztg==",
            "content_md5": "50b5136deabd7ab9b5c12a063a059610",
            "content_sha1": "19beff268f4bdb040802161974098249a69c70c5",
            "content_sha256": "f0df122fff5a06845632edcc432490f4e3dd7d9af0cc751cd6871b578bda5532",
            "content_sha512": "6ede765a5341e8acd9bdeb92b0720ab954390e78aa8b0825b378066b1a2d3e6307db650c26150bcc56ee54340bcdf4fac6c5a75160308135f09e1c92bd7773b6",
            "directory_permission": "0777",
            "file_permission": "0777",
            "filename": "file2.txt",
            "id": "19beff268f4bdb040802161974098249a69c70c5",
            "sensitive_content": null,
            "source": null
          },
          "sensitive_attributes": [
            [
              {
                "type": "get_attr",
                "value": "sensitive_content"
              }
            ]
          ]
        },
        {
          "index_key": 2,
          "schema_version": 0,
          "attributes": {
            "content": "Fuckkkk Offffffffff",
            "content_base64": null,
            "content_base64sha256": "8N8SL/9aBoRWMu3MQySQ9OPdfZrwzHUc1ocbV4vaVTI=",
            "content_base64sha512": "bt52WlNB6KzZveuSsHIKuVQ5Dniqiwgls3gGaxotPmMH22UMJhULzFbuVDQLzfT6xsWnUWAwgTXwnhySvXdztg==",
            "content_md5": "50b5136deabd7ab9b5c12a063a059610",
            "content_sha1": "19beff268f4bdb040802161974098249a69c70c5",
            "content_sha256": "f0df122fff5a06845632edcc432490f4e3dd7d9af0cc751cd6871b578bda5532",
            "content_sha512": "6ede765a5341e8acd9bdeb92b0720ab954390e78aa8b0825b378066b1a2d3e6307db650c26150bcc56ee54340bcdf4fac6c5a75160308135f09e1c92bd7773b6",
            "directory_permission": "0777",
            "file_permission": "0777",
            "filename": "file3.txt",
            "id": "19beff268f4bdb040802161974098249a69c70c5",
            "sensitive_content": null,
            "source": null
          },
          "sensitive_attributes": [
            [
              {
                "type": "get_attr",
                "value": "sensitive_content"
              }
            ]
          ]
        }
      ]
    }
  ],
  "check_results": null
}
