{
  "version": 4,
  "terraform_version": "1.10.0",
  "serial": 36,
  "lineage": "b85f6779-ba1a-9ebc-7279-8aba87ebebfb",
  "outputs": {
    "application_file_name": {
      "value": "application.txt",
      "type": "string"
    },
    "config_content": {
      "value": "Application Environment: DEV",
      "type": "string"
    },
    "config_file_name": {
      "value": "config.txt",
      "type": "string"
    },
    "deployment_log_name": {
      "value": "deployment.log",
      "type": "string"
    }
  },
  "resources": [
    {
      "mode": "managed",
      "type": "local_file",
      "name": "application",
      "provider": "provider[\"registry.terraform.io/hashicorp/local\"]",
      "instances": [
        {
          "schema_version": 0,
          "attributes": {
            "content": "    Application Started\r\n\r\n    Config File:\r\n    Application Environment: DEV\r\n",
            "content_base64": null,
            "content_base64sha256": "TcuPO5iuXZHz+4dmw4h/HNffiFTa77Kzv3XfiJH39sM=",
            "content_base64sha512": "KazY4VMpSBm8Kc0w4eR8PygWeXLTwVG773StivXgCtLDocTqFz5jbWZcS2g5sLIbujX6I4ZFfzX8ktX1nrjZrw==",
            "content_md5": "f13c4153fb2f05a7b3ea4d1eb5df837d",
            "content_sha1": "f2096dc886d401584eda84cf079376013970bf69",
            "content_sha256": "4dcb8f3b98ae5d91f3fb8766c3887f1cd7df8854daefb2b3bf75df8891f7f6c3",
            "content_sha512": "29acd8e153294819bc29cd30e1e47c3f28167972d3c151bbef74ad8af5e00ad2c3a1c4ea173e636d665c4b6839b0b21bba35fa2386457f35fc92d5f59eb8d9af",
            "directory_permission": "0777",
            "file_permission": "0777",
            "filename": "application.txt",
            "id": "f2096dc886d401584eda84cf079376013970bf69",
            "sensitive_content": null,
            "source": null
          },
          "sensitive_attributes": [
            [
              {
                "type": "get_attr",
                "value": "sensitive_content"
              }
            ]
          ],
          "dependencies": [
            "local_file.config"
          ]
        }
      ]
    },
    {
      "mode": "managed",
      "type": "local_file",
      "name": "config",
      "provider": "provider[\"registry.terraform.io/hashicorp/local\"]",
      "instances": [
        {
          "schema_version": 0,
          "attributes": {
            "content": "Application Environment: DEV",
            "content_base64": null,
            "content_base64sha256": "mSRYSuAh3APniXwT7kCV0OVnyBH4zAc9BgQRU1OSHEY=",
            "content_base64sha512": "TbLryBydYPEEoPPcVP2kiDWS7+q6SYqaMRFrAfR//X9+lW+RJzMGSp9zgZAYohwPIxrkNB9pc4KerMlf8ie3Ew==",
            "content_md5": "f188028b7a7752d7aa4a8c86e2d73b13",
            "content_sha1": "b2c50cb8118ca9fcc5e9c16e14e55fb5a7100e0b",
            "content_sha256": "9924584ae021dc03e7897c13ee4095d0e567c811f8cc073d0604115353921c46",
            "content_sha512": "4db2ebc81c9d60f104a0f3dc54fda4883592efeaba498a9a31116b01f47ffd7f7e956f912733064a9f73819018a21c0f231ae4341f6973829eacc95ff227b713",
            "directory_permission": "0777",
            "file_permission": "0777",
            "filename": "config.txt",
            "id": "b2c50cb8118ca9fcc5e9c16e14e55fb5a7100e0b",
            "sensitive_content": null,
            "source": null
          },
          "sensitive_attributes": [
            [
              {
                "type": "get_attr",
                "value": "sensitive_content"
              }
            ]
          ]
        }
      ]
    },
    {
      "mode": "managed",
      "type": "local_file",
      "name": "deployment_log",
      "provider": "provider[\"registry.terraform.io/hashicorp/local\"]",
      "instances": [
        {
          "schema_version": 0,
          "attributes": {
            "content": "Deployment completed successfully",
            "content_base64": null,
            "content_base64sha256": "U7qj/uMbK9pZ9tWxkeZx/OfEkFP36IZdo6VtbCzEF7g=",
            "content_base64sha512": "sKCfolzG+n4FDPn9ZsaDFVPY319vYP0gIjEJqNDjRGeDA6kYEF4c2wd++vo+2ZPKTpliA8RUSwQhVuj1EEVa5g==",
            "content_md5": "5ce4359b95dfc90432e674655df21ef6",
            "content_sha1": "7ff84517bd657a65064f47af3c8eebeebe4a44c0",
            "content_sha256": "53baa3fee31b2bda59f6d5b191e671fce7c49053f7e8865da3a56d6c2cc417b8",
            "content_sha512": "b0a09fa25cc6fa7e050cf9fd66c6831553d8df5f6f60fd20223109a8d0e344678303a918105e1cdb077efafa3ed993ca4e996203c4544b042156e8f510455ae6",
            "directory_permission": "0777",
            "file_permission": "0777",
            "filename": "deployment.log",
            "id": "7ff84517bd657a65064f47af3c8eebeebe4a44c0",
            "sensitive_content": null,
            "source": null
          },
          "sensitive_attributes": [
            [
              {
                "type": "get_attr",
                "value": "sensitive_content"
              }
            ]
          ],
          "dependencies": [
            "local_file.application",
            "local_file.config"
          ]
        }
      ]
    }
  ],
  "check_results": null
}
