{
  "version": 4,
  "terraform_version": "1.10.0",
  "serial": 6,
  "lineage": "b85f6779-ba1a-9ebc-7279-8aba87ebebfb",
  "outputs": {},
  "resources": [
    {
      "mode": "managed",
      "type": "local_file",
      "name": "pet",
      "provider": "provider[\"registry.terraform.io/hashicorp/local\"]",
      "instances": [
        {
          "schema_version": 0,
          "attributes": {
            "content": "We love INDIA!!!!",
            "content_base64": null,
            "content_base64sha256": "p+IlBx4zYbj6nYGVxLpcsBlfL2k5M1k3xG3/jh+6VmE=",
            "content_base64sha512": "sf/2NXi/ZjCQmRplRBkom/uR/z6VkFYbDLaNJrtdlKJVTLpGco74Qtj54T/ilDxQmB12vQc5h7TSz8NqAipVJA==",
            "content_md5": "ec8c68832e02acba22099e6dc0e39f68",
            "content_sha1": "45c7c5b853f64fb87a934788a1486ff34bd45d6f",
            "content_sha256": "a7e225071e3361b8fa9d8195c4ba5cb0195f2f6939335937c46dff8e1fba5661",
            "content_sha512": "b1fff63578bf663090991a654419289bfb91ff3e9590561b0cb68d26bb5d94a2554cba46728ef842d8f9e13fe2943c50981d76bd073987b4d2cfc36a022a5524",
            "directory_permission": "0777",
            "file_permission": "0700",
            "filename": "pets.txt",
            "id": "45c7c5b853f64fb87a934788a1486ff34bd45d6f",
            "sensitive_content": null,
            "source": null
          },
          "sensitive_attributes": [
            [
              {
                "type": "get_attr",
                "value": "sensitive_content"
              }
            ]
          ]
        }
      ]
    },
    {
      "mode": "managed",
      "type": "local_sensitive_file",
      "name": "games",
      "provider": "provider[\"registry.terraform.io/hashicorp/local\"]",
      "instances": [
        {
          "schema_version": 0,
          "attributes": {
            "content": "FIFA 21",
            "content_base64": null,
            "content_base64sha256": "0QatlfVl9H412mXNB5/Y9evwrDIxEW4ooJpmph2eoUY=",
            "content_base64sha512": "F0zLI9RS+tFB53xwISp1R3wvRQ/Sw4hsxwysWamsAk/cNyHr/X/pmmykTTCuvkRvr+3y+5c7Sc/J/ObRRX1mIg==",
            "content_md5": "44a271e06ddd134cdbeab299288422f3",
            "content_sha1": "f68b901eb16aff12e9458bdb656a7df8d3425d4c",
            "content_sha256": "d106ad95f565f47e35da65cd079fd8f5ebf0ac3231116e28a09a66a61d9ea146",
            "content_sha512": "174ccb23d452fad141e77c70212a75477c2f450fd2c3886cc70cac59a9ac024fdc3721ebfd7fe99a6ca44d30aebe446fafedf2fb973b49cfc9fce6d1457d6622",
            "directory_permission": "0700",
            "file_permission": "0700",
            "filename": "protected_pets",
            "id": "f68b901eb16aff12e9458bdb656a7df8d3425d4c",
            "source": null
          },
          "sensitive_attributes": [
            [
              {
                "type": "get_attr",
                "value": "content"
              }
            ],
            [
              {
                "type": "get_attr",
                "value": "content_base64"
              }
            ]
          ]
        }
      ]
    }
  ],
  "check_results": null
}
