{
  "version": 4,
  "terraform_version": "1.10.0",
  "serial": 51,
  "lineage": "6a6b374f-1038-0e4f-d91f-d6be21a0131b",
  "outputs": {
    "bootstrap_brokers_sasl_iam": {
      "value": "b-1.kafkaprojectcluster.8rx462.c3.kafka.ap-south-1.amazonaws.com:9098,b-2.kafkaprojectcluster.8rx462.c3.kafka.ap-south-1.amazonaws.com:9098,b-3.kafkaprojectcluster.8rx462.c3.kafka.ap-south-1.amazonaws.com:9098",
      "type": "string"
    },
    "bootstrap_brokers_sasl_scram": {
      "value": "",
      "type": "string"
    },
    "bootstrap_brokers_tls": {
      "value": "",
      "type": "string"
    },
    "consumer_instance_id": {
      "value": "i-037f51043ee270d8d",
      "type": "string"
    },
    "consumer_private_ip": {
      "value": "10.0.2.98",
      "type": "string"
    },
    "consumer_public_ip": {
      "value": "43.204.114.13",
      "type": "string"
    },
    "consumer_role_arn": {
      "value": "arn:aws:iam::741448939728:role/kafka-project-consumer-role",
      "type": "string"
    },
    "consumer_sg": {
      "value": "sg-06f67e3ee530fda82",
      "type": "string"
    },
    "consumer_ssh_command": {
      "value": "ssh -i ./kafka-project.pem ec2-user@43.204.114.13",
      "type": "string"
    },
    "internet_gateway_id": {
      "value": "igw-0c1149799982274de",
      "type": "string"
    },
    "kms_key_arn": {
      "value": "arn:aws:kms:ap-south-1:741448939728:key/6af58588-0665-48e4-8f65-42218602a279",
      "type": "string"
    },
    "kms_key_id": {
      "value": "6af58588-0665-48e4-8f65-42218602a279",
      "type": "string"
    },
    "msk_cluster_arn": {
      "value": "arn:aws:kafka:ap-south-1:741448939728:cluster/kafka-project-cluster/43222b3e-7709-4d65-a66e-bc7753949992-3",
      "type": "string"
    },
    "msk_cluster_name": {
      "value": "kafka-project-cluster",
      "type": "string"
    },
    "msk_current_version": {
      "value": "K1X6FK5RDHNB96",
      "type": "string"
    },
    "msk_sg": {
      "value": "sg-02cf5d1c040222da2",
      "type": "string"
    },
    "nat_gateway_id": {
      "value": "nat-0ee869efeaccf266e",
      "type": "string"
    },
    "nat_gateway_public_ip": {
      "value": "13.206.227.134",
      "type": "string"
    },
    "private_key_file": {
      "value": "./kafka-project.pem",
      "type": "string"
    },
    "private_subnet_ids": {
      "value": [
        "subnet-01867a0c060fd96d4",
        "subnet-033a65c069d020afc",
        "subnet-04b060c7e4fc509ca"
      ],
      "type": [
        "tuple",
        [
          "string",
          "string",
          "string"
        ]
      ]
    },
    "producer_instance_id": {
      "value": "i-0c505c44afcb2a785",
      "type": "string"
    },
    "producer_private_ip": {
      "value": "10.0.1.126",
      "type": "string"
    },
    "producer_public_ip": {
      "value": "13.206.250.135",
      "type": "string"
    },
    "producer_role_arn": {
      "value": "arn:aws:iam::741448939728:role/kafka-project-producer-role",
      "type": "string"
    },
    "producer_sg": {
      "value": "sg-0a500769ea2f6ac98",
      "type": "string"
    },
    "producer_ssh_command": {
      "value": "ssh -i ./kafka-project.pem ec2-user@13.206.250.135",
      "type": "string"
    },
    "public_subnet_ids": {
      "value": [
        "subnet-016ad12d5eb3a8a92",
        "subnet-028dbff0ba4005993"
      ],
      "type": [
        "tuple",
        [
          "string",
          "string"
        ]
      ]
    },
    "vpc_id": {
      "value": "vpc-01a52b06d31a984bc",
      "type": "string"
    },
    "zookeeper_connect_string": {
      "value": "z-1.kafkaprojectcluster.8rx462.c3.kafka.ap-south-1.amazonaws.com:2181,z-2.kafkaprojectcluster.8rx462.c3.kafka.ap-south-1.amazonaws.com:2181,z-3.kafkaprojectcluster.8rx462.c3.kafka.ap-south-1.amazonaws.com:2181",
      "type": "string"
    }
  },
  "resources": [
    {
      "mode": "data",
      "type": "aws_ami",
      "name": "amazon_linux",
      "provider": "provider[\"registry.terraform.io/hashicorp/aws\"]",
      "instances": [
        {
          "schema_version": 0,
          "attributes": {
            "allow_unsafe_filter": null,
            "architecture": "x86_64",
            "arn": "arn:aws:ec2:ap-south-1::image/ami-08e8e63035c905918",
            "block_device_mappings": [
              {
                "device_name": "/dev/xvda",
                "ebs": {
                  "delete_on_termination": "true",
                  "encrypted": "false",
                  "iops": "3000",
                  "snapshot_id": "snap-056e08f9920b898d6",
                  "throughput": "125",
                  "volume_initialization_rate": "0",
                  "volume_size": "2",
                  "volume_type": "gp3"
                },
                "no_device": "",
                "virtual_name": ""
              }
            ],
            "boot_mode": "uefi-preferred",
            "creation_date": "2026-07-24T02:46:28.000Z",
            "deprecation_time": "2026-10-22T02:52:00.000Z",
            "description": "Amazon Linux 2023 AMI 2023.12.20260724.0 x86_64 Minimal HVM kernel-6.18",
            "ena_support": true,
            "executable_users": null,
            "filter": [
              {
                "name": "name",
                "values": [
                  "al2023-ami-*-x86_64"
                ]
              }
            ],
            "hypervisor": "xen",
            "id": "ami-08e8e63035c905918",
            "image_id": "ami-08e8e63035c905918",
            "image_location": "amazon/al2023-ami-minimal-2023.12.20260724.0-kernel-6.18-x86_64",
            "image_owner_alias": "amazon",
            "image_type": "machine",
            "imds_support": "v2.0",
            "include_deprecated": false,
            "kernel_id": "",
            "last_launched_time": "",
            "most_recent": true,
            "name": "al2023-ami-minimal-2023.12.20260724.0-kernel-6.18-x86_64",
            "name_regex": null,
            "owner_id": "137112412989",
            "owners": [
              "amazon"
            ],
            "platform": "",
            "platform_details": "Linux/UNIX",
            "product_codes": [],
            "public": true,
            "ramdisk_id": "",
            "region": "ap-south-1",
            "root_device_name": "/dev/xvda",
            "root_device_type": "ebs",
            "root_snapshot_id": "snap-056e08f9920b898d6",
            "sriov_net_support": "simple",
            "state": "available",
            "state_reason": {
              "code": "UNSET",
              "message": "UNSET"
            },
            "tags": {},
            "timeouts": null,
            "tpm_support": "",
            "uefi_data": null,
            "usage_operation": "RunInstances",
            "virtualization_type": "hvm"
          },
          "sensitive_attributes": []
        }
      ]
    },
    {
      "mode": "data",
      "type": "aws_availability_zones",
      "name": "available",
      "provider": "provider[\"registry.terraform.io/hashicorp/aws\"]",
      "instances": [
        {
          "schema_version": 0,
          "attributes": {
            "all_availability_zones": null,
            "exclude_names": null,
            "exclude_zone_ids": null,
            "filter": null,
            "group_names": [
              "ap-south-1-zg-1"
            ],
            "id": "ap-south-1",
            "names": [
              "ap-south-1a",
              "ap-south-1b",
              "ap-south-1c"
            ],
            "region": "ap-south-1",
            "state": "available",
            "timeouts": null,
            "zone_ids": [
              "aps1-az1",
              "aps1-az3",
              "aps1-az2"
            ]
          },
          "sensitive_attributes": []
        }
      ]
    },
    {
      "mode": "data",
      "type": "aws_iam_policy_document",
      "name": "ec2_assume_role",
      "provider": "provider[\"registry.terraform.io/hashicorp/aws\"]",
      "instances": [
        {
          "schema_version": 0,
          "attributes": {
            "id": "2851119427",
            "json": "{\n  \"Version\": \"2012-10-17\",\n  \"Statement\": [\n    {\n      \"Effect\": \"Allow\",\n      \"Action\": \"sts:AssumeRole\",\n      \"Principal\": {\n        \"Service\": \"ec2.amazonaws.com\"\n      }\n    }\n  ]\n}",
            "minified_json": "{\"Version\":\"2012-10-17\",\"Statement\":[{\"Effect\":\"Allow\",\"Action\":\"sts:AssumeRole\",\"Principal\":{\"Service\":\"ec2.amazonaws.com\"}}]}",
            "override_json": null,
            "override_policy_documents": null,
            "policy_id": null,
            "source_json": null,
            "source_policy_documents": null,
            "statement": [
              {
                "actions": [
                  "sts:AssumeRole"
                ],
                "condition": [],
                "effect": "Allow",
                "not_actions": [],
                "not_principals": [],
                "not_resources": [],
                "principals": [
                  {
                    "identifiers": [
                      "ec2.amazonaws.com"
                    ],
                    "type": "Service"
                  }
                ],
                "resources": [],
                "sid": ""
              }
            ],
            "version": "2012-10-17"
          },
          "sensitive_attributes": []
        }
      ]
    },
    {
      "mode": "managed",
      "type": "aws_cloudwatch_log_group",
      "name": "msk",
      "provider": "provider[\"registry.terraform.io/hashicorp/aws\"]",
      "instances": [
        {
          "schema_version": 0,
          "attributes": {
            "arn": "arn:aws:logs:ap-south-1:741448939728:log-group:/aws/msk/kafka-project",
            "deletion_protection_enabled": false,
            "id": "/aws/msk/kafka-project",
            "kms_key_id": "",
            "log_group_class": "STANDARD",
            "name": "/aws/msk/kafka-project",
            "name_prefix": "",
            "region": "ap-south-1",
            "retention_in_days": 14,
            "skip_destroy": false,
            "tags": {},
            "tags_all": {
              "Environment": "dev",
              "ManagedBy": "Terraform",
              "Owner": "DataEngineering",
              "Project": "kafka-project"
            }
          },
          "sensitive_attributes": [],
          "private": "bnVsbA=="
        }
      ]
    },
    {
      "mode": "managed",
      "type": "aws_eip",
      "name": "nat",
      "provider": "provider[\"registry.terraform.io/hashicorp/aws\"]",
      "instances": [
        {
          "schema_version": 0,
          "attributes": {
            "address": null,
            "allocation_id": "eipalloc-0da7408e845aded67",
            "arn": "arn:aws:ec2:ap-south-1:741448939728:elastic-ip/eipalloc-0da7408e845aded67",
            "associate_with_private_ip": null,
            "association_id": "eipassoc-07a2b6d419344f9a0",
            "carrier_ip": "",
            "customer_owned_ip": "",
            "customer_owned_ipv4_pool": "",
            "domain": "vpc",
            "id": "eipalloc-0da7408e845aded67",
            "instance": "",
            "ipam_pool_id": "",
            "network_border_group": "ap-south-1",
            "network_interface": "eni-0a615a324cd26e18e",
            "private_dns": "ip-10-0-1-90.ap-south-1.compute.internal",
            "private_ip": "10.0.1.90",
            "ptr_record": "",
            "public_dns": "ec2-13-206-227-134.ap-south-1.compute.amazonaws.com",
            "public_ip": "13.206.227.134",
            "public_ipv4_pool": "amazon",
            "region": "ap-south-1",
            "tags": {
              "Name": "kafka-project-nat-eip"
            },
            "tags_all": {
              "Environment": "dev",
              "ManagedBy": "Terraform",
              "Name": "kafka-project-nat-eip",
              "Owner": "DataEngineering",
              "Project": "kafka-project"
            },
            "timeouts": null
          },
          "sensitive_attributes": [],
          "private": "eyJlMmJmYjczMC1lY2FhLTExZTYtOGY4OC0zNDM2M2JjN2M0YzAiOnsiZGVsZXRlIjoxODAwMDAwMDAwMDAsInJlYWQiOjkwMDAwMDAwMDAwMCwidXBkYXRlIjozMDAwMDAwMDAwMDB9fQ==",
          "dependencies": [
            "aws_internet_gateway.igw",
            "aws_vpc.kafka"
          ]
        }
      ]
    },
    {
      "mode": "managed",
      "type": "aws_iam_instance_profile",
      "name": "consumer",
      "provider": "provider[\"registry.terraform.io/hashicorp/aws\"]",
      "instances": [
        {
          "schema_version": 0,
          "attributes": {
            "arn": "arn:aws:iam::741448939728:instance-profile/kafka-project-consumer-profile",
            "create_date": "2026-07-26T05:56:57Z",
            "id": "kafka-project-consumer-profile",
            "name": "kafka-project-consumer-profile",
            "name_prefix": "",
            "path": "/",
            "role": "kafka-project-consumer-role",
            "tags": {},
            "tags_all": {
              "Environment": "dev",
              "ManagedBy": "Terraform",
              "Owner": "DataEngineering",
              "Project": "kafka-project"
            },
            "unique_id": "AIPA2ZIOM7DIPDZB4A5ML"
          },
          "sensitive_attributes": [],
          "private": "bnVsbA==",
          "dependencies": [
            "aws_iam_role.consumer",
            "data.aws_iam_policy_document.ec2_assume_role"
          ]
        }
      ]
    },
    {
      "mode": "managed",
      "type": "aws_iam_instance_profile",
      "name": "producer",
      "provider": "provider[\"registry.terraform.io/hashicorp/aws\"]",
      "instances": [
        {
          "schema_version": 0,
          "attributes": {
            "arn": "arn:aws:iam::741448939728:instance-profile/kafka-project-producer-profile",
            "create_date": "2026-07-26T05:56:57Z",
            "id": "kafka-project-producer-profile",
            "name": "kafka-project-producer-profile",
            "name_prefix": "",
            "path": "/",
            "role": "kafka-project-producer-role",
            "tags": {},
            "tags_all": {
              "Environment": "dev",
              "ManagedBy": "Terraform",
              "Owner": "DataEngineering",
              "Project": "kafka-project"
            },
            "unique_id": "AIPA2ZIOM7DIEXXP6REG3"
          },
          "sensitive_attributes": [],
          "private": "bnVsbA==",
          "dependencies": [
            "aws_iam_role.producer",
            "data.aws_iam_policy_document.ec2_assume_role"
          ]
        }
      ]
    },
    {
      "mode": "managed",
      "type": "aws_iam_policy",
      "name": "msk_access",
      "provider": "provider[\"registry.terraform.io/hashicorp/aws\"]",
      "instances": [
        {
          "schema_version": 0,
          "attributes": {
            "arn": "arn:aws:iam::741448939728:policy/kafka-project-msk-policy",
            "attachment_count": 2,
            "delay_after_policy_creation_in_ms": null,
            "description": "",
            "id": "arn:aws:iam::741448939728:policy/kafka-project-msk-policy",
            "name": "kafka-project-msk-policy",
            "name_prefix": "",
            "path": "/",
            "policy": "{\"Statement\":[{\"Action\":[\"kafka:GetBootstrapBrokers\",\"kafka:DescribeCluster\",\"kafka-cluster:Connect\",\"kafka-cluster:DescribeCluster\",\"kafka-cluster:DescribeTopic\",\"kafka-cluster:ReadData\",\"kafka-cluster:WriteData\",\"kafka-cluster:CreateTopic\"],\"Effect\":\"Allow\",\"Resource\":\"*\"}],\"Version\":\"2012-10-17\"}",
            "policy_id": "ANPA2ZIOM7DIB5VHPMZDB",
            "tags": {},
            "tags_all": {
              "Environment": "dev",
              "ManagedBy": "Terraform",
              "Owner": "DataEngineering",
              "Project": "kafka-project"
            }
          },
          "sensitive_attributes": [],
          "private": "bnVsbA=="
        }
      ]
    },
    {
      "mode": "managed",
      "type": "aws_iam_role",
      "name": "consumer",
      "provider": "provider[\"registry.terraform.io/hashicorp/aws\"]",
      "instances": [
        {
          "schema_version": 0,
          "attributes": {
            "arn": "arn:aws:iam::741448939728:role/kafka-project-consumer-role",
            "assume_role_policy": "{\"Statement\":[{\"Action\":\"sts:AssumeRole\",\"Effect\":\"Allow\",\"Principal\":{\"Service\":\"ec2.amazonaws.com\"}}],\"Version\":\"2012-10-17\"}",
            "create_date": "2026-07-26T05:56:56Z",
            "description": "",
            "force_detach_policies": false,
            "id": "kafka-project-consumer-role",
            "inline_policy": [],
            "managed_policy_arns": [
              "arn:aws:iam::741448939728:policy/kafka-project-msk-policy",
              "arn:aws:iam::aws:policy/AmazonSSMManagedInstanceCore"
            ],
            "max_session_duration": 3600,
            "name": "kafka-project-consumer-role",
            "name_prefix": "",
            "path": "/",
            "permissions_boundary": "",
            "tags": {},
            "tags_all": {
              "Environment": "dev",
              "ManagedBy": "Terraform",
              "Owner": "DataEngineering",
              "Project": "kafka-project"
            },
            "unique_id": "AROA2ZIOM7DIMC2IZ2RUG"
          },
          "sensitive_attributes": [],
          "private": "bnVsbA==",
          "dependencies": [
            "data.aws_iam_policy_document.ec2_assume_role"
          ]
        }
      ]
    },
    {
      "mode": "managed",
      "type": "aws_iam_role",
      "name": "producer",
      "provider": "provider[\"registry.terraform.io/hashicorp/aws\"]",
      "instances": [
        {
          "schema_version": 0,
          "attributes": {
            "arn": "arn:aws:iam::741448939728:role/kafka-project-producer-role",
            "assume_role_policy": "{\"Statement\":[{\"Action\":\"sts:AssumeRole\",\"Effect\":\"Allow\",\"Principal\":{\"Service\":\"ec2.amazonaws.com\"}}],\"Version\":\"2012-10-17\"}",
            "create_date": "2026-07-26T05:56:56Z",
            "description": "",
            "force_detach_policies": false,
            "id": "kafka-project-producer-role",
            "inline_policy": [],
            "managed_policy_arns": [
              "arn:aws:iam::741448939728:policy/kafka-project-msk-policy",
              "arn:aws:iam::aws:policy/AmazonSSMManagedInstanceCore"
            ],
            "max_session_duration": 3600,
            "name": "kafka-project-producer-role",
            "name_prefix": "",
            "path": "/",
            "permissions_boundary": "",
            "tags": {},
            "tags_all": {
              "Environment": "dev",
              "ManagedBy": "Terraform",
              "Owner": "DataEngineering",
              "Project": "kafka-project"
            },
            "unique_id": "AROA2ZIOM7DIOAWFH3LRZ"
          },
          "sensitive_attributes": [],
          "private": "bnVsbA==",
          "dependencies": [
            "data.aws_iam_policy_document.ec2_assume_role"
          ]
        }
      ]
    },
    {
      "mode": "managed",
      "type": "aws_iam_role_policy_attachment",
      "name": "consumer_msk",
      "provider": "provider[\"registry.terraform.io/hashicorp/aws\"]",
      "instances": [
        {
          "schema_version": 0,
          "attributes": {
            "id": "kafka-project-consumer-role/arn:aws:iam::741448939728:policy/kafka-project-msk-policy",
            "policy_arn": "arn:aws:iam::741448939728:policy/kafka-project-msk-policy",
            "role": "kafka-project-consumer-role"
          },
          "sensitive_attributes": [],
          "private": "bnVsbA==",
          "dependencies": [
            "aws_iam_policy.msk_access",
            "aws_iam_role.consumer",
            "data.aws_iam_policy_document.ec2_assume_role"
          ]
        }
      ]
    },
    {
      "mode": "managed",
      "type": "aws_iam_role_policy_attachment",
      "name": "consumer_ssm",
      "provider": "provider[\"registry.terraform.io/hashicorp/aws\"]",
      "instances": [
        {
          "schema_version": 0,
          "attributes": {
            "id": "kafka-project-consumer-role/arn:aws:iam::aws:policy/AmazonSSMManagedInstanceCore",
            "policy_arn": "arn:aws:iam::aws:policy/AmazonSSMManagedInstanceCore",
            "role": "kafka-project-consumer-role"
          },
          "sensitive_attributes": [],
          "private": "bnVsbA==",
          "dependencies": [
            "aws_iam_role.consumer",
            "data.aws_iam_policy_document.ec2_assume_role"
          ]
        }
      ]
    },
    {
      "mode": "managed",
      "type": "aws_iam_role_policy_attachment",
      "name": "producer_msk",
      "provider": "provider[\"registry.terraform.io/hashicorp/aws\"]",
      "instances": [
        {
          "schema_version": 0,
          "attributes": {
            "id": "kafka-project-producer-role/arn:aws:iam::741448939728:policy/kafka-project-msk-policy",
            "policy_arn": "arn:aws:iam::741448939728:policy/kafka-project-msk-policy",
            "role": "kafka-project-producer-role"
          },
          "sensitive_attributes": [],
          "private": "bnVsbA==",
          "dependencies": [
            "aws_iam_policy.msk_access",
            "aws_iam_role.producer",
            "data.aws_iam_policy_document.ec2_assume_role"
          ]
        }
      ]
    },
    {
      "mode": "managed",
      "type": "aws_iam_role_policy_attachment",
      "name": "producer_ssm",
      "provider": "provider[\"registry.terraform.io/hashicorp/aws\"]",
      "instances": [
        {
          "schema_version": 0,
          "attributes": {
            "id": "kafka-project-producer-role/arn:aws:iam::aws:policy/AmazonSSMManagedInstanceCore",
            "policy_arn": "arn:aws:iam::aws:policy/AmazonSSMManagedInstanceCore",
            "role": "kafka-project-producer-role"
          },
          "sensitive_attributes": [],
          "private": "bnVsbA==",
          "dependencies": [
            "aws_iam_role.producer",
            "data.aws_iam_policy_document.ec2_assume_role"
          ]
        }
      ]
    },
    {
      "mode": "managed",
      "type": "aws_instance",
      "name": "consumer",
      "provider": "provider[\"registry.terraform.io/hashicorp/aws\"]",
      "instances": [
        {
          "schema_version": 2,
          "attributes": {
            "ami": "ami-08e8e63035c905918",
            "arn": "arn:aws:ec2:ap-south-1:741448939728:instance/i-037f51043ee270d8d",
            "associate_public_ip_address": true,
            "availability_zone": "ap-south-1b",
            "capacity_reservation_specification": [
              {
                "capacity_reservation_preference": "open",
                "capacity_reservation_target": []
              }
            ],
            "cpu_options": [
              {
                "amd_sev_snp": "",
                "core_count": 1,
                "nested_virtualization": "",
                "threads_per_core": 2
              }
            ],
            "credit_specification": [
              {
                "cpu_credits": "unlimited"
              }
            ],
            "disable_api_stop": false,
            "disable_api_termination": false,
            "ebs_block_device": [],
            "ebs_optimized": false,
            "enable_primary_ipv6": null,
            "enclave_options": [
              {
                "enabled": false
              }
            ],
            "ephemeral_block_device": [],
            "force_destroy": false,
            "get_password_data": false,
            "hibernation": false,
            "host_id": "",
            "host_resource_group_arn": null,
            "iam_instance_profile": "kafka-project-consumer-profile",
            "id": "i-037f51043ee270d8d",
            "instance_initiated_shutdown_behavior": "stop",
            "instance_lifecycle": "",
            "instance_market_options": [],
            "instance_state": "running",
            "instance_type": "t3.small",
            "ipv6_address_count": 0,
            "ipv6_addresses": [],
            "key_name": "kafka-project-key",
            "launch_template": [],
            "maintenance_options": [
              {
                "auto_recovery": "default"
              }
            ],
            "metadata_options": [
              {
                "http_endpoint": "enabled",
                "http_protocol_ipv6": "disabled",
                "http_put_response_hop_limit": 2,
                "http_tokens": "required",
                "instance_metadata_tags": "disabled"
              }
            ],
            "monitoring": false,
            "network_interface": [],
            "outpost_arn": "",
            "password_data": "",
            "placement_group": "",
            "placement_group_id": "",
            "placement_partition_number": 0,
            "primary_network_interface": [
              {
                "delete_on_termination": true,
                "network_interface_id": "eni-0f0cec69be6a047b1"
              }
            ],
            "primary_network_interface_id": "eni-0f0cec69be6a047b1",
            "private_dns": "ip-10-0-2-98.ap-south-1.compute.internal",
            "private_dns_name_options": [
              {
                "enable_resource_name_dns_a_record": false,
                "enable_resource_name_dns_aaaa_record": false,
                "hostname_type": "ip-name"
              }
            ],
            "private_ip": "10.0.2.98",
            "public_dns": "ec2-43-204-114-13.ap-south-1.compute.amazonaws.com",
            "public_ip": "43.204.114.13",
            "region": "ap-south-1",
            "root_block_device": [
              {
                "delete_on_termination": true,
                "device_name": "/dev/xvda",
                "encrypted": false,
                "iops": 3000,
                "kms_key_id": "",
                "tags": {
                  "Environment": "dev",
                  "ManagedBy": "Terraform",
                  "Owner": "DataEngineering",
                  "Project": "kafka-project"
                },
                "tags_all": {
                  "Environment": "dev",
                  "ManagedBy": "Terraform",
                  "Owner": "DataEngineering",
                  "Project": "kafka-project"
                },
                "throughput": 125,
                "volume_id": "vol-03ab8107888677cb3",
                "volume_size": 2,
                "volume_type": "gp3"
              }
            ],
            "secondary_network_interface": [],
            "secondary_private_ips": [],
            "security_groups": [],
            "source_dest_check": true,
            "spot_instance_request_id": "",
            "subnet_id": "subnet-028dbff0ba4005993",
            "tags": {
              "Name": "consumer"
            },
            "tags_all": {
              "Environment": "dev",
              "ManagedBy": "Terraform",
              "Name": "consumer",
              "Owner": "DataEngineering",
              "Project": "kafka-project"
            },
            "tenancy": "default",
            "timeouts": null,
            "user_data": "#!/bin/bash\nset -e\n\nif [ \"$(id -u)\" -ne 0 ]; then\n  echo \"Re-running as root...\"\n  exec sudo bash \"$0\" \"$@\"\nfi\n\nLOG_FILE=\"/var/log/user-data.log\"\nif [ \"$EUID\" -ne 0 ]; then\n  LOG_FILE=\"$HOME/user-data.log\"\nfi\n\nexec \u003e \u003e(tee -a \"$LOG_FILE\") 2\u003e\u00261\n\necho \"Updating system...\"\ndnf update -y\n\necho \"Installing Java...\"\ndnf install -y java-17-amazon-corretto\n\necho \"Installing tools...\"\ndnf install -y wget git unzip jq awscli\n\ncd /opt\n\necho \"Downloading Kafka...\"\n\nwget -O kafka_2.13-3.7.0.tgz https://archive.apache.org/dist/kafka/3.7.0/kafka_2.13-3.7.0.tgz\n\ntar -xzf kafka_2.13-3.7.0.tgz\n\nmv kafka_2.13-3.7.0 kafka\n\nmkdir -p /opt/kafka/libs\n\necho \"Downloading MSK IAM Auth library...\"\n\nwget -O /opt/kafka/libs/aws-msk-iam-auth.jar \\\nhttps://github.com/aws/aws-msk-iam-auth/releases/download/v2.2.0/aws-msk-iam-auth-2.2.0-all.jar\n\ncat \u003c\u003cEOF \u003e/opt/kafka/client.properties\n\nsecurity.protocol=SASL_SSL\n\nsasl.mechanism=AWS_MSK_IAM\n\nsasl.jaas.config=software.amazon.msk.auth.iam.IAMLoginModule required;\n\nsasl.client.callback.handler.class=software.amazon.msk.auth.iam.IAMClientCallbackHandler\n\nEOF\n\ncat \u003c\u003c'EOF' \u003e/home/ec2-user/consume.sh\n#!/bin/bash\n\nBOOTSTRAP=\"$1\"\n\nTOPIC=\"${2:-demo-topic}\"\n\ncd /opt/kafka\n\nbin/kafka-console-consumer.sh \\\n--bootstrap-server ${BOOTSTRAP} \\\n--consumer.config client.properties \\\n--topic ${TOPIC} \\\n--from-beginning\nEOF\n\nchmod +x /home/ec2-user/consume.sh\n\nchown ec2-user:ec2-user /home/ec2-user/consume.sh\n\necho \"Consumer installation completed.\"",
            "user_data_base64": null,
            "user_data_replace_on_change": false,
            "volume_tags": null,
            "vpc_security_group_ids": [
              "sg-06f67e3ee530fda82"
            ]
          },
          "sensitive_attributes": [],
          "private": "eyJlMmJmYjczMC1lY2FhLTExZTYtOGY4OC0zNDM2M2JjN2M0YzAiOnsiY3JlYXRlIjo2MDAwMDAwMDAwMDAsImRlbGV0ZSI6MTIwMDAwMDAwMDAwMCwicmVhZCI6OTAwMDAwMDAwMDAwLCJ1cGRhdGUiOjYwMDAwMDAwMDAwMH0sInNjaGVtYV92ZXJzaW9uIjoiMiJ9",
          "dependencies": [
            "aws_cloudwatch_log_group.msk",
            "aws_iam_instance_profile.consumer",
            "aws_iam_role.consumer",
            "aws_key_pair.kafka",
            "aws_kms_key.msk",
            "aws_msk_cluster.cluster",
            "aws_msk_configuration.config",
            "aws_security_group.consumer",
            "aws_security_group.msk",
            "aws_security_group.producer",
            "aws_subnet.private",
            "aws_subnet.public",
            "aws_vpc.kafka",
            "data.aws_ami.amazon_linux",
            "data.aws_availability_zones.available",
            "data.aws_iam_policy_document.ec2_assume_role",
            "tls_private_key.kafka"
          ]
        }
      ]
    },
    {
      "mode": "managed",
      "type": "aws_instance",
      "name": "producer",
      "provider": "provider[\"registry.terraform.io/hashicorp/aws\"]",
      "instances": [
        {
          "schema_version": 2,
          "attributes": {
            "ami": "ami-08e8e63035c905918",
            "arn": "arn:aws:ec2:ap-south-1:741448939728:instance/i-0c505c44afcb2a785",
            "associate_public_ip_address": true,
            "availability_zone": "ap-south-1a",
            "capacity_reservation_specification": [
              {
                "capacity_reservation_preference": "open",
                "capacity_reservation_target": []
              }
            ],
            "cpu_options": [
              {
                "amd_sev_snp": "",
                "core_count": 1,
                "nested_virtualization": "",
                "threads_per_core": 2
              }
            ],
            "credit_specification": [
              {
                "cpu_credits": "unlimited"
              }
            ],
            "disable_api_stop": false,
            "disable_api_termination": false,
            "ebs_block_device": [],
            "ebs_optimized": false,
            "enable_primary_ipv6": null,
            "enclave_options": [
              {
                "enabled": false
              }
            ],
            "ephemeral_block_device": [],
            "force_destroy": false,
            "get_password_data": false,
            "hibernation": false,
            "host_id": "",
            "host_resource_group_arn": null,
            "iam_instance_profile": "kafka-project-producer-profile",
            "id": "i-0c505c44afcb2a785",
            "instance_initiated_shutdown_behavior": "stop",
            "instance_lifecycle": "",
            "instance_market_options": [],
            "instance_state": "running",
            "instance_type": "t3.small",
            "ipv6_address_count": 0,
            "ipv6_addresses": [],
            "key_name": "kafka-project-key",
            "launch_template": [],
            "maintenance_options": [
              {
                "auto_recovery": "default"
              }
            ],
            "metadata_options": [
              {
                "http_endpoint": "enabled",
                "http_protocol_ipv6": "disabled",
                "http_put_response_hop_limit": 2,
                "http_tokens": "required",
                "instance_metadata_tags": "disabled"
              }
            ],
            "monitoring": false,
            "network_interface": [],
            "outpost_arn": "",
            "password_data": "",
            "placement_group": "",
            "placement_group_id": "",
            "placement_partition_number": 0,
            "primary_network_interface": [
              {
                "delete_on_termination": true,
                "network_interface_id": "eni-04b047e5ffdc4458c"
              }
            ],
            "primary_network_interface_id": "eni-04b047e5ffdc4458c",
            "private_dns": "ip-10-0-1-126.ap-south-1.compute.internal",
            "private_dns_name_options": [
              {
                "enable_resource_name_dns_a_record": false,
                "enable_resource_name_dns_aaaa_record": false,
                "hostname_type": "ip-name"
              }
            ],
            "private_ip": "10.0.1.126",
            "public_dns": "ec2-13-206-250-135.ap-south-1.compute.amazonaws.com",
            "public_ip": "13.206.250.135",
            "region": "ap-south-1",
            "root_block_device": [
              {
                "delete_on_termination": true,
                "device_name": "/dev/xvda",
                "encrypted": false,
                "iops": 3000,
                "kms_key_id": "",
                "tags": {
                  "Environment": "dev",
                  "ManagedBy": "Terraform",
                  "Owner": "DataEngineering",
                  "Project": "kafka-project"
                },
                "tags_all": {
                  "Environment": "dev",
                  "ManagedBy": "Terraform",
                  "Owner": "DataEngineering",
                  "Project": "kafka-project"
                },
                "throughput": 125,
                "volume_id": "vol-07572a5c0f8419c7d",
                "volume_size": 2,
                "volume_type": "gp3"
              }
            ],
            "secondary_network_interface": [],
            "secondary_private_ips": [],
            "security_groups": [],
            "source_dest_check": true,
            "spot_instance_request_id": "",
            "subnet_id": "subnet-016ad12d5eb3a8a92",
            "tags": {
              "Name": "producer"
            },
            "tags_all": {
              "Environment": "dev",
              "ManagedBy": "Terraform",
              "Name": "producer",
              "Owner": "DataEngineering",
              "Project": "kafka-project"
            },
            "tenancy": "default",
            "timeouts": null,
            "user_data": "#!/bin/bash\nset -e\n\nif [ \"$(id -u)\" -ne 0 ]; then\n  echo \"Re-running as root...\"\n  exec sudo bash \"$0\" \"$@\"\nfi\n\nLOG_FILE=\"/var/log/user-data.log\"\nif [ \"$EUID\" -ne 0 ]; then\n  LOG_FILE=\"$HOME/user-data.log\"\nfi\n\nexec \u003e \u003e(tee -a \"$LOG_FILE\") 2\u003e\u00261\n\necho \"Updating system...\"\ndnf update -y\n\necho \"Installing Java...\"\ndnf install -y java-17-amazon-corretto\n\necho \"Installing tools...\"\ndnf install -y wget git unzip jq awscli\n\ncd /opt\n\necho \"Downloading Kafka...\"\nwget -O kafka_2.13-3.7.0.tgz https://archive.apache.org/dist/kafka/3.7.0/kafka_2.13-3.7.0.tgz\n\ntar -xzf kafka_2.13-3.7.0.tgz\n\nmv kafka_2.13-3.7.0 kafka\n\nmkdir -p /opt/kafka/libs\n\necho \"Downloading MSK IAM Auth library...\"\n\nwget -O /opt/kafka/libs/aws-msk-iam-auth.jar \\\nhttps://github.com/aws/aws-msk-iam-auth/releases/download/v2.2.0/aws-msk-iam-auth-2.2.0-all.jar\n\ncat \u003c\u003cEOF \u003e/opt/kafka/client.properties\nsecurity.protocol=SASL_SSL\nsasl.mechanism=AWS_MSK_IAM\nsasl.jaas.config=software.amazon.msk.auth.iam.IAMLoginModule required;\nsasl.client.callback.handler.class=software.amazon.msk.auth.iam.IAMClientCallbackHandler\n\nEOF\n\ncat \u003c\u003c'EOF' \u003e/home/ec2-user/produce.sh\n#!/bin/bash\n\nBOOTSTRAP=\"$1\"\n\nTOPIC=\"${2:-demo-topic}\"\n\nMESSAGE=\"${3:-Hello From Producer}\"\n\ncd /opt/kafka\n\nbin/kafka-topics.sh \\\n--bootstrap-server ${BOOTSTRAP} \\\n--command-config client.properties \\\n--create \\\n--if-not-exists \\\n--topic ${TOPIC}\n\necho \"${MESSAGE}\" | \\\nbin/kafka-console-producer.sh \\\n--bootstrap-server ${BOOTSTRAP} \\\n--producer.config client.properties \\\n--topic ${TOPIC}\n\necho \"Message sent.\"\nEOF\n\nchmod +x /home/ec2-user/produce.sh\nchown ec2-user:ec2-user /home/ec2-user/produce.sh\necho \"Producer installation completed.\"",
            "user_data_base64": null,
            "user_data_replace_on_change": false,
            "volume_tags": null,
            "vpc_security_group_ids": [
              "sg-0a500769ea2f6ac98"
            ]
          },
          "sensitive_attributes": [],
          "private": "eyJlMmJmYjczMC1lY2FhLTExZTYtOGY4OC0zNDM2M2JjN2M0YzAiOnsiY3JlYXRlIjo2MDAwMDAwMDAwMDAsImRlbGV0ZSI6MTIwMDAwMDAwMDAwMCwicmVhZCI6OTAwMDAwMDAwMDAwLCJ1cGRhdGUiOjYwMDAwMDAwMDAwMH0sInNjaGVtYV92ZXJzaW9uIjoiMiJ9",
          "dependencies": [
            "aws_cloudwatch_log_group.msk",
            "aws_iam_instance_profile.producer",
            "aws_iam_role.producer",
            "aws_key_pair.kafka",
            "aws_kms_key.msk",
            "aws_msk_cluster.cluster",
            "aws_msk_configuration.config",
            "aws_security_group.consumer",
            "aws_security_group.msk",
            "aws_security_group.producer",
            "aws_subnet.private",
            "aws_subnet.public",
            "aws_vpc.kafka",
            "data.aws_ami.amazon_linux",
            "data.aws_availability_zones.available",
            "data.aws_iam_policy_document.ec2_assume_role",
            "tls_private_key.kafka"
          ]
        }
      ]
    },
    {
      "mode": "managed",
      "type": "aws_internet_gateway",
      "name": "igw",
      "provider": "provider[\"registry.terraform.io/hashicorp/aws\"]",
      "instances": [
        {
          "schema_version": 0,
          "attributes": {
            "arn": "arn:aws:ec2:ap-south-1:741448939728:internet-gateway/igw-0c1149799982274de",
            "id": "igw-0c1149799982274de",
            "owner_id": "741448939728",
            "region": "ap-south-1",
            "tags": {
              "Name": "kafka-project-igw"
            },
            "tags_all": {
              "Environment": "dev",
              "ManagedBy": "Terraform",
              "Name": "kafka-project-igw",
              "Owner": "DataEngineering",
              "Project": "kafka-project"
            },
            "timeouts": null,
            "vpc_id": "vpc-01a52b06d31a984bc"
          },
          "sensitive_attributes": [],
          "private": "eyJlMmJmYjczMC1lY2FhLTExZTYtOGY4OC0zNDM2M2JjN2M0YzAiOnsiY3JlYXRlIjoxMjAwMDAwMDAwMDAwLCJkZWxldGUiOjEyMDAwMDAwMDAwMDAsInVwZGF0ZSI6MTIwMDAwMDAwMDAwMH19",
          "dependencies": [
            "aws_vpc.kafka"
          ]
        }
      ]
    },
    {
      "mode": "managed",
      "type": "aws_key_pair",
      "name": "kafka",
      "provider": "provider[\"registry.terraform.io/hashicorp/aws\"]",
      "instances": [
        {
          "schema_version": 1,
          "attributes": {
            "arn": "arn:aws:ec2:ap-south-1:741448939728:key-pair/kafka-project-key",
            "fingerprint": "de:4e:00:b2:09:b3:d3:3a:38:36:12:15:5b:7f:20:13",
            "id": "kafka-project-key",
            "key_name": "kafka-project-key",
            "key_name_prefix": "",
            "key_pair_id": "key-0f8a6b2d7687905ea",
            "key_type": "rsa",
            "public_key": "ssh-rsa AAAAB3NzaC1yc2EAAAADAQABAAACAQDYIWhInBkg74Ym9f19jlE6L8MDHmdLDcQiUO9MsyfnpclFiX6e1s7UmCScL29kWKXUDTpu284/bflkfsT+lm8v50dM4RzLZzhIX9uFI6/d/fY+axKivmgpqumH8XP39/TEYVf7+PtPS2G8phP8pGjAtptApLpQfkwK6zi91YvyBBudh3dzJNgF7rOWnxU8LBLfkd64K0Udva7WrbfiLZoD3bEkib+kjFre5yYz64l4igQ4BPz+NZf3EQZPPbQ3UUN2pa9SnDr1llOplFZPOveQUJ0Am6i9oGNeyzWK/JWb4EA9rAoZAkX02wHUQwK7G5WVAMB6uW2oH1laurbfiI+BP1i7TRcyoEpjABvlwW20rrGTKjoncAvPipBMC71LIv+Cgi4AKTc31r7eRWSVQ+6w8EWcE90+Cdi1pBaFGWXzqUUoctbWZAa6m47Kvz4IIVgBYyTWM9kwvtwnHaa38QWUuFS+Y67aIrua/mKfBLOSReOn1/7x6vL5H3Ypa5zFRXdX1nkaAkqKKapmndxV9NCTVVTGfFL+FhbZBYHd3X9yAaM+mwWDz2fZA8OXbaN32FieqAaxT4Z32ODfUcLeIioM6mAERKVuCsZxIxCLiui6tMmN/c4SYXs+tO6CDW6NwrmeJE0L3bQhqHwi3YAsmJSL8G8Z3g4mYrrxeLU1unBy6w==",
            "region": "ap-south-1",
            "tags": {},
            "tags_all": {
              "Environment": "dev",
              "ManagedBy": "Terraform",
              "Owner": "DataEngineering",
              "Project": "kafka-project"
            }
          },
          "sensitive_attributes": [],
          "private": "eyJzY2hlbWFfdmVyc2lvbiI6IjEifQ==",
          "dependencies": [
            "tls_private_key.kafka"
          ]
        }
      ]
    },
    {
      "mode": "managed",
      "type": "aws_kms_key",
      "name": "msk",
      "provider": "provider[\"registry.terraform.io/hashicorp/aws\"]",
      "instances": [
        {
          "schema_version": 0,
          "attributes": {
            "arn": "arn:aws:kms:ap-south-1:741448939728:key/6af58588-0665-48e4-8f65-42218602a279",
            "bypass_policy_lockout_safety_check": false,
            "custom_key_store_id": "",
            "customer_master_key_spec": "SYMMETRIC_DEFAULT",
            "deletion_window_in_days": 7,
            "description": "KMS Key for MSK",
            "enable_key_rotation": true,
            "id": "6af58588-0665-48e4-8f65-42218602a279",
            "is_enabled": true,
            "key_id": "6af58588-0665-48e4-8f65-42218602a279",
            "key_usage": "ENCRYPT_DECRYPT",
            "multi_region": false,
            "policy": "{\"Id\":\"key-default-1\",\"Statement\":[{\"Action\":\"kms:*\",\"Effect\":\"Allow\",\"Principal\":{\"AWS\":\"arn:aws:iam::741448939728:root\"},\"Resource\":\"*\",\"Sid\":\"Enable IAM User Permissions\"}],\"Version\":\"2012-10-17\"}",
            "region": "ap-south-1",
            "rotation_period_in_days": 365,
            "tags": {
              "Name": "kafka-project-kms"
            },
            "tags_all": {
              "Environment": "dev",
              "ManagedBy": "Terraform",
              "Name": "kafka-project-kms",
              "Owner": "DataEngineering",
              "Project": "kafka-project"
            },
            "timeouts": null,
            "xks_key_id": ""
          },
          "sensitive_attributes": [],
          "private": "eyJlMmJmYjczMC1lY2FhLTExZTYtOGY4OC0zNDM2M2JjN2M0YzAiOnsiY3JlYXRlIjoxMjAwMDAwMDAwMDB9fQ=="
        }
      ]
    },
    {
      "mode": "managed",
      "type": "aws_msk_cluster",
      "name": "cluster",
      "provider": "provider[\"registry.terraform.io/hashicorp/aws\"]",
      "instances": [
        {
          "schema_version": 0,
          "attributes": {
            "arn": "arn:aws:kafka:ap-south-1:741448939728:cluster/kafka-project-cluster/43222b3e-7709-4d65-a66e-bc7753949992-3",
            "bootstrap_brokers": "",
            "bootstrap_brokers_ipv6": "",
            "bootstrap_brokers_public_sasl_iam": "",
            "bootstrap_brokers_public_sasl_scram": "",
            "bootstrap_brokers_public_tls": "",
            "bootstrap_brokers_sasl_iam": "b-1.kafkaprojectcluster.8rx462.c3.kafka.ap-south-1.amazonaws.com:9098,b-2.kafkaprojectcluster.8rx462.c3.kafka.ap-south-1.amazonaws.com:9098,b-3.kafkaprojectcluster.8rx462.c3.kafka.ap-south-1.amazonaws.com:9098",
            "bootstrap_brokers_sasl_iam_ipv6": "",
            "bootstrap_brokers_sasl_scram": "",
            "bootstrap_brokers_sasl_scram_ipv6": "",
            "bootstrap_brokers_tls": "",
            "bootstrap_brokers_tls_ipv6": "",
            "bootstrap_brokers_vpc_connectivity_sasl_iam": "",
            "bootstrap_brokers_vpc_connectivity_sasl_scram": "",
            "bootstrap_brokers_vpc_connectivity_tls": "",
            "broker_node_group_info": [
              {
                "az_distribution": "DEFAULT",
                "client_subnets": [
                  "subnet-01867a0c060fd96d4",
                  "subnet-033a65c069d020afc",
                  "subnet-04b060c7e4fc509ca"
                ],
                "connectivity_info": [
                  {
                    "network_type": "IPV4",
                    "public_access": [
                      {
                        "type": "DISABLED"
                      }
                    ],
                    "vpc_connectivity": [
                      {
                        "client_authentication": [
                          {
                            "sasl": [
                              {
                                "iam": false,
                                "scram": false
                              }
                            ],
                            "tls": false
                          }
                        ]
                      }
                    ]
                  }
                ],
                "instance_type": "kafka.t3.small",
                "security_groups": [
                  "sg-02cf5d1c040222da2"
                ],
                "storage_info": [
                  {
                    "ebs_storage_info": [
                      {
                        "provisioned_throughput": [],
                        "volume_size": 100
                      }
                    ]
                  }
                ]
              }
            ],
            "client_authentication": [
              {
                "sasl": [
                  {
                    "iam": true,
                    "scram": false
                  }
                ],
                "tls": [],
                "unauthenticated": false
              }
            ],
            "cluster_name": "kafka-project-cluster",
            "cluster_uuid": "43222b3e-7709-4d65-a66e-bc7753949992-3",
            "configuration_info": [
              {
                "arn": "arn:aws:kafka:ap-south-1:741448939728:configuration/kafka-project-configuration/e49e88f7-2f2f-452b-b0aa-67117b9a7df9-3",
                "revision": 1
              }
            ],
            "current_version": "K1X6FK5RDHNB96",
            "customer_action_status": "NONE",
            "encryption_info": [
              {
                "encryption_at_rest_kms_key_arn": "arn:aws:kms:ap-south-1:741448939728:key/6af58588-0665-48e4-8f65-42218602a279",
                "encryption_in_transit": [
                  {
                    "client_broker": "TLS",
                    "in_cluster": true
                  }
                ]
              }
            ],
            "enhanced_monitoring": "DEFAULT",
            "id": "arn:aws:kafka:ap-south-1:741448939728:cluster/kafka-project-cluster/43222b3e-7709-4d65-a66e-bc7753949992-3",
            "kafka_version": "3.7.x",
            "logging_info": [
              {
                "broker_logs": [
                  {
                    "cloudwatch_logs": [
                      {
                        "enabled": true,
                        "log_group": "/aws/msk/kafka-project"
                      }
                    ],
                    "firehose": [],
                    "s3": []
                  }
                ]
              }
            ],
            "number_of_broker_nodes": 3,
            "open_monitoring": [
              {
                "prometheus": [
                  {
                    "jmx_exporter": [
                      {
                        "enabled_in_broker": false
                      }
                    ],
                    "node_exporter": [
                      {
                        "enabled_in_broker": false
                      }
                    ]
                  }
                ]
              }
            ],
            "rebalancing": [],
            "region": "ap-south-1",
            "storage_mode": "LOCAL",
            "tags": {
              "Name": "kafka-project-cluster"
            },
            "tags_all": {
              "Environment": "dev",
              "ManagedBy": "Terraform",
              "Name": "kafka-project-cluster",
              "Owner": "DataEngineering",
              "Project": "kafka-project"
            },
            "timeouts": null,
            "zookeeper_connect_string": "z-1.kafkaprojectcluster.8rx462.c3.kafka.ap-south-1.amazonaws.com:2181,z-2.kafkaprojectcluster.8rx462.c3.kafka.ap-south-1.amazonaws.com:2181,z-3.kafkaprojectcluster.8rx462.c3.kafka.ap-south-1.amazonaws.com:2181",
            "zookeeper_connect_string_tls": "z-1.kafkaprojectcluster.8rx462.c3.kafka.ap-south-1.amazonaws.com:2182,z-2.kafkaprojectcluster.8rx462.c3.kafka.ap-south-1.amazonaws.com:2182,z-3.kafkaprojectcluster.8rx462.c3.kafka.ap-south-1.amazonaws.com:2182"
          },
          "sensitive_attributes": [],
          "private": "eyJlMmJmYjczMC1lY2FhLTExZTYtOGY4OC0zNDM2M2JjN2M0YzAiOnsiY3JlYXRlIjo3MjAwMDAwMDAwMDAwLCJkZWxldGUiOjcyMDAwMDAwMDAwMDAsInVwZGF0ZSI6NzIwMDAwMDAwMDAwMH19",
          "dependencies": [
            "aws_cloudwatch_log_group.msk",
            "aws_kms_key.msk",
            "aws_msk_configuration.config",
            "aws_security_group.consumer",
            "aws_security_group.msk",
            "aws_security_group.producer",
            "aws_subnet.private",
            "aws_vpc.kafka",
            "data.aws_availability_zones.available"
          ]
        }
      ]
    },
    {
      "mode": "managed",
      "type": "aws_msk_configuration",
      "name": "config",
      "provider": "provider[\"registry.terraform.io/hashicorp/aws\"]",
      "instances": [
        {
          "schema_version": 0,
          "attributes": {
            "arn": "arn:aws:kafka:ap-south-1:741448939728:configuration/kafka-project-configuration/e49e88f7-2f2f-452b-b0aa-67117b9a7df9-3",
            "description": "",
            "id": "arn:aws:kafka:ap-south-1:741448939728:configuration/kafka-project-configuration/e49e88f7-2f2f-452b-b0aa-67117b9a7df9-3",
            "kafka_versions": [
              "3.7.x"
            ],
            "latest_revision": 1,
            "name": "kafka-project-configuration",
            "region": "ap-south-1",
            "server_properties": "auto.create.topics.enable=true\r\ndelete.topic.enable=true\r\nnum.partitions=3\r\ndefault.replication.factor=3\r\nmin.insync.replicas=2\r\nlog.retention.hours=168\r\n"
          },
          "sensitive_attributes": [],
          "private": "bnVsbA=="
        }
      ]
    },
    {
      "mode": "managed",
      "type": "aws_nat_gateway",
      "name": "nat",
      "provider": "provider[\"registry.terraform.io/hashicorp/aws\"]",
      "instances": [
        {
          "schema_version": 0,
          "attributes": {
            "allocation_id": "eipalloc-0da7408e845aded67",
            "association_id": "eipassoc-07a2b6d419344f9a0",
            "auto_provision_zones": null,
            "auto_scaling_ips": null,
            "availability_mode": "zonal",
            "availability_zone_address": [],
            "connectivity_type": "public",
            "id": "nat-0ee869efeaccf266e",
            "network_interface_id": "eni-0a615a324cd26e18e",
            "private_ip": "10.0.1.90",
            "public_ip": "13.206.227.134",
            "region": "ap-south-1",
            "regional_nat_gateway_address": [],
            "regional_nat_gateway_auto_mode": null,
            "route_table_id": null,
            "secondary_allocation_ids": [],
            "secondary_private_ip_address_count": 0,
            "secondary_private_ip_addresses": [],
            "subnet_id": "subnet-016ad12d5eb3a8a92",
            "tags": {
              "Name": "kafka-project-nat"
            },
            "tags_all": {
              "Environment": "dev",
              "ManagedBy": "Terraform",
              "Name": "kafka-project-nat",
              "Owner": "DataEngineering",
              "Project": "kafka-project"
            },
            "timeouts": null,
            "vpc_id": "vpc-01a52b06d31a984bc"
          },
          "sensitive_attributes": [],
          "private": "eyJlMmJmYjczMC1lY2FhLTExZTYtOGY4OC0zNDM2M2JjN2M0YzAiOnsiY3JlYXRlIjo2MDAwMDAwMDAwMDAsImRlbGV0ZSI6MTgwMDAwMDAwMDAwMCwidXBkYXRlIjo2MDAwMDAwMDAwMDB9fQ==",
          "dependencies": [
            "aws_eip.nat",
            "aws_internet_gateway.igw",
            "aws_subnet.public",
            "aws_vpc.kafka",
            "data.aws_availability_zones.available"
          ]
        }
      ]
    },
    {
      "mode": "managed",
      "type": "aws_route_table",
      "name": "private",
      "provider": "provider[\"registry.terraform.io/hashicorp/aws\"]",
      "instances": [
        {
          "schema_version": 0,
          "attributes": {
            "arn": "arn:aws:ec2:ap-south-1:741448939728:route-table/rtb-06cb2c12323b68a3d",
            "id": "rtb-06cb2c12323b68a3d",
            "owner_id": "741448939728",
            "propagating_vgws": [],
            "region": "ap-south-1",
            "route": [
              {
                "carrier_gateway_id": "",
                "cidr_block": "0.0.0.0/0",
                "core_network_arn": "",
                "destination_prefix_list_id": "",
                "egress_only_gateway_id": "",
                "gateway_id": "",
                "ipv6_cidr_block": "",
                "local_gateway_id": "",
                "nat_gateway_id": "nat-0ee869efeaccf266e",
                "network_interface_id": "",
                "odb_network_arn": "",
                "transit_gateway_id": "",
                "vpc_endpoint_id": "",
                "vpc_peering_connection_id": ""
              }
            ],
            "tags": {
              "Name": "kafka-project-private-rt"
            },
            "tags_all": {
              "Environment": "dev",
              "ManagedBy": "Terraform",
              "Name": "kafka-project-private-rt",
              "Owner": "DataEngineering",
              "Project": "kafka-project"
            },
            "timeouts": null,
            "vpc_id": "vpc-01a52b06d31a984bc"
          },
          "sensitive_attributes": [],
          "private": "eyJlMmJmYjczMC1lY2FhLTExZTYtOGY4OC0zNDM2M2JjN2M0YzAiOnsiY3JlYXRlIjozMDAwMDAwMDAwMDAsImRlbGV0ZSI6MzAwMDAwMDAwMDAwLCJ1cGRhdGUiOjEyMDAwMDAwMDAwMH19",
          "dependencies": [
            "aws_eip.nat",
            "aws_internet_gateway.igw",
            "aws_nat_gateway.nat",
            "aws_subnet.public",
            "aws_vpc.kafka",
            "data.aws_availability_zones.available"
          ]
        }
      ]
    },
    {
      "mode": "managed",
      "type": "aws_route_table",
      "name": "public",
      "provider": "provider[\"registry.terraform.io/hashicorp/aws\"]",
      "instances": [
        {
          "schema_version": 0,
          "attributes": {
            "arn": "arn:aws:ec2:ap-south-1:741448939728:route-table/rtb-0e1c995189d76941d",
            "id": "rtb-0e1c995189d76941d",
            "owner_id": "741448939728",
            "propagating_vgws": [],
            "region": "ap-south-1",
            "route": [
              {
                "carrier_gateway_id": "",
                "cidr_block": "0.0.0.0/0",
                "core_network_arn": "",
                "destination_prefix_list_id": "",
                "egress_only_gateway_id": "",
                "gateway_id": "igw-0c1149799982274de",
                "ipv6_cidr_block": "",
                "local_gateway_id": "",
                "nat_gateway_id": "",
                "network_interface_id": "",
                "odb_network_arn": "",
                "transit_gateway_id": "",
                "vpc_endpoint_id": "",
                "vpc_peering_connection_id": ""
              }
            ],
            "tags": {
              "Name": "kafka-project-public-rt"
            },
            "tags_all": {
              "Environment": "dev",
              "ManagedBy": "Terraform",
              "Name": "kafka-project-public-rt",
              "Owner": "DataEngineering",
              "Project": "kafka-project"
            },
            "timeouts": null,
            "vpc_id": "vpc-01a52b06d31a984bc"
          },
          "sensitive_attributes": [],
          "private": "eyJlMmJmYjczMC1lY2FhLTExZTYtOGY4OC0zNDM2M2JjN2M0YzAiOnsiY3JlYXRlIjozMDAwMDAwMDAwMDAsImRlbGV0ZSI6MzAwMDAwMDAwMDAwLCJ1cGRhdGUiOjEyMDAwMDAwMDAwMH19",
          "dependencies": [
            "aws_internet_gateway.igw",
            "aws_vpc.kafka"
          ]
        }
      ]
    },
    {
      "mode": "managed",
      "type": "aws_route_table_association",
      "name": "private",
      "provider": "provider[\"registry.terraform.io/hashicorp/aws\"]",
      "instances": [
        {
          "index_key": 0,
          "schema_version": 0,
          "attributes": {
            "gateway_id": "",
            "id": "rtbassoc-047cf60e3346b9c3d",
            "region": "ap-south-1",
            "route_table_id": "rtb-06cb2c12323b68a3d",
            "subnet_id": "subnet-01867a0c060fd96d4",
            "timeouts": null
          },
          "sensitive_attributes": [],
          "private": "eyJlMmJmYjczMC1lY2FhLTExZTYtOGY4OC0zNDM2M2JjN2M0YzAiOnsiY3JlYXRlIjozMDAwMDAwMDAwMDAsImRlbGV0ZSI6MzAwMDAwMDAwMDAwLCJ1cGRhdGUiOjEyMDAwMDAwMDAwMH19",
          "dependencies": [
            "aws_eip.nat",
            "aws_internet_gateway.igw",
            "aws_nat_gateway.nat",
            "aws_route_table.private",
            "aws_subnet.private",
            "aws_subnet.public",
            "aws_vpc.kafka",
            "data.aws_availability_zones.available"
          ]
        },
        {
          "index_key": 1,
          "schema_version": 0,
          "attributes": {
            "gateway_id": "",
            "id": "rtbassoc-0c158102cb69b6a6a",
            "region": "ap-south-1",
            "route_table_id": "rtb-06cb2c12323b68a3d",
            "subnet_id": "subnet-033a65c069d020afc",
            "timeouts": null
          },
          "sensitive_attributes": [],
          "private": "eyJlMmJmYjczMC1lY2FhLTExZTYtOGY4OC0zNDM2M2JjN2M0YzAiOnsiY3JlYXRlIjozMDAwMDAwMDAwMDAsImRlbGV0ZSI6MzAwMDAwMDAwMDAwLCJ1cGRhdGUiOjEyMDAwMDAwMDAwMH19",
          "dependencies": [
            "aws_eip.nat",
            "aws_internet_gateway.igw",
            "aws_nat_gateway.nat",
            "aws_route_table.private",
            "aws_subnet.private",
            "aws_subnet.public",
            "aws_vpc.kafka",
            "data.aws_availability_zones.available"
          ]
        },
        {
          "index_key": 2,
          "schema_version": 0,
          "attributes": {
            "gateway_id": "",
            "id": "rtbassoc-0d0d3365799ba5141",
            "region": "ap-south-1",
            "route_table_id": "rtb-06cb2c12323b68a3d",
            "subnet_id": "subnet-04b060c7e4fc509ca",
            "timeouts": null
          },
          "sensitive_attributes": [],
          "private": "eyJlMmJmYjczMC1lY2FhLTExZTYtOGY4OC0zNDM2M2JjN2M0YzAiOnsiY3JlYXRlIjozMDAwMDAwMDAwMDAsImRlbGV0ZSI6MzAwMDAwMDAwMDAwLCJ1cGRhdGUiOjEyMDAwMDAwMDAwMH19",
          "dependencies": [
            "aws_eip.nat",
            "aws_internet_gateway.igw",
            "aws_nat_gateway.nat",
            "aws_route_table.private",
            "aws_subnet.private",
            "aws_subnet.public",
            "aws_vpc.kafka",
            "data.aws_availability_zones.available"
          ]
        }
      ]
    },
    {
      "mode": "managed",
      "type": "aws_route_table_association",
      "name": "public",
      "provider": "provider[\"registry.terraform.io/hashicorp/aws\"]",
      "instances": [
        {
          "index_key": 0,
          "schema_version": 0,
          "attributes": {
            "gateway_id": "",
            "id": "rtbassoc-0d2f0a41a1e835973",
            "region": "ap-south-1",
            "route_table_id": "rtb-0e1c995189d76941d",
            "subnet_id": "subnet-016ad12d5eb3a8a92",
            "timeouts": null
          },
          "sensitive_attributes": [],
          "private": "eyJlMmJmYjczMC1lY2FhLTExZTYtOGY4OC0zNDM2M2JjN2M0YzAiOnsiY3JlYXRlIjozMDAwMDAwMDAwMDAsImRlbGV0ZSI6MzAwMDAwMDAwMDAwLCJ1cGRhdGUiOjEyMDAwMDAwMDAwMH19",
          "dependencies": [
            "aws_internet_gateway.igw",
            "aws_route_table.public",
            "aws_subnet.public",
            "aws_vpc.kafka",
            "data.aws_availability_zones.available"
          ]
        },
        {
          "index_key": 1,
          "schema_version": 0,
          "attributes": {
            "gateway_id": "",
            "id": "rtbassoc-06ddc0aac32994c2e",
            "region": "ap-south-1",
            "route_table_id": "rtb-0e1c995189d76941d",
            "subnet_id": "subnet-028dbff0ba4005993",
            "timeouts": null
          },
          "sensitive_attributes": [],
          "private": "eyJlMmJmYjczMC1lY2FhLTExZTYtOGY4OC0zNDM2M2JjN2M0YzAiOnsiY3JlYXRlIjozMDAwMDAwMDAwMDAsImRlbGV0ZSI6MzAwMDAwMDAwMDAwLCJ1cGRhdGUiOjEyMDAwMDAwMDAwMH19",
          "dependencies": [
            "aws_internet_gateway.igw",
            "aws_route_table.public",
            "aws_subnet.public",
            "aws_vpc.kafka",
            "data.aws_availability_zones.available"
          ]
        }
      ]
    },
    {
      "mode": "managed",
      "type": "aws_security_group",
      "name": "consumer",
      "provider": "provider[\"registry.terraform.io/hashicorp/aws\"]",
      "instances": [
        {
          "schema_version": 1,
          "attributes": {
            "arn": "arn:aws:ec2:ap-south-1:741448939728:security-group/sg-06f67e3ee530fda82",
            "description": "Consumer Security Group",
            "egress": [
              {
                "cidr_blocks": [
                  "0.0.0.0/0"
                ],
                "description": "",
                "from_port": 0,
                "ipv6_cidr_blocks": [],
                "prefix_list_ids": [],
                "protocol": "-1",
                "security_groups": [],
                "self": false,
                "to_port": 0
              }
            ],
            "id": "sg-06f67e3ee530fda82",
            "ingress": [
              {
                "cidr_blocks": [
                  "0.0.0.0/0"
                ],
                "description": "",
                "from_port": 22,
                "ipv6_cidr_blocks": [],
                "prefix_list_ids": [],
                "protocol": "tcp",
                "security_groups": [],
                "self": false,
                "to_port": 22
              }
            ],
            "name": "kafka-project-consumer-sg",
            "name_prefix": "",
            "owner_id": "741448939728",
            "region": "ap-south-1",
            "revoke_rules_on_delete": false,
            "tags": {
              "Name": "kafka-project-consumer-sg"
            },
            "tags_all": {
              "Environment": "dev",
              "ManagedBy": "Terraform",
              "Name": "kafka-project-consumer-sg",
              "Owner": "DataEngineering",
              "Project": "kafka-project"
            },
            "timeouts": null,
            "vpc_id": "vpc-01a52b06d31a984bc"
          },
          "sensitive_attributes": [],
          "private": "eyJlMmJmYjczMC1lY2FhLTExZTYtOGY4OC0zNDM2M2JjN2M0YzAiOnsiY3JlYXRlIjo2MDAwMDAwMDAwMDAsImRlbGV0ZSI6OTAwMDAwMDAwMDAwfSwic2NoZW1hX3ZlcnNpb24iOiIxIn0=",
          "dependencies": [
            "aws_vpc.kafka"
          ]
        }
      ]
    },
    {
      "mode": "managed",
      "type": "aws_security_group",
      "name": "msk",
      "provider": "provider[\"registry.terraform.io/hashicorp/aws\"]",
      "instances": [
        {
          "schema_version": 1,
          "attributes": {
            "arn": "arn:aws:ec2:ap-south-1:741448939728:security-group/sg-02cf5d1c040222da2",
            "description": "MSK Security Group",
            "egress": [
              {
                "cidr_blocks": [
                  "0.0.0.0/0"
                ],
                "description": "",
                "from_port": 0,
                "ipv6_cidr_blocks": [],
                "prefix_list_ids": [],
                "protocol": "-1",
                "security_groups": [],
                "self": false,
                "to_port": 0
              }
            ],
            "id": "sg-02cf5d1c040222da2",
            "ingress": [
              {
                "cidr_blocks": [],
                "description": "",
                "from_port": 9098,
                "ipv6_cidr_blocks": [],
                "prefix_list_ids": [],
                "protocol": "tcp",
                "security_groups": [
                  "sg-06f67e3ee530fda82",
                  "sg-0a500769ea2f6ac98"
                ],
                "self": false,
                "to_port": 9098
              }
            ],
            "name": "kafka-project-msk-sg",
            "name_prefix": "",
            "owner_id": "741448939728",
            "region": "ap-south-1",
            "revoke_rules_on_delete": false,
            "tags": {
              "Name": "kafka-project-msk-sg"
            },
            "tags_all": {
              "Environment": "dev",
              "ManagedBy": "Terraform",
              "Name": "kafka-project-msk-sg",
              "Owner": "DataEngineering",
              "Project": "kafka-project"
            },
            "timeouts": null,
            "vpc_id": "vpc-01a52b06d31a984bc"
          },
          "sensitive_attributes": [],
          "private": "eyJlMmJmYjczMC1lY2FhLTExZTYtOGY4OC0zNDM2M2JjN2M0YzAiOnsiY3JlYXRlIjo2MDAwMDAwMDAwMDAsImRlbGV0ZSI6OTAwMDAwMDAwMDAwfSwic2NoZW1hX3ZlcnNpb24iOiIxIn0=",
          "dependencies": [
            "aws_security_group.consumer",
            "aws_security_group.producer",
            "aws_vpc.kafka"
          ]
        }
      ]
    },
    {
      "mode": "managed",
      "type": "aws_security_group",
      "name": "producer",
      "provider": "provider[\"registry.terraform.io/hashicorp/aws\"]",
      "instances": [
        {
          "schema_version": 1,
          "attributes": {
            "arn": "arn:aws:ec2:ap-south-1:741448939728:security-group/sg-0a500769ea2f6ac98",
            "description": "Producer Security Group",
            "egress": [
              {
                "cidr_blocks": [
                  "0.0.0.0/0"
                ],
                "description": "",
                "from_port": 0,
                "ipv6_cidr_blocks": [],
                "prefix_list_ids": [],
                "protocol": "-1",
                "security_groups": [],
                "self": false,
                "to_port": 0
              }
            ],
            "id": "sg-0a500769ea2f6ac98",
            "ingress": [
              {
                "cidr_blocks": [
                  "0.0.0.0/0"
                ],
                "description": "",
                "from_port": 22,
                "ipv6_cidr_blocks": [],
                "prefix_list_ids": [],
                "protocol": "tcp",
                "security_groups": [],
                "self": false,
                "to_port": 22
              }
            ],
            "name": "kafka-project-producer-sg",
            "name_prefix": "",
            "owner_id": "741448939728",
            "region": "ap-south-1",
            "revoke_rules_on_delete": false,
            "tags": {
              "Name": "kafka-project-producer-sg"
            },
            "tags_all": {
              "Environment": "dev",
              "ManagedBy": "Terraform",
              "Name": "kafka-project-producer-sg",
              "Owner": "DataEngineering",
              "Project": "kafka-project"
            },
            "timeouts": null,
            "vpc_id": "vpc-01a52b06d31a984bc"
          },
          "sensitive_attributes": [],
          "private": "eyJlMmJmYjczMC1lY2FhLTExZTYtOGY4OC0zNDM2M2JjN2M0YzAiOnsiY3JlYXRlIjo2MDAwMDAwMDAwMDAsImRlbGV0ZSI6OTAwMDAwMDAwMDAwfSwic2NoZW1hX3ZlcnNpb24iOiIxIn0=",
          "dependencies": [
            "aws_vpc.kafka"
          ]
        }
      ]
    },
    {
      "mode": "managed",
      "type": "aws_subnet",
      "name": "private",
      "provider": "provider[\"registry.terraform.io/hashicorp/aws\"]",
      "instances": [
        {
          "index_key": 0,
          "schema_version": 1,
          "attributes": {
            "arn": "arn:aws:ec2:ap-south-1:741448939728:subnet/subnet-01867a0c060fd96d4",
            "assign_ipv6_address_on_creation": false,
            "availability_zone": "ap-south-1a",
            "availability_zone_id": "aps1-az1",
            "cidr_block": "10.0.10.0/24",
            "customer_owned_ipv4_pool": "",
            "enable_dns64": false,
            "enable_lni_at_device_index": 0,
            "enable_resource_name_dns_a_record_on_launch": false,
            "enable_resource_name_dns_aaaa_record_on_launch": false,
            "id": "subnet-01867a0c060fd96d4",
            "ipv4_ipam_pool_id": null,
            "ipv4_netmask_length": null,
            "ipv6_cidr_block": "",
            "ipv6_cidr_block_association_id": "",
            "ipv6_ipam_pool_id": null,
            "ipv6_native": false,
            "ipv6_netmask_length": null,
            "map_customer_owned_ip_on_launch": false,
            "map_public_ip_on_launch": false,
            "outpost_arn": "",
            "owner_id": "741448939728",
            "private_dns_hostname_type_on_launch": "ip-name",
            "region": "ap-south-1",
            "tags": {
              "Name": "kafka-project-private-1",
              "Tier": "Private"
            },
            "tags_all": {
              "Environment": "dev",
              "ManagedBy": "Terraform",
              "Name": "kafka-project-private-1",
              "Owner": "DataEngineering",
              "Project": "kafka-project",
              "Tier": "Private"
            },
            "timeouts": null,
            "vpc_id": "vpc-01a52b06d31a984bc"
          },
          "sensitive_attributes": [],
          "private": "eyJlMmJmYjczMC1lY2FhLTExZTYtOGY4OC0zNDM2M2JjN2M0YzAiOnsiY3JlYXRlIjo2MDAwMDAwMDAwMDAsImRlbGV0ZSI6MTIwMDAwMDAwMDAwMH0sInNjaGVtYV92ZXJzaW9uIjoiMSJ9",
          "dependencies": [
            "aws_vpc.kafka",
            "data.aws_availability_zones.available"
          ]
        },
        {
          "index_key": 1,
          "schema_version": 1,
          "attributes": {
            "arn": "arn:aws:ec2:ap-south-1:741448939728:subnet/subnet-033a65c069d020afc",
            "assign_ipv6_address_on_creation": false,
            "availability_zone": "ap-south-1b",
            "availability_zone_id": "aps1-az3",
            "cidr_block": "10.0.11.0/24",
            "customer_owned_ipv4_pool": "",
            "enable_dns64": false,
            "enable_lni_at_device_index": 0,
            "enable_resource_name_dns_a_record_on_launch": false,
            "enable_resource_name_dns_aaaa_record_on_launch": false,
            "id": "subnet-033a65c069d020afc",
            "ipv4_ipam_pool_id": null,
            "ipv4_netmask_length": null,
            "ipv6_cidr_block": "",
            "ipv6_cidr_block_association_id": "",
            "ipv6_ipam_pool_id": null,
            "ipv6_native": false,
            "ipv6_netmask_length": null,
            "map_customer_owned_ip_on_launch": false,
            "map_public_ip_on_launch": false,
            "outpost_arn": "",
            "owner_id": "741448939728",
            "private_dns_hostname_type_on_launch": "ip-name",
            "region": "ap-south-1",
            "tags": {
              "Name": "kafka-project-private-2",
              "Tier": "Private"
            },
            "tags_all": {
              "Environment": "dev",
              "ManagedBy": "Terraform",
              "Name": "kafka-project-private-2",
              "Owner": "DataEngineering",
              "Project": "kafka-project",
              "Tier": "Private"
            },
            "timeouts": null,
            "vpc_id": "vpc-01a52b06d31a984bc"
          },
          "sensitive_attributes": [],
          "private": "eyJlMmJmYjczMC1lY2FhLTExZTYtOGY4OC0zNDM2M2JjN2M0YzAiOnsiY3JlYXRlIjo2MDAwMDAwMDAwMDAsImRlbGV0ZSI6MTIwMDAwMDAwMDAwMH0sInNjaGVtYV92ZXJzaW9uIjoiMSJ9",
          "dependencies": [
            "aws_vpc.kafka",
            "data.aws_availability_zones.available"
          ]
        },
        {
          "index_key": 2,
          "schema_version": 1,
          "attributes": {
            "arn": "arn:aws:ec2:ap-south-1:741448939728:subnet/subnet-04b060c7e4fc509ca",
            "assign_ipv6_address_on_creation": false,
            "availability_zone": "ap-south-1c",
            "availability_zone_id": "aps1-az2",
            "cidr_block": "10.0.12.0/24",
            "customer_owned_ipv4_pool": "",
            "enable_dns64": false,
            "enable_lni_at_device_index": 0,
            "enable_resource_name_dns_a_record_on_launch": false,
            "enable_resource_name_dns_aaaa_record_on_launch": false,
            "id": "subnet-04b060c7e4fc509ca",
            "ipv4_ipam_pool_id": null,
            "ipv4_netmask_length": null,
            "ipv6_cidr_block": "",
            "ipv6_cidr_block_association_id": "",
            "ipv6_ipam_pool_id": null,
            "ipv6_native": false,
            "ipv6_netmask_length": null,
            "map_customer_owned_ip_on_launch": false,
            "map_public_ip_on_launch": false,
            "outpost_arn": "",
            "owner_id": "741448939728",
            "private_dns_hostname_type_on_launch": "ip-name",
            "region": "ap-south-1",
            "tags": {
              "Name": "kafka-project-private-3",
              "Tier": "Private"
            },
            "tags_all": {
              "Environment": "dev",
              "ManagedBy": "Terraform",
              "Name": "kafka-project-private-3",
              "Owner": "DataEngineering",
              "Project": "kafka-project",
              "Tier": "Private"
            },
            "timeouts": null,
            "vpc_id": "vpc-01a52b06d31a984bc"
          },
          "sensitive_attributes": [],
          "private": "eyJlMmJmYjczMC1lY2FhLTExZTYtOGY4OC0zNDM2M2JjN2M0YzAiOnsiY3JlYXRlIjo2MDAwMDAwMDAwMDAsImRlbGV0ZSI6MTIwMDAwMDAwMDAwMH0sInNjaGVtYV92ZXJzaW9uIjoiMSJ9",
          "dependencies": [
            "aws_vpc.kafka",
            "data.aws_availability_zones.available"
          ]
        }
      ]
    },
    {
      "mode": "managed",
      "type": "aws_subnet",
      "name": "public",
      "provider": "provider[\"registry.terraform.io/hashicorp/aws\"]",
      "instances": [
        {
          "index_key": 0,
          "schema_version": 1,
          "attributes": {
            "arn": "arn:aws:ec2:ap-south-1:741448939728:subnet/subnet-016ad12d5eb3a8a92",
            "assign_ipv6_address_on_creation": false,
            "availability_zone": "ap-south-1a",
            "availability_zone_id": "aps1-az1",
            "cidr_block": "10.0.1.0/24",
            "customer_owned_ipv4_pool": "",
            "enable_dns64": false,
            "enable_lni_at_device_index": 0,
            "enable_resource_name_dns_a_record_on_launch": false,
            "enable_resource_name_dns_aaaa_record_on_launch": false,
            "id": "subnet-016ad12d5eb3a8a92",
            "ipv4_ipam_pool_id": null,
            "ipv4_netmask_length": null,
            "ipv6_cidr_block": "",
            "ipv6_cidr_block_association_id": "",
            "ipv6_ipam_pool_id": null,
            "ipv6_native": false,
            "ipv6_netmask_length": null,
            "map_customer_owned_ip_on_launch": false,
            "map_public_ip_on_launch": true,
            "outpost_arn": "",
            "owner_id": "741448939728",
            "private_dns_hostname_type_on_launch": "ip-name",
            "region": "ap-south-1",
            "tags": {
              "Name": "kafka-project-public-1",
              "Tier": "Public"
            },
            "tags_all": {
              "Environment": "dev",
              "ManagedBy": "Terraform",
              "Name": "kafka-project-public-1",
              "Owner": "DataEngineering",
              "Project": "kafka-project",
              "Tier": "Public"
            },
            "timeouts": null,
            "vpc_id": "vpc-01a52b06d31a984bc"
          },
          "sensitive_attributes": [],
          "private": "eyJlMmJmYjczMC1lY2FhLTExZTYtOGY4OC0zNDM2M2JjN2M0YzAiOnsiY3JlYXRlIjo2MDAwMDAwMDAwMDAsImRlbGV0ZSI6MTIwMDAwMDAwMDAwMH0sInNjaGVtYV92ZXJzaW9uIjoiMSJ9",
          "dependencies": [
            "aws_vpc.kafka",
            "data.aws_availability_zones.available"
          ]
        },
        {
          "index_key": 1,
          "schema_version": 1,
          "attributes": {
            "arn": "arn:aws:ec2:ap-south-1:741448939728:subnet/subnet-028dbff0ba4005993",
            "assign_ipv6_address_on_creation": false,
            "availability_zone": "ap-south-1b",
            "availability_zone_id": "aps1-az3",
            "cidr_block": "10.0.2.0/24",
            "customer_owned_ipv4_pool": "",
            "enable_dns64": false,
            "enable_lni_at_device_index": 0,
            "enable_resource_name_dns_a_record_on_launch": false,
            "enable_resource_name_dns_aaaa_record_on_launch": false,
            "id": "subnet-028dbff0ba4005993",
            "ipv4_ipam_pool_id": null,
            "ipv4_netmask_length": null,
            "ipv6_cidr_block": "",
            "ipv6_cidr_block_association_id": "",
            "ipv6_ipam_pool_id": null,
            "ipv6_native": false,
            "ipv6_netmask_length": null,
            "map_customer_owned_ip_on_launch": false,
            "map_public_ip_on_launch": true,
            "outpost_arn": "",
            "owner_id": "741448939728",
            "private_dns_hostname_type_on_launch": "ip-name",
            "region": "ap-south-1",
            "tags": {
              "Name": "kafka-project-public-2",
              "Tier": "Public"
            },
            "tags_all": {
              "Environment": "dev",
              "ManagedBy": "Terraform",
              "Name": "kafka-project-public-2",
              "Owner": "DataEngineering",
              "Project": "kafka-project",
              "Tier": "Public"
            },
            "timeouts": null,
            "vpc_id": "vpc-01a52b06d31a984bc"
          },
          "sensitive_attributes": [],
          "private": "eyJlMmJmYjczMC1lY2FhLTExZTYtOGY4OC0zNDM2M2JjN2M0YzAiOnsiY3JlYXRlIjo2MDAwMDAwMDAwMDAsImRlbGV0ZSI6MTIwMDAwMDAwMDAwMH0sInNjaGVtYV92ZXJzaW9uIjoiMSJ9",
          "dependencies": [
            "aws_vpc.kafka",
            "data.aws_availability_zones.available"
          ]
        }
      ]
    },
    {
      "mode": "managed",
      "type": "aws_vpc",
      "name": "kafka",
      "provider": "provider[\"registry.terraform.io/hashicorp/aws\"]",
      "instances": [
        {
          "schema_version": 1,
          "attributes": {
            "arn": "arn:aws:ec2:ap-south-1:741448939728:vpc/vpc-01a52b06d31a984bc",
            "assign_generated_ipv6_cidr_block": false,
            "cidr_block": "10.0.0.0/16",
            "default_network_acl_id": "acl-021936f3cfeda84e9",
            "default_route_table_id": "rtb-0003548f47c06ce17",
            "default_security_group_id": "sg-0734d62e821b1f2c4",
            "dhcp_options_id": "dopt-001d54595cb380f65",
            "enable_dns_hostnames": true,
            "enable_dns_support": true,
            "enable_network_address_usage_metrics": false,
            "id": "vpc-01a52b06d31a984bc",
            "instance_tenancy": "default",
            "ipv4_ipam_pool_id": null,
            "ipv4_netmask_length": null,
            "ipv6_association_id": "",
            "ipv6_cidr_block": "",
            "ipv6_cidr_block_network_border_group": "",
            "ipv6_ipam_pool_id": "",
            "ipv6_netmask_length": 0,
            "main_route_table_id": "rtb-0003548f47c06ce17",
            "owner_id": "741448939728",
            "region": "ap-south-1",
            "tags": {
              "Name": "kafka-project-vpc"
            },
            "tags_all": {
              "Environment": "dev",
              "ManagedBy": "Terraform",
              "Name": "kafka-project-vpc",
              "Owner": "DataEngineering",
              "Project": "kafka-project"
            }
          },
          "sensitive_attributes": [],
          "private": "eyJzY2hlbWFfdmVyc2lvbiI6IjEifQ=="
        }
      ]
    },
    {
      "mode": "managed",
      "type": "local_file",
      "name": "private_key",
      "provider": "provider[\"registry.terraform.io/hashicorp/local\"]",
      "instances": [
        {
          "schema_version": 0,
          "attributes": {
            "content": "-----BEGIN RSA PRIVATE KEY-----\nMIIJKQIBAAKCAgEA2CFoSJwZIO+GJvX9fY5ROi/DAx5nSw3EIlDvTLMn56XJRYl+\nntbO1JgknC9vZFil1A06btvOP235ZH7E/pZvL+dHTOEcy2c4SF/bhSOv3f32PmsS\nor5oKarph/Fz9/f0xGFX+/j7T0thvKYT/KRowLabQKS6UH5MCus4vdWL8gQbnYd3\ncyTYBe6zlp8VPCwS35HeuCtFHb2u1q234i2aA92xJIm/pIxa3ucmM+uJeIoEOAT8\n/jWX9xEGTz20N1FDdqWvUpw69ZZTqZRWTzr3kFCdAJuovaBjXss1ivyVm+BAPawK\nGQJF9NsB1EMCuxuVlQDAerltqB9ZWrq234iPgT9Yu00XMqBKYwAb5cFttK6xkyo6\nJ3ALz4qQTAu9SyL/goIuACk3N9a+3kVklUPusPBFnBPdPgnYtaQWhRll86lFKHLW\n1mQGupuOyr8+CCFYAWMk1jPZML7cJx2mt/EFlLhUvmOu2iK7mv5inwSzkkXjp9f+\n8ery+R92KWucxUV3V9Z5GgJKiimqZp3cVfTQk1VUxnxS/hYW2QWB3d1/cgGjPpsF\ng89n2QPDl22jd9hYnqgGsU+Gd9jg31HC3iIqDOpgBESlbgrGcSMQi4rourTJjf3O\nEmF7PrTugg1ujcK5niRNC920Iah8It2ALJiUi/BvGd4OJmK68Xi1NbpwcusCAwEA\nAQKCAgA0ODoklQajRQwiPLwfCnRIvUJ+bemiIjTZ37k5zG2fVBihwvtDcH4vsoTh\n8boVwi9q4TlVkKkv/SfNJq39HybFKbm58wgMgyd/oR1+eSVkWxiUczVg+eVb7+4V\nyPpulsveaPCjskAyI/H87RmWKLkgmt4/C63yhdlkp/mhMEfsVR7A/HqZaPUC1e4x\nPcWZMMLsnqdz0wyTh4GHYBi2PrNgLL/ApsGVhc3s3meGEuo3pA0p5dakqxlI+iWO\nnsd8uBc3Qwfty06ZiNU0+2CxKvumtDuC6pkmG+r2e923c5jIPTH4VKlp6nkxlHrI\nKNqvj5YgFrrqzAOZI93ohIVr0+hr7ZQciTnJWwICPX9GlYtsjhr4+DmNPw98MF5p\nlVgAxXtQqB2HJ+CIBbiOcVB0qY4InoP01gRlXTWk+HAqgJC9TzN+brnd77bfVn0e\nfqcEtKRsrsRbxxkjKX3HJZ94nPPTMcfp1AiNOmtk7L6MyX9xU9926FaLclowUdLp\nVqjmKl17W+JWybYrzNOtcAYKjdMUUnLs2EpkZACLyvpl8qwYmtvdNSGspjpkqx3h\n8yVjlvnxplKzGdxa36MbYlW1TGpPDz6sEeH34wdvMYD1Bd5FVKhkkAhOcJks1N0O\nVlajIZ6EgLTeybqFQ97+5/2enCVxCzmZiqHSrOK7zEcsV5IHEQKCAQEA+xfc8QXO\nyMcOtjpd3ikywyuGFn8kzGZ9Cq7BF03SRIlJuSMtgr21eoslgAZfFCHH1n8m2Kg9\nt/DltZkyo/u4q713xBCB0vsY3CirxAtO99wLEO7qLjib5Y6brdv3PrpNk4wWGU+j\nEKf5Y1bgn4LnilKTAkTLCiq9ZfFsfesz3F5vqFcoauuKPbrK8o02P6DvtvP+zvmM\nGaWQcygg8nLYnEpW/fTY8EZefjGlFzK7Gbku5+4Z6ZgYWga5fuJPMlkdiMtXy+j/\nkIZYfHYCR0pt/98jG5cU37b8fWrnXeI2vzHIZnKYt71v/J9BSKLrRAjCdOvxTWLD\nq7wHOkIpE7HKOwKCAQEA3FqjJljbHnDaq6bsXKaqTBT7/kKUwcDmR0k3RvWsqTSe\n/NKrcC6bqndhBHAiJ8UuB2RRMeg5mUaOr/oLj8WPpqiav5FQu8+T6ziLveyTcwsD\nPmWjiXK6Gqjvj9uYXEb9wDa9AGinDatMbzeIO/njGDl3dUpXwNVh74uv8e8FwPSq\nG7kWnxuXGfblLaZN7IhOUeUcsnZl2KIUWeQ4NVQu5y/SntZbFoC6wQY2UgVwjPbw\nitPVWZq2P75hVALtfzWsameBZreRpj6KZ4hpi/6KOWLoh0rcOFlxYlW11x4vWfde\n5IcCxK4xM0BF18F6b8uKGJ11TqULB0qyKN3bNUC/EQKCAQEA9CG3iACFlWE1RKhr\nK94SpQBkVus39CSR3xkaVHYtwsVZENDLJxscoBE6XMfVGdXeXwcx1eV+XKG0NmTF\nf/r3CsQk9lS2ZVQOT8CbgPkdxpADkms49cfEi+WkJ95+/lZVpufFdMahXUh0icmm\njHDSfwLaPJJ2d2Qm0j9xpNxSiCipl5tmiM6KkopTWJFD9YmciN2jGco4FZeMYurZ\nXeGcChmdiz3Mz5Ebvsa2JWAF2nTazlYKi7x9sMppAJ05M1LCDIbozjG0ieiVkC2M\n+ZO8b9OcZu72NK3NwIN4gSe44xycJD+3jK57e7u71cvRw0xhBR2CeCNW7FrdDB/X\noHZ0kQKCAQEAvSfJGaf5IR57eBJon/gqA/mXf+Ij1FcE1njRTMakGvQi7qDhrgE0\ne5bS335qs30eUBYbZR4WI69f2UxqFFbhQ41EmeHiTfaY4bi+rKCiyoTPmgah5eFo\nRG50hydYmQ4P0aqrf+hWTvOXP3mKJwIRob/i/fp9bfk+guWEechXRhZA2F+APcDv\nash4X0F9buhrYv2sLr5YGyi3E5tHbPAA+1AgG12i/6QtrHjqtGoa/ccVIfdKFAst\nG3cQEZAZ07N9eDG18TjvfKf/I3UENbqhaTWwqkLm3DBblrBA0pMEztP8z2veQnvN\nnFM2IUnjEojE2PCBvKsM1ouWeGJKRGJ6IQKCAQAm0wMMPduEpeB/XYza3PSwHJAY\np1CVQoExxLANhuszGZqtPsq4kd6Shbsue+FFmYXzKu83suSOMQ3xxLfAUCA3qqOf\n9bHXvGeIyI2o3ENneWGUzVEwMiFcJmCVn+yDExXskj8xsuiL37wryNOIpKwGRJJP\nf7H2zQk8kRlMcP8NSx4Z8/lzpKVTYHQQ5dmyrf8bbXEg8+6hknpAZU2374pDakOu\nqulAURAociPVuN3ZhfG87N4ifzF4YFMGd8oOKc9+G40Vl5OcygFo7gdIpJ4Jeo/b\n8eOLtQ6csoXSFmrNKSZGMar2gbAbZvryg/lvZuAPHJPXuINcEXiLWQDq7xvs\n-----END RSA PRIVATE KEY-----\n",
            "content_base64": null,
            "content_base64sha256": "uT7xRHlJTIpL6pjrTks26fG1rRYfBRiyp0UVWStiO9o=",
            "content_base64sha512": "avoyGjtTSvdgFQX39flpnOIgUMwFgaiPPq1rf16xsQU1vGcIPXlTP++OFi2jNsVf8hWy4lJ6ybRmGuR/OE2krA==",
            "content_md5": "d9b4dc260eb58d1dda2d393736cc6ba9",
            "content_sha1": "7c0924d05b6b4f6c99e456d33e229a25af34f983",
            "content_sha256": "b93ef14479494c8a4bea98eb4e4b36e9f1b5ad161f0518b2a74515592b623bda",
            "content_sha512": "6afa321a3b534af7601505f7f5f9699ce22050cc0581a88f3ead6b7f5eb1b10535bc67083d79533fef8e162da336c55ff215b2e2527ac9b4661ae47f384da4ac",
            "directory_permission": "0777",
            "file_permission": "0400",
            "filename": "./kafka-project.pem",
            "id": "7c0924d05b6b4f6c99e456d33e229a25af34f983",
            "sensitive_content": null,
            "source": null
          },
          "sensitive_attributes": [
            [
              {
                "type": "get_attr",
                "value": "content"
              }
            ],
            [
              {
                "type": "get_attr",
                "value": "sensitive_content"
              }
            ]
          ],
          "dependencies": [
            "tls_private_key.kafka"
          ]
        }
      ]
    },
    {
      "mode": "managed",
      "type": "tls_private_key",
      "name": "kafka",
      "provider": "provider[\"registry.terraform.io/hashicorp/tls\"]",
      "instances": [
        {
          "schema_version": 1,
          "attributes": {
            "algorithm": "RSA",
            "ecdsa_curve": "P224",
            "id": "a183e44e0e9fb7ecac9b46a4883fcbdd01fec67d",
            "private_key_openssh": "-----BEGIN OPENSSH PRIVATE KEY-----\nb3BlbnNzaC1rZXktdjEAAAAABG5vbmUAAAAEbm9uZQAAAAAAAAABAAACFwAAAAdz\nc2gtcnNhAAAAAwEAAQAAAgEA2CFoSJwZIO+GJvX9fY5ROi/DAx5nSw3EIlDvTLMn\n56XJRYl+ntbO1JgknC9vZFil1A06btvOP235ZH7E/pZvL+dHTOEcy2c4SF/bhSOv\n3f32PmsSor5oKarph/Fz9/f0xGFX+/j7T0thvKYT/KRowLabQKS6UH5MCus4vdWL\n8gQbnYd3cyTYBe6zlp8VPCwS35HeuCtFHb2u1q234i2aA92xJIm/pIxa3ucmM+uJ\neIoEOAT8/jWX9xEGTz20N1FDdqWvUpw69ZZTqZRWTzr3kFCdAJuovaBjXss1ivyV\nm+BAPawKGQJF9NsB1EMCuxuVlQDAerltqB9ZWrq234iPgT9Yu00XMqBKYwAb5cFt\ntK6xkyo6J3ALz4qQTAu9SyL/goIuACk3N9a+3kVklUPusPBFnBPdPgnYtaQWhRll\n86lFKHLW1mQGupuOyr8+CCFYAWMk1jPZML7cJx2mt/EFlLhUvmOu2iK7mv5inwSz\nkkXjp9f+8ery+R92KWucxUV3V9Z5GgJKiimqZp3cVfTQk1VUxnxS/hYW2QWB3d1/\ncgGjPpsFg89n2QPDl22jd9hYnqgGsU+Gd9jg31HC3iIqDOpgBESlbgrGcSMQi4ro\nurTJjf3OEmF7PrTugg1ujcK5niRNC920Iah8It2ALJiUi/BvGd4OJmK68Xi1Nbpw\ncusAAAc41F2ge9RdoHsAAAAHc3NoLXJzYQAAAgEA2CFoSJwZIO+GJvX9fY5ROi/D\nAx5nSw3EIlDvTLMn56XJRYl+ntbO1JgknC9vZFil1A06btvOP235ZH7E/pZvL+dH\nTOEcy2c4SF/bhSOv3f32PmsSor5oKarph/Fz9/f0xGFX+/j7T0thvKYT/KRowLab\nQKS6UH5MCus4vdWL8gQbnYd3cyTYBe6zlp8VPCwS35HeuCtFHb2u1q234i2aA92x\nJIm/pIxa3ucmM+uJeIoEOAT8/jWX9xEGTz20N1FDdqWvUpw69ZZTqZRWTzr3kFCd\nAJuovaBjXss1ivyVm+BAPawKGQJF9NsB1EMCuxuVlQDAerltqB9ZWrq234iPgT9Y\nu00XMqBKYwAb5cFttK6xkyo6J3ALz4qQTAu9SyL/goIuACk3N9a+3kVklUPusPBF\nnBPdPgnYtaQWhRll86lFKHLW1mQGupuOyr8+CCFYAWMk1jPZML7cJx2mt/EFlLhU\nvmOu2iK7mv5inwSzkkXjp9f+8ery+R92KWucxUV3V9Z5GgJKiimqZp3cVfTQk1VU\nxnxS/hYW2QWB3d1/cgGjPpsFg89n2QPDl22jd9hYnqgGsU+Gd9jg31HC3iIqDOpg\nBESlbgrGcSMQi4rourTJjf3OEmF7PrTugg1ujcK5niRNC920Iah8It2ALJiUi/Bv\nGd4OJmK68Xi1NbpwcusAAAADAQABAAACADQ4OiSVBqNFDCI8vB8KdEi9Qn5t6aIi\nNNnfuTnMbZ9UGKHC+0Nwfi+yhOHxuhXCL2rhOVWQqS/9J80mrf0fJsUpubnzCAyD\nJ3+hHX55JWRbGJRzNWD55Vvv7hXI+m6Wy95o8KOyQDIj8fztGZYouSCa3j8LrfKF\n2WSn+aEwR+xVHsD8eplo9QLV7jE9xZkwwuyep3PTDJOHgYdgGLY+s2Asv8CmwZWF\nzezeZ4YS6jekDSnl1qSrGUj6JY6ex3y4FzdDB+3LTpmI1TT7YLEq+6a0O4LqmSYb\n6vZ73bdzmMg9MfhUqWnqeTGUesgo2q+PliAWuurMA5kj3eiEhWvT6GvtlByJOclb\nAgI9f0aVi2yOGvj4OY0/D3wwXmmVWADFe1CoHYcn4IgFuI5xUHSpjgieg/TWBGVd\nNaT4cCqAkL1PM35uud3vtt9WfR5+pwS0pGyuxFvHGSMpfccln3ic89Mxx+nUCI06\na2TsvozJf3FT33boVotyWjBR0ulWqOYqXXtb4lbJtivM061wBgqN0xRScuzYSmRk\nAIvK+mXyrBia2901IaymOmSrHeHzJWOW+fGmUrMZ3FrfoxtiVbVMak8PPqwR4ffj\nB28xgPUF3kVUqGSQCE5wmSzU3Q5WVqMhnoSAtN7JuoVD3v7n/Z6cJXELOZmKodKs\n4rvMRyxXkgcRAAABACbTAww924Sl4H9djNrc9LAckBinUJVCgTHEsA2G6zMZmq0+\nyriR3pKFuy574UWZhfMq7zey5I4xDfHEt8BQIDeqo5/1sde8Z4jIjajcQ2d5YZTN\nUTAyIVwmYJWf7IMTFeySPzGy6IvfvCvI04ikrAZEkk9/sfbNCTyRGUxw/w1LHhnz\n+XOkpVNgdBDl2bKt/xttcSDz7qGSekBlTbfvikNqQ66q6UBREChyI9W43dmF8bzs\n3iJ/MXhgUwZ3yg4pz34bjRWXk5zKAWjuB0ikngl6j9vx44u1DpyyhdIWas0pJkYx\nqvaBsBtm+vKD+W9m4A8ck9e4g1wReItZAOrvG+wAAAEBAPsX3PEFzsjHDrY6Xd4p\nMsMrhhZ/JMxmfQquwRdN0kSJSbkjLYK9tXqLJYAGXxQhx9Z/JtioPbfw5bWZMqP7\nuKu9d8QQgdL7GNwoq8QLTvfcCxDu6i44m+WOm63b9z66TZOMFhlPoxCn+WNW4J+C\n54pSkwJEywoqvWXxbH3rM9xeb6hXKGrrij26yvKNNj+g77bz/s75jBmlkHMoIPJy\n2JxKVv302PBGXn4xpRcyuxm5LufuGemYGFoGuX7iTzJZHYjLV8vo/5CGWHx2AkdK\nbf/fIxuXFN+2/H1q513iNr8xyGZymLe9b/yfQUii60QIwnTr8U1iw6u8BzpCKROx\nyjsAAAEBANxaoyZY2x5w2qum7FymqkwU+/5ClMHA5kdJN0b1rKk0nvzSq3Aum6p3\nYQRwIifFLgdkUTHoOZlGjq/6C4/Fj6aomr+RULvPk+s4i73sk3MLAz5lo4lyuhqo\n74/bmFxG/cA2vQBopw2rTG83iDv54xg5d3VKV8DVYe+Lr/HvBcD0qhu5Fp8blxn2\n5S2mTeyITlHlHLJ2ZdiiFFnkODVULucv0p7WWxaAusEGNlIFcIz28IrT1Vmatj++\nYVQC7X81rGpngWa3kaY+imeIaYv+ijli6IdK3DhZcWJVtdceL1n3XuSHAsSuMTNA\nRdfBem/LihiddU6lCwdKsijd2zVAvxEAAAAAAQID\n-----END OPENSSH PRIVATE KEY-----\n",
            "private_key_pem": "-----BEGIN RSA PRIVATE KEY-----\nMIIJKQIBAAKCAgEA2CFoSJwZIO+GJvX9fY5ROi/DAx5nSw3EIlDvTLMn56XJRYl+\nntbO1JgknC9vZFil1A06btvOP235ZH7E/pZvL+dHTOEcy2c4SF/bhSOv3f32PmsS\nor5oKarph/Fz9/f0xGFX+/j7T0thvKYT/KRowLabQKS6UH5MCus4vdWL8gQbnYd3\ncyTYBe6zlp8VPCwS35HeuCtFHb2u1q234i2aA92xJIm/pIxa3ucmM+uJeIoEOAT8\n/jWX9xEGTz20N1FDdqWvUpw69ZZTqZRWTzr3kFCdAJuovaBjXss1ivyVm+BAPawK\nGQJF9NsB1EMCuxuVlQDAerltqB9ZWrq234iPgT9Yu00XMqBKYwAb5cFttK6xkyo6\nJ3ALz4qQTAu9SyL/goIuACk3N9a+3kVklUPusPBFnBPdPgnYtaQWhRll86lFKHLW\n1mQGupuOyr8+CCFYAWMk1jPZML7cJx2mt/EFlLhUvmOu2iK7mv5inwSzkkXjp9f+\n8ery+R92KWucxUV3V9Z5GgJKiimqZp3cVfTQk1VUxnxS/hYW2QWB3d1/cgGjPpsF\ng89n2QPDl22jd9hYnqgGsU+Gd9jg31HC3iIqDOpgBESlbgrGcSMQi4rourTJjf3O\nEmF7PrTugg1ujcK5niRNC920Iah8It2ALJiUi/BvGd4OJmK68Xi1NbpwcusCAwEA\nAQKCAgA0ODoklQajRQwiPLwfCnRIvUJ+bemiIjTZ37k5zG2fVBihwvtDcH4vsoTh\n8boVwi9q4TlVkKkv/SfNJq39HybFKbm58wgMgyd/oR1+eSVkWxiUczVg+eVb7+4V\nyPpulsveaPCjskAyI/H87RmWKLkgmt4/C63yhdlkp/mhMEfsVR7A/HqZaPUC1e4x\nPcWZMMLsnqdz0wyTh4GHYBi2PrNgLL/ApsGVhc3s3meGEuo3pA0p5dakqxlI+iWO\nnsd8uBc3Qwfty06ZiNU0+2CxKvumtDuC6pkmG+r2e923c5jIPTH4VKlp6nkxlHrI\nKNqvj5YgFrrqzAOZI93ohIVr0+hr7ZQciTnJWwICPX9GlYtsjhr4+DmNPw98MF5p\nlVgAxXtQqB2HJ+CIBbiOcVB0qY4InoP01gRlXTWk+HAqgJC9TzN+brnd77bfVn0e\nfqcEtKRsrsRbxxkjKX3HJZ94nPPTMcfp1AiNOmtk7L6MyX9xU9926FaLclowUdLp\nVqjmKl17W+JWybYrzNOtcAYKjdMUUnLs2EpkZACLyvpl8qwYmtvdNSGspjpkqx3h\n8yVjlvnxplKzGdxa36MbYlW1TGpPDz6sEeH34wdvMYD1Bd5FVKhkkAhOcJks1N0O\nVlajIZ6EgLTeybqFQ97+5/2enCVxCzmZiqHSrOK7zEcsV5IHEQKCAQEA+xfc8QXO\nyMcOtjpd3ikywyuGFn8kzGZ9Cq7BF03SRIlJuSMtgr21eoslgAZfFCHH1n8m2Kg9\nt/DltZkyo/u4q713xBCB0vsY3CirxAtO99wLEO7qLjib5Y6brdv3PrpNk4wWGU+j\nEKf5Y1bgn4LnilKTAkTLCiq9ZfFsfesz3F5vqFcoauuKPbrK8o02P6DvtvP+zvmM\nGaWQcygg8nLYnEpW/fTY8EZefjGlFzK7Gbku5+4Z6ZgYWga5fuJPMlkdiMtXy+j/\nkIZYfHYCR0pt/98jG5cU37b8fWrnXeI2vzHIZnKYt71v/J9BSKLrRAjCdOvxTWLD\nq7wHOkIpE7HKOwKCAQEA3FqjJljbHnDaq6bsXKaqTBT7/kKUwcDmR0k3RvWsqTSe\n/NKrcC6bqndhBHAiJ8UuB2RRMeg5mUaOr/oLj8WPpqiav5FQu8+T6ziLveyTcwsD\nPmWjiXK6Gqjvj9uYXEb9wDa9AGinDatMbzeIO/njGDl3dUpXwNVh74uv8e8FwPSq\nG7kWnxuXGfblLaZN7IhOUeUcsnZl2KIUWeQ4NVQu5y/SntZbFoC6wQY2UgVwjPbw\nitPVWZq2P75hVALtfzWsameBZreRpj6KZ4hpi/6KOWLoh0rcOFlxYlW11x4vWfde\n5IcCxK4xM0BF18F6b8uKGJ11TqULB0qyKN3bNUC/EQKCAQEA9CG3iACFlWE1RKhr\nK94SpQBkVus39CSR3xkaVHYtwsVZENDLJxscoBE6XMfVGdXeXwcx1eV+XKG0NmTF\nf/r3CsQk9lS2ZVQOT8CbgPkdxpADkms49cfEi+WkJ95+/lZVpufFdMahXUh0icmm\njHDSfwLaPJJ2d2Qm0j9xpNxSiCipl5tmiM6KkopTWJFD9YmciN2jGco4FZeMYurZ\nXeGcChmdiz3Mz5Ebvsa2JWAF2nTazlYKi7x9sMppAJ05M1LCDIbozjG0ieiVkC2M\n+ZO8b9OcZu72NK3NwIN4gSe44xycJD+3jK57e7u71cvRw0xhBR2CeCNW7FrdDB/X\noHZ0kQKCAQEAvSfJGaf5IR57eBJon/gqA/mXf+Ij1FcE1njRTMakGvQi7qDhrgE0\ne5bS335qs30eUBYbZR4WI69f2UxqFFbhQ41EmeHiTfaY4bi+rKCiyoTPmgah5eFo\nRG50hydYmQ4P0aqrf+hWTvOXP3mKJwIRob/i/fp9bfk+guWEechXRhZA2F+APcDv\nash4X0F9buhrYv2sLr5YGyi3E5tHbPAA+1AgG12i/6QtrHjqtGoa/ccVIfdKFAst\nG3cQEZAZ07N9eDG18TjvfKf/I3UENbqhaTWwqkLm3DBblrBA0pMEztP8z2veQnvN\nnFM2IUnjEojE2PCBvKsM1ouWeGJKRGJ6IQKCAQAm0wMMPduEpeB/XYza3PSwHJAY\np1CVQoExxLANhuszGZqtPsq4kd6Shbsue+FFmYXzKu83suSOMQ3xxLfAUCA3qqOf\n9bHXvGeIyI2o3ENneWGUzVEwMiFcJmCVn+yDExXskj8xsuiL37wryNOIpKwGRJJP\nf7H2zQk8kRlMcP8NSx4Z8/lzpKVTYHQQ5dmyrf8bbXEg8+6hknpAZU2374pDakOu\nqulAURAociPVuN3ZhfG87N4ifzF4YFMGd8oOKc9+G40Vl5OcygFo7gdIpJ4Jeo/b\n8eOLtQ6csoXSFmrNKSZGMar2gbAbZvryg/lvZuAPHJPXuINcEXiLWQDq7xvs\n-----END RSA PRIVATE KEY-----\n",
            "private_key_pem_pkcs8": "-----BEGIN PRIVATE KEY-----\nMIIJQwIBADANBgkqhkiG9w0BAQEFAASCCS0wggkpAgEAAoICAQDYIWhInBkg74Ym\n9f19jlE6L8MDHmdLDcQiUO9MsyfnpclFiX6e1s7UmCScL29kWKXUDTpu284/bflk\nfsT+lm8v50dM4RzLZzhIX9uFI6/d/fY+axKivmgpqumH8XP39/TEYVf7+PtPS2G8\nphP8pGjAtptApLpQfkwK6zi91YvyBBudh3dzJNgF7rOWnxU8LBLfkd64K0Udva7W\nrbfiLZoD3bEkib+kjFre5yYz64l4igQ4BPz+NZf3EQZPPbQ3UUN2pa9SnDr1llOp\nlFZPOveQUJ0Am6i9oGNeyzWK/JWb4EA9rAoZAkX02wHUQwK7G5WVAMB6uW2oH1la\nurbfiI+BP1i7TRcyoEpjABvlwW20rrGTKjoncAvPipBMC71LIv+Cgi4AKTc31r7e\nRWSVQ+6w8EWcE90+Cdi1pBaFGWXzqUUoctbWZAa6m47Kvz4IIVgBYyTWM9kwvtwn\nHaa38QWUuFS+Y67aIrua/mKfBLOSReOn1/7x6vL5H3Ypa5zFRXdX1nkaAkqKKapm\nndxV9NCTVVTGfFL+FhbZBYHd3X9yAaM+mwWDz2fZA8OXbaN32FieqAaxT4Z32ODf\nUcLeIioM6mAERKVuCsZxIxCLiui6tMmN/c4SYXs+tO6CDW6NwrmeJE0L3bQhqHwi\n3YAsmJSL8G8Z3g4mYrrxeLU1unBy6wIDAQABAoICADQ4OiSVBqNFDCI8vB8KdEi9\nQn5t6aIiNNnfuTnMbZ9UGKHC+0Nwfi+yhOHxuhXCL2rhOVWQqS/9J80mrf0fJsUp\nubnzCAyDJ3+hHX55JWRbGJRzNWD55Vvv7hXI+m6Wy95o8KOyQDIj8fztGZYouSCa\n3j8LrfKF2WSn+aEwR+xVHsD8eplo9QLV7jE9xZkwwuyep3PTDJOHgYdgGLY+s2As\nv8CmwZWFzezeZ4YS6jekDSnl1qSrGUj6JY6ex3y4FzdDB+3LTpmI1TT7YLEq+6a0\nO4LqmSYb6vZ73bdzmMg9MfhUqWnqeTGUesgo2q+PliAWuurMA5kj3eiEhWvT6Gvt\nlByJOclbAgI9f0aVi2yOGvj4OY0/D3wwXmmVWADFe1CoHYcn4IgFuI5xUHSpjgie\ng/TWBGVdNaT4cCqAkL1PM35uud3vtt9WfR5+pwS0pGyuxFvHGSMpfccln3ic89Mx\nx+nUCI06a2TsvozJf3FT33boVotyWjBR0ulWqOYqXXtb4lbJtivM061wBgqN0xRS\ncuzYSmRkAIvK+mXyrBia2901IaymOmSrHeHzJWOW+fGmUrMZ3FrfoxtiVbVMak8P\nPqwR4ffjB28xgPUF3kVUqGSQCE5wmSzU3Q5WVqMhnoSAtN7JuoVD3v7n/Z6cJXEL\nOZmKodKs4rvMRyxXkgcRAoIBAQD7F9zxBc7Ixw62Ol3eKTLDK4YWfyTMZn0KrsEX\nTdJEiUm5Iy2CvbV6iyWABl8UIcfWfybYqD238OW1mTKj+7irvXfEEIHS+xjcKKvE\nC0733AsQ7uouOJvljput2/c+uk2TjBYZT6MQp/ljVuCfgueKUpMCRMsKKr1l8Wx9\n6zPcXm+oVyhq64o9usryjTY/oO+28/7O+YwZpZBzKCDycticSlb99NjwRl5+MaUX\nMrsZuS7n7hnpmBhaBrl+4k8yWR2Iy1fL6P+Qhlh8dgJHSm3/3yMblxTftvx9audd\n4ja/Mchmcpi3vW/8n0FIoutECMJ06/FNYsOrvAc6QikTsco7AoIBAQDcWqMmWNse\ncNqrpuxcpqpMFPv+QpTBwOZHSTdG9aypNJ780qtwLpuqd2EEcCInxS4HZFEx6DmZ\nRo6v+guPxY+mqJq/kVC7z5PrOIu97JNzCwM+ZaOJcroaqO+P25hcRv3ANr0AaKcN\nq0xvN4g7+eMYOXd1SlfA1WHvi6/x7wXA9KobuRafG5cZ9uUtpk3siE5R5RyydmXY\nohRZ5Dg1VC7nL9Ke1lsWgLrBBjZSBXCM9vCK09VZmrY/vmFUAu1/NaxqZ4Fmt5Gm\nPopniGmL/oo5YuiHStw4WXFiVbXXHi9Z917khwLErjEzQEXXwXpvy4oYnXVOpQsH\nSrIo3ds1QL8RAoIBAQD0IbeIAIWVYTVEqGsr3hKlAGRW6zf0JJHfGRpUdi3CxVkQ\n0MsnGxygETpcx9UZ1d5fBzHV5X5cobQ2ZMV/+vcKxCT2VLZlVA5PwJuA+R3GkAOS\nazj1x8SL5aQn3n7+VlWm58V0xqFdSHSJyaaMcNJ/Ato8knZ3ZCbSP3Gk3FKIKKmX\nm2aIzoqSilNYkUP1iZyI3aMZyjgVl4xi6tld4ZwKGZ2LPczPkRu+xrYlYAXadNrO\nVgqLvH2wymkAnTkzUsIMhujOMbSJ6JWQLYz5k7xv05xm7vY0rc3Ag3iBJ7jjHJwk\nP7eMrnt7u7vVy9HDTGEFHYJ4I1bsWt0MH9egdnSRAoIBAQC9J8kZp/khHnt4Emif\n+CoD+Zd/4iPUVwTWeNFMxqQa9CLuoOGuATR7ltLffmqzfR5QFhtlHhYjr1/ZTGoU\nVuFDjUSZ4eJN9pjhuL6soKLKhM+aBqHl4WhEbnSHJ1iZDg/Rqqt/6FZO85c/eYon\nAhGhv+L9+n1t+T6C5YR5yFdGFkDYX4A9wO9qyHhfQX1u6Gti/awuvlgbKLcTm0ds\n8AD7UCAbXaL/pC2seOq0ahr9xxUh90oUCy0bdxARkBnTs314MbXxOO98p/8jdQQ1\nuqFpNbCqQubcMFuWsEDSkwTO0/zPa95Ce82cUzYhSeMSiMTY8IG8qwzWi5Z4YkpE\nYnohAoIBACbTAww924Sl4H9djNrc9LAckBinUJVCgTHEsA2G6zMZmq0+yriR3pKF\nuy574UWZhfMq7zey5I4xDfHEt8BQIDeqo5/1sde8Z4jIjajcQ2d5YZTNUTAyIVwm\nYJWf7IMTFeySPzGy6IvfvCvI04ikrAZEkk9/sfbNCTyRGUxw/w1LHhnz+XOkpVNg\ndBDl2bKt/xttcSDz7qGSekBlTbfvikNqQ66q6UBREChyI9W43dmF8bzs3iJ/MXhg\nUwZ3yg4pz34bjRWXk5zKAWjuB0ikngl6j9vx44u1DpyyhdIWas0pJkYxqvaBsBtm\n+vKD+W9m4A8ck9e4g1wReItZAOrvG+w=\n-----END PRIVATE KEY-----\n",
            "public_key_fingerprint_md5": "fd:e1:85:4d:df:95:92:4d:ba:c3:56:da:7c:76:34:8e",
            "public_key_fingerprint_sha256": "SHA256:/3/uhYoUKZvXuEJydue/3FYvb13+FSpNq+J1JsmFnyU",
            "public_key_openssh": "ssh-rsa AAAAB3NzaC1yc2EAAAADAQABAAACAQDYIWhInBkg74Ym9f19jlE6L8MDHmdLDcQiUO9MsyfnpclFiX6e1s7UmCScL29kWKXUDTpu284/bflkfsT+lm8v50dM4RzLZzhIX9uFI6/d/fY+axKivmgpqumH8XP39/TEYVf7+PtPS2G8phP8pGjAtptApLpQfkwK6zi91YvyBBudh3dzJNgF7rOWnxU8LBLfkd64K0Udva7WrbfiLZoD3bEkib+kjFre5yYz64l4igQ4BPz+NZf3EQZPPbQ3UUN2pa9SnDr1llOplFZPOveQUJ0Am6i9oGNeyzWK/JWb4EA9rAoZAkX02wHUQwK7G5WVAMB6uW2oH1laurbfiI+BP1i7TRcyoEpjABvlwW20rrGTKjoncAvPipBMC71LIv+Cgi4AKTc31r7eRWSVQ+6w8EWcE90+Cdi1pBaFGWXzqUUoctbWZAa6m47Kvz4IIVgBYyTWM9kwvtwnHaa38QWUuFS+Y67aIrua/mKfBLOSReOn1/7x6vL5H3Ypa5zFRXdX1nkaAkqKKapmndxV9NCTVVTGfFL+FhbZBYHd3X9yAaM+mwWDz2fZA8OXbaN32FieqAaxT4Z32ODfUcLeIioM6mAERKVuCsZxIxCLiui6tMmN/c4SYXs+tO6CDW6NwrmeJE0L3bQhqHwi3YAsmJSL8G8Z3g4mYrrxeLU1unBy6w==\n",
            "public_key_pem": "-----BEGIN PUBLIC KEY-----\nMIICIjANBgkqhkiG9w0BAQEFAAOCAg8AMIICCgKCAgEA2CFoSJwZIO+GJvX9fY5R\nOi/DAx5nSw3EIlDvTLMn56XJRYl+ntbO1JgknC9vZFil1A06btvOP235ZH7E/pZv\nL+dHTOEcy2c4SF/bhSOv3f32PmsSor5oKarph/Fz9/f0xGFX+/j7T0thvKYT/KRo\nwLabQKS6UH5MCus4vdWL8gQbnYd3cyTYBe6zlp8VPCwS35HeuCtFHb2u1q234i2a\nA92xJIm/pIxa3ucmM+uJeIoEOAT8/jWX9xEGTz20N1FDdqWvUpw69ZZTqZRWTzr3\nkFCdAJuovaBjXss1ivyVm+BAPawKGQJF9NsB1EMCuxuVlQDAerltqB9ZWrq234iP\ngT9Yu00XMqBKYwAb5cFttK6xkyo6J3ALz4qQTAu9SyL/goIuACk3N9a+3kVklUPu\nsPBFnBPdPgnYtaQWhRll86lFKHLW1mQGupuOyr8+CCFYAWMk1jPZML7cJx2mt/EF\nlLhUvmOu2iK7mv5inwSzkkXjp9f+8ery+R92KWucxUV3V9Z5GgJKiimqZp3cVfTQ\nk1VUxnxS/hYW2QWB3d1/cgGjPpsFg89n2QPDl22jd9hYnqgGsU+Gd9jg31HC3iIq\nDOpgBESlbgrGcSMQi4rourTJjf3OEmF7PrTugg1ujcK5niRNC920Iah8It2ALJiU\ni/BvGd4OJmK68Xi1NbpwcusCAwEAAQ==\n-----END PUBLIC KEY-----\n",
            "rsa_bits": 4096
          },
          "sensitive_attributes": [
            [
              {
                "type": "get_attr",
                "value": "private_key_openssh"
              }
            ],
            [
              {
                "type": "get_attr",
                "value": "private_key_pem"
              }
            ],
            [
              {
                "type": "get_attr",
                "value": "private_key_pem_pkcs8"
              }
            ]
          ]
        }
      ]
    }
  ],
  "check_results": null
}
