{
  "version": 4,
  "terraform_version": "1.10.0",
  "serial": 400,
  "lineage": "305ee6d1-8593-9286-cdd8-62b38f2bfebd",
  "outputs": {
    "bootstrap_brokers": {
      "value": "boot-iopqwniv.c1.kafka-serverless.ap-south-1.amazonaws.com:9098",
      "type": "string"
    },
    "consumer_instance_id": {
      "value": "i-05770a3f401ef6e30",
      "type": "string"
    },
    "consumer_public_ip": {
      "value": "15.207.111.169",
      "type": "string"
    },
    "consumer_ssh_command": {
      "value": "ssh -i ././kafka-serverless.pem ec2-user@15.207.111.169",
      "type": "string"
    },
    "producer_instance_id": {
      "value": "i-0e7edb097d63b6ee7",
      "type": "string"
    },
    "producer_public_ip": {
      "value": "3.6.87.240",
      "type": "string"
    },
    "producer_ssh_command": {
      "value": "ssh -i ././kafka-serverless.pem ec2-user@3.6.87.240",
      "type": "string"
    }
  },
  "resources": [
    {
      "mode": "data",
      "type": "aws_ami",
      "name": "amazon_linux",
      "provider": "provider[\"registry.terraform.io/hashicorp/aws\"]",
      "instances": [
        {
          "schema_version": 0,
          "attributes": {
            "allow_unsafe_filter": null,
            "architecture": "x86_64",
            "arn": "arn:aws:ec2:ap-south-1::image/ami-08e8e63035c905918",
            "block_device_mappings": [
              {
                "device_name": "/dev/xvda",
                "ebs": {
                  "delete_on_termination": "true",
                  "encrypted": "false",
                  "iops": "3000",
                  "snapshot_id": "snap-056e08f9920b898d6",
                  "throughput": "125",
                  "volume_initialization_rate": "0",
                  "volume_size": "2",
                  "volume_type": "gp3"
                },
                "no_device": "",
                "virtual_name": ""
              }
            ],
            "boot_mode": "uefi-preferred",
            "creation_date": "2026-07-24T02:46:28.000Z",
            "deprecation_time": "2026-10-22T02:52:00.000Z",
            "description": "Amazon Linux 2023 AMI 2023.12.20260724.0 x86_64 Minimal HVM kernel-6.18",
            "ena_support": true,
            "executable_users": null,
            "filter": [
              {
                "name": "name",
                "values": [
                  "al2023-ami-*-x86_64"
                ]
              }
            ],
            "hypervisor": "xen",
            "id": "ami-08e8e63035c905918",
            "image_id": "ami-08e8e63035c905918",
            "image_location": "amazon/al2023-ami-minimal-2023.12.20260724.0-kernel-6.18-x86_64",
            "image_owner_alias": "amazon",
            "image_type": "machine",
            "imds_support": "v2.0",
            "include_deprecated": false,
            "kernel_id": "",
            "last_launched_time": "",
            "most_recent": true,
            "name": "al2023-ami-minimal-2023.12.20260724.0-kernel-6.18-x86_64",
            "name_regex": null,
            "owner_id": "137112412989",
            "owners": [
              "amazon"
            ],
            "platform": "",
            "platform_details": "Linux/UNIX",
            "product_codes": [],
            "public": true,
            "ramdisk_id": "",
            "region": "ap-south-1",
            "root_device_name": "/dev/xvda",
            "root_device_type": "ebs",
            "root_snapshot_id": "snap-056e08f9920b898d6",
            "sriov_net_support": "simple",
            "state": "available",
            "state_reason": {
              "code": "UNSET",
              "message": "UNSET"
            },
            "tags": {},
            "timeouts": null,
            "tpm_support": "",
            "uefi_data": null,
            "usage_operation": "RunInstances",
            "virtualization_type": "hvm"
          },
          "sensitive_attributes": []
        }
      ]
    },
    {
      "mode": "data",
      "type": "aws_availability_zones",
      "name": "available",
      "provider": "provider[\"registry.terraform.io/hashicorp/aws\"]",
      "instances": [
        {
          "schema_version": 0,
          "attributes": {
            "all_availability_zones": null,
            "exclude_names": null,
            "exclude_zone_ids": null,
            "filter": null,
            "group_names": [
              "ap-south-1-zg-1"
            ],
            "id": "ap-south-1",
            "names": [
              "ap-south-1a",
              "ap-south-1b",
              "ap-south-1c"
            ],
            "region": "ap-south-1",
            "state": "available",
            "timeouts": null,
            "zone_ids": [
              "aps1-az1",
              "aps1-az3",
              "aps1-az2"
            ]
          },
          "sensitive_attributes": []
        }
      ]
    },
    {
      "mode": "data",
      "type": "aws_iam_policy_document",
      "name": "assume_role",
      "provider": "provider[\"registry.terraform.io/hashicorp/aws\"]",
      "instances": [
        {
          "schema_version": 0,
          "attributes": {
            "id": "2851119427",
            "json": "{\n  \"Version\": \"2012-10-17\",\n  \"Statement\": [\n    {\n      \"Effect\": \"Allow\",\n      \"Action\": \"sts:AssumeRole\",\n      \"Principal\": {\n        \"Service\": \"ec2.amazonaws.com\"\n      }\n    }\n  ]\n}",
            "minified_json": "{\"Version\":\"2012-10-17\",\"Statement\":[{\"Effect\":\"Allow\",\"Action\":\"sts:AssumeRole\",\"Principal\":{\"Service\":\"ec2.amazonaws.com\"}}]}",
            "override_json": null,
            "override_policy_documents": null,
            "policy_id": null,
            "source_json": null,
            "source_policy_documents": null,
            "statement": [
              {
                "actions": [
                  "sts:AssumeRole"
                ],
                "condition": [],
                "effect": "Allow",
                "not_actions": [],
                "not_principals": [],
                "not_resources": [],
                "principals": [
                  {
                    "identifiers": [
                      "ec2.amazonaws.com"
                    ],
                    "type": "Service"
                  }
                ],
                "resources": [],
                "sid": ""
              }
            ],
            "version": "2012-10-17"
          },
          "sensitive_attributes": []
        }
      ]
    },
    {
      "mode": "managed",
      "type": "aws_cloudwatch_log_group",
      "name": "firehose",
      "provider": "provider[\"registry.terraform.io/hashicorp/aws\"]",
      "instances": [
        {
          "schema_version": 0,
          "attributes": {
            "arn": "arn:aws:logs:ap-south-1:741448939728:log-group:/aws/kinesisfirehose/msk",
            "deletion_protection_enabled": false,
            "id": "/aws/kinesisfirehose/msk",
            "kms_key_id": "",
            "log_group_class": "STANDARD",
            "name": "/aws/kinesisfirehose/msk",
            "name_prefix": "",
            "region": "ap-south-1",
            "retention_in_days": 7,
            "skip_destroy": false,
            "tags": null,
            "tags_all": {
              "Environment": "dev",
              "Owner": "DataEngineering",
              "Project": "kafka-serverless",
              "Terraform": "true"
            }
          },
          "sensitive_attributes": [],
          "private": "bnVsbA=="
        }
      ]
    },
    {
      "mode": "managed",
      "type": "aws_cloudwatch_log_group",
      "name": "kafka",
      "provider": "provider[\"registry.terraform.io/hashicorp/aws\"]",
      "instances": [
        {
          "schema_version": 0,
          "attributes": {
            "arn": "arn:aws:logs:ap-south-1:741448939728:log-group:/aws/msk/kafka-serverless",
            "deletion_protection_enabled": false,
            "id": "/aws/msk/kafka-serverless",
            "kms_key_id": "",
            "log_group_class": "STANDARD",
            "name": "/aws/msk/kafka-serverless",
            "name_prefix": "",
            "region": "ap-south-1",
            "retention_in_days": 14,
            "skip_destroy": false,
            "tags": null,
            "tags_all": {
              "Environment": "dev",
              "Owner": "DataEngineering",
              "Project": "kafka-serverless",
              "Terraform": "true"
            }
          },
          "sensitive_attributes": [],
          "private": "bnVsbA=="
        }
      ]
    },
    {
      "mode": "managed",
      "type": "aws_cloudwatch_log_stream",
      "name": "firehose",
      "provider": "provider[\"registry.terraform.io/hashicorp/aws\"]",
      "instances": [
        {
          "schema_version": 0,
          "attributes": {
            "arn": "arn:aws:logs:ap-south-1:741448939728:log-group:/aws/kinesisfirehose/msk:log-stream:delivery",
            "id": "delivery",
            "log_group_name": "/aws/kinesisfirehose/msk",
            "name": "delivery",
            "region": "ap-south-1"
          },
          "sensitive_attributes": [],
          "private": "bnVsbA==",
          "dependencies": [
            "aws_cloudwatch_log_group.firehose"
          ]
        }
      ]
    },
    {
      "mode": "managed",
      "type": "aws_eip",
      "name": "nat",
      "provider": "provider[\"registry.terraform.io/hashicorp/aws\"]",
      "instances": [
        {
          "schema_version": 0,
          "attributes": {
            "address": null,
            "allocation_id": "eipalloc-06db98b3e35bfebdd",
            "arn": "arn:aws:ec2:ap-south-1:741448939728:elastic-ip/eipalloc-06db98b3e35bfebdd",
            "associate_with_private_ip": null,
            "association_id": "",
            "carrier_ip": "",
            "customer_owned_ip": "",
            "customer_owned_ipv4_pool": "",
            "domain": "vpc",
            "id": "eipalloc-06db98b3e35bfebdd",
            "instance": "",
            "ipam_pool_id": "",
            "network_border_group": "ap-south-1",
            "network_interface": "",
            "private_dns": "",
            "private_ip": "",
            "ptr_record": "",
            "public_dns": "ec2-13-235-155-167.ap-south-1.compute.amazonaws.com",
            "public_ip": "13.235.155.167",
            "public_ipv4_pool": "amazon",
            "region": "ap-south-1",
            "tags": {
              "Name": "kafka-serverless-nat-eip"
            },
            "tags_all": {
              "Environment": "dev",
              "Name": "kafka-serverless-nat-eip",
              "Owner": "DataEngineering",
              "Project": "kafka-serverless",
              "Terraform": "true"
            },
            "timeouts": null
          },
          "sensitive_attributes": [],
          "private": "eyJlMmJmYjczMC1lY2FhLTExZTYtOGY4OC0zNDM2M2JjN2M0YzAiOnsiZGVsZXRlIjoxODAwMDAwMDAwMDAsInJlYWQiOjkwMDAwMDAwMDAwMCwidXBkYXRlIjozMDAwMDAwMDAwMDB9fQ==",
          "dependencies": [
            "aws_internet_gateway.igw",
            "aws_vpc.main"
          ]
        }
      ]
    },
    {
      "mode": "managed",
      "type": "aws_iam_instance_profile",
      "name": "consumer",
      "provider": "provider[\"registry.terraform.io/hashicorp/aws\"]",
      "instances": [
        {
          "schema_version": 0,
          "attributes": {
            "arn": "arn:aws:iam::741448939728:instance-profile/kafka-serverless-consumer-profile",
            "create_date": "2026-07-27T16:02:40Z",
            "id": "kafka-serverless-consumer-profile",
            "name": "kafka-serverless-consumer-profile",
            "name_prefix": "",
            "path": "/",
            "role": "kafka-serverless-consumer-role",
            "tags": null,
            "tags_all": {
              "Environment": "dev",
              "Owner": "DataEngineering",
              "Project": "kafka-serverless",
              "Terraform": "true"
            },
            "unique_id": "AIPA2ZIOM7DIHUVODZXGN"
          },
          "sensitive_attributes": [],
          "private": "bnVsbA==",
          "dependencies": [
            "aws_iam_role.consumer",
            "data.aws_iam_policy_document.assume_role"
          ]
        }
      ]
    },
    {
      "mode": "managed",
      "type": "aws_iam_instance_profile",
      "name": "producer",
      "provider": "provider[\"registry.terraform.io/hashicorp/aws\"]",
      "instances": [
        {
          "schema_version": 0,
          "attributes": {
            "arn": "arn:aws:iam::741448939728:instance-profile/kafka-serverless-producer-profile",
            "create_date": "2026-07-27T16:02:40Z",
            "id": "kafka-serverless-producer-profile",
            "name": "kafka-serverless-producer-profile",
            "name_prefix": "",
            "path": "/",
            "role": "kafka-serverless-producer-role",
            "tags": null,
            "tags_all": {
              "Environment": "dev",
              "Owner": "DataEngineering",
              "Project": "kafka-serverless",
              "Terraform": "true"
            },
            "unique_id": "AIPA2ZIOM7DIP6E553KRU"
          },
          "sensitive_attributes": [],
          "private": "bnVsbA==",
          "dependencies": [
            "aws_iam_role.producer",
            "data.aws_iam_policy_document.assume_role"
          ]
        }
      ]
    },
    {
      "mode": "managed",
      "type": "aws_iam_policy",
      "name": "firehose",
      "provider": "provider[\"registry.terraform.io/hashicorp/aws\"]",
      "instances": [
        {
          "schema_version": 0,
          "attributes": {
            "arn": "arn:aws:iam::741448939728:policy/kafka-serverless-firehose-policy",
            "attachment_count": 0,
            "delay_after_policy_creation_in_ms": null,
            "description": "",
            "id": "arn:aws:iam::741448939728:policy/kafka-serverless-firehose-policy",
            "name": "kafka-serverless-firehose-policy",
            "name_prefix": "",
            "path": "/",
            "policy": "{\"Statement\":[{\"Action\":[\"s3:AbortMultipartUpload\",\"s3:GetBucketLocation\",\"s3:GetObject\",\"s3:ListBucket\",\"s3:ListBucketMultipartUploads\",\"s3:PutObject\"],\"Effect\":\"Allow\",\"Resource\":[\"arn:aws:s3:::shivchoudhury-datasets\",\"arn:aws:s3:::shivchoudhury-datasets/msk/*\"]},{\"Action\":[\"logs:PutLogEvents\"],\"Effect\":\"Allow\",\"Resource\":\"*\"},{\"Action\":[\"kafka:GetBootstrapBrokers\",\"kafka:DescribeCluster\",\"kafka:DescribeClusterV2\",\"kafka-cluster:Connect\"],\"Effect\":\"Allow\",\"Resource\":\"arn:aws:kafka:ap-south-1:741448939728:cluster/kafka-serverless-cluster/3e739264-f65f-49e8-9445-19717686703e-s1\"},{\"Action\":[\"kafka-cluster:ReadData\",\"kafka-cluster:DescribeTopic\",\"kafka-cluster:DescribeGroup\"],\"Effect\":\"Allow\",\"Resource\":\"*\"}],\"Version\":\"2012-10-17\"}",
            "policy_id": "ANPA2ZIOM7DIJOOIEHPVM",
            "tags": null,
            "tags_all": {
              "Environment": "dev",
              "Owner": "DataEngineering",
              "Project": "kafka-serverless",
              "Terraform": "true"
            }
          },
          "sensitive_attributes": [],
          "private": "bnVsbA==",
          "dependencies": [
            "aws_msk_serverless_cluster.cluster",
            "aws_security_group.consumer",
            "aws_security_group.kafka",
            "aws_security_group.producer",
            "aws_subnet.private",
            "aws_vpc.main",
            "data.aws_availability_zones.available"
          ]
        }
      ]
    },
    {
      "mode": "managed",
      "type": "aws_iam_policy",
      "name": "msk_access",
      "provider": "provider[\"registry.terraform.io/hashicorp/aws\"]",
      "instances": [
        {
          "schema_version": 0,
          "attributes": {
            "arn": "arn:aws:iam::741448939728:policy/kafka-serverless-msk-serverless",
            "attachment_count": 0,
            "delay_after_policy_creation_in_ms": null,
            "description": "",
            "id": "arn:aws:iam::741448939728:policy/kafka-serverless-msk-serverless",
            "name": "kafka-serverless-msk-serverless",
            "name_prefix": "",
            "path": "/",
            "policy": "{\"Statement\":[{\"Action\":[\"kafka:GetBootstrapBrokers\",\"kafka:DescribeCluster\",\"kafka-cluster:Connect\",\"kafka-cluster:DescribeCluster\",\"kafka-cluster:ReadData\",\"kafka-cluster:WriteData\",\"kafka-cluster:CreateTopic\",\"kafka-cluster:DescribeTopic\"],\"Effect\":\"Allow\",\"Resource\":\"*\"}],\"Version\":\"2012-10-17\"}",
            "policy_id": "ANPA2ZIOM7DIAFMQI5VFZ",
            "tags": null,
            "tags_all": {
              "Environment": "dev",
              "Owner": "DataEngineering",
              "Project": "kafka-serverless",
              "Terraform": "true"
            }
          },
          "sensitive_attributes": [],
          "private": "bnVsbA=="
        }
      ]
    },
    {
      "mode": "managed",
      "type": "aws_iam_role",
      "name": "consumer",
      "provider": "provider[\"registry.terraform.io/hashicorp/aws\"]",
      "instances": [
        {
          "schema_version": 0,
          "attributes": {
            "arn": "arn:aws:iam::741448939728:role/kafka-serverless-consumer-role",
            "assume_role_policy": "{\"Statement\":[{\"Action\":\"sts:AssumeRole\",\"Effect\":\"Allow\",\"Principal\":{\"Service\":\"ec2.amazonaws.com\"}}],\"Version\":\"2012-10-17\"}",
            "create_date": "2026-07-27T16:02:39Z",
            "description": "",
            "force_detach_policies": false,
            "id": "kafka-serverless-consumer-role",
            "inline_policy": [],
            "managed_policy_arns": [],
            "max_session_duration": 3600,
            "name": "kafka-serverless-consumer-role",
            "name_prefix": "",
            "path": "/",
            "permissions_boundary": "",
            "tags": null,
            "tags_all": {
              "Environment": "dev",
              "Owner": "DataEngineering",
              "Project": "kafka-serverless",
              "Terraform": "true"
            },
            "unique_id": "AROA2ZIOM7DIJQ7CFUFYJ"
          },
          "sensitive_attributes": [],
          "private": "bnVsbA==",
          "dependencies": [
            "data.aws_iam_policy_document.assume_role"
          ]
        }
      ]
    },
    {
      "mode": "managed",
      "type": "aws_iam_role",
      "name": "firehose",
      "provider": "provider[\"registry.terraform.io/hashicorp/aws\"]",
      "instances": [
        {
          "schema_version": 0,
          "attributes": {
            "arn": "arn:aws:iam::741448939728:role/kafka-serverless-firehose-role",
            "assume_role_policy": "{\"Statement\":[{\"Action\":\"sts:AssumeRole\",\"Effect\":\"Allow\",\"Principal\":{\"Service\":\"firehose.amazonaws.com\"}}],\"Version\":\"2012-10-17\"}",
            "create_date": "2026-07-27T16:02:39Z",
            "description": "",
            "force_detach_policies": false,
            "id": "kafka-serverless-firehose-role",
            "inline_policy": [],
            "managed_policy_arns": [],
            "max_session_duration": 3600,
            "name": "kafka-serverless-firehose-role",
            "name_prefix": "",
            "path": "/",
            "permissions_boundary": "",
            "tags": null,
            "tags_all": {
              "Environment": "dev",
              "Owner": "DataEngineering",
              "Project": "kafka-serverless",
              "Terraform": "true"
            },
            "unique_id": "AROA2ZIOM7DIMMSP45CU3"
          },
          "sensitive_attributes": [],
          "private": "bnVsbA=="
        }
      ]
    },
    {
      "mode": "managed",
      "type": "aws_iam_role",
      "name": "producer",
      "provider": "provider[\"registry.terraform.io/hashicorp/aws\"]",
      "instances": [
        {
          "schema_version": 0,
          "attributes": {
            "arn": "arn:aws:iam::741448939728:role/kafka-serverless-producer-role",
            "assume_role_policy": "{\"Statement\":[{\"Action\":\"sts:AssumeRole\",\"Effect\":\"Allow\",\"Principal\":{\"Service\":\"ec2.amazonaws.com\"}}],\"Version\":\"2012-10-17\"}",
            "create_date": "2026-07-27T16:02:39Z",
            "description": "",
            "force_detach_policies": false,
            "id": "kafka-serverless-producer-role",
            "inline_policy": [],
            "managed_policy_arns": [],
            "max_session_duration": 3600,
            "name": "kafka-serverless-producer-role",
            "name_prefix": "",
            "path": "/",
            "permissions_boundary": "",
            "tags": null,
            "tags_all": {
              "Environment": "dev",
              "Owner": "DataEngineering",
              "Project": "kafka-serverless",
              "Terraform": "true"
            },
            "unique_id": "AROA2ZIOM7DIJM6GBLCLV"
          },
          "sensitive_attributes": [],
          "private": "bnVsbA==",
          "dependencies": [
            "data.aws_iam_policy_document.assume_role"
          ]
        }
      ]
    },
    {
      "mode": "managed",
      "type": "aws_iam_role_policy_attachment",
      "name": "consumer_msk",
      "provider": "provider[\"registry.terraform.io/hashicorp/aws\"]",
      "instances": [
        {
          "schema_version": 0,
          "attributes": {
            "id": "kafka-serverless-consumer-role/arn:aws:iam::741448939728:policy/kafka-serverless-msk-serverless",
            "policy_arn": "arn:aws:iam::741448939728:policy/kafka-serverless-msk-serverless",
            "role": "kafka-serverless-consumer-role"
          },
          "sensitive_attributes": [],
          "private": "bnVsbA==",
          "dependencies": [
            "aws_iam_policy.msk_access",
            "aws_iam_role.consumer",
            "data.aws_iam_policy_document.assume_role"
          ]
        }
      ]
    },
    {
      "mode": "managed",
      "type": "aws_iam_role_policy_attachment",
      "name": "consumer_ssm",
      "provider": "provider[\"registry.terraform.io/hashicorp/aws\"]",
      "instances": [
        {
          "schema_version": 0,
          "attributes": {
            "id": "kafka-serverless-consumer-role/arn:aws:iam::aws:policy/AmazonSSMManagedInstanceCore",
            "policy_arn": "arn:aws:iam::aws:policy/AmazonSSMManagedInstanceCore",
            "role": "kafka-serverless-consumer-role"
          },
          "sensitive_attributes": [],
          "private": "bnVsbA==",
          "dependencies": [
            "aws_iam_role.consumer",
            "data.aws_iam_policy_document.assume_role"
          ]
        }
      ]
    },
    {
      "mode": "managed",
      "type": "aws_iam_role_policy_attachment",
      "name": "firehose",
      "provider": "provider[\"registry.terraform.io/hashicorp/aws\"]",
      "instances": [
        {
          "schema_version": 0,
          "attributes": {
            "id": "kafka-serverless-firehose-role/arn:aws:iam::741448939728:policy/kafka-serverless-firehose-policy",
            "policy_arn": "arn:aws:iam::741448939728:policy/kafka-serverless-firehose-policy",
            "role": "kafka-serverless-firehose-role"
          },
          "sensitive_attributes": [],
          "private": "bnVsbA==",
          "dependencies": [
            "aws_iam_policy.firehose",
            "aws_iam_role.firehose",
            "aws_msk_serverless_cluster.cluster",
            "aws_security_group.consumer",
            "aws_security_group.kafka",
            "aws_security_group.producer",
            "aws_subnet.private",
            "aws_vpc.main",
            "data.aws_availability_zones.available"
          ]
        }
      ]
    },
    {
      "mode": "managed",
      "type": "aws_iam_role_policy_attachment",
      "name": "producer_msk",
      "provider": "provider[\"registry.terraform.io/hashicorp/aws\"]",
      "instances": [
        {
          "schema_version": 0,
          "attributes": {
            "id": "kafka-serverless-producer-role/arn:aws:iam::741448939728:policy/kafka-serverless-msk-serverless",
            "policy_arn": "arn:aws:iam::741448939728:policy/kafka-serverless-msk-serverless",
            "role": "kafka-serverless-producer-role"
          },
          "sensitive_attributes": [],
          "private": "bnVsbA==",
          "dependencies": [
            "aws_iam_policy.msk_access",
            "aws_iam_role.producer",
            "data.aws_iam_policy_document.assume_role"
          ]
        }
      ]
    },
    {
      "mode": "managed",
      "type": "aws_iam_role_policy_attachment",
      "name": "producer_ssm",
      "provider": "provider[\"registry.terraform.io/hashicorp/aws\"]",
      "instances": [
        {
          "schema_version": 0,
          "attributes": {
            "id": "kafka-serverless-producer-role/arn:aws:iam::aws:policy/AmazonSSMManagedInstanceCore",
            "policy_arn": "arn:aws:iam::aws:policy/AmazonSSMManagedInstanceCore",
            "role": "kafka-serverless-producer-role"
          },
          "sensitive_attributes": [],
          "private": "bnVsbA==",
          "dependencies": [
            "aws_iam_role.producer",
            "data.aws_iam_policy_document.assume_role"
          ]
        }
      ]
    },
    {
      "mode": "managed",
      "type": "aws_instance",
      "name": "consumer",
      "provider": "provider[\"registry.terraform.io/hashicorp/aws\"]",
      "instances": [
        {
          "schema_version": 2,
          "attributes": {
            "ami": "ami-08e8e63035c905918",
            "arn": "arn:aws:ec2:ap-south-1:741448939728:instance/i-05770a3f401ef6e30",
            "associate_public_ip_address": true,
            "availability_zone": "ap-south-1b",
            "capacity_reservation_specification": [
              {
                "capacity_reservation_preference": "open",
                "capacity_reservation_target": []
              }
            ],
            "cpu_options": [
              {
                "amd_sev_snp": "",
                "core_count": 1,
                "nested_virtualization": "",
                "threads_per_core": 2
              }
            ],
            "credit_specification": [
              {
                "cpu_credits": "unlimited"
              }
            ],
            "disable_api_stop": false,
            "disable_api_termination": false,
            "ebs_block_device": [],
            "ebs_optimized": false,
            "enable_primary_ipv6": null,
            "enclave_options": [
              {
                "enabled": false
              }
            ],
            "ephemeral_block_device": [],
            "force_destroy": false,
            "get_password_data": false,
            "hibernation": false,
            "host_id": "",
            "host_resource_group_arn": null,
            "iam_instance_profile": "kafka-serverless-consumer-profile",
            "id": "i-05770a3f401ef6e30",
            "instance_initiated_shutdown_behavior": "stop",
            "instance_lifecycle": "",
            "instance_market_options": [],
            "instance_state": "running",
            "instance_type": "t3.medium",
            "ipv6_address_count": 0,
            "ipv6_addresses": [],
            "key_name": "kafka-serverless-key",
            "launch_template": [],
            "maintenance_options": [
              {
                "auto_recovery": "default"
              }
            ],
            "metadata_options": [
              {
                "http_endpoint": "enabled",
                "http_protocol_ipv6": "disabled",
                "http_put_response_hop_limit": 2,
                "http_tokens": "required",
                "instance_metadata_tags": "disabled"
              }
            ],
            "monitoring": false,
            "network_interface": [],
            "outpost_arn": "",
            "password_data": "",
            "placement_group": "",
            "placement_group_id": "",
            "placement_partition_number": 0,
            "primary_network_interface": [
              {
                "delete_on_termination": true,
                "network_interface_id": "eni-0f07441baa6f323ee"
              }
            ],
            "primary_network_interface_id": "eni-0f07441baa6f323ee",
            "private_dns": "ip-10-0-2-92.ap-south-1.compute.internal",
            "private_dns_name_options": [
              {
                "enable_resource_name_dns_a_record": false,
                "enable_resource_name_dns_aaaa_record": false,
                "hostname_type": "ip-name"
              }
            ],
            "private_ip": "10.0.2.92",
            "public_dns": "ec2-15-207-111-169.ap-south-1.compute.amazonaws.com",
            "public_ip": "15.207.111.169",
            "region": "ap-south-1",
            "root_block_device": [
              {
                "delete_on_termination": true,
                "device_name": "/dev/xvda",
                "encrypted": false,
                "iops": 3000,
                "kms_key_id": "",
                "tags": {
                  "Environment": "dev",
                  "Owner": "DataEngineering",
                  "Project": "kafka-serverless",
                  "Terraform": "true"
                },
                "tags_all": {
                  "Environment": "dev",
                  "Owner": "DataEngineering",
                  "Project": "kafka-serverless",
                  "Terraform": "true"
                },
                "throughput": 125,
                "volume_id": "vol-09b85f4de8371774b",
                "volume_size": 2,
                "volume_type": "gp3"
              }
            ],
            "secondary_network_interface": [],
            "secondary_private_ips": [],
            "security_groups": [],
            "source_dest_check": true,
            "spot_instance_request_id": "",
            "subnet_id": "subnet-00d9e53b56e158823",
            "tags": {
              "Name": "consumer"
            },
            "tags_all": {
              "Environment": "dev",
              "Name": "consumer",
              "Owner": "DataEngineering",
              "Project": "kafka-serverless",
              "Terraform": "true"
            },
            "tenancy": "default",
            "timeouts": null,
            "user_data": "#!/bin/bash\nset -e\n\nif [ \"$(id -u)\" -ne 0 ]; then\n  echo \"Re-running as root...\"\n  exec sudo bash \"$0\" \"$@\"\nfi\n\nLOG_FILE=\"/var/log/user-data.log\"\nif [ \"$EUID\" -ne 0 ]; then\n  LOG_FILE=\"$HOME/user-data.log\"\nfi\n\nexec \u003e \u003e(tee -a \"$LOG_FILE\") 2\u003e\u00261\n\necho \"Updating system...\"\ndnf update -y\n\necho \"Installing Java...\"\ndnf install -y java-17-amazon-corretto\n\necho \"Installing tools...\"\ndnf install -y wget git unzip jq awscli\n\ncd /opt\n\necho \"Downloading Kafka...\"\n\nwget -O kafka_2.13-3.7.0.tgz https://archive.apache.org/dist/kafka/3.7.0/kafka_2.13-3.7.0.tgz\n\ntar -xzf kafka_2.13-3.7.0.tgz\n\nmv kafka_2.13-3.7.0 kafka\n\nmkdir -p /opt/kafka/libs\n\necho \"Downloading MSK IAM Auth library...\"\n\nwget -O /opt/kafka/libs/aws-msk-iam-auth.jar \\\nhttps://github.com/aws/aws-msk-iam-auth/releases/download/v2.2.0/aws-msk-iam-auth-2.2.0-all.jar\n\ncat \u003c\u003cEOF \u003e/opt/kafka/client.properties\n\nsecurity.protocol=SASL_SSL\n\nsasl.mechanism=AWS_MSK_IAM\n\nsasl.jaas.config=software.amazon.msk.auth.iam.IAMLoginModule required;\n\nsasl.client.callback.handler.class=software.amazon.msk.auth.iam.IAMClientCallbackHandler\n\nEOF\n\ncat \u003c\u003c'EOF' \u003e/home/ec2-user/consume.sh\n#!/bin/bash\n\nBOOTSTRAP=\"$1\"\n\nTOPIC=\"${2:-demo-topic}\"\n\ncd /opt/kafka\n\nbin/kafka-console-consumer.sh \\\n--bootstrap-server ${BOOTSTRAP} \\\n--consumer.config client.properties \\\n--topic ${TOPIC} \\\n--from-beginning\nEOF\n\nchmod +x /home/ec2-user/consume.sh\n\nchown ec2-user:ec2-user /home/ec2-user/consume.sh\n\necho \"Consumer installation completed.\"",
            "user_data_base64": null,
            "user_data_replace_on_change": false,
            "volume_tags": null,
            "vpc_security_group_ids": [
              "sg-0e4572db6f4b0a2f1"
            ]
          },
          "sensitive_attributes": [],
          "private": "eyJlMmJmYjczMC1lY2FhLTExZTYtOGY4OC0zNDM2M2JjN2M0YzAiOnsiY3JlYXRlIjo2MDAwMDAwMDAwMDAsImRlbGV0ZSI6MTIwMDAwMDAwMDAwMCwicmVhZCI6OTAwMDAwMDAwMDAwLCJ1cGRhdGUiOjYwMDAwMDAwMDAwMH0sInNjaGVtYV92ZXJzaW9uIjoiMiJ9",
          "dependencies": [
            "aws_iam_instance_profile.consumer",
            "aws_iam_role.consumer",
            "aws_key_pair.kafka",
            "aws_security_group.consumer",
            "aws_subnet.public",
            "aws_vpc.main",
            "data.aws_ami.amazon_linux",
            "data.aws_availability_zones.available",
            "data.aws_iam_policy_document.assume_role",
            "tls_private_key.kafka"
          ]
        }
      ]
    },
    {
      "mode": "managed",
      "type": "aws_instance",
      "name": "producer",
      "provider": "provider[\"registry.terraform.io/hashicorp/aws\"]",
      "instances": [
        {
          "schema_version": 2,
          "attributes": {
            "ami": "ami-08e8e63035c905918",
            "arn": "arn:aws:ec2:ap-south-1:741448939728:instance/i-0e7edb097d63b6ee7",
            "associate_public_ip_address": true,
            "availability_zone": "ap-south-1a",
            "capacity_reservation_specification": [
              {
                "capacity_reservation_preference": "open",
                "capacity_reservation_target": []
              }
            ],
            "cpu_options": [
              {
                "amd_sev_snp": "",
                "core_count": 1,
                "nested_virtualization": "",
                "threads_per_core": 2
              }
            ],
            "credit_specification": [
              {
                "cpu_credits": "unlimited"
              }
            ],
            "disable_api_stop": false,
            "disable_api_termination": false,
            "ebs_block_device": [],
            "ebs_optimized": false,
            "enable_primary_ipv6": null,
            "enclave_options": [
              {
                "enabled": false
              }
            ],
            "ephemeral_block_device": [],
            "force_destroy": false,
            "get_password_data": false,
            "hibernation": false,
            "host_id": "",
            "host_resource_group_arn": null,
            "iam_instance_profile": "kafka-serverless-producer-profile",
            "id": "i-0e7edb097d63b6ee7",
            "instance_initiated_shutdown_behavior": "stop",
            "instance_lifecycle": "",
            "instance_market_options": [],
            "instance_state": "running",
            "instance_type": "t3.medium",
            "ipv6_address_count": 0,
            "ipv6_addresses": [],
            "key_name": "kafka-serverless-key",
            "launch_template": [],
            "maintenance_options": [
              {
                "auto_recovery": "default"
              }
            ],
            "metadata_options": [
              {
                "http_endpoint": "enabled",
                "http_protocol_ipv6": "disabled",
                "http_put_response_hop_limit": 2,
                "http_tokens": "required",
                "instance_metadata_tags": "disabled"
              }
            ],
            "monitoring": false,
            "network_interface": [],
            "outpost_arn": "",
            "password_data": "",
            "placement_group": "",
            "placement_group_id": "",
            "placement_partition_number": 0,
            "primary_network_interface": [
              {
                "delete_on_termination": true,
                "network_interface_id": "eni-02862b36264e53f4d"
              }
            ],
            "primary_network_interface_id": "eni-02862b36264e53f4d",
            "private_dns": "ip-10-0-1-198.ap-south-1.compute.internal",
            "private_dns_name_options": [
              {
                "enable_resource_name_dns_a_record": false,
                "enable_resource_name_dns_aaaa_record": false,
                "hostname_type": "ip-name"
              }
            ],
            "private_ip": "10.0.1.198",
            "public_dns": "ec2-3-6-87-240.ap-south-1.compute.amazonaws.com",
            "public_ip": "3.6.87.240",
            "region": "ap-south-1",
            "root_block_device": [
              {
                "delete_on_termination": true,
                "device_name": "/dev/xvda",
                "encrypted": false,
                "iops": 3000,
                "kms_key_id": "",
                "tags": {
                  "Environment": "dev",
                  "Owner": "DataEngineering",
                  "Project": "kafka-serverless",
                  "Terraform": "true"
                },
                "tags_all": {
                  "Environment": "dev",
                  "Owner": "DataEngineering",
                  "Project": "kafka-serverless",
                  "Terraform": "true"
                },
                "throughput": 125,
                "volume_id": "vol-0ead9e4b75438dff1",
                "volume_size": 2,
                "volume_type": "gp3"
              }
            ],
            "secondary_network_interface": [],
            "secondary_private_ips": [],
            "security_groups": [],
            "source_dest_check": true,
            "spot_instance_request_id": "",
            "subnet_id": "subnet-0d13e5b83a07dd340",
            "tags": {
              "Name": "producer"
            },
            "tags_all": {
              "Environment": "dev",
              "Name": "producer",
              "Owner": "DataEngineering",
              "Project": "kafka-serverless",
              "Terraform": "true"
            },
            "tenancy": "default",
            "timeouts": null,
            "user_data": "#!/bin/bash\nset -e\n\nif [ \"$(id -u)\" -ne 0 ]; then\n  echo \"Re-running as root...\"\n  exec sudo bash \"$0\" \"$@\"\nfi\n\nLOG_FILE=\"/var/log/user-data.log\"\nif [ \"$EUID\" -ne 0 ]; then\n  LOG_FILE=\"$HOME/user-data.log\"\nfi\n\nexec \u003e \u003e(tee -a \"$LOG_FILE\") 2\u003e\u00261\n\necho \"Updating system...\"\ndnf update -y\n\necho \"Installing Java...\"\ndnf install -y java-17-amazon-corretto\n\necho \"Installing tools...\"\ndnf install -y wget git unzip jq awscli\n\ncd /opt\n\necho \"Downloading Kafka...\"\nwget -O kafka_2.13-3.7.0.tgz https://archive.apache.org/dist/kafka/3.7.0/kafka_2.13-3.7.0.tgz\n\ntar -xzf kafka_2.13-3.7.0.tgz\n\nmv kafka_2.13-3.7.0 kafka\n\nmkdir -p /opt/kafka/libs\n\necho \"Downloading MSK IAM Auth library...\"\n\nwget -O /opt/kafka/libs/aws-msk-iam-auth.jar \\\nhttps://github.com/aws/aws-msk-iam-auth/releases/download/v2.2.0/aws-msk-iam-auth-2.2.0-all.jar\n\ncat \u003c\u003cEOF \u003e/opt/kafka/client.properties\nsecurity.protocol=SASL_SSL\nsasl.mechanism=AWS_MSK_IAM\nsasl.jaas.config=software.amazon.msk.auth.iam.IAMLoginModule required;\nsasl.client.callback.handler.class=software.amazon.msk.auth.iam.IAMClientCallbackHandler\n\nEOF\n\ncat \u003c\u003c'EOF' \u003e/home/ec2-user/produce.sh\n#!/bin/bash\n\nBOOTSTRAP=\"$1\"\n\nTOPIC=\"${2:-demo-topic}\"\n\nMESSAGE=\"${3:-Hello From Producer}\"\n\ncd /opt/kafka\n\nbin/kafka-topics.sh \\\n  --bootstrap-server ${BOOTSTRAP} \\\n  --command-config client.properties \\\n  --create \\\n  --if-not-exists \\\n  --topic ${TOPIC}\n\necho \"${MESSAGE}\" | \\\nbin/kafka-console-producer.sh \\\n  --bootstrap-server ${BOOTSTRAP} \\\n  --command-config client.properties \\\n  --topic ${TOPIC}\n\necho \"Message sent.\"\nEOF\n\nchmod +x /home/ec2-user/produce.sh\nchown ec2-user:ec2-user /home/ec2-user/produce.sh\necho \"Producer installation completed.\"",
            "user_data_base64": null,
            "user_data_replace_on_change": false,
            "volume_tags": null,
            "vpc_security_group_ids": [
              "sg-07f75b3e22c35281e"
            ]
          },
          "sensitive_attributes": [],
          "private": "eyJlMmJmYjczMC1lY2FhLTExZTYtOGY4OC0zNDM2M2JjN2M0YzAiOnsiY3JlYXRlIjo2MDAwMDAwMDAwMDAsImRlbGV0ZSI6MTIwMDAwMDAwMDAwMCwicmVhZCI6OTAwMDAwMDAwMDAwLCJ1cGRhdGUiOjYwMDAwMDAwMDAwMH0sInNjaGVtYV92ZXJzaW9uIjoiMiJ9",
          "dependencies": [
            "aws_iam_instance_profile.producer",
            "aws_iam_role.producer",
            "aws_key_pair.kafka",
            "aws_security_group.producer",
            "aws_subnet.public",
            "aws_vpc.main",
            "data.aws_ami.amazon_linux",
            "data.aws_availability_zones.available",
            "data.aws_iam_policy_document.assume_role",
            "tls_private_key.kafka"
          ]
        }
      ]
    },
    {
      "mode": "managed",
      "type": "aws_internet_gateway",
      "name": "igw",
      "provider": "provider[\"registry.terraform.io/hashicorp/aws\"]",
      "instances": [
        {
          "schema_version": 0,
          "attributes": {
            "arn": "arn:aws:ec2:ap-south-1:741448939728:internet-gateway/igw-0b66d7f031aeae673",
            "id": "igw-0b66d7f031aeae673",
            "owner_id": "741448939728",
            "region": "ap-south-1",
            "tags": {
              "Name": "kafka-serverless-igw"
            },
            "tags_all": {
              "Environment": "dev",
              "Name": "kafka-serverless-igw",
              "Owner": "DataEngineering",
              "Project": "kafka-serverless",
              "Terraform": "true"
            },
            "timeouts": null,
            "vpc_id": "vpc-0e85c466f9aff7464"
          },
          "sensitive_attributes": [],
          "private": "eyJlMmJmYjczMC1lY2FhLTExZTYtOGY4OC0zNDM2M2JjN2M0YzAiOnsiY3JlYXRlIjoxMjAwMDAwMDAwMDAwLCJkZWxldGUiOjEyMDAwMDAwMDAwMDAsInVwZGF0ZSI6MTIwMDAwMDAwMDAwMH19",
          "dependencies": [
            "aws_vpc.main"
          ]
        }
      ]
    },
    {
      "mode": "managed",
      "type": "aws_key_pair",
      "name": "kafka",
      "provider": "provider[\"registry.terraform.io/hashicorp/aws\"]",
      "instances": [
        {
          "schema_version": 1,
          "attributes": {
            "arn": "arn:aws:ec2:ap-south-1:741448939728:key-pair/kafka-serverless-key",
            "fingerprint": "aa:32:3f:47:8d:15:82:8a:84:8f:78:ea:53:bd:67:81",
            "id": "kafka-serverless-key",
            "key_name": "kafka-serverless-key",
            "key_name_prefix": "",
            "key_pair_id": "key-0c7e685e47abb5696",
            "key_type": "rsa",
            "public_key": "ssh-rsa AAAAB3NzaC1yc2EAAAADAQABAAACAQDzv5Xx/UKHjDWoQeYlyNmdpivdwu9tOHYcrUnBIY3M4kv3PeLtkE51QEk9baD3p6aJ1q0CHmOZ+1gGgKiF+NJDOAts0Y+B9u5IlbNpDeWsm5DOK+iAJMIA4LW19YolTGMdzgUlLZ9z80WhtceBkKua59fXcoFRsTQuT0FtNaDqxz6QICmntUamE8XZwAp4tZKeGIvH+SVZjXzXazDN8K0lqOE333Cm8+JCoaSpyl6dizYzOYlaJ8sAvZ1xuJFdqFBl9PuTLt1bYNr94x18/L6RdTCxUJgWzNbGknypBGlDrPgW6Af36MLSnHaFIbpZ+3NhDOHR8BaJmNvw2rxhW6R0fObZezR2HHq4+JXCoXR3K5CDiuu+LAuE9Pb/vqF3tXkOzoz2UAiYlvSFrLO6542FfXfmgVC5TLS8hL+wrEHw2kbhB9HifsfrGkBhZ9A1iVKRppd8i0mvEBDnDN1es0eKFPye8c+TNdq7d+YKyCG4oKhS/UsZP9goqXYcPHiZQ6UetQyLIyfWX/ZDj4abUpgrjw/39i9x1SqI/qKQQ1So3RkrNkXalKWph/IX1zFZdwrYCFdAdEX/riZG09wvaH+duxx0IOEPN6CbZ+rX4bgY//DYDe7l+Io696h+9ErWRGKn6Hm+efpyucORLLN1z23EVpfWHKYUlEeHXSCendBJeQ==",
            "region": "ap-south-1",
            "tags": null,
            "tags_all": {
              "Environment": "dev",
              "Owner": "DataEngineering",
              "Project": "kafka-serverless",
              "Terraform": "true"
            }
          },
          "sensitive_attributes": [],
          "private": "eyJzY2hlbWFfdmVyc2lvbiI6IjEifQ==",
          "dependencies": [
            "tls_private_key.kafka"
          ]
        }
      ]
    },
    {
      "mode": "managed",
      "type": "aws_kinesis_firehose_delivery_stream",
      "name": "msk",
      "provider": "provider[\"registry.terraform.io/hashicorp/aws\"]",
      "instances": [
        {
          "schema_version": 1,
          "attributes": {
            "arn": "arn:aws:firehose:ap-south-1:741448939728:deliverystream/msk-to-s3-firehose",
            "destination": "extended_s3",
            "destination_id": "destinationId-000000000001",
            "elasticsearch_configuration": [],
            "extended_s3_configuration": [
              {
                "bucket_arn": "arn:aws:s3:::shivchoudhury-datasets",
                "buffering_interval": 60,
                "buffering_size": 64,
                "cloudwatch_logging_options": [
                  {
                    "enabled": true,
                    "log_group_name": "/aws/kinesisfirehose/msk",
                    "log_stream_name": "delivery"
                  }
                ],
                "compression_format": "GZIP",
                "custom_time_zone": "UTC",
                "data_format_conversion_configuration": [],
                "dynamic_partitioning_configuration": [],
                "error_output_prefix": "",
                "file_extension": "",
                "kms_key_arn": "",
                "prefix": "msk/",
                "processing_configuration": [
                  {
                    "enabled": false,
                    "processors": []
                  }
                ],
                "role_arn": "arn:aws:iam::741448939728:role/kafka-serverless-firehose-role",
                "s3_backup_configuration": [],
                "s3_backup_mode": "Disabled"
              }
            ],
            "http_endpoint_configuration": [],
            "iceberg_configuration": [],
            "id": "arn:aws:firehose:ap-south-1:741448939728:deliverystream/msk-to-s3-firehose",
            "kinesis_source_configuration": [],
            "msk_source_configuration": [
              {
                "authentication_configuration": [
                  {
                    "connectivity": "PRIVATE",
                    "role_arn": "arn:aws:iam::741448939728:role/kafka-serverless-firehose-role"
                  }
                ],
                "msk_cluster_arn": "arn:aws:kafka:ap-south-1:741448939728:cluster/kafka-serverless-cluster/3e739264-f65f-49e8-9445-19717686703e-s1",
                "read_from_timestamp": "",
                "topic_name": "Testing"
              }
            ],
            "name": "msk-to-s3-firehose",
            "opensearch_configuration": [],
            "opensearchserverless_configuration": [],
            "redshift_configuration": [],
            "region": "ap-south-1",
            "server_side_encryption": [
              {
                "enabled": false,
                "key_arn": "",
                "key_type": "AWS_OWNED_CMK"
              }
            ],
            "snowflake_configuration": [],
            "splunk_configuration": [],
            "tags": null,
            "tags_all": {
              "Environment": "dev",
              "Owner": "DataEngineering",
              "Project": "kafka-serverless",
              "Terraform": "true"
            },
            "timeouts": null,
            "version_id": "1"
          },
          "sensitive_attributes": [],
          "private": "eyJlMmJmYjczMC1lY2FhLTExZTYtOGY4OC0zNDM2M2JjN2M0YzAiOnsiY3JlYXRlIjoxODAwMDAwMDAwMDAwLCJkZWxldGUiOjE4MDAwMDAwMDAwMDAsInVwZGF0ZSI6NjAwMDAwMDAwMDAwfSwic2NoZW1hX3ZlcnNpb24iOiIxIn0=",
          "dependencies": [
            "aws_cloudwatch_log_group.firehose",
            "aws_cloudwatch_log_stream.firehose",
            "aws_iam_role.firehose",
            "aws_msk_serverless_cluster.cluster",
            "aws_security_group.consumer",
            "aws_security_group.kafka",
            "aws_security_group.producer",
            "aws_subnet.private",
            "aws_vpc.main",
            "data.aws_availability_zones.available"
          ]
        }
      ]
    },
    {
      "mode": "managed",
      "type": "aws_msk_cluster_policy",
      "name": "firehose",
      "provider": "provider[\"registry.terraform.io/hashicorp/aws\"]",
      "instances": [
        {
          "schema_version": 0,
          "attributes": {
            "cluster_arn": "arn:aws:kafka:ap-south-1:741448939728:cluster/kafka-serverless-cluster/3e739264-f65f-49e8-9445-19717686703e-s1",
            "current_version": "KTVPDKIKX0DER",
            "id": "arn:aws:kafka:ap-south-1:741448939728:cluster/kafka-serverless-cluster/3e739264-f65f-49e8-9445-19717686703e-s1",
            "policy": "{\"Statement\":[{\"Action\":[\"kafka:CreateVpcConnection\",\"kafka:GetBootstrapBrokers\"],\"Effect\":\"Allow\",\"Principal\":{\"Service\":\"firehose.amazonaws.com\"},\"Resource\":\"arn:aws:kafka:ap-south-1:741448939728:cluster/kafka-serverless-cluster/3e739264-f65f-49e8-9445-19717686703e-s1\",\"Sid\":\"AllowFirehoseVpcConnection\"}],\"Version\":\"2012-10-17\"}",
            "region": "ap-south-1"
          },
          "sensitive_attributes": [],
          "private": "bnVsbA==",
          "dependencies": [
            "aws_msk_serverless_cluster.cluster",
            "aws_security_group.consumer",
            "aws_security_group.kafka",
            "aws_security_group.producer",
            "aws_subnet.private",
            "aws_vpc.main",
            "data.aws_availability_zones.available"
          ]
        }
      ]
    },
    {
      "mode": "managed",
      "type": "aws_msk_serverless_cluster",
      "name": "cluster",
      "provider": "provider[\"registry.terraform.io/hashicorp/aws\"]",
      "instances": [
        {
          "schema_version": 0,
          "attributes": {
            "arn": "arn:aws:kafka:ap-south-1:741448939728:cluster/kafka-serverless-cluster/3e739264-f65f-49e8-9445-19717686703e-s1",
            "bootstrap_brokers_sasl_iam": "boot-iopqwniv.c1.kafka-serverless.ap-south-1.amazonaws.com:9098",
            "client_authentication": [
              {
                "sasl": [
                  {
                    "iam": [
                      {
                        "enabled": true
                      }
                    ]
                  }
                ]
              }
            ],
            "cluster_name": "kafka-serverless-cluster",
            "cluster_uuid": "3e739264-f65f-49e8-9445-19717686703e-s1",
            "id": "arn:aws:kafka:ap-south-1:741448939728:cluster/kafka-serverless-cluster/3e739264-f65f-49e8-9445-19717686703e-s1",
            "region": "ap-south-1",
            "tags": {
              "Name": "kafka-serverless-serverless"
            },
            "tags_all": {
              "Environment": "dev",
              "Name": "kafka-serverless-serverless",
              "Owner": "DataEngineering",
              "Project": "kafka-serverless",
              "Terraform": "true"
            },
            "timeouts": null,
            "vpc_config": [
              {
                "security_group_ids": [
                  "sg-03aedac977f712bd7"
                ],
                "subnet_ids": [
                  "subnet-08cef7187a88b18d0",
                  "subnet-0d0ab71bacb6730ac"
                ]
              }
            ]
          },
          "sensitive_attributes": [],
          "private": "eyJlMmJmYjczMC1lY2FhLTExZTYtOGY4OC0zNDM2M2JjN2M0YzAiOnsiY3JlYXRlIjo3MjAwMDAwMDAwMDAwLCJkZWxldGUiOjcyMDAwMDAwMDAwMDB9fQ==",
          "dependencies": [
            "aws_security_group.consumer",
            "aws_security_group.kafka",
            "aws_security_group.producer",
            "aws_subnet.private",
            "aws_vpc.main",
            "data.aws_availability_zones.available"
          ]
        }
      ]
    },
    {
      "mode": "managed",
      "type": "aws_nat_gateway",
      "name": "nat",
      "provider": "provider[\"registry.terraform.io/hashicorp/aws\"]",
      "instances": [
        {
          "schema_version": 0,
          "attributes": {
            "allocation_id": "eipalloc-06db98b3e35bfebdd",
            "association_id": "eipassoc-00034dedca10b9027",
            "auto_provision_zones": null,
            "auto_scaling_ips": null,
            "availability_mode": "zonal",
            "availability_zone_address": [],
            "connectivity_type": "public",
            "id": "nat-0509fff4cf0e9617c",
            "network_interface_id": "eni-044e2c6c46d12d143",
            "private_ip": "10.0.1.8",
            "public_ip": "13.235.155.167",
            "region": "ap-south-1",
            "regional_nat_gateway_address": [],
            "regional_nat_gateway_auto_mode": null,
            "route_table_id": null,
            "secondary_allocation_ids": [],
            "secondary_private_ip_address_count": 0,
            "secondary_private_ip_addresses": [],
            "subnet_id": "subnet-0d13e5b83a07dd340",
            "tags": {
              "Name": "kafka-serverless-nat"
            },
            "tags_all": {
              "Environment": "dev",
              "Name": "kafka-serverless-nat",
              "Owner": "DataEngineering",
              "Project": "kafka-serverless",
              "Terraform": "true"
            },
            "timeouts": null,
            "vpc_id": "vpc-0e85c466f9aff7464"
          },
          "sensitive_attributes": [],
          "private": "eyJlMmJmYjczMC1lY2FhLTExZTYtOGY4OC0zNDM2M2JjN2M0YzAiOnsiY3JlYXRlIjo2MDAwMDAwMDAwMDAsImRlbGV0ZSI6MTgwMDAwMDAwMDAwMCwidXBkYXRlIjo2MDAwMDAwMDAwMDB9fQ==",
          "dependencies": [
            "aws_eip.nat",
            "aws_internet_gateway.igw",
            "aws_subnet.public",
            "aws_vpc.main",
            "data.aws_availability_zones.available"
          ]
        }
      ]
    },
    {
      "mode": "managed",
      "type": "aws_route_table",
      "name": "private",
      "provider": "provider[\"registry.terraform.io/hashicorp/aws\"]",
      "instances": [
        {
          "schema_version": 0,
          "attributes": {
            "arn": "arn:aws:ec2:ap-south-1:741448939728:route-table/rtb-01d266f63d64afe57",
            "id": "rtb-01d266f63d64afe57",
            "owner_id": "741448939728",
            "propagating_vgws": [],
            "region": "ap-south-1",
            "route": [
              {
                "carrier_gateway_id": "",
                "cidr_block": "0.0.0.0/0",
                "core_network_arn": "",
                "destination_prefix_list_id": "",
                "egress_only_gateway_id": "",
                "gateway_id": "",
                "ipv6_cidr_block": "",
                "local_gateway_id": "",
                "nat_gateway_id": "nat-0509fff4cf0e9617c",
                "network_interface_id": "",
                "odb_network_arn": "",
                "transit_gateway_id": "",
                "vpc_endpoint_id": "",
                "vpc_peering_connection_id": ""
              }
            ],
            "tags": {
              "Name": "kafka-serverless-private-rt"
            },
            "tags_all": {
              "Environment": "dev",
              "Name": "kafka-serverless-private-rt",
              "Owner": "DataEngineering",
              "Project": "kafka-serverless",
              "Terraform": "true"
            },
            "timeouts": null,
            "vpc_id": "vpc-0e85c466f9aff7464"
          },
          "sensitive_attributes": [],
          "private": "eyJlMmJmYjczMC1lY2FhLTExZTYtOGY4OC0zNDM2M2JjN2M0YzAiOnsiY3JlYXRlIjozMDAwMDAwMDAwMDAsImRlbGV0ZSI6MzAwMDAwMDAwMDAwLCJ1cGRhdGUiOjEyMDAwMDAwMDAwMH19",
          "dependencies": [
            "aws_eip.nat",
            "aws_internet_gateway.igw",
            "aws_nat_gateway.nat",
            "aws_subnet.public",
            "aws_vpc.main",
            "data.aws_availability_zones.available"
          ]
        }
      ]
    },
    {
      "mode": "managed",
      "type": "aws_route_table",
      "name": "public",
      "provider": "provider[\"registry.terraform.io/hashicorp/aws\"]",
      "instances": [
        {
          "schema_version": 0,
          "attributes": {
            "arn": "arn:aws:ec2:ap-south-1:741448939728:route-table/rtb-0d10082d59de5db59",
            "id": "rtb-0d10082d59de5db59",
            "owner_id": "741448939728",
            "propagating_vgws": [],
            "region": "ap-south-1",
            "route": [
              {
                "carrier_gateway_id": "",
                "cidr_block": "0.0.0.0/0",
                "core_network_arn": "",
                "destination_prefix_list_id": "",
                "egress_only_gateway_id": "",
                "gateway_id": "igw-0b66d7f031aeae673",
                "ipv6_cidr_block": "",
                "local_gateway_id": "",
                "nat_gateway_id": "",
                "network_interface_id": "",
                "odb_network_arn": "",
                "transit_gateway_id": "",
                "vpc_endpoint_id": "",
                "vpc_peering_connection_id": ""
              }
            ],
            "tags": {
              "Name": "kafka-serverless-public-rt"
            },
            "tags_all": {
              "Environment": "dev",
              "Name": "kafka-serverless-public-rt",
              "Owner": "DataEngineering",
              "Project": "kafka-serverless",
              "Terraform": "true"
            },
            "timeouts": null,
            "vpc_id": "vpc-0e85c466f9aff7464"
          },
          "sensitive_attributes": [],
          "private": "eyJlMmJmYjczMC1lY2FhLTExZTYtOGY4OC0zNDM2M2JjN2M0YzAiOnsiY3JlYXRlIjozMDAwMDAwMDAwMDAsImRlbGV0ZSI6MzAwMDAwMDAwMDAwLCJ1cGRhdGUiOjEyMDAwMDAwMDAwMH19",
          "dependencies": [
            "aws_internet_gateway.igw",
            "aws_vpc.main"
          ]
        }
      ]
    },
    {
      "mode": "managed",
      "type": "aws_route_table_association",
      "name": "private",
      "provider": "provider[\"registry.terraform.io/hashicorp/aws\"]",
      "instances": [
        {
          "index_key": 0,
          "schema_version": 0,
          "attributes": {
            "gateway_id": "",
            "id": "rtbassoc-0f448988442c98535",
            "region": "ap-south-1",
            "route_table_id": "rtb-01d266f63d64afe57",
            "subnet_id": "subnet-0d0ab71bacb6730ac",
            "timeouts": null
          },
          "sensitive_attributes": [],
          "private": "eyJlMmJmYjczMC1lY2FhLTExZTYtOGY4OC0zNDM2M2JjN2M0YzAiOnsiY3JlYXRlIjozMDAwMDAwMDAwMDAsImRlbGV0ZSI6MzAwMDAwMDAwMDAwLCJ1cGRhdGUiOjEyMDAwMDAwMDAwMH19",
          "dependencies": [
            "aws_eip.nat",
            "aws_internet_gateway.igw",
            "aws_nat_gateway.nat",
            "aws_route_table.private",
            "aws_subnet.private",
            "aws_subnet.public",
            "aws_vpc.main",
            "data.aws_availability_zones.available"
          ]
        },
        {
          "index_key": 1,
          "schema_version": 0,
          "attributes": {
            "gateway_id": "",
            "id": "rtbassoc-0859004b5ee5a105a",
            "region": "ap-south-1",
            "route_table_id": "rtb-01d266f63d64afe57",
            "subnet_id": "subnet-08cef7187a88b18d0",
            "timeouts": null
          },
          "sensitive_attributes": [],
          "private": "eyJlMmJmYjczMC1lY2FhLTExZTYtOGY4OC0zNDM2M2JjN2M0YzAiOnsiY3JlYXRlIjozMDAwMDAwMDAwMDAsImRlbGV0ZSI6MzAwMDAwMDAwMDAwLCJ1cGRhdGUiOjEyMDAwMDAwMDAwMH19",
          "dependencies": [
            "aws_eip.nat",
            "aws_internet_gateway.igw",
            "aws_nat_gateway.nat",
            "aws_route_table.private",
            "aws_subnet.private",
            "aws_subnet.public",
            "aws_vpc.main",
            "data.aws_availability_zones.available"
          ]
        }
      ]
    },
    {
      "mode": "managed",
      "type": "aws_route_table_association",
      "name": "public",
      "provider": "provider[\"registry.terraform.io/hashicorp/aws\"]",
      "instances": [
        {
          "index_key": 0,
          "schema_version": 0,
          "attributes": {
            "gateway_id": "",
            "id": "rtbassoc-0da6d6783682bae9a",
            "region": "ap-south-1",
            "route_table_id": "rtb-0d10082d59de5db59",
            "subnet_id": "subnet-0d13e5b83a07dd340",
            "timeouts": null
          },
          "sensitive_attributes": [],
          "private": "eyJlMmJmYjczMC1lY2FhLTExZTYtOGY4OC0zNDM2M2JjN2M0YzAiOnsiY3JlYXRlIjozMDAwMDAwMDAwMDAsImRlbGV0ZSI6MzAwMDAwMDAwMDAwLCJ1cGRhdGUiOjEyMDAwMDAwMDAwMH19",
          "dependencies": [
            "aws_internet_gateway.igw",
            "aws_route_table.public",
            "aws_subnet.public",
            "aws_vpc.main",
            "data.aws_availability_zones.available"
          ]
        },
        {
          "index_key": 1,
          "schema_version": 0,
          "attributes": {
            "gateway_id": "",
            "id": "rtbassoc-0ac9f406b11f276be",
            "region": "ap-south-1",
            "route_table_id": "rtb-0d10082d59de5db59",
            "subnet_id": "subnet-00d9e53b56e158823",
            "timeouts": null
          },
          "sensitive_attributes": [],
          "private": "eyJlMmJmYjczMC1lY2FhLTExZTYtOGY4OC0zNDM2M2JjN2M0YzAiOnsiY3JlYXRlIjozMDAwMDAwMDAwMDAsImRlbGV0ZSI6MzAwMDAwMDAwMDAwLCJ1cGRhdGUiOjEyMDAwMDAwMDAwMH19",
          "dependencies": [
            "aws_internet_gateway.igw",
            "aws_route_table.public",
            "aws_subnet.public",
            "aws_vpc.main",
            "data.aws_availability_zones.available"
          ]
        }
      ]
    },
    {
      "mode": "managed",
      "type": "aws_security_group",
      "name": "consumer",
      "provider": "provider[\"registry.terraform.io/hashicorp/aws\"]",
      "instances": [
        {
          "schema_version": 1,
          "attributes": {
            "arn": "arn:aws:ec2:ap-south-1:741448939728:security-group/sg-0e4572db6f4b0a2f1",
            "description": "Consumer Security Group",
            "egress": [
              {
                "cidr_blocks": [
                  "0.0.0.0/0"
                ],
                "description": "",
                "from_port": 0,
                "ipv6_cidr_blocks": [],
                "prefix_list_ids": [],
                "protocol": "-1",
                "security_groups": [],
                "self": false,
                "to_port": 0
              }
            ],
            "id": "sg-0e4572db6f4b0a2f1",
            "ingress": [
              {
                "cidr_blocks": [
                  "0.0.0.0/0"
                ],
                "description": "",
                "from_port": 22,
                "ipv6_cidr_blocks": [],
                "prefix_list_ids": [],
                "protocol": "tcp",
                "security_groups": [],
                "self": false,
                "to_port": 22
              }
            ],
            "name": "kafka-serverless-consumer-sg",
            "name_prefix": "",
            "owner_id": "741448939728",
            "region": "ap-south-1",
            "revoke_rules_on_delete": false,
            "tags": {
              "Name": "kafka-serverless-consumer-sg"
            },
            "tags_all": {
              "Environment": "dev",
              "Name": "kafka-serverless-consumer-sg",
              "Owner": "DataEngineering",
              "Project": "kafka-serverless",
              "Terraform": "true"
            },
            "timeouts": null,
            "vpc_id": "vpc-0e85c466f9aff7464"
          },
          "sensitive_attributes": [],
          "private": "eyJlMmJmYjczMC1lY2FhLTExZTYtOGY4OC0zNDM2M2JjN2M0YzAiOnsiY3JlYXRlIjo2MDAwMDAwMDAwMDAsImRlbGV0ZSI6OTAwMDAwMDAwMDAwfSwic2NoZW1hX3ZlcnNpb24iOiIxIn0=",
          "dependencies": [
            "aws_vpc.main"
          ]
        }
      ]
    },
    {
      "mode": "managed",
      "type": "aws_security_group",
      "name": "kafka",
      "provider": "provider[\"registry.terraform.io/hashicorp/aws\"]",
      "instances": [
        {
          "schema_version": 1,
          "attributes": {
            "arn": "arn:aws:ec2:ap-south-1:741448939728:security-group/sg-03aedac977f712bd7",
            "description": "Kafka Communication",
            "egress": [
              {
                "cidr_blocks": [
                  "0.0.0.0/0"
                ],
                "description": "",
                "from_port": 0,
                "ipv6_cidr_blocks": [],
                "prefix_list_ids": [],
                "protocol": "-1",
                "security_groups": [],
                "self": false,
                "to_port": 0
              }
            ],
            "id": "sg-03aedac977f712bd7",
            "ingress": [
              {
                "cidr_blocks": [],
                "description": "",
                "from_port": 9098,
                "ipv6_cidr_blocks": [],
                "prefix_list_ids": [],
                "protocol": "tcp",
                "security_groups": [
                  "sg-07f75b3e22c35281e",
                  "sg-0e4572db6f4b0a2f1"
                ],
                "self": false,
                "to_port": 9098
              },
              {
                "cidr_blocks": [],
                "description": "",
                "from_port": 9098,
                "ipv6_cidr_blocks": [],
                "prefix_list_ids": [],
                "protocol": "tcp",
                "security_groups": [],
                "self": true,
                "to_port": 9098
              }
            ],
            "name": "kafka-serverless-kafka-sg",
            "name_prefix": "",
            "owner_id": "741448939728",
            "region": "ap-south-1",
            "revoke_rules_on_delete": false,
            "tags": {
              "Name": "kafka-serverless-kafka-sg"
            },
            "tags_all": {
              "Environment": "dev",
              "Name": "kafka-serverless-kafka-sg",
              "Owner": "DataEngineering",
              "Project": "kafka-serverless",
              "Terraform": "true"
            },
            "timeouts": null,
            "vpc_id": "vpc-0e85c466f9aff7464"
          },
          "sensitive_attributes": [],
          "private": "eyJlMmJmYjczMC1lY2FhLTExZTYtOGY4OC0zNDM2M2JjN2M0YzAiOnsiY3JlYXRlIjo2MDAwMDAwMDAwMDAsImRlbGV0ZSI6OTAwMDAwMDAwMDAwfSwic2NoZW1hX3ZlcnNpb24iOiIxIn0=",
          "dependencies": [
            "aws_security_group.consumer",
            "aws_security_group.producer",
            "aws_vpc.main"
          ]
        }
      ]
    },
    {
      "mode": "managed",
      "type": "aws_security_group",
      "name": "producer",
      "provider": "provider[\"registry.terraform.io/hashicorp/aws\"]",
      "instances": [
        {
          "schema_version": 1,
          "attributes": {
            "arn": "arn:aws:ec2:ap-south-1:741448939728:security-group/sg-07f75b3e22c35281e",
            "description": "Producer Security Group",
            "egress": [
              {
                "cidr_blocks": [
                  "0.0.0.0/0"
                ],
                "description": "",
                "from_port": 0,
                "ipv6_cidr_blocks": [],
                "prefix_list_ids": [],
                "protocol": "-1",
                "security_groups": [],
                "self": false,
                "to_port": 0
              }
            ],
            "id": "sg-07f75b3e22c35281e",
            "ingress": [
              {
                "cidr_blocks": [
                  "0.0.0.0/0"
                ],
                "description": "",
                "from_port": 22,
                "ipv6_cidr_blocks": [],
                "prefix_list_ids": [],
                "protocol": "tcp",
                "security_groups": [],
                "self": false,
                "to_port": 22
              }
            ],
            "name": "kafka-serverless-producer-sg",
            "name_prefix": "",
            "owner_id": "741448939728",
            "region": "ap-south-1",
            "revoke_rules_on_delete": false,
            "tags": {
              "Name": "kafka-serverless-producer-sg"
            },
            "tags_all": {
              "Environment": "dev",
              "Name": "kafka-serverless-producer-sg",
              "Owner": "DataEngineering",
              "Project": "kafka-serverless",
              "Terraform": "true"
            },
            "timeouts": null,
            "vpc_id": "vpc-0e85c466f9aff7464"
          },
          "sensitive_attributes": [],
          "private": "eyJlMmJmYjczMC1lY2FhLTExZTYtOGY4OC0zNDM2M2JjN2M0YzAiOnsiY3JlYXRlIjo2MDAwMDAwMDAwMDAsImRlbGV0ZSI6OTAwMDAwMDAwMDAwfSwic2NoZW1hX3ZlcnNpb24iOiIxIn0=",
          "dependencies": [
            "aws_vpc.main"
          ]
        }
      ]
    },
    {
      "mode": "managed",
      "type": "aws_subnet",
      "name": "private",
      "provider": "provider[\"registry.terraform.io/hashicorp/aws\"]",
      "instances": [
        {
          "index_key": 0,
          "schema_version": 1,
          "attributes": {
            "arn": "arn:aws:ec2:ap-south-1:741448939728:subnet/subnet-0d0ab71bacb6730ac",
            "assign_ipv6_address_on_creation": false,
            "availability_zone": "ap-south-1a",
            "availability_zone_id": "aps1-az1",
            "cidr_block": "10.0.10.0/24",
            "customer_owned_ipv4_pool": "",
            "enable_dns64": false,
            "enable_lni_at_device_index": 0,
            "enable_resource_name_dns_a_record_on_launch": false,
            "enable_resource_name_dns_aaaa_record_on_launch": false,
            "id": "subnet-0d0ab71bacb6730ac",
            "ipv4_ipam_pool_id": null,
            "ipv4_netmask_length": null,
            "ipv6_cidr_block": "",
            "ipv6_cidr_block_association_id": "",
            "ipv6_ipam_pool_id": null,
            "ipv6_native": false,
            "ipv6_netmask_length": null,
            "map_customer_owned_ip_on_launch": false,
            "map_public_ip_on_launch": false,
            "outpost_arn": "",
            "owner_id": "741448939728",
            "private_dns_hostname_type_on_launch": "ip-name",
            "region": "ap-south-1",
            "tags": {
              "Name": "kafka-serverless-private-1",
              "Tier": "Private"
            },
            "tags_all": {
              "Environment": "dev",
              "Name": "kafka-serverless-private-1",
              "Owner": "DataEngineering",
              "Project": "kafka-serverless",
              "Terraform": "true",
              "Tier": "Private"
            },
            "timeouts": null,
            "vpc_id": "vpc-0e85c466f9aff7464"
          },
          "sensitive_attributes": [],
          "private": "eyJlMmJmYjczMC1lY2FhLTExZTYtOGY4OC0zNDM2M2JjN2M0YzAiOnsiY3JlYXRlIjo2MDAwMDAwMDAwMDAsImRlbGV0ZSI6MTIwMDAwMDAwMDAwMH0sInNjaGVtYV92ZXJzaW9uIjoiMSJ9",
          "dependencies": [
            "aws_vpc.main",
            "data.aws_availability_zones.available"
          ]
        },
        {
          "index_key": 1,
          "schema_version": 1,
          "attributes": {
            "arn": "arn:aws:ec2:ap-south-1:741448939728:subnet/subnet-08cef7187a88b18d0",
            "assign_ipv6_address_on_creation": false,
            "availability_zone": "ap-south-1b",
            "availability_zone_id": "aps1-az3",
            "cidr_block": "10.0.11.0/24",
            "customer_owned_ipv4_pool": "",
            "enable_dns64": false,
            "enable_lni_at_device_index": 0,
            "enable_resource_name_dns_a_record_on_launch": false,
            "enable_resource_name_dns_aaaa_record_on_launch": false,
            "id": "subnet-08cef7187a88b18d0",
            "ipv4_ipam_pool_id": null,
            "ipv4_netmask_length": null,
            "ipv6_cidr_block": "",
            "ipv6_cidr_block_association_id": "",
            "ipv6_ipam_pool_id": null,
            "ipv6_native": false,
            "ipv6_netmask_length": null,
            "map_customer_owned_ip_on_launch": false,
            "map_public_ip_on_launch": false,
            "outpost_arn": "",
            "owner_id": "741448939728",
            "private_dns_hostname_type_on_launch": "ip-name",
            "region": "ap-south-1",
            "tags": {
              "Name": "kafka-serverless-private-2",
              "Tier": "Private"
            },
            "tags_all": {
              "Environment": "dev",
              "Name": "kafka-serverless-private-2",
              "Owner": "DataEngineering",
              "Project": "kafka-serverless",
              "Terraform": "true",
              "Tier": "Private"
            },
            "timeouts": null,
            "vpc_id": "vpc-0e85c466f9aff7464"
          },
          "sensitive_attributes": [],
          "private": "eyJlMmJmYjczMC1lY2FhLTExZTYtOGY4OC0zNDM2M2JjN2M0YzAiOnsiY3JlYXRlIjo2MDAwMDAwMDAwMDAsImRlbGV0ZSI6MTIwMDAwMDAwMDAwMH0sInNjaGVtYV92ZXJzaW9uIjoiMSJ9",
          "dependencies": [
            "aws_vpc.main",
            "data.aws_availability_zones.available"
          ]
        }
      ]
    },
    {
      "mode": "managed",
      "type": "aws_subnet",
      "name": "public",
      "provider": "provider[\"registry.terraform.io/hashicorp/aws\"]",
      "instances": [
        {
          "index_key": 0,
          "schema_version": 1,
          "attributes": {
            "arn": "arn:aws:ec2:ap-south-1:741448939728:subnet/subnet-0d13e5b83a07dd340",
            "assign_ipv6_address_on_creation": false,
            "availability_zone": "ap-south-1a",
            "availability_zone_id": "aps1-az1",
            "cidr_block": "10.0.1.0/24",
            "customer_owned_ipv4_pool": "",
            "enable_dns64": false,
            "enable_lni_at_device_index": 0,
            "enable_resource_name_dns_a_record_on_launch": false,
            "enable_resource_name_dns_aaaa_record_on_launch": false,
            "id": "subnet-0d13e5b83a07dd340",
            "ipv4_ipam_pool_id": null,
            "ipv4_netmask_length": null,
            "ipv6_cidr_block": "",
            "ipv6_cidr_block_association_id": "",
            "ipv6_ipam_pool_id": null,
            "ipv6_native": false,
            "ipv6_netmask_length": null,
            "map_customer_owned_ip_on_launch": false,
            "map_public_ip_on_launch": true,
            "outpost_arn": "",
            "owner_id": "741448939728",
            "private_dns_hostname_type_on_launch": "ip-name",
            "region": "ap-south-1",
            "tags": {
              "Name": "kafka-serverless-public-1",
              "Tier": "Public"
            },
            "tags_all": {
              "Environment": "dev",
              "Name": "kafka-serverless-public-1",
              "Owner": "DataEngineering",
              "Project": "kafka-serverless",
              "Terraform": "true",
              "Tier": "Public"
            },
            "timeouts": null,
            "vpc_id": "vpc-0e85c466f9aff7464"
          },
          "sensitive_attributes": [],
          "private": "eyJlMmJmYjczMC1lY2FhLTExZTYtOGY4OC0zNDM2M2JjN2M0YzAiOnsiY3JlYXRlIjo2MDAwMDAwMDAwMDAsImRlbGV0ZSI6MTIwMDAwMDAwMDAwMH0sInNjaGVtYV92ZXJzaW9uIjoiMSJ9",
          "dependencies": [
            "aws_vpc.main",
            "data.aws_availability_zones.available"
          ]
        },
        {
          "index_key": 1,
          "schema_version": 1,
          "attributes": {
            "arn": "arn:aws:ec2:ap-south-1:741448939728:subnet/subnet-00d9e53b56e158823",
            "assign_ipv6_address_on_creation": false,
            "availability_zone": "ap-south-1b",
            "availability_zone_id": "aps1-az3",
            "cidr_block": "10.0.2.0/24",
            "customer_owned_ipv4_pool": "",
            "enable_dns64": false,
            "enable_lni_at_device_index": 0,
            "enable_resource_name_dns_a_record_on_launch": false,
            "enable_resource_name_dns_aaaa_record_on_launch": false,
            "id": "subnet-00d9e53b56e158823",
            "ipv4_ipam_pool_id": null,
            "ipv4_netmask_length": null,
            "ipv6_cidr_block": "",
            "ipv6_cidr_block_association_id": "",
            "ipv6_ipam_pool_id": null,
            "ipv6_native": false,
            "ipv6_netmask_length": null,
            "map_customer_owned_ip_on_launch": false,
            "map_public_ip_on_launch": true,
            "outpost_arn": "",
            "owner_id": "741448939728",
            "private_dns_hostname_type_on_launch": "ip-name",
            "region": "ap-south-1",
            "tags": {
              "Name": "kafka-serverless-public-2",
              "Tier": "Public"
            },
            "tags_all": {
              "Environment": "dev",
              "Name": "kafka-serverless-public-2",
              "Owner": "DataEngineering",
              "Project": "kafka-serverless",
              "Terraform": "true",
              "Tier": "Public"
            },
            "timeouts": null,
            "vpc_id": "vpc-0e85c466f9aff7464"
          },
          "sensitive_attributes": [],
          "private": "eyJlMmJmYjczMC1lY2FhLTExZTYtOGY4OC0zNDM2M2JjN2M0YzAiOnsiY3JlYXRlIjo2MDAwMDAwMDAwMDAsImRlbGV0ZSI6MTIwMDAwMDAwMDAwMH0sInNjaGVtYV92ZXJzaW9uIjoiMSJ9",
          "dependencies": [
            "aws_vpc.main",
            "data.aws_availability_zones.available"
          ]
        }
      ]
    },
    {
      "mode": "managed",
      "type": "aws_vpc",
      "name": "main",
      "provider": "provider[\"registry.terraform.io/hashicorp/aws\"]",
      "instances": [
        {
          "schema_version": 1,
          "attributes": {
            "arn": "arn:aws:ec2:ap-south-1:741448939728:vpc/vpc-0e85c466f9aff7464",
            "assign_generated_ipv6_cidr_block": false,
            "cidr_block": "10.0.0.0/16",
            "default_network_acl_id": "acl-009e59cf672d7091a",
            "default_route_table_id": "rtb-03e64be043cb4ac8e",
            "default_security_group_id": "sg-0da38a7a0e37c1181",
            "dhcp_options_id": "dopt-001d54595cb380f65",
            "enable_dns_hostnames": true,
            "enable_dns_support": true,
            "enable_network_address_usage_metrics": false,
            "id": "vpc-0e85c466f9aff7464",
            "instance_tenancy": "default",
            "ipv4_ipam_pool_id": null,
            "ipv4_netmask_length": null,
            "ipv6_association_id": "",
            "ipv6_cidr_block": "",
            "ipv6_cidr_block_network_border_group": "",
            "ipv6_ipam_pool_id": "",
            "ipv6_netmask_length": 0,
            "main_route_table_id": "rtb-03e64be043cb4ac8e",
            "owner_id": "741448939728",
            "region": "ap-south-1",
            "tags": {
              "Name": "kafka-serverless-vpc"
            },
            "tags_all": {
              "Environment": "dev",
              "Name": "kafka-serverless-vpc",
              "Owner": "DataEngineering",
              "Project": "kafka-serverless",
              "Terraform": "true"
            }
          },
          "sensitive_attributes": [],
          "private": "eyJzY2hlbWFfdmVyc2lvbiI6IjEifQ=="
        }
      ]
    },
    {
      "mode": "managed",
      "type": "local_file",
      "name": "private_key",
      "provider": "provider[\"registry.terraform.io/hashicorp/local\"]",
      "instances": [
        {
          "schema_version": 0,
          "attributes": {
            "content": "-----BEGIN RSA PRIVATE KEY-----\nMIIJKgIBAAKCAgEA87+V8f1Ch4w1qEHmJcjZnaYr3cLvbTh2HK1JwSGNzOJL9z3i\n7ZBOdUBJPW2g96emidatAh5jmftYBoCohfjSQzgLbNGPgfbuSJWzaQ3lrJuQzivo\ngCTCAOC1tfWKJUxjHc4FJS2fc/NFobXHgZCrmufX13KBUbE0Lk9BbTWg6sc+kCAp\np7VGphPF2cAKeLWSnhiLx/klWY1812swzfCtJajhN99wpvPiQqGkqcpenYs2MzmJ\nWifLAL2dcbiRXahQZfT7ky7dW2Da/eMdfPy+kXUwsVCYFszWxpJ8qQRpQ6z4FugH\n9+jC0px2hSG6WftzYQzh0fAWiZjb8Nq8YVukdHzm2Xs0dhx6uPiVwqF0dyuQg4rr\nviwLhPT2/76hd7V5Ds6M9lAImJb0hayzuueNhX135oFQuUy0vIS/sKxB8NpG4QfR\n4n7H6xpAYWfQNYlSkaaXfItJrxAQ5wzdXrNHihT8nvHPkzXau3fmCsghuKCoUv1L\nGT/YKKl2HDx4mUOlHrUMiyMn1l/2Q4+Gm1KYK48P9/YvcdUqiP6ikENUqN0ZKzZF\n2pSlqYfyF9cxWXcK2AhXQHRF/64mRtPcL2h/nbscdCDhDzegm2fq1+G4GP/w2A3u\n5fiKOveofvRK1kRip+h5vnn6crnDkSyzdc9txFaX1hymFJRHh10gnp3QSXkCAwEA\nAQKCAgBQEWcYDrGEBTK7CqqnTsrtVmCigB5WKm3iDapknrkNzGhX1yRsFTMwoOVu\nIEz4DUJPlQ1P3NurAT1xJWI2X/3xxr86B7y0XID5pvNAVyhTAucWUqYVMf3oe+g0\n1WuDxQvqBnr6M3plhEwjSqs2jGdSg0YLp7mDNEqHy9EaJrutY7XRcj88r/d9JpGf\nbc4CyOJYvIduMRFr0WZo/PUTMTQvYsJYsDU5InP4n1CP1cIuzkQHn6bWzquImsDV\nUmOt+FQwqcDaIFLmaXKGY8yT+hI/hddw56COHMuQfx4kBybs7CyymZXEgdk9hdgI\n84Nbe5XzE2A6rjs5B9V30OKAuLHUTfEciosLfkCty+7tOzPR7H5uHvC9ey5feTmu\nwTZEC//vZjjkG6GPmaX4Oyek0VhNvPQpbM+dh0TbgeKM2TnLirwXrxDgG+VR9ty3\nVU0U3CJqtxQUd3GphBKUfd0663homz3R4xiZPClwQyfTFOt5UQugYBfdp9P02i/O\nBNa/khb1q6ZE2uVYP6xkxp/vKu1wzHKPKzYfFC5swweKDjYQ02SnZjq0z2d9gVdm\n+1HeBiE+0tbnUEk7pRpXNLtXGiebas7leN2lh54Rt3o9nqevYxO2mwaicBPwcEtw\nEP3EiBujpKkwrjWYnH41XkZr1KPOI6WHX1usuugy2Hyq64y24QKCAQEA9f3JgpJJ\npB8DhWW7RUu6oi4dZ/Pbt5aVCE8gkG9aSDqmVr4jN+FCtuvijSQSBpAzuva8OnVx\n2TsxsQeNLbCq4UmNPPDv0Bc2WCUv6G3RrLIVlu7HTYl9OPPT1T8H4zx1D8k8imal\nuv4vAOs//51W+yKLjS2pYXmmG7a9sg/TAovBfW7lhU6F/dmgYQ714/n+kVR3Ezcz\ng+8KQFGtb2QZmwoH3eW1u4XssITCQzBgyKOl7ayq87KWa7NhnkscrTos+B/oFXmq\n/JmDaKZZ8rnbGM5/fqhKpniv+KQNanaimbEKBg8eQD1p+dQezqXErNBEU0Uhc8Xw\nYeJ2Mu0vI3odBwKCAQEA/apvoWcGZuZEkZLbYjwtdFsjSkV1rCiDw6PgYfujD2V3\nhVAtIWi/bvNmgskGSWIrjKMlgjTdlR+DtQPImTh1Y7tfRBHzYv7uErLa50+flxgU\nQSRWWlAF0jaQT3nk7nIoGTJ3m4M6Sjeh6PJYqebdK1B9ACRQMX7MlqJyXjYcn8XX\nVeqB7aNuk1XCQPZLBdKk7hdDRIMb2igsDnYFrESq7JDFCQKwMPmICI1LdjeoAmnM\n7ivwE9Viz3VRSkZxs/YhG4bdk09v9t7WSkeSF0QXiCfX9NB7qC6lrYnQbWkEgbCe\n7WTzF7OhUQaKqvhbeuboqiQOHuXlVN57a0bloQ9FfwKCAQEA5Ru1Rg5X1isojWLd\n08GflxOaQcqHNmtibPW9n6iGjsVJTXsTtCTyjQoP3GLfAwvlklnhoBTor2mJc5dT\n710fGmr1x++je81SyTABedpmshC/OO8140qNvbCi+HcXMpaJdOV5pHHMI+hAAPwa\nhEmXzJk1Ho2Lt4SkqCVAcop4fmOKF/hkfw9OjsrVq/BSJj4d0l+388azDUti4drw\nzNGPY64o+4vKAljOxO0xPYDec6Cvlzj9k7IelTriTZspn1GStpqI/w9tqIyWLq7Z\nEc/2dxlE98Nom7nGM68f66uI79pLOq9z/mL0xEHDW7ZbApWLPX8ilACkTZatfesY\nv1MpmwKCAQEA82ucl/wvjosl/bQ5xnkM/X1/zgP9uelfGFyoNB6wCVRLb6jSxh6o\npaX5F0QlPkJwnBLrKZnlkPafAxPQaghdzgi+kKnRL4yHlXYAzrv/35SBy0k9fIkS\nLPmjXkEQySjPBe8CDD/PrezY+JunLdOXJbulWH+AXR7a4SqeKX4v1bqau53AdPTC\nZayELqaqs7nB/6BfMt3F2oF2VaI4K2nxw/XgvpbP0Q+D1QESCy25kidJOrz7M20v\n1vkzut0Cu7lTaADxnC08umB4rusjbCQxmLzzZcCzCV9KKc/4LSX75yBAQnr/NB1y\njjiC1TJjRvtTBgJ3cnsWqWyebwGn1fi7rQKCAQEA4WzxOmKH7kpNZqXEpcXFkNLh\nUOmXHzOonVFLCZL4XbNMGkphUVTkoYvHCYO5GB24bdUTT8UaZAJu9nh4FbZioJ9F\nstX05XnHQAEIAj9CTpCaguqGgmNNPSJO22kT0b4nl2cUsCFu0mX+lZ2JhtnLa12/\nMstBIUWAgTGZv+FlVbVcXCsp02g+St25KyvKGrjHL38/yCNKDUkMQqbjvfTa6oqZ\nA2ruw38i0ResxvLWRb1hMSbhYfcH3/Hyw2nuF+Ezm+3OBXqntGKaq4HBmMuTrrq6\n9FnYo5Y/FW/e0R1QHG+ARKvssh1IKJuX6d0DKCQKOjs+Uv/nrIB2cGdSxc3JXw==\n-----END RSA PRIVATE KEY-----\n",
            "content_base64": null,
            "content_base64sha256": "wiXH6BosmLQYdqrAsMfX7M1qTLfUKw9MMlk4Gy6mqTI=",
            "content_base64sha512": "TczBkZkGQKHD2NNzjqCKBekBXJpTVe4x0Aae6pp2rnsjyEM9bz0PL5pRaWE1gmnm6hp5kWgHBSRT+djavfUI0w==",
            "content_md5": "ca65be9ce15a51c6fd4dff31e9f9ea11",
            "content_sha1": "4687668832b3efd0113984f70a84622c4a812156",
            "content_sha256": "c225c7e81a2c98b41876aac0b0c7d7eccd6a4cb7d42b0f4c3259381b2ea6a932",
            "content_sha512": "4dccc191990640a1c3d8d3738ea08a05e9015c9a5355ee31d0069eea9a76ae7b23c8433d6f3d0f2f9a516961358269e6ea1a79916807052453f9d8dabdf508d3",
            "directory_permission": "0777",
            "file_permission": "0400",
            "filename": "./kafka-serverless.pem",
            "id": "4687668832b3efd0113984f70a84622c4a812156",
            "sensitive_content": null,
            "source": null
          },
          "sensitive_attributes": [
            [
              {
                "type": "get_attr",
                "value": "content"
              }
            ],
            [
              {
                "type": "get_attr",
                "value": "sensitive_content"
              }
            ]
          ],
          "dependencies": [
            "tls_private_key.kafka"
          ]
        }
      ]
    },
    {
      "mode": "managed",
      "type": "tls_private_key",
      "name": "kafka",
      "provider": "provider[\"registry.terraform.io/hashicorp/tls\"]",
      "instances": [
        {
          "schema_version": 1,
          "attributes": {
            "algorithm": "RSA",
            "ecdsa_curve": "P224",
            "id": "204b3a6b0819a5e8d639ffc12022a92f918a2427",
            "private_key_openssh": "-----BEGIN OPENSSH PRIVATE KEY-----\nb3BlbnNzaC1rZXktdjEAAAAABG5vbmUAAAAEbm9uZQAAAAAAAAABAAACFwAAAAdz\nc2gtcnNhAAAAAwEAAQAAAgEA87+V8f1Ch4w1qEHmJcjZnaYr3cLvbTh2HK1JwSGN\nzOJL9z3i7ZBOdUBJPW2g96emidatAh5jmftYBoCohfjSQzgLbNGPgfbuSJWzaQ3l\nrJuQzivogCTCAOC1tfWKJUxjHc4FJS2fc/NFobXHgZCrmufX13KBUbE0Lk9BbTWg\n6sc+kCApp7VGphPF2cAKeLWSnhiLx/klWY1812swzfCtJajhN99wpvPiQqGkqcpe\nnYs2MzmJWifLAL2dcbiRXahQZfT7ky7dW2Da/eMdfPy+kXUwsVCYFszWxpJ8qQRp\nQ6z4FugH9+jC0px2hSG6WftzYQzh0fAWiZjb8Nq8YVukdHzm2Xs0dhx6uPiVwqF0\ndyuQg4rrviwLhPT2/76hd7V5Ds6M9lAImJb0hayzuueNhX135oFQuUy0vIS/sKxB\n8NpG4QfR4n7H6xpAYWfQNYlSkaaXfItJrxAQ5wzdXrNHihT8nvHPkzXau3fmCsgh\nuKCoUv1LGT/YKKl2HDx4mUOlHrUMiyMn1l/2Q4+Gm1KYK48P9/YvcdUqiP6ikENU\nqN0ZKzZF2pSlqYfyF9cxWXcK2AhXQHRF/64mRtPcL2h/nbscdCDhDzegm2fq1+G4\nGP/w2A3u5fiKOveofvRK1kRip+h5vnn6crnDkSyzdc9txFaX1hymFJRHh10gnp3Q\nSXkAAAc4fOkuT3zpLk8AAAAHc3NoLXJzYQAAAgEA87+V8f1Ch4w1qEHmJcjZnaYr\n3cLvbTh2HK1JwSGNzOJL9z3i7ZBOdUBJPW2g96emidatAh5jmftYBoCohfjSQzgL\nbNGPgfbuSJWzaQ3lrJuQzivogCTCAOC1tfWKJUxjHc4FJS2fc/NFobXHgZCrmufX\n13KBUbE0Lk9BbTWg6sc+kCApp7VGphPF2cAKeLWSnhiLx/klWY1812swzfCtJajh\nN99wpvPiQqGkqcpenYs2MzmJWifLAL2dcbiRXahQZfT7ky7dW2Da/eMdfPy+kXUw\nsVCYFszWxpJ8qQRpQ6z4FugH9+jC0px2hSG6WftzYQzh0fAWiZjb8Nq8YVukdHzm\n2Xs0dhx6uPiVwqF0dyuQg4rrviwLhPT2/76hd7V5Ds6M9lAImJb0hayzuueNhX13\n5oFQuUy0vIS/sKxB8NpG4QfR4n7H6xpAYWfQNYlSkaaXfItJrxAQ5wzdXrNHihT8\nnvHPkzXau3fmCsghuKCoUv1LGT/YKKl2HDx4mUOlHrUMiyMn1l/2Q4+Gm1KYK48P\n9/YvcdUqiP6ikENUqN0ZKzZF2pSlqYfyF9cxWXcK2AhXQHRF/64mRtPcL2h/nbsc\ndCDhDzegm2fq1+G4GP/w2A3u5fiKOveofvRK1kRip+h5vnn6crnDkSyzdc9txFaX\n1hymFJRHh10gnp3QSXkAAAADAQABAAACAFARZxgOsYQFMrsKqqdOyu1WYKKAHlYq\nbeINqmSeuQ3MaFfXJGwVMzCg5W4gTPgNQk+VDU/c26sBPXElYjZf/fHGvzoHvLRc\ngPmm80BXKFMC5xZSphUx/eh76DTVa4PFC+oGevozemWETCNKqzaMZ1KDRgunuYM0\nSofL0Romu61jtdFyPzyv930mkZ9tzgLI4li8h24xEWvRZmj89RMxNC9iwliwNTki\nc/ifUI/Vwi7ORAefptbOq4iawNVSY634VDCpwNogUuZpcoZjzJP6Ej+F13DnoI4c\ny5B/HiQHJuzsLLKZlcSB2T2F2Ajzg1t7lfMTYDquOzkH1XfQ4oC4sdRN8RyKiwt+\nQK3L7u07M9Hsfm4e8L17Ll95Oa7BNkQL/+9mOOQboY+Zpfg7J6TRWE289Clsz52H\nRNuB4ozZOcuKvBevEOAb5VH23LdVTRTcImq3FBR3camEEpR93TrreGibPdHjGJk8\nKXBDJ9MU63lRC6BgF92n0/TaL84E1r+SFvWrpkTa5Vg/rGTGn+8q7XDMco8rNh8U\nLmzDB4oONhDTZKdmOrTPZ32BV2b7Ud4GIT7S1udQSTulGlc0u1caJ5tqzuV43aWH\nnhG3ej2ep69jE7abBqJwE/BwS3AQ/cSIG6OkqTCuNZicfjVeRmvUo84jpYdfW6y6\n6DLYfKrrjLbhAAABAQDhbPE6YofuSk1mpcSlxcWQ0uFQ6ZcfM6idUUsJkvhds0wa\nSmFRVOShi8cJg7kYHbht1RNPxRpkAm72eHgVtmKgn0Wy1fTlecdAAQgCP0JOkJqC\n6oaCY009Ik7baRPRvieXZxSwIW7SZf6VnYmG2ctrXb8yy0EhRYCBMZm/4WVVtVxc\nKynTaD5K3bkrK8oauMcvfz/II0oNSQxCpuO99NrqipkDau7DfyLRF6zG8tZFvWEx\nJuFh9wff8fLDae4X4TOb7c4Feqe0YpqrgcGYy5Ouurr0Wdijlj8Vb97RHVAcb4BE\nq+yyHUgom5fp3QMoJAo6Oz5S/+esgHZwZ1LFzclfAAABAQD1/cmCkkmkHwOFZbtF\nS7qiLh1n89u3lpUITyCQb1pIOqZWviM34UK26+KNJBIGkDO69rw6dXHZOzGxB40t\nsKrhSY088O/QFzZYJS/obdGsshWW7sdNiX0489PVPwfjPHUPyTyKZqW6/i8A6z//\nnVb7IouNLalheaYbtr2yD9MCi8F9buWFToX92aBhDvXj+f6RVHcTNzOD7wpAUa1v\nZBmbCgfd5bW7heywhMJDMGDIo6XtrKrzspZrs2GeSxytOiz4H+gVear8mYNoplny\nudsYzn9+qEqmeK/4pA1qdqKZsQoGDx5APWn51B7OpcSs0ERTRSFzxfBh4nYy7S8j\neh0HAAABAQD9qm+hZwZm5kSRkttiPC10WyNKRXWsKIPDo+Bh+6MPZXeFUC0haL9u\n82aCyQZJYiuMoyWCNN2VH4O1A8iZOHVju19EEfNi/u4SstrnT5+XGBRBJFZaUAXS\nNpBPeeTucigZMnebgzpKN6Ho8lip5t0rUH0AJFAxfsyWonJeNhyfxddV6oHto26T\nVcJA9ksF0qTuF0NEgxvaKCwOdgWsRKrskMUJArAw+YgIjUt2N6gCaczuK/AT1WLP\ndVFKRnGz9iEbht2TT2/23tZKR5IXRBeIJ9f00HuoLqWtidBtaQSBsJ7tZPMXs6FR\nBoqq+Ft65uiqJA4e5eVU3ntrRuWhD0V/AAAAAAEC\n-----END OPENSSH PRIVATE KEY-----\n",
            "private_key_pem": "-----BEGIN RSA PRIVATE KEY-----\nMIIJKgIBAAKCAgEA87+V8f1Ch4w1qEHmJcjZnaYr3cLvbTh2HK1JwSGNzOJL9z3i\n7ZBOdUBJPW2g96emidatAh5jmftYBoCohfjSQzgLbNGPgfbuSJWzaQ3lrJuQzivo\ngCTCAOC1tfWKJUxjHc4FJS2fc/NFobXHgZCrmufX13KBUbE0Lk9BbTWg6sc+kCAp\np7VGphPF2cAKeLWSnhiLx/klWY1812swzfCtJajhN99wpvPiQqGkqcpenYs2MzmJ\nWifLAL2dcbiRXahQZfT7ky7dW2Da/eMdfPy+kXUwsVCYFszWxpJ8qQRpQ6z4FugH\n9+jC0px2hSG6WftzYQzh0fAWiZjb8Nq8YVukdHzm2Xs0dhx6uPiVwqF0dyuQg4rr\nviwLhPT2/76hd7V5Ds6M9lAImJb0hayzuueNhX135oFQuUy0vIS/sKxB8NpG4QfR\n4n7H6xpAYWfQNYlSkaaXfItJrxAQ5wzdXrNHihT8nvHPkzXau3fmCsghuKCoUv1L\nGT/YKKl2HDx4mUOlHrUMiyMn1l/2Q4+Gm1KYK48P9/YvcdUqiP6ikENUqN0ZKzZF\n2pSlqYfyF9cxWXcK2AhXQHRF/64mRtPcL2h/nbscdCDhDzegm2fq1+G4GP/w2A3u\n5fiKOveofvRK1kRip+h5vnn6crnDkSyzdc9txFaX1hymFJRHh10gnp3QSXkCAwEA\nAQKCAgBQEWcYDrGEBTK7CqqnTsrtVmCigB5WKm3iDapknrkNzGhX1yRsFTMwoOVu\nIEz4DUJPlQ1P3NurAT1xJWI2X/3xxr86B7y0XID5pvNAVyhTAucWUqYVMf3oe+g0\n1WuDxQvqBnr6M3plhEwjSqs2jGdSg0YLp7mDNEqHy9EaJrutY7XRcj88r/d9JpGf\nbc4CyOJYvIduMRFr0WZo/PUTMTQvYsJYsDU5InP4n1CP1cIuzkQHn6bWzquImsDV\nUmOt+FQwqcDaIFLmaXKGY8yT+hI/hddw56COHMuQfx4kBybs7CyymZXEgdk9hdgI\n84Nbe5XzE2A6rjs5B9V30OKAuLHUTfEciosLfkCty+7tOzPR7H5uHvC9ey5feTmu\nwTZEC//vZjjkG6GPmaX4Oyek0VhNvPQpbM+dh0TbgeKM2TnLirwXrxDgG+VR9ty3\nVU0U3CJqtxQUd3GphBKUfd0663homz3R4xiZPClwQyfTFOt5UQugYBfdp9P02i/O\nBNa/khb1q6ZE2uVYP6xkxp/vKu1wzHKPKzYfFC5swweKDjYQ02SnZjq0z2d9gVdm\n+1HeBiE+0tbnUEk7pRpXNLtXGiebas7leN2lh54Rt3o9nqevYxO2mwaicBPwcEtw\nEP3EiBujpKkwrjWYnH41XkZr1KPOI6WHX1usuugy2Hyq64y24QKCAQEA9f3JgpJJ\npB8DhWW7RUu6oi4dZ/Pbt5aVCE8gkG9aSDqmVr4jN+FCtuvijSQSBpAzuva8OnVx\n2TsxsQeNLbCq4UmNPPDv0Bc2WCUv6G3RrLIVlu7HTYl9OPPT1T8H4zx1D8k8imal\nuv4vAOs//51W+yKLjS2pYXmmG7a9sg/TAovBfW7lhU6F/dmgYQ714/n+kVR3Ezcz\ng+8KQFGtb2QZmwoH3eW1u4XssITCQzBgyKOl7ayq87KWa7NhnkscrTos+B/oFXmq\n/JmDaKZZ8rnbGM5/fqhKpniv+KQNanaimbEKBg8eQD1p+dQezqXErNBEU0Uhc8Xw\nYeJ2Mu0vI3odBwKCAQEA/apvoWcGZuZEkZLbYjwtdFsjSkV1rCiDw6PgYfujD2V3\nhVAtIWi/bvNmgskGSWIrjKMlgjTdlR+DtQPImTh1Y7tfRBHzYv7uErLa50+flxgU\nQSRWWlAF0jaQT3nk7nIoGTJ3m4M6Sjeh6PJYqebdK1B9ACRQMX7MlqJyXjYcn8XX\nVeqB7aNuk1XCQPZLBdKk7hdDRIMb2igsDnYFrESq7JDFCQKwMPmICI1LdjeoAmnM\n7ivwE9Viz3VRSkZxs/YhG4bdk09v9t7WSkeSF0QXiCfX9NB7qC6lrYnQbWkEgbCe\n7WTzF7OhUQaKqvhbeuboqiQOHuXlVN57a0bloQ9FfwKCAQEA5Ru1Rg5X1isojWLd\n08GflxOaQcqHNmtibPW9n6iGjsVJTXsTtCTyjQoP3GLfAwvlklnhoBTor2mJc5dT\n710fGmr1x++je81SyTABedpmshC/OO8140qNvbCi+HcXMpaJdOV5pHHMI+hAAPwa\nhEmXzJk1Ho2Lt4SkqCVAcop4fmOKF/hkfw9OjsrVq/BSJj4d0l+388azDUti4drw\nzNGPY64o+4vKAljOxO0xPYDec6Cvlzj9k7IelTriTZspn1GStpqI/w9tqIyWLq7Z\nEc/2dxlE98Nom7nGM68f66uI79pLOq9z/mL0xEHDW7ZbApWLPX8ilACkTZatfesY\nv1MpmwKCAQEA82ucl/wvjosl/bQ5xnkM/X1/zgP9uelfGFyoNB6wCVRLb6jSxh6o\npaX5F0QlPkJwnBLrKZnlkPafAxPQaghdzgi+kKnRL4yHlXYAzrv/35SBy0k9fIkS\nLPmjXkEQySjPBe8CDD/PrezY+JunLdOXJbulWH+AXR7a4SqeKX4v1bqau53AdPTC\nZayELqaqs7nB/6BfMt3F2oF2VaI4K2nxw/XgvpbP0Q+D1QESCy25kidJOrz7M20v\n1vkzut0Cu7lTaADxnC08umB4rusjbCQxmLzzZcCzCV9KKc/4LSX75yBAQnr/NB1y\njjiC1TJjRvtTBgJ3cnsWqWyebwGn1fi7rQKCAQEA4WzxOmKH7kpNZqXEpcXFkNLh\nUOmXHzOonVFLCZL4XbNMGkphUVTkoYvHCYO5GB24bdUTT8UaZAJu9nh4FbZioJ9F\nstX05XnHQAEIAj9CTpCaguqGgmNNPSJO22kT0b4nl2cUsCFu0mX+lZ2JhtnLa12/\nMstBIUWAgTGZv+FlVbVcXCsp02g+St25KyvKGrjHL38/yCNKDUkMQqbjvfTa6oqZ\nA2ruw38i0ResxvLWRb1hMSbhYfcH3/Hyw2nuF+Ezm+3OBXqntGKaq4HBmMuTrrq6\n9FnYo5Y/FW/e0R1QHG+ARKvssh1IKJuX6d0DKCQKOjs+Uv/nrIB2cGdSxc3JXw==\n-----END RSA PRIVATE KEY-----\n",
            "private_key_pem_pkcs8": "-----BEGIN PRIVATE KEY-----\nMIIJRAIBADANBgkqhkiG9w0BAQEFAASCCS4wggkqAgEAAoICAQDzv5Xx/UKHjDWo\nQeYlyNmdpivdwu9tOHYcrUnBIY3M4kv3PeLtkE51QEk9baD3p6aJ1q0CHmOZ+1gG\ngKiF+NJDOAts0Y+B9u5IlbNpDeWsm5DOK+iAJMIA4LW19YolTGMdzgUlLZ9z80Wh\ntceBkKua59fXcoFRsTQuT0FtNaDqxz6QICmntUamE8XZwAp4tZKeGIvH+SVZjXzX\nazDN8K0lqOE333Cm8+JCoaSpyl6dizYzOYlaJ8sAvZ1xuJFdqFBl9PuTLt1bYNr9\n4x18/L6RdTCxUJgWzNbGknypBGlDrPgW6Af36MLSnHaFIbpZ+3NhDOHR8BaJmNvw\n2rxhW6R0fObZezR2HHq4+JXCoXR3K5CDiuu+LAuE9Pb/vqF3tXkOzoz2UAiYlvSF\nrLO6542FfXfmgVC5TLS8hL+wrEHw2kbhB9HifsfrGkBhZ9A1iVKRppd8i0mvEBDn\nDN1es0eKFPye8c+TNdq7d+YKyCG4oKhS/UsZP9goqXYcPHiZQ6UetQyLIyfWX/ZD\nj4abUpgrjw/39i9x1SqI/qKQQ1So3RkrNkXalKWph/IX1zFZdwrYCFdAdEX/riZG\n09wvaH+duxx0IOEPN6CbZ+rX4bgY//DYDe7l+Io696h+9ErWRGKn6Hm+efpyucOR\nLLN1z23EVpfWHKYUlEeHXSCendBJeQIDAQABAoICAFARZxgOsYQFMrsKqqdOyu1W\nYKKAHlYqbeINqmSeuQ3MaFfXJGwVMzCg5W4gTPgNQk+VDU/c26sBPXElYjZf/fHG\nvzoHvLRcgPmm80BXKFMC5xZSphUx/eh76DTVa4PFC+oGevozemWETCNKqzaMZ1KD\nRgunuYM0SofL0Romu61jtdFyPzyv930mkZ9tzgLI4li8h24xEWvRZmj89RMxNC9i\nwliwNTkic/ifUI/Vwi7ORAefptbOq4iawNVSY634VDCpwNogUuZpcoZjzJP6Ej+F\n13DnoI4cy5B/HiQHJuzsLLKZlcSB2T2F2Ajzg1t7lfMTYDquOzkH1XfQ4oC4sdRN\n8RyKiwt+QK3L7u07M9Hsfm4e8L17Ll95Oa7BNkQL/+9mOOQboY+Zpfg7J6TRWE28\n9Clsz52HRNuB4ozZOcuKvBevEOAb5VH23LdVTRTcImq3FBR3camEEpR93TrreGib\nPdHjGJk8KXBDJ9MU63lRC6BgF92n0/TaL84E1r+SFvWrpkTa5Vg/rGTGn+8q7XDM\nco8rNh8ULmzDB4oONhDTZKdmOrTPZ32BV2b7Ud4GIT7S1udQSTulGlc0u1caJ5tq\nzuV43aWHnhG3ej2ep69jE7abBqJwE/BwS3AQ/cSIG6OkqTCuNZicfjVeRmvUo84j\npYdfW6y66DLYfKrrjLbhAoIBAQD1/cmCkkmkHwOFZbtFS7qiLh1n89u3lpUITyCQ\nb1pIOqZWviM34UK26+KNJBIGkDO69rw6dXHZOzGxB40tsKrhSY088O/QFzZYJS/o\nbdGsshWW7sdNiX0489PVPwfjPHUPyTyKZqW6/i8A6z//nVb7IouNLalheaYbtr2y\nD9MCi8F9buWFToX92aBhDvXj+f6RVHcTNzOD7wpAUa1vZBmbCgfd5bW7heywhMJD\nMGDIo6XtrKrzspZrs2GeSxytOiz4H+gVear8mYNoplnyudsYzn9+qEqmeK/4pA1q\ndqKZsQoGDx5APWn51B7OpcSs0ERTRSFzxfBh4nYy7S8jeh0HAoIBAQD9qm+hZwZm\n5kSRkttiPC10WyNKRXWsKIPDo+Bh+6MPZXeFUC0haL9u82aCyQZJYiuMoyWCNN2V\nH4O1A8iZOHVju19EEfNi/u4SstrnT5+XGBRBJFZaUAXSNpBPeeTucigZMnebgzpK\nN6Ho8lip5t0rUH0AJFAxfsyWonJeNhyfxddV6oHto26TVcJA9ksF0qTuF0NEgxva\nKCwOdgWsRKrskMUJArAw+YgIjUt2N6gCaczuK/AT1WLPdVFKRnGz9iEbht2TT2/2\n3tZKR5IXRBeIJ9f00HuoLqWtidBtaQSBsJ7tZPMXs6FRBoqq+Ft65uiqJA4e5eVU\n3ntrRuWhD0V/AoIBAQDlG7VGDlfWKyiNYt3TwZ+XE5pByoc2a2Js9b2fqIaOxUlN\nexO0JPKNCg/cYt8DC+WSWeGgFOivaYlzl1PvXR8aavXH76N7zVLJMAF52mayEL84\n7zXjSo29sKL4dxcylol05Xmkccwj6EAA/BqESZfMmTUejYu3hKSoJUByinh+Y4oX\n+GR/D06OytWr8FImPh3SX7fzxrMNS2Lh2vDM0Y9jrij7i8oCWM7E7TE9gN5zoK+X\nOP2Tsh6VOuJNmymfUZK2moj/D22ojJYurtkRz/Z3GUT3w2ibucYzrx/rq4jv2ks6\nr3P+YvTEQcNbtlsClYs9fyKUAKRNlq196xi/UymbAoIBAQDza5yX/C+OiyX9tDnG\neQz9fX/OA/256V8YXKg0HrAJVEtvqNLGHqilpfkXRCU+QnCcEuspmeWQ9p8DE9Bq\nCF3OCL6QqdEvjIeVdgDOu//flIHLST18iRIs+aNeQRDJKM8F7wIMP8+t7Nj4m6ct\n05clu6VYf4BdHtrhKp4pfi/Vupq7ncB09MJlrIQupqqzucH/oF8y3cXagXZVojgr\nafHD9eC+ls/RD4PVARILLbmSJ0k6vPszbS/W+TO63QK7uVNoAPGcLTy6YHiu6yNs\nJDGYvPNlwLMJX0opz/gtJfvnIEBCev80HXKOOILVMmNG+1MGAndyexapbJ5vAafV\n+LutAoIBAQDhbPE6YofuSk1mpcSlxcWQ0uFQ6ZcfM6idUUsJkvhds0waSmFRVOSh\ni8cJg7kYHbht1RNPxRpkAm72eHgVtmKgn0Wy1fTlecdAAQgCP0JOkJqC6oaCY009\nIk7baRPRvieXZxSwIW7SZf6VnYmG2ctrXb8yy0EhRYCBMZm/4WVVtVxcKynTaD5K\n3bkrK8oauMcvfz/II0oNSQxCpuO99NrqipkDau7DfyLRF6zG8tZFvWExJuFh9wff\n8fLDae4X4TOb7c4Feqe0YpqrgcGYy5Ouurr0Wdijlj8Vb97RHVAcb4BEq+yyHUgo\nm5fp3QMoJAo6Oz5S/+esgHZwZ1LFzclf\n-----END PRIVATE KEY-----\n",
            "public_key_fingerprint_md5": "1b:0a:f6:d4:54:c0:ac:0a:7d:81:5c:55:d7:39:4b:ae",
            "public_key_fingerprint_sha256": "SHA256:E5PYOfKVtuHXP1EcCKy7yZzquwXCmffjSrkfFq7ZIRs",
            "public_key_openssh": "ssh-rsa AAAAB3NzaC1yc2EAAAADAQABAAACAQDzv5Xx/UKHjDWoQeYlyNmdpivdwu9tOHYcrUnBIY3M4kv3PeLtkE51QEk9baD3p6aJ1q0CHmOZ+1gGgKiF+NJDOAts0Y+B9u5IlbNpDeWsm5DOK+iAJMIA4LW19YolTGMdzgUlLZ9z80WhtceBkKua59fXcoFRsTQuT0FtNaDqxz6QICmntUamE8XZwAp4tZKeGIvH+SVZjXzXazDN8K0lqOE333Cm8+JCoaSpyl6dizYzOYlaJ8sAvZ1xuJFdqFBl9PuTLt1bYNr94x18/L6RdTCxUJgWzNbGknypBGlDrPgW6Af36MLSnHaFIbpZ+3NhDOHR8BaJmNvw2rxhW6R0fObZezR2HHq4+JXCoXR3K5CDiuu+LAuE9Pb/vqF3tXkOzoz2UAiYlvSFrLO6542FfXfmgVC5TLS8hL+wrEHw2kbhB9HifsfrGkBhZ9A1iVKRppd8i0mvEBDnDN1es0eKFPye8c+TNdq7d+YKyCG4oKhS/UsZP9goqXYcPHiZQ6UetQyLIyfWX/ZDj4abUpgrjw/39i9x1SqI/qKQQ1So3RkrNkXalKWph/IX1zFZdwrYCFdAdEX/riZG09wvaH+duxx0IOEPN6CbZ+rX4bgY//DYDe7l+Io696h+9ErWRGKn6Hm+efpyucORLLN1z23EVpfWHKYUlEeHXSCendBJeQ==\n",
            "public_key_pem": "-----BEGIN PUBLIC KEY-----\nMIICIjANBgkqhkiG9w0BAQEFAAOCAg8AMIICCgKCAgEA87+V8f1Ch4w1qEHmJcjZ\nnaYr3cLvbTh2HK1JwSGNzOJL9z3i7ZBOdUBJPW2g96emidatAh5jmftYBoCohfjS\nQzgLbNGPgfbuSJWzaQ3lrJuQzivogCTCAOC1tfWKJUxjHc4FJS2fc/NFobXHgZCr\nmufX13KBUbE0Lk9BbTWg6sc+kCApp7VGphPF2cAKeLWSnhiLx/klWY1812swzfCt\nJajhN99wpvPiQqGkqcpenYs2MzmJWifLAL2dcbiRXahQZfT7ky7dW2Da/eMdfPy+\nkXUwsVCYFszWxpJ8qQRpQ6z4FugH9+jC0px2hSG6WftzYQzh0fAWiZjb8Nq8YVuk\ndHzm2Xs0dhx6uPiVwqF0dyuQg4rrviwLhPT2/76hd7V5Ds6M9lAImJb0hayzuueN\nhX135oFQuUy0vIS/sKxB8NpG4QfR4n7H6xpAYWfQNYlSkaaXfItJrxAQ5wzdXrNH\nihT8nvHPkzXau3fmCsghuKCoUv1LGT/YKKl2HDx4mUOlHrUMiyMn1l/2Q4+Gm1KY\nK48P9/YvcdUqiP6ikENUqN0ZKzZF2pSlqYfyF9cxWXcK2AhXQHRF/64mRtPcL2h/\nnbscdCDhDzegm2fq1+G4GP/w2A3u5fiKOveofvRK1kRip+h5vnn6crnDkSyzdc9t\nxFaX1hymFJRHh10gnp3QSXkCAwEAAQ==\n-----END PUBLIC KEY-----\n",
            "rsa_bits": 4096
          },
          "sensitive_attributes": [
            [
              {
                "type": "get_attr",
                "value": "private_key_pem"
              }
            ],
            [
              {
                "type": "get_attr",
                "value": "private_key_pem_pkcs8"
              }
            ],
            [
              {
                "type": "get_attr",
                "value": "private_key_openssh"
              }
            ]
          ]
        }
      ]
    }
  ],
  "check_results": null
}
