{
  "version": 4,
  "terraform_version": "1.10.0",
  "serial": 321,
  "lineage": "305ee6d1-8593-9286-cdd8-62b38f2bfebd",
  "outputs": {
    "bootstrap_brokers": {
      "value": "boot-bvneot5o.c1.kafka-serverless.ap-south-1.amazonaws.com:9098",
      "type": "string"
    },
    "consumer_instance_id": {
      "value": "i-04ac4be6fb8858e81",
      "type": "string"
    },
    "consumer_public_ip": {
      "value": "15.252.16.136",
      "type": "string"
    },
    "consumer_ssh_command": {
      "value": "ssh -i ././kafka-serverless.pem ec2-user@15.252.16.136",
      "type": "string"
    },
    "producer_instance_id": {
      "value": "i-0b8b4d8a33350a91d",
      "type": "string"
    },
    "producer_public_ip": {
      "value": "3.108.184.33",
      "type": "string"
    },
    "producer_ssh_command": {
      "value": "ssh -i ././kafka-serverless.pem ec2-user@3.108.184.33",
      "type": "string"
    }
  },
  "resources": [
    {
      "mode": "data",
      "type": "aws_ami",
      "name": "amazon_linux",
      "provider": "provider[\"registry.terraform.io/hashicorp/aws\"]",
      "instances": [
        {
          "schema_version": 0,
          "attributes": {
            "allow_unsafe_filter": null,
            "architecture": "x86_64",
            "arn": "arn:aws:ec2:ap-south-1::image/ami-08e8e63035c905918",
            "block_device_mappings": [
              {
                "device_name": "/dev/xvda",
                "ebs": {
                  "delete_on_termination": "true",
                  "encrypted": "false",
                  "iops": "3000",
                  "snapshot_id": "snap-056e08f9920b898d6",
                  "throughput": "125",
                  "volume_initialization_rate": "0",
                  "volume_size": "2",
                  "volume_type": "gp3"
                },
                "no_device": "",
                "virtual_name": ""
              }
            ],
            "boot_mode": "uefi-preferred",
            "creation_date": "2026-07-24T02:46:28.000Z",
            "deprecation_time": "2026-10-22T02:52:00.000Z",
            "description": "Amazon Linux 2023 AMI 2023.12.20260724.0 x86_64 Minimal HVM kernel-6.18",
            "ena_support": true,
            "executable_users": null,
            "filter": [
              {
                "name": "name",
                "values": [
                  "al2023-ami-*-x86_64"
                ]
              }
            ],
            "hypervisor": "xen",
            "id": "ami-08e8e63035c905918",
            "image_id": "ami-08e8e63035c905918",
            "image_location": "amazon/al2023-ami-minimal-2023.12.20260724.0-kernel-6.18-x86_64",
            "image_owner_alias": "amazon",
            "image_type": "machine",
            "imds_support": "v2.0",
            "include_deprecated": false,
            "kernel_id": "",
            "last_launched_time": "",
            "most_recent": true,
            "name": "al2023-ami-minimal-2023.12.20260724.0-kernel-6.18-x86_64",
            "name_regex": null,
            "owner_id": "137112412989",
            "owners": [
              "amazon"
            ],
            "platform": "",
            "platform_details": "Linux/UNIX",
            "product_codes": [],
            "public": true,
            "ramdisk_id": "",
            "region": "ap-south-1",
            "root_device_name": "/dev/xvda",
            "root_device_type": "ebs",
            "root_snapshot_id": "snap-056e08f9920b898d6",
            "sriov_net_support": "simple",
            "state": "available",
            "state_reason": {
              "code": "UNSET",
              "message": "UNSET"
            },
            "tags": {},
            "timeouts": null,
            "tpm_support": "",
            "uefi_data": null,
            "usage_operation": "RunInstances",
            "virtualization_type": "hvm"
          },
          "sensitive_attributes": []
        }
      ]
    },
    {
      "mode": "data",
      "type": "aws_availability_zones",
      "name": "available",
      "provider": "provider[\"registry.terraform.io/hashicorp/aws\"]",
      "instances": [
        {
          "schema_version": 0,
          "attributes": {
            "all_availability_zones": null,
            "exclude_names": null,
            "exclude_zone_ids": null,
            "filter": null,
            "group_names": [
              "ap-south-1-zg-1"
            ],
            "id": "ap-south-1",
            "names": [
              "ap-south-1a",
              "ap-south-1b",
              "ap-south-1c"
            ],
            "region": "ap-south-1",
            "state": "available",
            "timeouts": null,
            "zone_ids": [
              "aps1-az1",
              "aps1-az3",
              "aps1-az2"
            ]
          },
          "sensitive_attributes": []
        }
      ]
    },
    {
      "mode": "data",
      "type": "aws_iam_policy_document",
      "name": "assume_role",
      "provider": "provider[\"registry.terraform.io/hashicorp/aws\"]",
      "instances": [
        {
          "schema_version": 0,
          "attributes": {
            "id": "2851119427",
            "json": "{\n  \"Version\": \"2012-10-17\",\n  \"Statement\": [\n    {\n      \"Effect\": \"Allow\",\n      \"Action\": \"sts:AssumeRole\",\n      \"Principal\": {\n        \"Service\": \"ec2.amazonaws.com\"\n      }\n    }\n  ]\n}",
            "minified_json": "{\"Version\":\"2012-10-17\",\"Statement\":[{\"Effect\":\"Allow\",\"Action\":\"sts:AssumeRole\",\"Principal\":{\"Service\":\"ec2.amazonaws.com\"}}]}",
            "override_json": null,
            "override_policy_documents": null,
            "policy_id": null,
            "source_json": null,
            "source_policy_documents": null,
            "statement": [
              {
                "actions": [
                  "sts:AssumeRole"
                ],
                "condition": [],
                "effect": "Allow",
                "not_actions": [],
                "not_principals": [],
                "not_resources": [],
                "principals": [
                  {
                    "identifiers": [
                      "ec2.amazonaws.com"
                    ],
                    "type": "Service"
                  }
                ],
                "resources": [],
                "sid": ""
              }
            ],
            "version": "2012-10-17"
          },
          "sensitive_attributes": []
        }
      ]
    },
    {
      "mode": "managed",
      "type": "aws_cloudwatch_log_group",
      "name": "kafka",
      "provider": "provider[\"registry.terraform.io/hashicorp/aws\"]",
      "instances": [
        {
          "schema_version": 0,
          "attributes": {
            "arn": "arn:aws:logs:ap-south-1:741448939728:log-group:/aws/msk/kafka-serverless",
            "deletion_protection_enabled": false,
            "id": "/aws/msk/kafka-serverless",
            "kms_key_id": "",
            "log_group_class": "STANDARD",
            "name": "/aws/msk/kafka-serverless",
            "name_prefix": "",
            "region": "ap-south-1",
            "retention_in_days": 14,
            "skip_destroy": false,
            "tags": {},
            "tags_all": {
              "Environment": "dev",
              "Owner": "DataEngineering",
              "Project": "kafka-serverless",
              "Terraform": "true"
            }
          },
          "sensitive_attributes": [],
          "private": "bnVsbA=="
        }
      ]
    },
    {
      "mode": "managed",
      "type": "aws_eip",
      "name": "nat",
      "provider": "provider[\"registry.terraform.io/hashicorp/aws\"]",
      "instances": [
        {
          "schema_version": 0,
          "attributes": {
            "address": null,
            "allocation_id": "eipalloc-08d5058515dcf6c56",
            "arn": "arn:aws:ec2:ap-south-1:741448939728:elastic-ip/eipalloc-08d5058515dcf6c56",
            "associate_with_private_ip": null,
            "association_id": "eipassoc-040cca588d487744d",
            "carrier_ip": "",
            "customer_owned_ip": "",
            "customer_owned_ipv4_pool": "",
            "domain": "vpc",
            "id": "eipalloc-08d5058515dcf6c56",
            "instance": "",
            "ipam_pool_id": "",
            "network_border_group": "ap-south-1",
            "network_interface": "eni-080ba122387152151",
            "private_dns": "ip-10-0-1-123.ap-south-1.compute.internal",
            "private_ip": "10.0.1.123",
            "ptr_record": "",
            "public_dns": "ec2-3-7-163-150.ap-south-1.compute.amazonaws.com",
            "public_ip": "3.7.163.150",
            "public_ipv4_pool": "amazon",
            "region": "ap-south-1",
            "tags": {
              "Name": "kafka-serverless-nat-eip"
            },
            "tags_all": {
              "Environment": "dev",
              "Name": "kafka-serverless-nat-eip",
              "Owner": "DataEngineering",
              "Project": "kafka-serverless",
              "Terraform": "true"
            },
            "timeouts": null
          },
          "sensitive_attributes": [],
          "private": "eyJlMmJmYjczMC1lY2FhLTExZTYtOGY4OC0zNDM2M2JjN2M0YzAiOnsiZGVsZXRlIjoxODAwMDAwMDAwMDAsInJlYWQiOjkwMDAwMDAwMDAwMCwidXBkYXRlIjozMDAwMDAwMDAwMDB9fQ==",
          "dependencies": [
            "aws_internet_gateway.igw",
            "aws_vpc.main"
          ]
        }
      ]
    },
    {
      "mode": "managed",
      "type": "aws_iam_instance_profile",
      "name": "consumer",
      "provider": "provider[\"registry.terraform.io/hashicorp/aws\"]",
      "instances": [
        {
          "schema_version": 0,
          "attributes": {
            "arn": "arn:aws:iam::741448939728:instance-profile/kafka-serverless-consumer-profile",
            "create_date": "2026-07-26T15:54:32Z",
            "id": "kafka-serverless-consumer-profile",
            "name": "kafka-serverless-consumer-profile",
            "name_prefix": "",
            "path": "/",
            "role": "kafka-serverless-consumer-role",
            "tags": {},
            "tags_all": {
              "Environment": "dev",
              "Owner": "DataEngineering",
              "Project": "kafka-serverless",
              "Terraform": "true"
            },
            "unique_id": "AIPA2ZIOM7DIDCYRXFIIF"
          },
          "sensitive_attributes": [],
          "private": "bnVsbA==",
          "dependencies": [
            "aws_iam_role.consumer",
            "data.aws_iam_policy_document.assume_role"
          ]
        }
      ]
    },
    {
      "mode": "managed",
      "type": "aws_iam_instance_profile",
      "name": "producer",
      "provider": "provider[\"registry.terraform.io/hashicorp/aws\"]",
      "instances": [
        {
          "schema_version": 0,
          "attributes": {
            "arn": "arn:aws:iam::741448939728:instance-profile/kafka-serverless-producer-profile",
            "create_date": "2026-07-26T15:54:32Z",
            "id": "kafka-serverless-producer-profile",
            "name": "kafka-serverless-producer-profile",
            "name_prefix": "",
            "path": "/",
            "role": "kafka-serverless-producer-role",
            "tags": {},
            "tags_all": {
              "Environment": "dev",
              "Owner": "DataEngineering",
              "Project": "kafka-serverless",
              "Terraform": "true"
            },
            "unique_id": "AIPA2ZIOM7DIGPRAORGWO"
          },
          "sensitive_attributes": [],
          "private": "bnVsbA==",
          "dependencies": [
            "aws_iam_role.producer",
            "data.aws_iam_policy_document.assume_role"
          ]
        }
      ]
    },
    {
      "mode": "managed",
      "type": "aws_iam_policy",
      "name": "msk_access",
      "provider": "provider[\"registry.terraform.io/hashicorp/aws\"]",
      "instances": [
        {
          "schema_version": 0,
          "attributes": {
            "arn": "arn:aws:iam::741448939728:policy/kafka-serverless-msk-serverless",
            "attachment_count": 2,
            "delay_after_policy_creation_in_ms": null,
            "description": "",
            "id": "arn:aws:iam::741448939728:policy/kafka-serverless-msk-serverless",
            "name": "kafka-serverless-msk-serverless",
            "name_prefix": "",
            "path": "/",
            "policy": "{\"Statement\":[{\"Action\":[\"kafka:GetBootstrapBrokers\",\"kafka:DescribeCluster\",\"kafka-cluster:Connect\",\"kafka-cluster:DescribeCluster\",\"kafka-cluster:ReadData\",\"kafka-cluster:WriteData\",\"kafka-cluster:CreateTopic\",\"kafka-cluster:DescribeTopic\"],\"Effect\":\"Allow\",\"Resource\":\"*\"}],\"Version\":\"2012-10-17\"}",
            "policy_id": "ANPA2ZIOM7DIG4LMEAJC6",
            "tags": {},
            "tags_all": {
              "Environment": "dev",
              "Owner": "DataEngineering",
              "Project": "kafka-serverless",
              "Terraform": "true"
            }
          },
          "sensitive_attributes": [],
          "private": "bnVsbA=="
        }
      ]
    },
    {
      "mode": "managed",
      "type": "aws_iam_role",
      "name": "consumer",
      "provider": "provider[\"registry.terraform.io/hashicorp/aws\"]",
      "instances": [
        {
          "schema_version": 0,
          "attributes": {
            "arn": "arn:aws:iam::741448939728:role/kafka-serverless-consumer-role",
            "assume_role_policy": "{\"Statement\":[{\"Action\":\"sts:AssumeRole\",\"Effect\":\"Allow\",\"Principal\":{\"Service\":\"ec2.amazonaws.com\"}}],\"Version\":\"2012-10-17\"}",
            "create_date": "2026-07-26T15:54:31Z",
            "description": "",
            "force_detach_policies": false,
            "id": "kafka-serverless-consumer-role",
            "inline_policy": [],
            "managed_policy_arns": [
              "arn:aws:iam::741448939728:policy/kafka-serverless-msk-serverless",
              "arn:aws:iam::aws:policy/AmazonSSMManagedInstanceCore"
            ],
            "max_session_duration": 3600,
            "name": "kafka-serverless-consumer-role",
            "name_prefix": "",
            "path": "/",
            "permissions_boundary": "",
            "tags": {},
            "tags_all": {
              "Environment": "dev",
              "Owner": "DataEngineering",
              "Project": "kafka-serverless",
              "Terraform": "true"
            },
            "unique_id": "AROA2ZIOM7DIDMXYO2CQG"
          },
          "sensitive_attributes": [],
          "private": "bnVsbA==",
          "dependencies": [
            "data.aws_iam_policy_document.assume_role"
          ]
        }
      ]
    },
    {
      "mode": "managed",
      "type": "aws_iam_role",
      "name": "producer",
      "provider": "provider[\"registry.terraform.io/hashicorp/aws\"]",
      "instances": [
        {
          "schema_version": 0,
          "attributes": {
            "arn": "arn:aws:iam::741448939728:role/kafka-serverless-producer-role",
            "assume_role_policy": "{\"Statement\":[{\"Action\":\"sts:AssumeRole\",\"Effect\":\"Allow\",\"Principal\":{\"Service\":\"ec2.amazonaws.com\"}}],\"Version\":\"2012-10-17\"}",
            "create_date": "2026-07-26T15:54:31Z",
            "description": "",
            "force_detach_policies": false,
            "id": "kafka-serverless-producer-role",
            "inline_policy": [],
            "managed_policy_arns": [
              "arn:aws:iam::741448939728:policy/kafka-serverless-msk-serverless",
              "arn:aws:iam::aws:policy/AmazonSSMManagedInstanceCore"
            ],
            "max_session_duration": 3600,
            "name": "kafka-serverless-producer-role",
            "name_prefix": "",
            "path": "/",
            "permissions_boundary": "",
            "tags": {},
            "tags_all": {
              "Environment": "dev",
              "Owner": "DataEngineering",
              "Project": "kafka-serverless",
              "Terraform": "true"
            },
            "unique_id": "AROA2ZIOM7DINVK3KOUFQ"
          },
          "sensitive_attributes": [],
          "private": "bnVsbA==",
          "dependencies": [
            "data.aws_iam_policy_document.assume_role"
          ]
        }
      ]
    },
    {
      "mode": "managed",
      "type": "aws_iam_role_policy_attachment",
      "name": "consumer_msk",
      "provider": "provider[\"registry.terraform.io/hashicorp/aws\"]",
      "instances": [
        {
          "schema_version": 0,
          "attributes": {
            "id": "kafka-serverless-consumer-role/arn:aws:iam::741448939728:policy/kafka-serverless-msk-serverless",
            "policy_arn": "arn:aws:iam::741448939728:policy/kafka-serverless-msk-serverless",
            "role": "kafka-serverless-consumer-role"
          },
          "sensitive_attributes": [],
          "private": "bnVsbA==",
          "dependencies": [
            "aws_iam_policy.msk_access",
            "aws_iam_role.consumer",
            "data.aws_iam_policy_document.assume_role"
          ]
        }
      ]
    },
    {
      "mode": "managed",
      "type": "aws_iam_role_policy_attachment",
      "name": "consumer_ssm",
      "provider": "provider[\"registry.terraform.io/hashicorp/aws\"]",
      "instances": [
        {
          "schema_version": 0,
          "attributes": {
            "id": "kafka-serverless-consumer-role/arn:aws:iam::aws:policy/AmazonSSMManagedInstanceCore",
            "policy_arn": "arn:aws:iam::aws:policy/AmazonSSMManagedInstanceCore",
            "role": "kafka-serverless-consumer-role"
          },
          "sensitive_attributes": [],
          "private": "bnVsbA==",
          "dependencies": [
            "aws_iam_role.consumer",
            "data.aws_iam_policy_document.assume_role"
          ]
        }
      ]
    },
    {
      "mode": "managed",
      "type": "aws_iam_role_policy_attachment",
      "name": "producer_msk",
      "provider": "provider[\"registry.terraform.io/hashicorp/aws\"]",
      "instances": [
        {
          "schema_version": 0,
          "attributes": {
            "id": "kafka-serverless-producer-role/arn:aws:iam::741448939728:policy/kafka-serverless-msk-serverless",
            "policy_arn": "arn:aws:iam::741448939728:policy/kafka-serverless-msk-serverless",
            "role": "kafka-serverless-producer-role"
          },
          "sensitive_attributes": [],
          "private": "bnVsbA==",
          "dependencies": [
            "aws_iam_policy.msk_access",
            "aws_iam_role.producer",
            "data.aws_iam_policy_document.assume_role"
          ]
        }
      ]
    },
    {
      "mode": "managed",
      "type": "aws_iam_role_policy_attachment",
      "name": "producer_ssm",
      "provider": "provider[\"registry.terraform.io/hashicorp/aws\"]",
      "instances": [
        {
          "schema_version": 0,
          "attributes": {
            "id": "kafka-serverless-producer-role/arn:aws:iam::aws:policy/AmazonSSMManagedInstanceCore",
            "policy_arn": "arn:aws:iam::aws:policy/AmazonSSMManagedInstanceCore",
            "role": "kafka-serverless-producer-role"
          },
          "sensitive_attributes": [],
          "private": "bnVsbA==",
          "dependencies": [
            "aws_iam_role.producer",
            "data.aws_iam_policy_document.assume_role"
          ]
        }
      ]
    },
    {
      "mode": "managed",
      "type": "aws_instance",
      "name": "consumer",
      "provider": "provider[\"registry.terraform.io/hashicorp/aws\"]",
      "instances": [
        {
          "schema_version": 2,
          "attributes": {
            "ami": "ami-08e8e63035c905918",
            "arn": "arn:aws:ec2:ap-south-1:741448939728:instance/i-04ac4be6fb8858e81",
            "associate_public_ip_address": true,
            "availability_zone": "ap-south-1b",
            "capacity_reservation_specification": [
              {
                "capacity_reservation_preference": "open",
                "capacity_reservation_target": []
              }
            ],
            "cpu_options": [
              {
                "amd_sev_snp": "",
                "core_count": 1,
                "nested_virtualization": "",
                "threads_per_core": 2
              }
            ],
            "credit_specification": [
              {
                "cpu_credits": "unlimited"
              }
            ],
            "disable_api_stop": false,
            "disable_api_termination": false,
            "ebs_block_device": [],
            "ebs_optimized": false,
            "enable_primary_ipv6": null,
            "enclave_options": [
              {
                "enabled": false
              }
            ],
            "ephemeral_block_device": [],
            "force_destroy": false,
            "get_password_data": false,
            "hibernation": false,
            "host_id": "",
            "host_resource_group_arn": null,
            "iam_instance_profile": "kafka-serverless-consumer-profile",
            "id": "i-04ac4be6fb8858e81",
            "instance_initiated_shutdown_behavior": "stop",
            "instance_lifecycle": "",
            "instance_market_options": [],
            "instance_state": "running",
            "instance_type": "t3.medium",
            "ipv6_address_count": 0,
            "ipv6_addresses": [],
            "key_name": "kafka-serverless-key",
            "launch_template": [],
            "maintenance_options": [
              {
                "auto_recovery": "default"
              }
            ],
            "metadata_options": [
              {
                "http_endpoint": "enabled",
                "http_protocol_ipv6": "disabled",
                "http_put_response_hop_limit": 2,
                "http_tokens": "required",
                "instance_metadata_tags": "disabled"
              }
            ],
            "monitoring": false,
            "network_interface": [],
            "outpost_arn": "",
            "password_data": "",
            "placement_group": "",
            "placement_group_id": "",
            "placement_partition_number": 0,
            "primary_network_interface": [
              {
                "delete_on_termination": true,
                "network_interface_id": "eni-039def8ecf404568f"
              }
            ],
            "primary_network_interface_id": "eni-039def8ecf404568f",
            "private_dns": "ip-10-0-2-224.ap-south-1.compute.internal",
            "private_dns_name_options": [
              {
                "enable_resource_name_dns_a_record": false,
                "enable_resource_name_dns_aaaa_record": false,
                "hostname_type": "ip-name"
              }
            ],
            "private_ip": "10.0.2.224",
            "public_dns": "ec2-15-252-16-136.ap-south-1.compute.amazonaws.com",
            "public_ip": "15.252.16.136",
            "region": "ap-south-1",
            "root_block_device": [
              {
                "delete_on_termination": true,
                "device_name": "/dev/xvda",
                "encrypted": false,
                "iops": 3000,
                "kms_key_id": "",
                "tags": {
                  "Environment": "dev",
                  "Owner": "DataEngineering",
                  "Project": "kafka-serverless",
                  "Terraform": "true"
                },
                "tags_all": {
                  "Environment": "dev",
                  "Owner": "DataEngineering",
                  "Project": "kafka-serverless",
                  "Terraform": "true"
                },
                "throughput": 125,
                "volume_id": "vol-010322b67bdafa8eb",
                "volume_size": 2,
                "volume_type": "gp3"
              }
            ],
            "secondary_network_interface": [],
            "secondary_private_ips": [],
            "security_groups": [],
            "source_dest_check": true,
            "spot_instance_request_id": "",
            "subnet_id": "subnet-0cb3d645730eefca6",
            "tags": {
              "Name": "consumer"
            },
            "tags_all": {
              "Environment": "dev",
              "Name": "consumer",
              "Owner": "DataEngineering",
              "Project": "kafka-serverless",
              "Terraform": "true"
            },
            "tenancy": "default",
            "timeouts": null,
            "user_data": "#!/bin/bash\nset -e\n\nif [ \"$(id -u)\" -ne 0 ]; then\n  echo \"Re-running as root...\"\n  exec sudo bash \"$0\" \"$@\"\nfi\n\nLOG_FILE=\"/var/log/user-data.log\"\nif [ \"$EUID\" -ne 0 ]; then\n  LOG_FILE=\"$HOME/user-data.log\"\nfi\n\nexec \u003e \u003e(tee -a \"$LOG_FILE\") 2\u003e\u00261\n\necho \"Updating system...\"\ndnf update -y\n\necho \"Installing Java...\"\ndnf install -y java-17-amazon-corretto\n\necho \"Installing tools...\"\ndnf install -y wget git unzip jq awscli\n\ncd /opt\n\necho \"Downloading Kafka...\"\n\nwget -O kafka_2.13-3.7.0.tgz https://archive.apache.org/dist/kafka/3.7.0/kafka_2.13-3.7.0.tgz\n\ntar -xzf kafka_2.13-3.7.0.tgz\n\nmv kafka_2.13-3.7.0 kafka\n\nmkdir -p /opt/kafka/libs\n\necho \"Downloading MSK IAM Auth library...\"\n\nwget -O /opt/kafka/libs/aws-msk-iam-auth.jar \\\nhttps://github.com/aws/aws-msk-iam-auth/releases/download/v2.2.0/aws-msk-iam-auth-2.2.0-all.jar\n\ncat \u003c\u003cEOF \u003e/opt/kafka/client.properties\n\nsecurity.protocol=SASL_SSL\n\nsasl.mechanism=AWS_MSK_IAM\n\nsasl.jaas.config=software.amazon.msk.auth.iam.IAMLoginModule required;\n\nsasl.client.callback.handler.class=software.amazon.msk.auth.iam.IAMClientCallbackHandler\n\nEOF\n\ncat \u003c\u003c'EOF' \u003e/home/ec2-user/consume.sh\n#!/bin/bash\n\nBOOTSTRAP=\"$1\"\n\nTOPIC=\"${2:-demo-topic}\"\n\ncd /opt/kafka\n\nbin/kafka-console-consumer.sh \\\n--bootstrap-server ${BOOTSTRAP} \\\n--consumer.config client.properties \\\n--topic ${TOPIC} \\\n--from-beginning\nEOF\n\nchmod +x /home/ec2-user/consume.sh\n\nchown ec2-user:ec2-user /home/ec2-user/consume.sh\n\necho \"Consumer installation completed.\"",
            "user_data_base64": null,
            "user_data_replace_on_change": false,
            "volume_tags": null,
            "vpc_security_group_ids": [
              "sg-07e39c0af7449fba6"
            ]
          },
          "sensitive_attributes": [],
          "private": "eyJlMmJmYjczMC1lY2FhLTExZTYtOGY4OC0zNDM2M2JjN2M0YzAiOnsiY3JlYXRlIjo2MDAwMDAwMDAwMDAsImRlbGV0ZSI6MTIwMDAwMDAwMDAwMCwicmVhZCI6OTAwMDAwMDAwMDAwLCJ1cGRhdGUiOjYwMDAwMDAwMDAwMH0sInNjaGVtYV92ZXJzaW9uIjoiMiJ9",
          "dependencies": [
            "aws_iam_instance_profile.consumer",
            "aws_iam_role.consumer",
            "aws_key_pair.kafka",
            "aws_security_group.consumer",
            "aws_subnet.public",
            "aws_vpc.main",
            "data.aws_ami.amazon_linux",
            "data.aws_availability_zones.available",
            "data.aws_iam_policy_document.assume_role",
            "tls_private_key.kafka"
          ]
        }
      ]
    },
    {
      "mode": "managed",
      "type": "aws_instance",
      "name": "producer",
      "provider": "provider[\"registry.terraform.io/hashicorp/aws\"]",
      "instances": [
        {
          "schema_version": 2,
          "attributes": {
            "ami": "ami-08e8e63035c905918",
            "arn": "arn:aws:ec2:ap-south-1:741448939728:instance/i-0b8b4d8a33350a91d",
            "associate_public_ip_address": true,
            "availability_zone": "ap-south-1a",
            "capacity_reservation_specification": [
              {
                "capacity_reservation_preference": "open",
                "capacity_reservation_target": []
              }
            ],
            "cpu_options": [
              {
                "amd_sev_snp": "",
                "core_count": 1,
                "nested_virtualization": "",
                "threads_per_core": 2
              }
            ],
            "credit_specification": [
              {
                "cpu_credits": "unlimited"
              }
            ],
            "disable_api_stop": false,
            "disable_api_termination": false,
            "ebs_block_device": [],
            "ebs_optimized": false,
            "enable_primary_ipv6": null,
            "enclave_options": [
              {
                "enabled": false
              }
            ],
            "ephemeral_block_device": [],
            "force_destroy": false,
            "get_password_data": false,
            "hibernation": false,
            "host_id": "",
            "host_resource_group_arn": null,
            "iam_instance_profile": "kafka-serverless-producer-profile",
            "id": "i-0b8b4d8a33350a91d",
            "instance_initiated_shutdown_behavior": "stop",
            "instance_lifecycle": "",
            "instance_market_options": [],
            "instance_state": "running",
            "instance_type": "t3.medium",
            "ipv6_address_count": 0,
            "ipv6_addresses": [],
            "key_name": "kafka-serverless-key",
            "launch_template": [],
            "maintenance_options": [
              {
                "auto_recovery": "default"
              }
            ],
            "metadata_options": [
              {
                "http_endpoint": "enabled",
                "http_protocol_ipv6": "disabled",
                "http_put_response_hop_limit": 2,
                "http_tokens": "required",
                "instance_metadata_tags": "disabled"
              }
            ],
            "monitoring": false,
            "network_interface": [],
            "outpost_arn": "",
            "password_data": "",
            "placement_group": "",
            "placement_group_id": "",
            "placement_partition_number": 0,
            "primary_network_interface": [
              {
                "delete_on_termination": true,
                "network_interface_id": "eni-0dfdb4333458b83a2"
              }
            ],
            "primary_network_interface_id": "eni-0dfdb4333458b83a2",
            "private_dns": "ip-10-0-1-207.ap-south-1.compute.internal",
            "private_dns_name_options": [
              {
                "enable_resource_name_dns_a_record": false,
                "enable_resource_name_dns_aaaa_record": false,
                "hostname_type": "ip-name"
              }
            ],
            "private_ip": "10.0.1.207",
            "public_dns": "ec2-3-108-184-33.ap-south-1.compute.amazonaws.com",
            "public_ip": "3.108.184.33",
            "region": "ap-south-1",
            "root_block_device": [
              {
                "delete_on_termination": true,
                "device_name": "/dev/xvda",
                "encrypted": false,
                "iops": 3000,
                "kms_key_id": "",
                "tags": {
                  "Environment": "dev",
                  "Owner": "DataEngineering",
                  "Project": "kafka-serverless",
                  "Terraform": "true"
                },
                "tags_all": {
                  "Environment": "dev",
                  "Owner": "DataEngineering",
                  "Project": "kafka-serverless",
                  "Terraform": "true"
                },
                "throughput": 125,
                "volume_id": "vol-03f58e77fea9725cd",
                "volume_size": 2,
                "volume_type": "gp3"
              }
            ],
            "secondary_network_interface": [],
            "secondary_private_ips": [],
            "security_groups": [],
            "source_dest_check": true,
            "spot_instance_request_id": "",
            "subnet_id": "subnet-0b2db48993001c25d",
            "tags": {
              "Name": "producer"
            },
            "tags_all": {
              "Environment": "dev",
              "Name": "producer",
              "Owner": "DataEngineering",
              "Project": "kafka-serverless",
              "Terraform": "true"
            },
            "tenancy": "default",
            "timeouts": null,
            "user_data": "#!/bin/bash\nset -e\n\nif [ \"$(id -u)\" -ne 0 ]; then\n  echo \"Re-running as root...\"\n  exec sudo bash \"$0\" \"$@\"\nfi\n\nLOG_FILE=\"/var/log/user-data.log\"\nif [ \"$EUID\" -ne 0 ]; then\n  LOG_FILE=\"$HOME/user-data.log\"\nfi\n\nexec \u003e \u003e(tee -a \"$LOG_FILE\") 2\u003e\u00261\n\necho \"Updating system...\"\ndnf update -y\n\necho \"Installing Java...\"\ndnf install -y java-17-amazon-corretto\n\necho \"Installing tools...\"\ndnf install -y wget git unzip jq awscli\n\ncd /opt\n\necho \"Downloading Kafka...\"\nwget -O kafka_2.13-3.7.0.tgz https://archive.apache.org/dist/kafka/3.7.0/kafka_2.13-3.7.0.tgz\n\ntar -xzf kafka_2.13-3.7.0.tgz\n\nmv kafka_2.13-3.7.0 kafka\n\nmkdir -p /opt/kafka/libs\n\necho \"Downloading MSK IAM Auth library...\"\n\nwget -O /opt/kafka/libs/aws-msk-iam-auth.jar \\\nhttps://github.com/aws/aws-msk-iam-auth/releases/download/v2.2.0/aws-msk-iam-auth-2.2.0-all.jar\n\ncat \u003c\u003cEOF \u003e/opt/kafka/client.properties\nsecurity.protocol=SASL_SSL\nsasl.mechanism=AWS_MSK_IAM\nsasl.jaas.config=software.amazon.msk.auth.iam.IAMLoginModule required;\nsasl.client.callback.handler.class=software.amazon.msk.auth.iam.IAMClientCallbackHandler\n\nEOF\n\ncat \u003c\u003c'EOF' \u003e/home/ec2-user/produce.sh\n#!/bin/bash\n\nBOOTSTRAP=\"$1\"\n\nTOPIC=\"${2:-demo-topic}\"\n\nMESSAGE=\"${3:-Hello From Producer}\"\n\ncd /opt/kafka\n\nbin/kafka-topics.sh \\\n  --bootstrap-server ${BOOTSTRAP} \\\n  --command-config client.properties \\\n  --create \\\n  --if-not-exists \\\n  --topic ${TOPIC}\n\necho \"${MESSAGE}\" | \\\nbin/kafka-console-producer.sh \\\n  --bootstrap-server ${BOOTSTRAP} \\\n  --command-config client.properties \\\n  --topic ${TOPIC}\n\necho \"Message sent.\"\nEOF\n\nchmod +x /home/ec2-user/produce.sh\nchown ec2-user:ec2-user /home/ec2-user/produce.sh\necho \"Producer installation completed.\"",
            "user_data_base64": null,
            "user_data_replace_on_change": false,
            "volume_tags": null,
            "vpc_security_group_ids": [
              "sg-01784ab11be5b7256"
            ]
          },
          "sensitive_attributes": [],
          "private": "eyJlMmJmYjczMC1lY2FhLTExZTYtOGY4OC0zNDM2M2JjN2M0YzAiOnsiY3JlYXRlIjo2MDAwMDAwMDAwMDAsImRlbGV0ZSI6MTIwMDAwMDAwMDAwMCwicmVhZCI6OTAwMDAwMDAwMDAwLCJ1cGRhdGUiOjYwMDAwMDAwMDAwMH0sInNjaGVtYV92ZXJzaW9uIjoiMiJ9",
          "dependencies": [
            "aws_iam_instance_profile.producer",
            "aws_iam_role.producer",
            "aws_key_pair.kafka",
            "aws_security_group.producer",
            "aws_subnet.public",
            "aws_vpc.main",
            "data.aws_ami.amazon_linux",
            "data.aws_availability_zones.available",
            "data.aws_iam_policy_document.assume_role",
            "tls_private_key.kafka"
          ]
        }
      ]
    },
    {
      "mode": "managed",
      "type": "aws_internet_gateway",
      "name": "igw",
      "provider": "provider[\"registry.terraform.io/hashicorp/aws\"]",
      "instances": [
        {
          "schema_version": 0,
          "attributes": {
            "arn": "arn:aws:ec2:ap-south-1:741448939728:internet-gateway/igw-0130791de94722ed0",
            "id": "igw-0130791de94722ed0",
            "owner_id": "741448939728",
            "region": "ap-south-1",
            "tags": {
              "Name": "kafka-serverless-igw"
            },
            "tags_all": {
              "Environment": "dev",
              "Name": "kafka-serverless-igw",
              "Owner": "DataEngineering",
              "Project": "kafka-serverless",
              "Terraform": "true"
            },
            "timeouts": null,
            "vpc_id": "vpc-0f8aff77a5dc62cb1"
          },
          "sensitive_attributes": [],
          "private": "eyJlMmJmYjczMC1lY2FhLTExZTYtOGY4OC0zNDM2M2JjN2M0YzAiOnsiY3JlYXRlIjoxMjAwMDAwMDAwMDAwLCJkZWxldGUiOjEyMDAwMDAwMDAwMDAsInVwZGF0ZSI6MTIwMDAwMDAwMDAwMH19",
          "dependencies": [
            "aws_vpc.main"
          ]
        }
      ]
    },
    {
      "mode": "managed",
      "type": "aws_key_pair",
      "name": "kafka",
      "provider": "provider[\"registry.terraform.io/hashicorp/aws\"]",
      "instances": [
        {
          "schema_version": 1,
          "attributes": {
            "arn": "arn:aws:ec2:ap-south-1:741448939728:key-pair/kafka-serverless-key",
            "fingerprint": "14:b9:4e:f3:c1:e8:b2:a8:fd:1a:9c:b0:ff:b9:8b:60",
            "id": "kafka-serverless-key",
            "key_name": "kafka-serverless-key",
            "key_name_prefix": "",
            "key_pair_id": "key-033bfd444d8da4acf",
            "key_type": "rsa",
            "public_key": "ssh-rsa AAAAB3NzaC1yc2EAAAADAQABAAACAQDHIbyhCMvYaJH3qnrpuLtyHMs2mYjDotmG2mhQjKJbGowPrMx5p500sAVulo80RVXLbSKjErICftKtdYtm7VkmxqWxOkpDsnuUX+SYCGovPkI6xDoLBJsr4FPAQnVLcPQva8dSFmylCzdu0qqAQCDCMadR74472Gw9Ry7kBLE/ACQHRmUG0tp6/mfxlOOEauY9Zb3g23GVTuO7TuyFk5iIYqzM2BRz7eoDbrB95kTyXMCTFJRMf5c+TGf/bW0c2foBouBrX9R5ygEYfMwebyTcG/bSXwfNTrJ3QPhTg0CsJ9c1dajR1NriXOWYPiWWBk9oiu1/yfaV9UOEiXB1tWsSWD3tQrqkzwnSx48oRf+b6KVvekVUE7QyaYeLsD9/n7M1F3enaO2g/E3IJao1I+YcKsLu9YtgpHIAc6SrQM77GF6BqFgRTmak6e8u7h9e5aNhEohITqy+eUpSy+LcayV1aaMAXageIIsEGFe3PTQfEUXTLzZblfaJCXH7h8xgdVboY/m9RwYLqLDIYRFTqSMK/J7NKibWl93IyhkL8y8rm5cBfyqTGTsmw02wXyZL0cpa4RhfnCPCqGYz9yY747dka45KDCBfI9x3CuJfBghzU1XlHCGpN+QMmYfsB7Vgvtd6A8oLNncnJd2ghgsh0qfC7cLLabdf6dr/btECIMFVew==",
            "region": "ap-south-1",
            "tags": {},
            "tags_all": {
              "Environment": "dev",
              "Owner": "DataEngineering",
              "Project": "kafka-serverless",
              "Terraform": "true"
            }
          },
          "sensitive_attributes": [],
          "private": "eyJzY2hlbWFfdmVyc2lvbiI6IjEifQ==",
          "dependencies": [
            "tls_private_key.kafka"
          ]
        }
      ]
    },
    {
      "mode": "managed",
      "type": "aws_msk_cluster_policy",
      "name": "firehose",
      "provider": "provider[\"registry.terraform.io/hashicorp/aws\"]",
      "instances": [
        {
          "schema_version": 0,
          "attributes": {
            "cluster_arn": "arn:aws:kafka:ap-south-1:741448939728:cluster/kafka-serverless-cluster/0850d2a0-daf2-4894-943c-f744dfa5414f-s1",
            "current_version": "KTVPDKIKX0DER",
            "id": "arn:aws:kafka:ap-south-1:741448939728:cluster/kafka-serverless-cluster/0850d2a0-daf2-4894-943c-f744dfa5414f-s1",
            "policy": "{\"Statement\":[{\"Action\":[\"kafka:CreateVpcConnection\",\"kafka:GetBootstrapBrokers\"],\"Effect\":\"Allow\",\"Principal\":{\"Service\":\"firehose.amazonaws.com\"},\"Resource\":\"arn:aws:kafka:ap-south-1:741448939728:cluster/kafka-serverless-cluster/0850d2a0-daf2-4894-943c-f744dfa5414f-s1\",\"Sid\":\"AllowFirehoseVpcConnection\"}],\"Version\":\"2012-10-17\"}",
            "region": "ap-south-1"
          },
          "sensitive_attributes": [],
          "private": "bnVsbA==",
          "dependencies": [
            "aws_msk_serverless_cluster.cluster",
            "aws_security_group.consumer",
            "aws_security_group.kafka",
            "aws_security_group.producer",
            "aws_subnet.private",
            "aws_vpc.main",
            "data.aws_availability_zones.available"
          ]
        }
      ]
    },
    {
      "mode": "managed",
      "type": "aws_msk_serverless_cluster",
      "name": "cluster",
      "provider": "provider[\"registry.terraform.io/hashicorp/aws\"]",
      "instances": [
        {
          "schema_version": 0,
          "attributes": {
            "arn": "arn:aws:kafka:ap-south-1:741448939728:cluster/kafka-serverless-cluster/0850d2a0-daf2-4894-943c-f744dfa5414f-s1",
            "bootstrap_brokers_sasl_iam": "boot-bvneot5o.c1.kafka-serverless.ap-south-1.amazonaws.com:9098",
            "client_authentication": [
              {
                "sasl": [
                  {
                    "iam": [
                      {
                        "enabled": true
                      }
                    ]
                  }
                ]
              }
            ],
            "cluster_name": "kafka-serverless-cluster",
            "cluster_uuid": "0850d2a0-daf2-4894-943c-f744dfa5414f-s1",
            "id": "arn:aws:kafka:ap-south-1:741448939728:cluster/kafka-serverless-cluster/0850d2a0-daf2-4894-943c-f744dfa5414f-s1",
            "region": "ap-south-1",
            "tags": {
              "Name": "kafka-serverless-serverless"
            },
            "tags_all": {
              "Environment": "dev",
              "Name": "kafka-serverless-serverless",
              "Owner": "DataEngineering",
              "Project": "kafka-serverless",
              "Terraform": "true"
            },
            "timeouts": null,
            "vpc_config": [
              {
                "security_group_ids": [
                  "sg-0a5dc98b3619e7808"
                ],
                "subnet_ids": [
                  "subnet-08c3cf9e897680972",
                  "subnet-0f521c9ca3acbfeb2"
                ]
              }
            ]
          },
          "sensitive_attributes": [],
          "private": "eyJlMmJmYjczMC1lY2FhLTExZTYtOGY4OC0zNDM2M2JjN2M0YzAiOnsiY3JlYXRlIjo3MjAwMDAwMDAwMDAwLCJkZWxldGUiOjcyMDAwMDAwMDAwMDB9fQ==",
          "dependencies": [
            "aws_security_group.consumer",
            "aws_security_group.kafka",
            "aws_security_group.producer",
            "aws_subnet.private",
            "aws_vpc.main",
            "data.aws_availability_zones.available"
          ]
        }
      ]
    },
    {
      "mode": "managed",
      "type": "aws_nat_gateway",
      "name": "nat",
      "provider": "provider[\"registry.terraform.io/hashicorp/aws\"]",
      "instances": [
        {
          "schema_version": 0,
          "attributes": {
            "allocation_id": "eipalloc-08d5058515dcf6c56",
            "association_id": "eipassoc-040cca588d487744d",
            "auto_provision_zones": null,
            "auto_scaling_ips": null,
            "availability_mode": "zonal",
            "availability_zone_address": [],
            "connectivity_type": "public",
            "id": "nat-01da79201a5821f9c",
            "network_interface_id": "eni-080ba122387152151",
            "private_ip": "10.0.1.123",
            "public_ip": "3.7.163.150",
            "region": "ap-south-1",
            "regional_nat_gateway_address": [],
            "regional_nat_gateway_auto_mode": null,
            "route_table_id": null,
            "secondary_allocation_ids": [],
            "secondary_private_ip_address_count": 0,
            "secondary_private_ip_addresses": [],
            "subnet_id": "subnet-0b2db48993001c25d",
            "tags": {
              "Name": "kafka-serverless-nat"
            },
            "tags_all": {
              "Environment": "dev",
              "Name": "kafka-serverless-nat",
              "Owner": "DataEngineering",
              "Project": "kafka-serverless",
              "Terraform": "true"
            },
            "timeouts": null,
            "vpc_id": "vpc-0f8aff77a5dc62cb1"
          },
          "sensitive_attributes": [],
          "private": "eyJlMmJmYjczMC1lY2FhLTExZTYtOGY4OC0zNDM2M2JjN2M0YzAiOnsiY3JlYXRlIjo2MDAwMDAwMDAwMDAsImRlbGV0ZSI6MTgwMDAwMDAwMDAwMCwidXBkYXRlIjo2MDAwMDAwMDAwMDB9fQ==",
          "dependencies": [
            "aws_eip.nat",
            "aws_internet_gateway.igw",
            "aws_subnet.public",
            "aws_vpc.main",
            "data.aws_availability_zones.available"
          ]
        }
      ]
    },
    {
      "mode": "managed",
      "type": "aws_route_table",
      "name": "private",
      "provider": "provider[\"registry.terraform.io/hashicorp/aws\"]",
      "instances": [
        {
          "schema_version": 0,
          "attributes": {
            "arn": "arn:aws:ec2:ap-south-1:741448939728:route-table/rtb-0901820b85bbd613d",
            "id": "rtb-0901820b85bbd613d",
            "owner_id": "741448939728",
            "propagating_vgws": [],
            "region": "ap-south-1",
            "route": [
              {
                "carrier_gateway_id": "",
                "cidr_block": "0.0.0.0/0",
                "core_network_arn": "",
                "destination_prefix_list_id": "",
                "egress_only_gateway_id": "",
                "gateway_id": "",
                "ipv6_cidr_block": "",
                "local_gateway_id": "",
                "nat_gateway_id": "nat-01da79201a5821f9c",
                "network_interface_id": "",
                "odb_network_arn": "",
                "transit_gateway_id": "",
                "vpc_endpoint_id": "",
                "vpc_peering_connection_id": ""
              }
            ],
            "tags": {
              "Name": "kafka-serverless-private-rt"
            },
            "tags_all": {
              "Environment": "dev",
              "Name": "kafka-serverless-private-rt",
              "Owner": "DataEngineering",
              "Project": "kafka-serverless",
              "Terraform": "true"
            },
            "timeouts": null,
            "vpc_id": "vpc-0f8aff77a5dc62cb1"
          },
          "sensitive_attributes": [],
          "private": "eyJlMmJmYjczMC1lY2FhLTExZTYtOGY4OC0zNDM2M2JjN2M0YzAiOnsiY3JlYXRlIjozMDAwMDAwMDAwMDAsImRlbGV0ZSI6MzAwMDAwMDAwMDAwLCJ1cGRhdGUiOjEyMDAwMDAwMDAwMH19",
          "dependencies": [
            "aws_eip.nat",
            "aws_internet_gateway.igw",
            "aws_nat_gateway.nat",
            "aws_subnet.public",
            "aws_vpc.main",
            "data.aws_availability_zones.available"
          ]
        }
      ]
    },
    {
      "mode": "managed",
      "type": "aws_route_table",
      "name": "public",
      "provider": "provider[\"registry.terraform.io/hashicorp/aws\"]",
      "instances": [
        {
          "schema_version": 0,
          "attributes": {
            "arn": "arn:aws:ec2:ap-south-1:741448939728:route-table/rtb-0bfe9413df1975a0e",
            "id": "rtb-0bfe9413df1975a0e",
            "owner_id": "741448939728",
            "propagating_vgws": [],
            "region": "ap-south-1",
            "route": [
              {
                "carrier_gateway_id": "",
                "cidr_block": "0.0.0.0/0",
                "core_network_arn": "",
                "destination_prefix_list_id": "",
                "egress_only_gateway_id": "",
                "gateway_id": "igw-0130791de94722ed0",
                "ipv6_cidr_block": "",
                "local_gateway_id": "",
                "nat_gateway_id": "",
                "network_interface_id": "",
                "odb_network_arn": "",
                "transit_gateway_id": "",
                "vpc_endpoint_id": "",
                "vpc_peering_connection_id": ""
              }
            ],
            "tags": {
              "Name": "kafka-serverless-public-rt"
            },
            "tags_all": {
              "Environment": "dev",
              "Name": "kafka-serverless-public-rt",
              "Owner": "DataEngineering",
              "Project": "kafka-serverless",
              "Terraform": "true"
            },
            "timeouts": null,
            "vpc_id": "vpc-0f8aff77a5dc62cb1"
          },
          "sensitive_attributes": [],
          "private": "eyJlMmJmYjczMC1lY2FhLTExZTYtOGY4OC0zNDM2M2JjN2M0YzAiOnsiY3JlYXRlIjozMDAwMDAwMDAwMDAsImRlbGV0ZSI6MzAwMDAwMDAwMDAwLCJ1cGRhdGUiOjEyMDAwMDAwMDAwMH19",
          "dependencies": [
            "aws_internet_gateway.igw",
            "aws_vpc.main"
          ]
        }
      ]
    },
    {
      "mode": "managed",
      "type": "aws_route_table_association",
      "name": "private",
      "provider": "provider[\"registry.terraform.io/hashicorp/aws\"]",
      "instances": [
        {
          "index_key": 0,
          "schema_version": 0,
          "attributes": {
            "gateway_id": "",
            "id": "rtbassoc-0aa43d25a360f82f5",
            "region": "ap-south-1",
            "route_table_id": "rtb-0901820b85bbd613d",
            "subnet_id": "subnet-08c3cf9e897680972",
            "timeouts": null
          },
          "sensitive_attributes": [],
          "private": "eyJlMmJmYjczMC1lY2FhLTExZTYtOGY4OC0zNDM2M2JjN2M0YzAiOnsiY3JlYXRlIjozMDAwMDAwMDAwMDAsImRlbGV0ZSI6MzAwMDAwMDAwMDAwLCJ1cGRhdGUiOjEyMDAwMDAwMDAwMH19",
          "dependencies": [
            "aws_eip.nat",
            "aws_internet_gateway.igw",
            "aws_nat_gateway.nat",
            "aws_route_table.private",
            "aws_subnet.private",
            "aws_subnet.public",
            "aws_vpc.main",
            "data.aws_availability_zones.available"
          ]
        },
        {
          "index_key": 1,
          "schema_version": 0,
          "attributes": {
            "gateway_id": "",
            "id": "rtbassoc-0f796488e6cb73983",
            "region": "ap-south-1",
            "route_table_id": "rtb-0901820b85bbd613d",
            "subnet_id": "subnet-0f521c9ca3acbfeb2",
            "timeouts": null
          },
          "sensitive_attributes": [],
          "private": "eyJlMmJmYjczMC1lY2FhLTExZTYtOGY4OC0zNDM2M2JjN2M0YzAiOnsiY3JlYXRlIjozMDAwMDAwMDAwMDAsImRlbGV0ZSI6MzAwMDAwMDAwMDAwLCJ1cGRhdGUiOjEyMDAwMDAwMDAwMH19",
          "dependencies": [
            "aws_eip.nat",
            "aws_internet_gateway.igw",
            "aws_nat_gateway.nat",
            "aws_route_table.private",
            "aws_subnet.private",
            "aws_subnet.public",
            "aws_vpc.main",
            "data.aws_availability_zones.available"
          ]
        }
      ]
    },
    {
      "mode": "managed",
      "type": "aws_route_table_association",
      "name": "public",
      "provider": "provider[\"registry.terraform.io/hashicorp/aws\"]",
      "instances": [
        {
          "index_key": 0,
          "schema_version": 0,
          "attributes": {
            "gateway_id": "",
            "id": "rtbassoc-008d51b130dc38e1e",
            "region": "ap-south-1",
            "route_table_id": "rtb-0bfe9413df1975a0e",
            "subnet_id": "subnet-0b2db48993001c25d",
            "timeouts": null
          },
          "sensitive_attributes": [],
          "private": "eyJlMmJmYjczMC1lY2FhLTExZTYtOGY4OC0zNDM2M2JjN2M0YzAiOnsiY3JlYXRlIjozMDAwMDAwMDAwMDAsImRlbGV0ZSI6MzAwMDAwMDAwMDAwLCJ1cGRhdGUiOjEyMDAwMDAwMDAwMH19",
          "dependencies": [
            "aws_internet_gateway.igw",
            "aws_route_table.public",
            "aws_subnet.public",
            "aws_vpc.main",
            "data.aws_availability_zones.available"
          ]
        },
        {
          "index_key": 1,
          "schema_version": 0,
          "attributes": {
            "gateway_id": "",
            "id": "rtbassoc-02e6a434054963c76",
            "region": "ap-south-1",
            "route_table_id": "rtb-0bfe9413df1975a0e",
            "subnet_id": "subnet-0cb3d645730eefca6",
            "timeouts": null
          },
          "sensitive_attributes": [],
          "private": "eyJlMmJmYjczMC1lY2FhLTExZTYtOGY4OC0zNDM2M2JjN2M0YzAiOnsiY3JlYXRlIjozMDAwMDAwMDAwMDAsImRlbGV0ZSI6MzAwMDAwMDAwMDAwLCJ1cGRhdGUiOjEyMDAwMDAwMDAwMH19",
          "dependencies": [
            "aws_internet_gateway.igw",
            "aws_route_table.public",
            "aws_subnet.public",
            "aws_vpc.main",
            "data.aws_availability_zones.available"
          ]
        }
      ]
    },
    {
      "mode": "managed",
      "type": "aws_security_group",
      "name": "consumer",
      "provider": "provider[\"registry.terraform.io/hashicorp/aws\"]",
      "instances": [
        {
          "schema_version": 1,
          "attributes": {
            "arn": "arn:aws:ec2:ap-south-1:741448939728:security-group/sg-07e39c0af7449fba6",
            "description": "Consumer Security Group",
            "egress": [
              {
                "cidr_blocks": [
                  "0.0.0.0/0"
                ],
                "description": "",
                "from_port": 0,
                "ipv6_cidr_blocks": [],
                "prefix_list_ids": [],
                "protocol": "-1",
                "security_groups": [],
                "self": false,
                "to_port": 0
              }
            ],
            "id": "sg-07e39c0af7449fba6",
            "ingress": [
              {
                "cidr_blocks": [
                  "0.0.0.0/0"
                ],
                "description": "",
                "from_port": 22,
                "ipv6_cidr_blocks": [],
                "prefix_list_ids": [],
                "protocol": "tcp",
                "security_groups": [],
                "self": false,
                "to_port": 22
              }
            ],
            "name": "kafka-serverless-consumer-sg",
            "name_prefix": "",
            "owner_id": "741448939728",
            "region": "ap-south-1",
            "revoke_rules_on_delete": false,
            "tags": {
              "Name": "kafka-serverless-consumer-sg"
            },
            "tags_all": {
              "Environment": "dev",
              "Name": "kafka-serverless-consumer-sg",
              "Owner": "DataEngineering",
              "Project": "kafka-serverless",
              "Terraform": "true"
            },
            "timeouts": null,
            "vpc_id": "vpc-0f8aff77a5dc62cb1"
          },
          "sensitive_attributes": [],
          "private": "eyJlMmJmYjczMC1lY2FhLTExZTYtOGY4OC0zNDM2M2JjN2M0YzAiOnsiY3JlYXRlIjo2MDAwMDAwMDAwMDAsImRlbGV0ZSI6OTAwMDAwMDAwMDAwfSwic2NoZW1hX3ZlcnNpb24iOiIxIn0=",
          "dependencies": [
            "aws_vpc.main"
          ]
        }
      ]
    },
    {
      "mode": "managed",
      "type": "aws_security_group",
      "name": "kafka",
      "provider": "provider[\"registry.terraform.io/hashicorp/aws\"]",
      "instances": [
        {
          "schema_version": 1,
          "attributes": {
            "arn": "arn:aws:ec2:ap-south-1:741448939728:security-group/sg-0a5dc98b3619e7808",
            "description": "Kafka Communication",
            "egress": [
              {
                "cidr_blocks": [
                  "0.0.0.0/0"
                ],
                "description": "",
                "from_port": 0,
                "ipv6_cidr_blocks": [],
                "prefix_list_ids": [],
                "protocol": "-1",
                "security_groups": [],
                "self": false,
                "to_port": 0
              }
            ],
            "id": "sg-0a5dc98b3619e7808",
            "ingress": [
              {
                "cidr_blocks": [],
                "description": "",
                "from_port": 9098,
                "ipv6_cidr_blocks": [],
                "prefix_list_ids": [],
                "protocol": "tcp",
                "security_groups": [
                  "sg-01784ab11be5b7256",
                  "sg-07e39c0af7449fba6"
                ],
                "self": false,
                "to_port": 9098
              },
              {
                "cidr_blocks": [],
                "description": "",
                "from_port": 9098,
                "ipv6_cidr_blocks": [],
                "prefix_list_ids": [],
                "protocol": "tcp",
                "security_groups": [],
                "self": true,
                "to_port": 9098
              }
            ],
            "name": "kafka-serverless-kafka-sg",
            "name_prefix": "",
            "owner_id": "741448939728",
            "region": "ap-south-1",
            "revoke_rules_on_delete": false,
            "tags": {
              "Name": "kafka-serverless-kafka-sg"
            },
            "tags_all": {
              "Environment": "dev",
              "Name": "kafka-serverless-kafka-sg",
              "Owner": "DataEngineering",
              "Project": "kafka-serverless",
              "Terraform": "true"
            },
            "timeouts": null,
            "vpc_id": "vpc-0f8aff77a5dc62cb1"
          },
          "sensitive_attributes": [],
          "private": "eyJlMmJmYjczMC1lY2FhLTExZTYtOGY4OC0zNDM2M2JjN2M0YzAiOnsiY3JlYXRlIjo2MDAwMDAwMDAwMDAsImRlbGV0ZSI6OTAwMDAwMDAwMDAwfSwic2NoZW1hX3ZlcnNpb24iOiIxIn0=",
          "dependencies": [
            "aws_security_group.consumer",
            "aws_security_group.producer",
            "aws_vpc.main"
          ]
        }
      ]
    },
    {
      "mode": "managed",
      "type": "aws_security_group",
      "name": "producer",
      "provider": "provider[\"registry.terraform.io/hashicorp/aws\"]",
      "instances": [
        {
          "schema_version": 1,
          "attributes": {
            "arn": "arn:aws:ec2:ap-south-1:741448939728:security-group/sg-01784ab11be5b7256",
            "description": "Producer Security Group",
            "egress": [
              {
                "cidr_blocks": [
                  "0.0.0.0/0"
                ],
                "description": "",
                "from_port": 0,
                "ipv6_cidr_blocks": [],
                "prefix_list_ids": [],
                "protocol": "-1",
                "security_groups": [],
                "self": false,
                "to_port": 0
              }
            ],
            "id": "sg-01784ab11be5b7256",
            "ingress": [
              {
                "cidr_blocks": [
                  "0.0.0.0/0"
                ],
                "description": "",
                "from_port": 22,
                "ipv6_cidr_blocks": [],
                "prefix_list_ids": [],
                "protocol": "tcp",
                "security_groups": [],
                "self": false,
                "to_port": 22
              }
            ],
            "name": "kafka-serverless-producer-sg",
            "name_prefix": "",
            "owner_id": "741448939728",
            "region": "ap-south-1",
            "revoke_rules_on_delete": false,
            "tags": {
              "Name": "kafka-serverless-producer-sg"
            },
            "tags_all": {
              "Environment": "dev",
              "Name": "kafka-serverless-producer-sg",
              "Owner": "DataEngineering",
              "Project": "kafka-serverless",
              "Terraform": "true"
            },
            "timeouts": null,
            "vpc_id": "vpc-0f8aff77a5dc62cb1"
          },
          "sensitive_attributes": [],
          "private": "eyJlMmJmYjczMC1lY2FhLTExZTYtOGY4OC0zNDM2M2JjN2M0YzAiOnsiY3JlYXRlIjo2MDAwMDAwMDAwMDAsImRlbGV0ZSI6OTAwMDAwMDAwMDAwfSwic2NoZW1hX3ZlcnNpb24iOiIxIn0=",
          "dependencies": [
            "aws_vpc.main"
          ]
        }
      ]
    },
    {
      "mode": "managed",
      "type": "aws_subnet",
      "name": "private",
      "provider": "provider[\"registry.terraform.io/hashicorp/aws\"]",
      "instances": [
        {
          "index_key": 0,
          "schema_version": 1,
          "attributes": {
            "arn": "arn:aws:ec2:ap-south-1:741448939728:subnet/subnet-08c3cf9e897680972",
            "assign_ipv6_address_on_creation": false,
            "availability_zone": "ap-south-1a",
            "availability_zone_id": "aps1-az1",
            "cidr_block": "10.0.10.0/24",
            "customer_owned_ipv4_pool": "",
            "enable_dns64": false,
            "enable_lni_at_device_index": 0,
            "enable_resource_name_dns_a_record_on_launch": false,
            "enable_resource_name_dns_aaaa_record_on_launch": false,
            "id": "subnet-08c3cf9e897680972",
            "ipv4_ipam_pool_id": null,
            "ipv4_netmask_length": null,
            "ipv6_cidr_block": "",
            "ipv6_cidr_block_association_id": "",
            "ipv6_ipam_pool_id": null,
            "ipv6_native": false,
            "ipv6_netmask_length": null,
            "map_customer_owned_ip_on_launch": false,
            "map_public_ip_on_launch": false,
            "outpost_arn": "",
            "owner_id": "741448939728",
            "private_dns_hostname_type_on_launch": "ip-name",
            "region": "ap-south-1",
            "tags": {
              "Name": "kafka-serverless-private-1",
              "Tier": "Private"
            },
            "tags_all": {
              "Environment": "dev",
              "Name": "kafka-serverless-private-1",
              "Owner": "DataEngineering",
              "Project": "kafka-serverless",
              "Terraform": "true",
              "Tier": "Private"
            },
            "timeouts": null,
            "vpc_id": "vpc-0f8aff77a5dc62cb1"
          },
          "sensitive_attributes": [],
          "private": "eyJlMmJmYjczMC1lY2FhLTExZTYtOGY4OC0zNDM2M2JjN2M0YzAiOnsiY3JlYXRlIjo2MDAwMDAwMDAwMDAsImRlbGV0ZSI6MTIwMDAwMDAwMDAwMH0sInNjaGVtYV92ZXJzaW9uIjoiMSJ9",
          "dependencies": [
            "aws_vpc.main",
            "data.aws_availability_zones.available"
          ]
        },
        {
          "index_key": 1,
          "schema_version": 1,
          "attributes": {
            "arn": "arn:aws:ec2:ap-south-1:741448939728:subnet/subnet-0f521c9ca3acbfeb2",
            "assign_ipv6_address_on_creation": false,
            "availability_zone": "ap-south-1b",
            "availability_zone_id": "aps1-az3",
            "cidr_block": "10.0.11.0/24",
            "customer_owned_ipv4_pool": "",
            "enable_dns64": false,
            "enable_lni_at_device_index": 0,
            "enable_resource_name_dns_a_record_on_launch": false,
            "enable_resource_name_dns_aaaa_record_on_launch": false,
            "id": "subnet-0f521c9ca3acbfeb2",
            "ipv4_ipam_pool_id": null,
            "ipv4_netmask_length": null,
            "ipv6_cidr_block": "",
            "ipv6_cidr_block_association_id": "",
            "ipv6_ipam_pool_id": null,
            "ipv6_native": false,
            "ipv6_netmask_length": null,
            "map_customer_owned_ip_on_launch": false,
            "map_public_ip_on_launch": false,
            "outpost_arn": "",
            "owner_id": "741448939728",
            "private_dns_hostname_type_on_launch": "ip-name",
            "region": "ap-south-1",
            "tags": {
              "Name": "kafka-serverless-private-2",
              "Tier": "Private"
            },
            "tags_all": {
              "Environment": "dev",
              "Name": "kafka-serverless-private-2",
              "Owner": "DataEngineering",
              "Project": "kafka-serverless",
              "Terraform": "true",
              "Tier": "Private"
            },
            "timeouts": null,
            "vpc_id": "vpc-0f8aff77a5dc62cb1"
          },
          "sensitive_attributes": [],
          "private": "eyJlMmJmYjczMC1lY2FhLTExZTYtOGY4OC0zNDM2M2JjN2M0YzAiOnsiY3JlYXRlIjo2MDAwMDAwMDAwMDAsImRlbGV0ZSI6MTIwMDAwMDAwMDAwMH0sInNjaGVtYV92ZXJzaW9uIjoiMSJ9",
          "dependencies": [
            "aws_vpc.main",
            "data.aws_availability_zones.available"
          ]
        }
      ]
    },
    {
      "mode": "managed",
      "type": "aws_subnet",
      "name": "public",
      "provider": "provider[\"registry.terraform.io/hashicorp/aws\"]",
      "instances": [
        {
          "index_key": 0,
          "schema_version": 1,
          "attributes": {
            "arn": "arn:aws:ec2:ap-south-1:741448939728:subnet/subnet-0b2db48993001c25d",
            "assign_ipv6_address_on_creation": false,
            "availability_zone": "ap-south-1a",
            "availability_zone_id": "aps1-az1",
            "cidr_block": "10.0.1.0/24",
            "customer_owned_ipv4_pool": "",
            "enable_dns64": false,
            "enable_lni_at_device_index": 0,
            "enable_resource_name_dns_a_record_on_launch": false,
            "enable_resource_name_dns_aaaa_record_on_launch": false,
            "id": "subnet-0b2db48993001c25d",
            "ipv4_ipam_pool_id": null,
            "ipv4_netmask_length": null,
            "ipv6_cidr_block": "",
            "ipv6_cidr_block_association_id": "",
            "ipv6_ipam_pool_id": null,
            "ipv6_native": false,
            "ipv6_netmask_length": null,
            "map_customer_owned_ip_on_launch": false,
            "map_public_ip_on_launch": true,
            "outpost_arn": "",
            "owner_id": "741448939728",
            "private_dns_hostname_type_on_launch": "ip-name",
            "region": "ap-south-1",
            "tags": {
              "Name": "kafka-serverless-public-1",
              "Tier": "Public"
            },
            "tags_all": {
              "Environment": "dev",
              "Name": "kafka-serverless-public-1",
              "Owner": "DataEngineering",
              "Project": "kafka-serverless",
              "Terraform": "true",
              "Tier": "Public"
            },
            "timeouts": null,
            "vpc_id": "vpc-0f8aff77a5dc62cb1"
          },
          "sensitive_attributes": [],
          "private": "eyJlMmJmYjczMC1lY2FhLTExZTYtOGY4OC0zNDM2M2JjN2M0YzAiOnsiY3JlYXRlIjo2MDAwMDAwMDAwMDAsImRlbGV0ZSI6MTIwMDAwMDAwMDAwMH0sInNjaGVtYV92ZXJzaW9uIjoiMSJ9",
          "dependencies": [
            "aws_vpc.main",
            "data.aws_availability_zones.available"
          ]
        },
        {
          "index_key": 1,
          "schema_version": 1,
          "attributes": {
            "arn": "arn:aws:ec2:ap-south-1:741448939728:subnet/subnet-0cb3d645730eefca6",
            "assign_ipv6_address_on_creation": false,
            "availability_zone": "ap-south-1b",
            "availability_zone_id": "aps1-az3",
            "cidr_block": "10.0.2.0/24",
            "customer_owned_ipv4_pool": "",
            "enable_dns64": false,
            "enable_lni_at_device_index": 0,
            "enable_resource_name_dns_a_record_on_launch": false,
            "enable_resource_name_dns_aaaa_record_on_launch": false,
            "id": "subnet-0cb3d645730eefca6",
            "ipv4_ipam_pool_id": null,
            "ipv4_netmask_length": null,
            "ipv6_cidr_block": "",
            "ipv6_cidr_block_association_id": "",
            "ipv6_ipam_pool_id": null,
            "ipv6_native": false,
            "ipv6_netmask_length": null,
            "map_customer_owned_ip_on_launch": false,
            "map_public_ip_on_launch": true,
            "outpost_arn": "",
            "owner_id": "741448939728",
            "private_dns_hostname_type_on_launch": "ip-name",
            "region": "ap-south-1",
            "tags": {
              "Name": "kafka-serverless-public-2",
              "Tier": "Public"
            },
            "tags_all": {
              "Environment": "dev",
              "Name": "kafka-serverless-public-2",
              "Owner": "DataEngineering",
              "Project": "kafka-serverless",
              "Terraform": "true",
              "Tier": "Public"
            },
            "timeouts": null,
            "vpc_id": "vpc-0f8aff77a5dc62cb1"
          },
          "sensitive_attributes": [],
          "private": "eyJlMmJmYjczMC1lY2FhLTExZTYtOGY4OC0zNDM2M2JjN2M0YzAiOnsiY3JlYXRlIjo2MDAwMDAwMDAwMDAsImRlbGV0ZSI6MTIwMDAwMDAwMDAwMH0sInNjaGVtYV92ZXJzaW9uIjoiMSJ9",
          "dependencies": [
            "aws_vpc.main",
            "data.aws_availability_zones.available"
          ]
        }
      ]
    },
    {
      "mode": "managed",
      "type": "aws_vpc",
      "name": "main",
      "provider": "provider[\"registry.terraform.io/hashicorp/aws\"]",
      "instances": [
        {
          "schema_version": 1,
          "attributes": {
            "arn": "arn:aws:ec2:ap-south-1:741448939728:vpc/vpc-0f8aff77a5dc62cb1",
            "assign_generated_ipv6_cidr_block": false,
            "cidr_block": "10.0.0.0/16",
            "default_network_acl_id": "acl-0302dd16a0e5a58f8",
            "default_route_table_id": "rtb-0c457206ab8b46709",
            "default_security_group_id": "sg-0f2bad8e16857e402",
            "dhcp_options_id": "dopt-001d54595cb380f65",
            "enable_dns_hostnames": true,
            "enable_dns_support": true,
            "enable_network_address_usage_metrics": false,
            "id": "vpc-0f8aff77a5dc62cb1",
            "instance_tenancy": "default",
            "ipv4_ipam_pool_id": null,
            "ipv4_netmask_length": null,
            "ipv6_association_id": "",
            "ipv6_cidr_block": "",
            "ipv6_cidr_block_network_border_group": "",
            "ipv6_ipam_pool_id": "",
            "ipv6_netmask_length": 0,
            "main_route_table_id": "rtb-0c457206ab8b46709",
            "owner_id": "741448939728",
            "region": "ap-south-1",
            "tags": {
              "Name": "kafka-serverless-vpc"
            },
            "tags_all": {
              "Environment": "dev",
              "Name": "kafka-serverless-vpc",
              "Owner": "DataEngineering",
              "Project": "kafka-serverless",
              "Terraform": "true"
            }
          },
          "sensitive_attributes": [],
          "private": "eyJzY2hlbWFfdmVyc2lvbiI6IjEifQ=="
        }
      ]
    },
    {
      "mode": "managed",
      "type": "local_file",
      "name": "private_key",
      "provider": "provider[\"registry.terraform.io/hashicorp/local\"]",
      "instances": [
        {
          "schema_version": 0,
          "attributes": {
            "content": "-----BEGIN RSA PRIVATE KEY-----\nMIIJKQIBAAKCAgEAxyG8oQjL2GiR96p66bi7chzLNpmIw6LZhtpoUIyiWxqMD6zM\neaedNLAFbpaPNEVVy20ioxKyAn7SrXWLZu1ZJsalsTpKQ7J7lF/kmAhqLz5COsQ6\nCwSbK+BTwEJ1S3D0L2vHUhZspQs3btKqgEAgwjGnUe+OO9hsPUcu5ASxPwAkB0Zl\nBtLaev5n8ZTjhGrmPWW94NtxlU7ju07shZOYiGKszNgUc+3qA26wfeZE8lzAkxSU\nTH+XPkxn/21tHNn6AaLga1/UecoBGHzMHm8k3Bv20l8HzU6yd0D4U4NArCfXNXWo\n0dTa4lzlmD4llgZPaIrtf8n2lfVDhIlwdbVrElg97UK6pM8J0sePKEX/m+ilb3pF\nVBO0MmmHi7A/f5+zNRd3p2jtoPxNyCWqNSPmHCrC7vWLYKRyAHOkq0DO+xhegahY\nEU5mpOnvLu4fXuWjYRKISE6svnlKUsvi3GsldWmjAF2oHiCLBBhXtz00HxFF0y82\nW5X2iQlx+4fMYHVW6GP5vUcGC6iwyGERU6kjCvyezSom1pfdyMoZC/MvK5uXAX8q\nkxk7JsNNsF8mS9HKWuEYX5wjwqhmM/cmO+O3ZGuOSgwgXyPcdwriXwYIc1NV5Rwh\nqTfkDJmH7Ae1YL7XegPKCzZ3JyXdoIYLIdKnwu3Cy2m3X+na/27RAiDBVXsCAwEA\nAQKCAgBKy3k2Yz9twZlSFU6liyWc7wPFNlYQZZKe/FpCJxC0d3w0Rwtmhnad25+u\nsg6H66MWDZ/88IC8PzaSwJvjxTK/Rc3mi6ZpVxjj2kDaeg6oQBJQUHQcv1YpXNEY\nXd4AwCR3y1vKkXGtbFEd5zLziSLEzjGyrPAXumqteZc7Pif1KfBeayp3Lauyluwj\n6XCrxBtG5Hg1hTdchY00RajBY3bfg3C0YFUOVkaXk3PnVh5/iicrF4e8VBBS7hAB\n+PAK7jTheHQi4JPGSwGuWPGyXLzTkA1dZyRfETgnYtfjRmF8SFqlUdRfPDwa2hnC\n3VTwzN32vngGj613FfCOT7FWBRZ527uJBHp4cxQIfOGaqRTTqHdLalaAfIZxh7TZ\nq98GRE2YCLY3F4xxWpB3+3clMvAKftNUBYyxSCBBwidfNG5m8tKWLqq2vqTqHPpd\noxSS0IDYQmalFwm11cc1+yLKoPGz9+Hn05zzNfuabriEhfj2pqRleVe3mQtD3SfL\n2tI7L+8YQ5BJFh/yIblzheROiogXnAnBGGihkxEgB7HLU5vN4S+BuNlfy+tHJ1eR\nvUj8wVa3EFAD5OdrTqunXE8qlF3bwu6iQIubeGddDUUDodHhwjDA4gNakSjL845G\nrVnuby7Ot7TLBC19jWTYN2oz6jj3aG095pLcpMhxZ/oy/HeBwQKCAQEA2OtsOkiv\nkRRJivSb14lZsEQ45iMuj1b9jQp9071gqEIhcw8embqh4vT+6iwGVlDNTEAT/jXE\na+uyqC4VAGfuoALPlrbEdFGAEQ9BA0j/114X1kBLaFSwhfMqHYszcFLX7srRAApn\nkn27GTd9sSLAdP2mLA90ZeCLc/pWdG3C+eRKP09wMaqxse79KMvay9QodryNWXWL\nNp9a3XHsA8lkgTwmpEDHGenfyyPJyfw55D3D9N6ZlEgEuEBTE5Ej3GufWdImtDHr\nO2AGB6NTT0QZcnnmjjbaEKP6D+cnS6uOuSpUmDJpeudfQAseY1g4hKVD56XVcsjc\nHsNqUVgFLqQELwKCAQEA6wHrRs6sIvTVWnMzYbzteD66mMXEeg8FSpOA1ViVPUmt\n01mk3s28N9yLirTWQkFjWQBJxtKV7kvL0IbL3+r3KKN8JMGboE4gawHDg1DxmQG4\nr9rBGsVouYxzHmbolluXToWn3LFcK+QDwHJ5St3nuYkxnJkfwSc+o+feSeJWkzf2\nDkd/L2MWDpj45v0ghTc8AED1VKBieG2SBheo/Terrc8NWkHQRMF6sPWkI+dS9uoZ\njbjwfmGFogkyFy4wiP859EIIZVk8tMpso2F69jCN6vu+dpPnJoy6TXPmztWy+k6S\nbM3D6rrGs/Y5oDgo57VwHfFMnfw1gf3PWWu6kVRUdQKCAQBWDpART2TXmcTTa9en\n2sXKOEaahrqiA1Dz84WXyzndht7eVtE9C93NvISlQnIBLG1GIuXLpGkYp5lpP171\nmkYBFRxmHnwx6WN1YSfZtcxKFPo/9aH08iRV//JlZiQyG6uvAKeJ7JbKdzcS+gDT\nlYXk4/xY3oi/IiYxDM/fwOvpV7hdBZbtHVsBzF6DINzcoH6tHIC3TPq94Nqbn+aS\nWgOVgdeSsmBK144BeWFE0NvmwNpM+0LSoP++WUacLKidedTuPYE9W9CG7cF2pkUW\n3V17HQFqyjgZAfTi+kGMs7Mbor+M4fMW31PahI65uvYxKZ+W9yOHNkidq8kyHEly\nB3/hAoIBAQDlSqcLHAT5ylYMfVAJsbMk2ldnTbaIvPUVsVtHTbm25ZdzGgjx1lwp\nSMbhm9VdKb1MDirtkXP14ABJQevTWsax4Oj0V+6G9xNMNJlVG3nOJs7SzaYRf8DR\nIQcFB7UxVsYHOALzIh1jOYKrl0Ve1aoM7Z35Q7Gm3KqSc14ASpTb6QLrJbkjPBM+\nROS9QwYi1CR3vulfG2lYRNfvl9Aq19FqsRU/Fe2l1/zkgZcX7NCW1wv9qg8D0BT5\nZu13jnqOgC9EcdUNRYckgkiDFE5LvE4Lknpf6ajjhPUVMttkvT52WIknHZBlCr1q\nwvewqnrGsNFmdZOipXxzi3dusNyEhXotAoIBAQCNt62VuK0Rf+mlNsAPSpMvYLxF\nYzYKfALdM2ifSyFs2Abxg8m+l28k8TSFJ6t6RxxmgoNHv9VFEwS5ifpYYrLfnEM5\nOr6gCQbgwWjWNqUHaUKl4KxjwdAiZbF7P15W/q8L7F/KF9da2QCSlRB7CIHAooyX\n4GV/vUv1bQ/+8I9BZNwphmRPyOhsN6a2ljbDFezITlh+toW76xm9vs4070sOgikY\njT3EsSlfL0ka4Y8F3lnfaYs4EfmkULPrnSex0xk5MF2Q7XUFRT2iKv/dTTix6SEr\nJXqn3yulezamrN+t46+t9T4sjTnmZnLIdeepFdulf63tcwbk2EnEOF7r0GSY\n-----END RSA PRIVATE KEY-----\n",
            "content_base64": null,
            "content_base64sha256": "RNGdPOvYuD3FOJoxJd7cNMXb0ZA36iHetrX+ETGiePU=",
            "content_base64sha512": "HBwPVeRi3z4JUqVfXP8dbYtZ2AXESu2PSScG7ITliolHBqQBK2owrBTaty+xdKdrBtz4I89z3jzOrZ1X22cSTw==",
            "content_md5": "22d3bba81b087ff998be3eec84c3091b",
            "content_sha1": "612a33359faee58dcf59973d240d320a5d52495c",
            "content_sha256": "44d19d3cebd8b83dc5389a3125dedc34c5dbd19037ea21deb6b5fe1131a278f5",
            "content_sha512": "1c1c0f55e462df3e0952a55f5cff1d6d8b59d805c44aed8f492706ec84e58a894706a4012b6a30ac14dab72fb174a76b06dcf823cf73de3ccead9d57db67124f",
            "directory_permission": "0777",
            "file_permission": "0400",
            "filename": "./kafka-serverless.pem",
            "id": "612a33359faee58dcf59973d240d320a5d52495c",
            "sensitive_content": null,
            "source": null
          },
          "sensitive_attributes": [
            [
              {
                "type": "get_attr",
                "value": "sensitive_content"
              }
            ],
            [
              {
                "type": "get_attr",
                "value": "content"
              }
            ]
          ],
          "dependencies": [
            "tls_private_key.kafka"
          ]
        }
      ]
    },
    {
      "mode": "managed",
      "type": "tls_private_key",
      "name": "kafka",
      "provider": "provider[\"registry.terraform.io/hashicorp/tls\"]",
      "instances": [
        {
          "schema_version": 1,
          "attributes": {
            "algorithm": "RSA",
            "ecdsa_curve": "P224",
            "id": "83daf3d26a8ed75f28101132e01fb07a1140c9df",
            "private_key_openssh": "-----BEGIN OPENSSH PRIVATE KEY-----\nb3BlbnNzaC1rZXktdjEAAAAABG5vbmUAAAAEbm9uZQAAAAAAAAABAAACFwAAAAdz\nc2gtcnNhAAAAAwEAAQAAAgEAxyG8oQjL2GiR96p66bi7chzLNpmIw6LZhtpoUIyi\nWxqMD6zMeaedNLAFbpaPNEVVy20ioxKyAn7SrXWLZu1ZJsalsTpKQ7J7lF/kmAhq\nLz5COsQ6CwSbK+BTwEJ1S3D0L2vHUhZspQs3btKqgEAgwjGnUe+OO9hsPUcu5ASx\nPwAkB0ZlBtLaev5n8ZTjhGrmPWW94NtxlU7ju07shZOYiGKszNgUc+3qA26wfeZE\n8lzAkxSUTH+XPkxn/21tHNn6AaLga1/UecoBGHzMHm8k3Bv20l8HzU6yd0D4U4NA\nrCfXNXWo0dTa4lzlmD4llgZPaIrtf8n2lfVDhIlwdbVrElg97UK6pM8J0sePKEX/\nm+ilb3pFVBO0MmmHi7A/f5+zNRd3p2jtoPxNyCWqNSPmHCrC7vWLYKRyAHOkq0DO\n+xhegahYEU5mpOnvLu4fXuWjYRKISE6svnlKUsvi3GsldWmjAF2oHiCLBBhXtz00\nHxFF0y82W5X2iQlx+4fMYHVW6GP5vUcGC6iwyGERU6kjCvyezSom1pfdyMoZC/Mv\nK5uXAX8qkxk7JsNNsF8mS9HKWuEYX5wjwqhmM/cmO+O3ZGuOSgwgXyPcdwriXwYI\nc1NV5RwhqTfkDJmH7Ae1YL7XegPKCzZ3JyXdoIYLIdKnwu3Cy2m3X+na/27RAiDB\nVXsAAAc4E4GItROBiLUAAAAHc3NoLXJzYQAAAgEAxyG8oQjL2GiR96p66bi7chzL\nNpmIw6LZhtpoUIyiWxqMD6zMeaedNLAFbpaPNEVVy20ioxKyAn7SrXWLZu1ZJsal\nsTpKQ7J7lF/kmAhqLz5COsQ6CwSbK+BTwEJ1S3D0L2vHUhZspQs3btKqgEAgwjGn\nUe+OO9hsPUcu5ASxPwAkB0ZlBtLaev5n8ZTjhGrmPWW94NtxlU7ju07shZOYiGKs\nzNgUc+3qA26wfeZE8lzAkxSUTH+XPkxn/21tHNn6AaLga1/UecoBGHzMHm8k3Bv2\n0l8HzU6yd0D4U4NArCfXNXWo0dTa4lzlmD4llgZPaIrtf8n2lfVDhIlwdbVrElg9\n7UK6pM8J0sePKEX/m+ilb3pFVBO0MmmHi7A/f5+zNRd3p2jtoPxNyCWqNSPmHCrC\n7vWLYKRyAHOkq0DO+xhegahYEU5mpOnvLu4fXuWjYRKISE6svnlKUsvi3GsldWmj\nAF2oHiCLBBhXtz00HxFF0y82W5X2iQlx+4fMYHVW6GP5vUcGC6iwyGERU6kjCvye\nzSom1pfdyMoZC/MvK5uXAX8qkxk7JsNNsF8mS9HKWuEYX5wjwqhmM/cmO+O3ZGuO\nSgwgXyPcdwriXwYIc1NV5RwhqTfkDJmH7Ae1YL7XegPKCzZ3JyXdoIYLIdKnwu3C\ny2m3X+na/27RAiDBVXsAAAADAQABAAACAErLeTZjP23BmVIVTqWLJZzvA8U2VhBl\nkp78WkInELR3fDRHC2aGdp3bn66yDofroxYNn/zwgLw/NpLAm+PFMr9FzeaLpmlX\nGOPaQNp6DqhAElBQdBy/Vilc0Rhd3gDAJHfLW8qRca1sUR3nMvOJIsTOMbKs8Be6\naq15lzs+J/Up8F5rKnctq7KW7CPpcKvEG0bkeDWFN1yFjTRFqMFjdt+DcLRgVQ5W\nRpeTc+dWHn+KJysXh7xUEFLuEAH48AruNOF4dCLgk8ZLAa5Y8bJcvNOQDV1nJF8R\nOCdi1+NGYXxIWqVR1F88PBraGcLdVPDM3fa+eAaPrXcV8I5PsVYFFnnbu4kEenhz\nFAh84ZqpFNOod0tqVoB8hnGHtNmr3wZETZgItjcXjHFakHf7dyUy8Ap+01QFjLFI\nIEHCJ180bmby0pYuqra+pOoc+l2jFJLQgNhCZqUXCbXVxzX7Isqg8bP34efTnPM1\n+5puuISF+PampGV5V7eZC0PdJ8va0jsv7xhDkEkWH/IhuXOF5E6KiBecCcEYaKGT\nESAHsctTm83hL4G42V/L60cnV5G9SPzBVrcQUAPk52tOq6dcTyqUXdvC7qJAi5t4\nZ10NRQOh0eHCMMDiA1qRKMvzjkatWe5vLs63tMsELX2NZNg3ajPqOPdobT3mktyk\nyHFn+jL8d4HBAAABAQCNt62VuK0Rf+mlNsAPSpMvYLxFYzYKfALdM2ifSyFs2Abx\ng8m+l28k8TSFJ6t6RxxmgoNHv9VFEwS5ifpYYrLfnEM5Or6gCQbgwWjWNqUHaUKl\n4KxjwdAiZbF7P15W/q8L7F/KF9da2QCSlRB7CIHAooyX4GV/vUv1bQ/+8I9BZNwp\nhmRPyOhsN6a2ljbDFezITlh+toW76xm9vs4070sOgikYjT3EsSlfL0ka4Y8F3lnf\naYs4EfmkULPrnSex0xk5MF2Q7XUFRT2iKv/dTTix6SErJXqn3yulezamrN+t46+t\n9T4sjTnmZnLIdeepFdulf63tcwbk2EnEOF7r0GSYAAABAQDY62w6SK+RFEmK9JvX\niVmwRDjmIy6PVv2NCn3TvWCoQiFzDx6ZuqHi9P7qLAZWUM1MQBP+NcRr67KoLhUA\nZ+6gAs+WtsR0UYARD0EDSP/XXhfWQEtoVLCF8yodizNwUtfuytEACmeSfbsZN32x\nIsB0/aYsD3Rl4Itz+lZ0bcL55Eo/T3AxqrGx7v0oy9rL1Ch2vI1ZdYs2n1rdcewD\nyWSBPCakQMcZ6d/LI8nJ/DnkPcP03pmUSAS4QFMTkSPca59Z0ia0Mes7YAYHo1NP\nRBlyeeaONtoQo/oP5ydLq465KlSYMml6519ACx5jWDiEpUPnpdVyyNwew2pRWAUu\npAQvAAABAQDrAetGzqwi9NVaczNhvO14PrqYxcR6DwVKk4DVWJU9Sa3TWaTezbw3\n3IuKtNZCQWNZAEnG0pXuS8vQhsvf6vcoo3wkwZugTiBrAcODUPGZAbiv2sEaxWi5\njHMeZuiWW5dOhafcsVwr5APAcnlK3ee5iTGcmR/BJz6j595J4laTN/YOR38vYxYO\nmPjm/SCFNzwAQPVUoGJ4bZIGF6j9N6utzw1aQdBEwXqw9aQj51L26hmNuPB+YYWi\nCTIXLjCI/zn0QghlWTy0ymyjYXr2MI3q+752k+cmjLpNc+bO1bL6TpJszcPqusaz\n9jmgOCjntXAd8Uyd/DWB/c9Za7qRVFR1AAAAAAEC\n-----END OPENSSH PRIVATE KEY-----\n",
            "private_key_pem": "-----BEGIN RSA PRIVATE KEY-----\nMIIJKQIBAAKCAgEAxyG8oQjL2GiR96p66bi7chzLNpmIw6LZhtpoUIyiWxqMD6zM\neaedNLAFbpaPNEVVy20ioxKyAn7SrXWLZu1ZJsalsTpKQ7J7lF/kmAhqLz5COsQ6\nCwSbK+BTwEJ1S3D0L2vHUhZspQs3btKqgEAgwjGnUe+OO9hsPUcu5ASxPwAkB0Zl\nBtLaev5n8ZTjhGrmPWW94NtxlU7ju07shZOYiGKszNgUc+3qA26wfeZE8lzAkxSU\nTH+XPkxn/21tHNn6AaLga1/UecoBGHzMHm8k3Bv20l8HzU6yd0D4U4NArCfXNXWo\n0dTa4lzlmD4llgZPaIrtf8n2lfVDhIlwdbVrElg97UK6pM8J0sePKEX/m+ilb3pF\nVBO0MmmHi7A/f5+zNRd3p2jtoPxNyCWqNSPmHCrC7vWLYKRyAHOkq0DO+xhegahY\nEU5mpOnvLu4fXuWjYRKISE6svnlKUsvi3GsldWmjAF2oHiCLBBhXtz00HxFF0y82\nW5X2iQlx+4fMYHVW6GP5vUcGC6iwyGERU6kjCvyezSom1pfdyMoZC/MvK5uXAX8q\nkxk7JsNNsF8mS9HKWuEYX5wjwqhmM/cmO+O3ZGuOSgwgXyPcdwriXwYIc1NV5Rwh\nqTfkDJmH7Ae1YL7XegPKCzZ3JyXdoIYLIdKnwu3Cy2m3X+na/27RAiDBVXsCAwEA\nAQKCAgBKy3k2Yz9twZlSFU6liyWc7wPFNlYQZZKe/FpCJxC0d3w0Rwtmhnad25+u\nsg6H66MWDZ/88IC8PzaSwJvjxTK/Rc3mi6ZpVxjj2kDaeg6oQBJQUHQcv1YpXNEY\nXd4AwCR3y1vKkXGtbFEd5zLziSLEzjGyrPAXumqteZc7Pif1KfBeayp3Lauyluwj\n6XCrxBtG5Hg1hTdchY00RajBY3bfg3C0YFUOVkaXk3PnVh5/iicrF4e8VBBS7hAB\n+PAK7jTheHQi4JPGSwGuWPGyXLzTkA1dZyRfETgnYtfjRmF8SFqlUdRfPDwa2hnC\n3VTwzN32vngGj613FfCOT7FWBRZ527uJBHp4cxQIfOGaqRTTqHdLalaAfIZxh7TZ\nq98GRE2YCLY3F4xxWpB3+3clMvAKftNUBYyxSCBBwidfNG5m8tKWLqq2vqTqHPpd\noxSS0IDYQmalFwm11cc1+yLKoPGz9+Hn05zzNfuabriEhfj2pqRleVe3mQtD3SfL\n2tI7L+8YQ5BJFh/yIblzheROiogXnAnBGGihkxEgB7HLU5vN4S+BuNlfy+tHJ1eR\nvUj8wVa3EFAD5OdrTqunXE8qlF3bwu6iQIubeGddDUUDodHhwjDA4gNakSjL845G\nrVnuby7Ot7TLBC19jWTYN2oz6jj3aG095pLcpMhxZ/oy/HeBwQKCAQEA2OtsOkiv\nkRRJivSb14lZsEQ45iMuj1b9jQp9071gqEIhcw8embqh4vT+6iwGVlDNTEAT/jXE\na+uyqC4VAGfuoALPlrbEdFGAEQ9BA0j/114X1kBLaFSwhfMqHYszcFLX7srRAApn\nkn27GTd9sSLAdP2mLA90ZeCLc/pWdG3C+eRKP09wMaqxse79KMvay9QodryNWXWL\nNp9a3XHsA8lkgTwmpEDHGenfyyPJyfw55D3D9N6ZlEgEuEBTE5Ej3GufWdImtDHr\nO2AGB6NTT0QZcnnmjjbaEKP6D+cnS6uOuSpUmDJpeudfQAseY1g4hKVD56XVcsjc\nHsNqUVgFLqQELwKCAQEA6wHrRs6sIvTVWnMzYbzteD66mMXEeg8FSpOA1ViVPUmt\n01mk3s28N9yLirTWQkFjWQBJxtKV7kvL0IbL3+r3KKN8JMGboE4gawHDg1DxmQG4\nr9rBGsVouYxzHmbolluXToWn3LFcK+QDwHJ5St3nuYkxnJkfwSc+o+feSeJWkzf2\nDkd/L2MWDpj45v0ghTc8AED1VKBieG2SBheo/Terrc8NWkHQRMF6sPWkI+dS9uoZ\njbjwfmGFogkyFy4wiP859EIIZVk8tMpso2F69jCN6vu+dpPnJoy6TXPmztWy+k6S\nbM3D6rrGs/Y5oDgo57VwHfFMnfw1gf3PWWu6kVRUdQKCAQBWDpART2TXmcTTa9en\n2sXKOEaahrqiA1Dz84WXyzndht7eVtE9C93NvISlQnIBLG1GIuXLpGkYp5lpP171\nmkYBFRxmHnwx6WN1YSfZtcxKFPo/9aH08iRV//JlZiQyG6uvAKeJ7JbKdzcS+gDT\nlYXk4/xY3oi/IiYxDM/fwOvpV7hdBZbtHVsBzF6DINzcoH6tHIC3TPq94Nqbn+aS\nWgOVgdeSsmBK144BeWFE0NvmwNpM+0LSoP++WUacLKidedTuPYE9W9CG7cF2pkUW\n3V17HQFqyjgZAfTi+kGMs7Mbor+M4fMW31PahI65uvYxKZ+W9yOHNkidq8kyHEly\nB3/hAoIBAQDlSqcLHAT5ylYMfVAJsbMk2ldnTbaIvPUVsVtHTbm25ZdzGgjx1lwp\nSMbhm9VdKb1MDirtkXP14ABJQevTWsax4Oj0V+6G9xNMNJlVG3nOJs7SzaYRf8DR\nIQcFB7UxVsYHOALzIh1jOYKrl0Ve1aoM7Z35Q7Gm3KqSc14ASpTb6QLrJbkjPBM+\nROS9QwYi1CR3vulfG2lYRNfvl9Aq19FqsRU/Fe2l1/zkgZcX7NCW1wv9qg8D0BT5\nZu13jnqOgC9EcdUNRYckgkiDFE5LvE4Lknpf6ajjhPUVMttkvT52WIknHZBlCr1q\nwvewqnrGsNFmdZOipXxzi3dusNyEhXotAoIBAQCNt62VuK0Rf+mlNsAPSpMvYLxF\nYzYKfALdM2ifSyFs2Abxg8m+l28k8TSFJ6t6RxxmgoNHv9VFEwS5ifpYYrLfnEM5\nOr6gCQbgwWjWNqUHaUKl4KxjwdAiZbF7P15W/q8L7F/KF9da2QCSlRB7CIHAooyX\n4GV/vUv1bQ/+8I9BZNwphmRPyOhsN6a2ljbDFezITlh+toW76xm9vs4070sOgikY\njT3EsSlfL0ka4Y8F3lnfaYs4EfmkULPrnSex0xk5MF2Q7XUFRT2iKv/dTTix6SEr\nJXqn3yulezamrN+t46+t9T4sjTnmZnLIdeepFdulf63tcwbk2EnEOF7r0GSY\n-----END RSA PRIVATE KEY-----\n",
            "private_key_pem_pkcs8": "-----BEGIN PRIVATE KEY-----\nMIIJQwIBADANBgkqhkiG9w0BAQEFAASCCS0wggkpAgEAAoICAQDHIbyhCMvYaJH3\nqnrpuLtyHMs2mYjDotmG2mhQjKJbGowPrMx5p500sAVulo80RVXLbSKjErICftKt\ndYtm7VkmxqWxOkpDsnuUX+SYCGovPkI6xDoLBJsr4FPAQnVLcPQva8dSFmylCzdu\n0qqAQCDCMadR74472Gw9Ry7kBLE/ACQHRmUG0tp6/mfxlOOEauY9Zb3g23GVTuO7\nTuyFk5iIYqzM2BRz7eoDbrB95kTyXMCTFJRMf5c+TGf/bW0c2foBouBrX9R5ygEY\nfMwebyTcG/bSXwfNTrJ3QPhTg0CsJ9c1dajR1NriXOWYPiWWBk9oiu1/yfaV9UOE\niXB1tWsSWD3tQrqkzwnSx48oRf+b6KVvekVUE7QyaYeLsD9/n7M1F3enaO2g/E3I\nJao1I+YcKsLu9YtgpHIAc6SrQM77GF6BqFgRTmak6e8u7h9e5aNhEohITqy+eUpS\ny+LcayV1aaMAXageIIsEGFe3PTQfEUXTLzZblfaJCXH7h8xgdVboY/m9RwYLqLDI\nYRFTqSMK/J7NKibWl93IyhkL8y8rm5cBfyqTGTsmw02wXyZL0cpa4RhfnCPCqGYz\n9yY747dka45KDCBfI9x3CuJfBghzU1XlHCGpN+QMmYfsB7Vgvtd6A8oLNncnJd2g\nhgsh0qfC7cLLabdf6dr/btECIMFVewIDAQABAoICAErLeTZjP23BmVIVTqWLJZzv\nA8U2VhBlkp78WkInELR3fDRHC2aGdp3bn66yDofroxYNn/zwgLw/NpLAm+PFMr9F\nzeaLpmlXGOPaQNp6DqhAElBQdBy/Vilc0Rhd3gDAJHfLW8qRca1sUR3nMvOJIsTO\nMbKs8Be6aq15lzs+J/Up8F5rKnctq7KW7CPpcKvEG0bkeDWFN1yFjTRFqMFjdt+D\ncLRgVQ5WRpeTc+dWHn+KJysXh7xUEFLuEAH48AruNOF4dCLgk8ZLAa5Y8bJcvNOQ\nDV1nJF8ROCdi1+NGYXxIWqVR1F88PBraGcLdVPDM3fa+eAaPrXcV8I5PsVYFFnnb\nu4kEenhzFAh84ZqpFNOod0tqVoB8hnGHtNmr3wZETZgItjcXjHFakHf7dyUy8Ap+\n01QFjLFIIEHCJ180bmby0pYuqra+pOoc+l2jFJLQgNhCZqUXCbXVxzX7Isqg8bP3\n4efTnPM1+5puuISF+PampGV5V7eZC0PdJ8va0jsv7xhDkEkWH/IhuXOF5E6KiBec\nCcEYaKGTESAHsctTm83hL4G42V/L60cnV5G9SPzBVrcQUAPk52tOq6dcTyqUXdvC\n7qJAi5t4Z10NRQOh0eHCMMDiA1qRKMvzjkatWe5vLs63tMsELX2NZNg3ajPqOPdo\nbT3mktykyHFn+jL8d4HBAoIBAQDY62w6SK+RFEmK9JvXiVmwRDjmIy6PVv2NCn3T\nvWCoQiFzDx6ZuqHi9P7qLAZWUM1MQBP+NcRr67KoLhUAZ+6gAs+WtsR0UYARD0ED\nSP/XXhfWQEtoVLCF8yodizNwUtfuytEACmeSfbsZN32xIsB0/aYsD3Rl4Itz+lZ0\nbcL55Eo/T3AxqrGx7v0oy9rL1Ch2vI1ZdYs2n1rdcewDyWSBPCakQMcZ6d/LI8nJ\n/DnkPcP03pmUSAS4QFMTkSPca59Z0ia0Mes7YAYHo1NPRBlyeeaONtoQo/oP5ydL\nq465KlSYMml6519ACx5jWDiEpUPnpdVyyNwew2pRWAUupAQvAoIBAQDrAetGzqwi\n9NVaczNhvO14PrqYxcR6DwVKk4DVWJU9Sa3TWaTezbw33IuKtNZCQWNZAEnG0pXu\nS8vQhsvf6vcoo3wkwZugTiBrAcODUPGZAbiv2sEaxWi5jHMeZuiWW5dOhafcsVwr\n5APAcnlK3ee5iTGcmR/BJz6j595J4laTN/YOR38vYxYOmPjm/SCFNzwAQPVUoGJ4\nbZIGF6j9N6utzw1aQdBEwXqw9aQj51L26hmNuPB+YYWiCTIXLjCI/zn0QghlWTy0\nymyjYXr2MI3q+752k+cmjLpNc+bO1bL6TpJszcPqusaz9jmgOCjntXAd8Uyd/DWB\n/c9Za7qRVFR1AoIBAFYOkBFPZNeZxNNr16faxco4RpqGuqIDUPPzhZfLOd2G3t5W\n0T0L3c28hKVCcgEsbUYi5cukaRinmWk/XvWaRgEVHGYefDHpY3VhJ9m1zEoU+j/1\nofTyJFX/8mVmJDIbq68Ap4nslsp3NxL6ANOVheTj/FjeiL8iJjEMz9/A6+lXuF0F\nlu0dWwHMXoMg3Nygfq0cgLdM+r3g2puf5pJaA5WB15KyYErXjgF5YUTQ2+bA2kz7\nQtKg/75ZRpwsqJ151O49gT1b0IbtwXamRRbdXXsdAWrKOBkB9OL6QYyzsxuiv4zh\n8xbfU9qEjrm69jEpn5b3I4c2SJ2ryTIcSXIHf+ECggEBAOVKpwscBPnKVgx9UAmx\nsyTaV2dNtoi89RWxW0dNubbll3MaCPHWXClIxuGb1V0pvUwOKu2Rc/XgAElB69Na\nxrHg6PRX7ob3E0w0mVUbec4mztLNphF/wNEhBwUHtTFWxgc4AvMiHWM5gquXRV7V\nqgztnflDsabcqpJzXgBKlNvpAusluSM8Ez5E5L1DBiLUJHe+6V8baVhE1++X0CrX\n0WqxFT8V7aXX/OSBlxfs0JbXC/2qDwPQFPlm7XeOeo6AL0Rx1Q1FhySCSIMUTku8\nTguSel/pqOOE9RUy22S9PnZYiScdkGUKvWrC97Cqesaw0WZ1k6KlfHOLd26w3ISF\nei0CggEBAI23rZW4rRF/6aU2wA9Kky9gvEVjNgp8At0zaJ9LIWzYBvGDyb6XbyTx\nNIUnq3pHHGaCg0e/1UUTBLmJ+lhist+cQzk6vqAJBuDBaNY2pQdpQqXgrGPB0CJl\nsXs/Xlb+rwvsX8oX11rZAJKVEHsIgcCijJfgZX+9S/VtD/7wj0Fk3CmGZE/I6Gw3\npraWNsMV7MhOWH62hbvrGb2+zjTvSw6CKRiNPcSxKV8vSRrhjwXeWd9pizgR+aRQ\ns+udJ7HTGTkwXZDtdQVFPaIq/91NOLHpISsleqffK6V7Nqas363jr631PiyNOeZm\ncsh156kV26V/re1zBuTYScQ4XuvQZJg=\n-----END PRIVATE KEY-----\n",
            "public_key_fingerprint_md5": "93:77:3b:41:bc:a7:31:d3:6a:fb:01:81:ca:8c:42:c3",
            "public_key_fingerprint_sha256": "SHA256:2CVWI/2BqprF+xcKjEIalfEadCw+s/jY7nRUTwYK0aI",
            "public_key_openssh": "ssh-rsa AAAAB3NzaC1yc2EAAAADAQABAAACAQDHIbyhCMvYaJH3qnrpuLtyHMs2mYjDotmG2mhQjKJbGowPrMx5p500sAVulo80RVXLbSKjErICftKtdYtm7VkmxqWxOkpDsnuUX+SYCGovPkI6xDoLBJsr4FPAQnVLcPQva8dSFmylCzdu0qqAQCDCMadR74472Gw9Ry7kBLE/ACQHRmUG0tp6/mfxlOOEauY9Zb3g23GVTuO7TuyFk5iIYqzM2BRz7eoDbrB95kTyXMCTFJRMf5c+TGf/bW0c2foBouBrX9R5ygEYfMwebyTcG/bSXwfNTrJ3QPhTg0CsJ9c1dajR1NriXOWYPiWWBk9oiu1/yfaV9UOEiXB1tWsSWD3tQrqkzwnSx48oRf+b6KVvekVUE7QyaYeLsD9/n7M1F3enaO2g/E3IJao1I+YcKsLu9YtgpHIAc6SrQM77GF6BqFgRTmak6e8u7h9e5aNhEohITqy+eUpSy+LcayV1aaMAXageIIsEGFe3PTQfEUXTLzZblfaJCXH7h8xgdVboY/m9RwYLqLDIYRFTqSMK/J7NKibWl93IyhkL8y8rm5cBfyqTGTsmw02wXyZL0cpa4RhfnCPCqGYz9yY747dka45KDCBfI9x3CuJfBghzU1XlHCGpN+QMmYfsB7Vgvtd6A8oLNncnJd2ghgsh0qfC7cLLabdf6dr/btECIMFVew==\n",
            "public_key_pem": "-----BEGIN PUBLIC KEY-----\nMIICIjANBgkqhkiG9w0BAQEFAAOCAg8AMIICCgKCAgEAxyG8oQjL2GiR96p66bi7\nchzLNpmIw6LZhtpoUIyiWxqMD6zMeaedNLAFbpaPNEVVy20ioxKyAn7SrXWLZu1Z\nJsalsTpKQ7J7lF/kmAhqLz5COsQ6CwSbK+BTwEJ1S3D0L2vHUhZspQs3btKqgEAg\nwjGnUe+OO9hsPUcu5ASxPwAkB0ZlBtLaev5n8ZTjhGrmPWW94NtxlU7ju07shZOY\niGKszNgUc+3qA26wfeZE8lzAkxSUTH+XPkxn/21tHNn6AaLga1/UecoBGHzMHm8k\n3Bv20l8HzU6yd0D4U4NArCfXNXWo0dTa4lzlmD4llgZPaIrtf8n2lfVDhIlwdbVr\nElg97UK6pM8J0sePKEX/m+ilb3pFVBO0MmmHi7A/f5+zNRd3p2jtoPxNyCWqNSPm\nHCrC7vWLYKRyAHOkq0DO+xhegahYEU5mpOnvLu4fXuWjYRKISE6svnlKUsvi3Gsl\ndWmjAF2oHiCLBBhXtz00HxFF0y82W5X2iQlx+4fMYHVW6GP5vUcGC6iwyGERU6kj\nCvyezSom1pfdyMoZC/MvK5uXAX8qkxk7JsNNsF8mS9HKWuEYX5wjwqhmM/cmO+O3\nZGuOSgwgXyPcdwriXwYIc1NV5RwhqTfkDJmH7Ae1YL7XegPKCzZ3JyXdoIYLIdKn\nwu3Cy2m3X+na/27RAiDBVXsCAwEAAQ==\n-----END PUBLIC KEY-----\n",
            "rsa_bits": 4096
          },
          "sensitive_attributes": [
            [
              {
                "type": "get_attr",
                "value": "private_key_pem"
              }
            ],
            [
              {
                "type": "get_attr",
                "value": "private_key_openssh"
              }
            ],
            [
              {
                "type": "get_attr",
                "value": "private_key_pem_pkcs8"
              }
            ]
          ]
        }
      ]
    }
  ],
  "check_results": null
}
