{
  "version": 4,
  "terraform_version": "1.10.0",
  "serial": 542,
  "lineage": "eb9e90df-273c-7cf8-4369-971b22c80da4",
  "outputs": {
    "bootstrap_brokers_sasl_iam": {
      "value": "boot-wkpcgful.c2.kafka-serverless.ap-south-1.amazonaws.com:9098",
      "type": "string"
    },
    "bucket_name": {
      "value": "shivchoudhury-datasets-kafka",
      "type": "string"
    },
    "firehose_name": {
      "value": "msk-firehose-demo-dev-firehose",
      "type": "string"
    },
    "firehose_role_arn": {
      "value": "arn:aws:iam::741448939728:role/msk-firehose-demo-dev-firehose-role",
      "type": "string"
    },
    "msk_cluster_arn": {
      "value": "arn:aws:kafka:ap-south-1:741448939728:cluster/msk-firehose-demo-dev/1c433827-9671-4483-8aef-1193c523abdc-s2",
      "type": "string"
    },
    "producer_code_path_on_ec2": {
      "value": "/opt/msk-producer",
      "type": "string"
    },
    "producer_instance_id": {
      "value": "i-0f1061c22831a6cfd",
      "type": "string"
    },
    "producer_instance_private_ip": {
      "value": "10.0.10.121",
      "type": "string"
    },
    "producer_instance_public_ip": {
      "value": "13.207.192.223",
      "type": "string"
    },
    "producer_ssm_start_session_command": {
      "value": "aws ssm start-session --target i-0f1061c22831a6cfd --region ap-south-1",
      "type": "string"
    },
    "security_group_id": {
      "value": "sg-060b15b2471c8d333",
      "type": "string"
    }
  },
  "resources": [
    {
      "mode": "data",
      "type": "archive_file",
      "name": "firehose_csv_transformer",
      "provider": "provider[\"registry.terraform.io/hashicorp/archive\"]",
      "instances": [
        {
          "schema_version": 0,
          "attributes": {
            "exclude_symlink_directories": null,
            "excludes": null,
            "id": "6a301597ed30a6247c8dac6d3e7785734312c418",
            "output_base64sha256": "MCqj7WAxLVayWy6J7cc8Skzf4P4soUXyZfaQ87+YIp8=",
            "output_base64sha512": "ZiVYbLRux7cjFrDuwdY/rGsEJXYiQyjImM8oltRFv+Q1VwYNczkSWz1YJzhsYnORX5rUqhIfKDCtStLdWq7f0w==",
            "output_file_mode": null,
            "output_md5": "7761bcd91b5da0313d8636bf7373205b",
            "output_path": "./.terraform/firehose_csv_transformer.zip",
            "output_sha": "6a301597ed30a6247c8dac6d3e7785734312c418",
            "output_sha256": "302aa3ed60312d56b25b2e89edc73c4a4cdfe0fe2ca145f265f690f3bf98229f",
            "output_sha512": "6625586cb46ec7b72316b0eec1d63fac6b042576224328c898cf2896d445bfe43557060d7339125b3d5827386c6273915f9ad4aa121f2830ad4ad2dd5aaedfd3",
            "output_size": 828,
            "source": [],
            "source_content": null,
            "source_content_filename": null,
            "source_dir": null,
            "source_file": "./lambda/firehose_csv_transformer.py",
            "type": "zip"
          },
          "sensitive_attributes": []
        }
      ]
    },
    {
      "mode": "data",
      "type": "aws_ami",
      "name": "al2023",
      "provider": "provider[\"registry.terraform.io/hashicorp/aws\"]",
      "instances": [
        {
          "schema_version": 0,
          "attributes": {
            "allow_unsafe_filter": null,
            "architecture": "x86_64",
            "arn": "arn:aws:ec2:ap-south-1::image/ami-00bf907f47fe1fa0d",
            "block_device_mappings": [
              {
                "device_name": "/dev/xvda",
                "ebs": {
                  "delete_on_termination": "true",
                  "encrypted": "false",
                  "iops": "3000",
                  "snapshot_id": "snap-089fe6155d55c3620",
                  "throughput": "125",
                  "volume_initialization_rate": "0",
                  "volume_size": "8",
                  "volume_type": "gp3"
                },
                "no_device": "",
                "virtual_name": ""
              }
            ],
            "boot_mode": "uefi-preferred",
            "creation_date": "2026-07-25T00:09:25.000Z",
            "deprecation_time": "2026-10-23T02:28:00.000Z",
            "description": "Amazon Linux 2023 AMI 2023.12.20260727.0 x86_64 HVM kernel-6.12",
            "ena_support": true,
            "executable_users": null,
            "filter": [
              {
                "name": "name",
                "values": [
                  "al2023-ami-2023.*-x86_64"
                ]
              },
              {
                "name": "state",
                "values": [
                  "available"
                ]
              }
            ],
            "hypervisor": "xen",
            "id": "ami-00bf907f47fe1fa0d",
            "image_id": "ami-00bf907f47fe1fa0d",
            "image_location": "amazon/al2023-ami-2023.12.20260727.0-kernel-6.12-x86_64",
            "image_owner_alias": "amazon",
            "image_type": "machine",
            "imds_support": "v2.0",
            "include_deprecated": false,
            "kernel_id": "",
            "last_launched_time": "",
            "most_recent": true,
            "name": "al2023-ami-2023.12.20260727.0-kernel-6.12-x86_64",
            "name_regex": null,
            "owner_id": "137112412989",
            "owners": [
              "amazon"
            ],
            "platform": "",
            "platform_details": "Linux/UNIX",
            "product_codes": [],
            "public": true,
            "ramdisk_id": "",
            "region": "ap-south-1",
            "root_device_name": "/dev/xvda",
            "root_device_type": "ebs",
            "root_snapshot_id": "snap-089fe6155d55c3620",
            "sriov_net_support": "simple",
            "state": "available",
            "state_reason": {
              "code": "UNSET",
              "message": "UNSET"
            },
            "tags": {},
            "timeouts": null,
            "tpm_support": "",
            "uefi_data": null,
            "usage_operation": "RunInstances",
            "virtualization_type": "hvm"
          },
          "sensitive_attributes": []
        }
      ]
    },
    {
      "mode": "data",
      "type": "aws_caller_identity",
      "name": "current",
      "provider": "provider[\"registry.terraform.io/hashicorp/aws\"]",
      "instances": [
        {
          "schema_version": 0,
          "attributes": {
            "account_id": "741448939728",
            "arn": "arn:aws:iam::741448939728:user/sonufgh32",
            "id": "741448939728",
            "user_id": "AIDA2ZIOM7DIOOGPNWWRN"
          },
          "sensitive_attributes": []
        }
      ]
    },
    {
      "mode": "data",
      "type": "aws_iam_policy_document",
      "name": "firehose",
      "provider": "provider[\"registry.terraform.io/hashicorp/aws\"]",
      "instances": [
        {
          "schema_version": 0,
          "attributes": {
            "id": "2133479412",
            "json": "{\n  \"Version\": \"2012-10-17\",\n  \"Statement\": [\n    {\n      \"Sid\": \"S3Access\",\n      \"Effect\": \"Allow\",\n      \"Action\": [\n        \"s3:PutObject\",\n        \"s3:ListBucketMultipartUploads\",\n        \"s3:ListBucket\",\n        \"s3:GetObject\",\n        \"s3:GetBucketLocation\",\n        \"s3:AbortMultipartUpload\"\n      ],\n      \"Resource\": [\n        \"arn:aws:s3:::shivchoudhury-datasets-kafka/*\",\n        \"arn:aws:s3:::shivchoudhury-datasets-kafka\"\n      ]\n    },\n    {\n      \"Sid\": \"CloudWatch\",\n      \"Effect\": \"Allow\",\n      \"Action\": [\n        \"logs:PutLogEvents\",\n        \"logs:CreateLogStream\"\n      ],\n      \"Resource\": \"*\"\n    },\n    {\n      \"Sid\": \"InvokeCsvTransformer\",\n      \"Effect\": \"Allow\",\n      \"Action\": \"lambda:InvokeFunction\",\n      \"Resource\": \"arn:aws:lambda:ap-south-1:741448939728:function:msk-firehose-demo-dev-firehose-csv-transformer\"\n    },\n    {\n      \"Sid\": \"MSK\",\n      \"Effect\": \"Allow\",\n      \"Action\": [\n        \"kafka:GetBootstrapBrokers\",\n        \"kafka:DescribeClusterV2\",\n        \"kafka:DescribeCluster\",\n        \"kafka-cluster:DescribeCluster\",\n        \"kafka-cluster:Connect\"\n      ],\n      \"Resource\": \"arn:aws:kafka:ap-south-1:741448939728:cluster/msk-firehose-demo-dev/1c433827-9671-4483-8aef-1193c523abdc-s2\"\n    },\n    {\n      \"Sid\": \"ReadFirehoseSourceTopic\",\n      \"Effect\": \"Allow\",\n      \"Action\": [\n        \"kafka-cluster:ReadData\",\n        \"kafka-cluster:DescribeTopic\"\n      ],\n      \"Resource\": \"arn:aws:kafka:ap-south-1:741448939728:topic/msk-firehose-demo-dev/1c433827-9671-4483-8aef-1193c523abdc-s2/sample-topic\"\n    },\n    {\n      \"Sid\": \"DescribeFirehoseConsumerGroups\",\n      \"Effect\": \"Allow\",\n      \"Action\": \"kafka-cluster:DescribeGroup\",\n      \"Resource\": \"arn:aws:kafka:ap-south-1:741448939728:group/msk-firehose-demo-dev/1c433827-9671-4483-8aef-1193c523abdc-s2/*\"\n    }\n  ]\n}",
            "minified_json": "{\"Version\":\"2012-10-17\",\"Statement\":[{\"Sid\":\"S3Access\",\"Effect\":\"Allow\",\"Action\":[\"s3:PutObject\",\"s3:ListBucketMultipartUploads\",\"s3:ListBucket\",\"s3:GetObject\",\"s3:GetBucketLocation\",\"s3:AbortMultipartUpload\"],\"Resource\":[\"arn:aws:s3:::shivchoudhury-datasets-kafka/*\",\"arn:aws:s3:::shivchoudhury-datasets-kafka\"]},{\"Sid\":\"CloudWatch\",\"Effect\":\"Allow\",\"Action\":[\"logs:PutLogEvents\",\"logs:CreateLogStream\"],\"Resource\":\"*\"},{\"Sid\":\"InvokeCsvTransformer\",\"Effect\":\"Allow\",\"Action\":\"lambda:InvokeFunction\",\"Resource\":\"arn:aws:lambda:ap-south-1:741448939728:function:msk-firehose-demo-dev-firehose-csv-transformer\"},{\"Sid\":\"MSK\",\"Effect\":\"Allow\",\"Action\":[\"kafka:GetBootstrapBrokers\",\"kafka:DescribeClusterV2\",\"kafka:DescribeCluster\",\"kafka-cluster:DescribeCluster\",\"kafka-cluster:Connect\"],\"Resource\":\"arn:aws:kafka:ap-south-1:741448939728:cluster/msk-firehose-demo-dev/1c433827-9671-4483-8aef-1193c523abdc-s2\"},{\"Sid\":\"ReadFirehoseSourceTopic\",\"Effect\":\"Allow\",\"Action\":[\"kafka-cluster:ReadData\",\"kafka-cluster:DescribeTopic\"],\"Resource\":\"arn:aws:kafka:ap-south-1:741448939728:topic/msk-firehose-demo-dev/1c433827-9671-4483-8aef-1193c523abdc-s2/sample-topic\"},{\"Sid\":\"DescribeFirehoseConsumerGroups\",\"Effect\":\"Allow\",\"Action\":\"kafka-cluster:DescribeGroup\",\"Resource\":\"arn:aws:kafka:ap-south-1:741448939728:group/msk-firehose-demo-dev/1c433827-9671-4483-8aef-1193c523abdc-s2/*\"}]}",
            "override_json": null,
            "override_policy_documents": null,
            "policy_id": null,
            "source_json": null,
            "source_policy_documents": null,
            "statement": [
              {
                "actions": [
                  "s3:AbortMultipartUpload",
                  "s3:GetBucketLocation",
                  "s3:GetObject",
                  "s3:ListBucket",
                  "s3:ListBucketMultipartUploads",
                  "s3:PutObject"
                ],
                "condition": [],
                "effect": "Allow",
                "not_actions": [],
                "not_principals": [],
                "not_resources": [],
                "principals": [],
                "resources": [
                  "arn:aws:s3:::shivchoudhury-datasets-kafka",
                  "arn:aws:s3:::shivchoudhury-datasets-kafka/*"
                ],
                "sid": "S3Access"
              },
              {
                "actions": [
                  "logs:CreateLogStream",
                  "logs:PutLogEvents"
                ],
                "condition": [],
                "effect": "Allow",
                "not_actions": [],
                "not_principals": [],
                "not_resources": [],
                "principals": [],
                "resources": [
                  "*"
                ],
                "sid": "CloudWatch"
              },
              {
                "actions": [
                  "lambda:InvokeFunction"
                ],
                "condition": [],
                "effect": "Allow",
                "not_actions": [],
                "not_principals": [],
                "not_resources": [],
                "principals": [],
                "resources": [
                  "arn:aws:lambda:ap-south-1:741448939728:function:msk-firehose-demo-dev-firehose-csv-transformer"
                ],
                "sid": "InvokeCsvTransformer"
              },
              {
                "actions": [
                  "kafka-cluster:Connect",
                  "kafka-cluster:DescribeCluster",
                  "kafka:DescribeCluster",
                  "kafka:DescribeClusterV2",
                  "kafka:GetBootstrapBrokers"
                ],
                "condition": [],
                "effect": "Allow",
                "not_actions": [],
                "not_principals": [],
                "not_resources": [],
                "principals": [],
                "resources": [
                  "arn:aws:kafka:ap-south-1:741448939728:cluster/msk-firehose-demo-dev/1c433827-9671-4483-8aef-1193c523abdc-s2"
                ],
                "sid": "MSK"
              },
              {
                "actions": [
                  "kafka-cluster:DescribeTopic",
                  "kafka-cluster:ReadData"
                ],
                "condition": [],
                "effect": "Allow",
                "not_actions": [],
                "not_principals": [],
                "not_resources": [],
                "principals": [],
                "resources": [
                  "arn:aws:kafka:ap-south-1:741448939728:topic/msk-firehose-demo-dev/1c433827-9671-4483-8aef-1193c523abdc-s2/sample-topic"
                ],
                "sid": "ReadFirehoseSourceTopic"
              },
              {
                "actions": [
                  "kafka-cluster:DescribeGroup"
                ],
                "condition": [],
                "effect": "Allow",
                "not_actions": [],
                "not_principals": [],
                "not_resources": [],
                "principals": [],
                "resources": [
                  "arn:aws:kafka:ap-south-1:741448939728:group/msk-firehose-demo-dev/1c433827-9671-4483-8aef-1193c523abdc-s2/*"
                ],
                "sid": "DescribeFirehoseConsumerGroups"
              }
            ],
            "version": "2012-10-17"
          },
          "sensitive_attributes": []
        }
      ]
    },
    {
      "mode": "data",
      "type": "aws_iam_policy_document",
      "name": "firehose_assume",
      "provider": "provider[\"registry.terraform.io/hashicorp/aws\"]",
      "instances": [
        {
          "schema_version": 0,
          "attributes": {
            "id": "414810265",
            "json": "{\n  \"Version\": \"2012-10-17\",\n  \"Statement\": [\n    {\n      \"Effect\": \"Allow\",\n      \"Action\": \"sts:AssumeRole\",\n      \"Principal\": {\n        \"Service\": \"firehose.amazonaws.com\"\n      }\n    }\n  ]\n}",
            "minified_json": "{\"Version\":\"2012-10-17\",\"Statement\":[{\"Effect\":\"Allow\",\"Action\":\"sts:AssumeRole\",\"Principal\":{\"Service\":\"firehose.amazonaws.com\"}}]}",
            "override_json": null,
            "override_policy_documents": null,
            "policy_id": null,
            "source_json": null,
            "source_policy_documents": null,
            "statement": [
              {
                "actions": [
                  "sts:AssumeRole"
                ],
                "condition": [],
                "effect": "Allow",
                "not_actions": [],
                "not_principals": [],
                "not_resources": [],
                "principals": [
                  {
                    "identifiers": [
                      "firehose.amazonaws.com"
                    ],
                    "type": "Service"
                  }
                ],
                "resources": [],
                "sid": ""
              }
            ],
            "version": "2012-10-17"
          },
          "sensitive_attributes": []
        }
      ]
    },
    {
      "mode": "data",
      "type": "aws_iam_policy_document",
      "name": "firehose_csv_transformer",
      "provider": "provider[\"registry.terraform.io/hashicorp/aws\"]",
      "instances": [
        {
          "schema_version": 0,
          "attributes": {
            "id": "1631379458",
            "json": "{\n  \"Version\": \"2012-10-17\",\n  \"Statement\": [\n    {\n      \"Sid\": \"WriteLogs\",\n      \"Effect\": \"Allow\",\n      \"Action\": [\n        \"logs:PutLogEvents\",\n        \"logs:CreateLogStream\",\n        \"logs:CreateLogGroup\"\n      ],\n      \"Resource\": \"*\"\n    }\n  ]\n}",
            "minified_json": "{\"Version\":\"2012-10-17\",\"Statement\":[{\"Sid\":\"WriteLogs\",\"Effect\":\"Allow\",\"Action\":[\"logs:PutLogEvents\",\"logs:CreateLogStream\",\"logs:CreateLogGroup\"],\"Resource\":\"*\"}]}",
            "override_json": null,
            "override_policy_documents": null,
            "policy_id": null,
            "source_json": null,
            "source_policy_documents": null,
            "statement": [
              {
                "actions": [
                  "logs:CreateLogGroup",
                  "logs:CreateLogStream",
                  "logs:PutLogEvents"
                ],
                "condition": [],
                "effect": "Allow",
                "not_actions": [],
                "not_principals": [],
                "not_resources": [],
                "principals": [],
                "resources": [
                  "*"
                ],
                "sid": "WriteLogs"
              }
            ],
            "version": "2012-10-17"
          },
          "sensitive_attributes": []
        }
      ]
    },
    {
      "mode": "data",
      "type": "aws_iam_policy_document",
      "name": "firehose_csv_transformer_assume",
      "provider": "provider[\"registry.terraform.io/hashicorp/aws\"]",
      "instances": [
        {
          "schema_version": 0,
          "attributes": {
            "id": "2690255455",
            "json": "{\n  \"Version\": \"2012-10-17\",\n  \"Statement\": [\n    {\n      \"Effect\": \"Allow\",\n      \"Action\": \"sts:AssumeRole\",\n      \"Principal\": {\n        \"Service\": \"lambda.amazonaws.com\"\n      }\n    }\n  ]\n}",
            "minified_json": "{\"Version\":\"2012-10-17\",\"Statement\":[{\"Effect\":\"Allow\",\"Action\":\"sts:AssumeRole\",\"Principal\":{\"Service\":\"lambda.amazonaws.com\"}}]}",
            "override_json": null,
            "override_policy_documents": null,
            "policy_id": null,
            "source_json": null,
            "source_policy_documents": null,
            "statement": [
              {
                "actions": [
                  "sts:AssumeRole"
                ],
                "condition": [],
                "effect": "Allow",
                "not_actions": [],
                "not_principals": [],
                "not_resources": [],
                "principals": [
                  {
                    "identifiers": [
                      "lambda.amazonaws.com"
                    ],
                    "type": "Service"
                  }
                ],
                "resources": [],
                "sid": ""
              }
            ],
            "version": "2012-10-17"
          },
          "sensitive_attributes": []
        }
      ]
    },
    {
      "mode": "data",
      "type": "aws_iam_policy_document",
      "name": "producer_assume",
      "provider": "provider[\"registry.terraform.io/hashicorp/aws\"]",
      "instances": [
        {
          "schema_version": 0,
          "attributes": {
            "id": "2851119427",
            "json": "{\n  \"Version\": \"2012-10-17\",\n  \"Statement\": [\n    {\n      \"Effect\": \"Allow\",\n      \"Action\": \"sts:AssumeRole\",\n      \"Principal\": {\n        \"Service\": \"ec2.amazonaws.com\"\n      }\n    }\n  ]\n}",
            "minified_json": "{\"Version\":\"2012-10-17\",\"Statement\":[{\"Effect\":\"Allow\",\"Action\":\"sts:AssumeRole\",\"Principal\":{\"Service\":\"ec2.amazonaws.com\"}}]}",
            "override_json": null,
            "override_policy_documents": null,
            "policy_id": null,
            "source_json": null,
            "source_policy_documents": null,
            "statement": [
              {
                "actions": [
                  "sts:AssumeRole"
                ],
                "condition": [],
                "effect": "Allow",
                "not_actions": [],
                "not_principals": [],
                "not_resources": [],
                "principals": [
                  {
                    "identifiers": [
                      "ec2.amazonaws.com"
                    ],
                    "type": "Service"
                  }
                ],
                "resources": [],
                "sid": ""
              }
            ],
            "version": "2012-10-17"
          },
          "sensitive_attributes": []
        }
      ]
    },
    {
      "mode": "data",
      "type": "aws_iam_policy_document",
      "name": "producer_msk",
      "provider": "provider[\"registry.terraform.io/hashicorp/aws\"]",
      "instances": [
        {
          "schema_version": 0,
          "attributes": {
            "id": "143378624",
            "json": "{\n  \"Version\": \"2012-10-17\",\n  \"Statement\": [\n    {\n      \"Sid\": \"MskBootstrap\",\n      \"Effect\": \"Allow\",\n      \"Action\": [\n        \"kafka:GetBootstrapBrokers\",\n        \"kafka:DescribeClusterV2\",\n        \"kafka:DescribeCluster\"\n      ],\n      \"Resource\": \"arn:aws:kafka:ap-south-1:741448939728:cluster/msk-firehose-demo-dev/1c433827-9671-4483-8aef-1193c523abdc-s2\"\n    },\n    {\n      \"Sid\": \"MskDataPlane\",\n      \"Effect\": \"Allow\",\n      \"Action\": [\n        \"kafka-cluster:WriteData\",\n        \"kafka-cluster:ReadData\",\n        \"kafka-cluster:DescribeTopic\",\n        \"kafka-cluster:DescribeGroup\",\n        \"kafka-cluster:DescribeCluster\",\n        \"kafka-cluster:DeleteTopic\",\n        \"kafka-cluster:CreateTopic\",\n        \"kafka-cluster:Connect\",\n        \"kafka-cluster:AlterTopic\"\n      ],\n      \"Resource\": [\n        \"arn:aws:kafka:ap-south-1:741448939728:topic/msk-firehose-demo-dev/1c433827-9671-4483-8aef-1193c523abdc-s2/*\",\n        \"arn:aws:kafka:ap-south-1:741448939728:group/msk-firehose-demo-dev/1c433827-9671-4483-8aef-1193c523abdc-s2/*\",\n        \"arn:aws:kafka:ap-south-1:741448939728:cluster/msk-firehose-demo-dev/1c433827-9671-4483-8aef-1193c523abdc-s2\"\n      ]\n    },\n    {\n      \"Sid\": \"ProducerSourceDownload\",\n      \"Effect\": \"Allow\",\n      \"Action\": \"s3:GetObject\",\n      \"Resource\": \"arn:aws:s3:::shivchoudhury-datasets-kafka/bootstrap/producer/*\"\n    }\n  ]\n}",
            "minified_json": "{\"Version\":\"2012-10-17\",\"Statement\":[{\"Sid\":\"MskBootstrap\",\"Effect\":\"Allow\",\"Action\":[\"kafka:GetBootstrapBrokers\",\"kafka:DescribeClusterV2\",\"kafka:DescribeCluster\"],\"Resource\":\"arn:aws:kafka:ap-south-1:741448939728:cluster/msk-firehose-demo-dev/1c433827-9671-4483-8aef-1193c523abdc-s2\"},{\"Sid\":\"MskDataPlane\",\"Effect\":\"Allow\",\"Action\":[\"kafka-cluster:WriteData\",\"kafka-cluster:ReadData\",\"kafka-cluster:DescribeTopic\",\"kafka-cluster:DescribeGroup\",\"kafka-cluster:DescribeCluster\",\"kafka-cluster:DeleteTopic\",\"kafka-cluster:CreateTopic\",\"kafka-cluster:Connect\",\"kafka-cluster:AlterTopic\"],\"Resource\":[\"arn:aws:kafka:ap-south-1:741448939728:topic/msk-firehose-demo-dev/1c433827-9671-4483-8aef-1193c523abdc-s2/*\",\"arn:aws:kafka:ap-south-1:741448939728:group/msk-firehose-demo-dev/1c433827-9671-4483-8aef-1193c523abdc-s2/*\",\"arn:aws:kafka:ap-south-1:741448939728:cluster/msk-firehose-demo-dev/1c433827-9671-4483-8aef-1193c523abdc-s2\"]},{\"Sid\":\"ProducerSourceDownload\",\"Effect\":\"Allow\",\"Action\":\"s3:GetObject\",\"Resource\":\"arn:aws:s3:::shivchoudhury-datasets-kafka/bootstrap/producer/*\"}]}",
            "override_json": null,
            "override_policy_documents": null,
            "policy_id": null,
            "source_json": null,
            "source_policy_documents": null,
            "statement": [
              {
                "actions": [
                  "kafka:DescribeCluster",
                  "kafka:DescribeClusterV2",
                  "kafka:GetBootstrapBrokers"
                ],
                "condition": [],
                "effect": "Allow",
                "not_actions": [],
                "not_principals": [],
                "not_resources": [],
                "principals": [],
                "resources": [
                  "arn:aws:kafka:ap-south-1:741448939728:cluster/msk-firehose-demo-dev/1c433827-9671-4483-8aef-1193c523abdc-s2"
                ],
                "sid": "MskBootstrap"
              },
              {
                "actions": [
                  "kafka-cluster:AlterTopic",
                  "kafka-cluster:Connect",
                  "kafka-cluster:CreateTopic",
                  "kafka-cluster:DeleteTopic",
                  "kafka-cluster:DescribeCluster",
                  "kafka-cluster:DescribeGroup",
                  "kafka-cluster:DescribeTopic",
                  "kafka-cluster:ReadData",
                  "kafka-cluster:WriteData"
                ],
                "condition": [],
                "effect": "Allow",
                "not_actions": [],
                "not_principals": [],
                "not_resources": [],
                "principals": [],
                "resources": [
                  "arn:aws:kafka:ap-south-1:741448939728:cluster/msk-firehose-demo-dev/1c433827-9671-4483-8aef-1193c523abdc-s2",
                  "arn:aws:kafka:ap-south-1:741448939728:group/msk-firehose-demo-dev/1c433827-9671-4483-8aef-1193c523abdc-s2/*",
                  "arn:aws:kafka:ap-south-1:741448939728:topic/msk-firehose-demo-dev/1c433827-9671-4483-8aef-1193c523abdc-s2/*"
                ],
                "sid": "MskDataPlane"
              },
              {
                "actions": [
                  "s3:GetObject"
                ],
                "condition": [],
                "effect": "Allow",
                "not_actions": [],
                "not_principals": [],
                "not_resources": [],
                "principals": [],
                "resources": [
                  "arn:aws:s3:::shivchoudhury-datasets-kafka/bootstrap/producer/*"
                ],
                "sid": "ProducerSourceDownload"
              }
            ],
            "version": "2012-10-17"
          },
          "sensitive_attributes": []
        }
      ]
    },
    {
      "mode": "data",
      "type": "aws_partition",
      "name": "current",
      "provider": "provider[\"registry.terraform.io/hashicorp/aws\"]",
      "instances": [
        {
          "schema_version": 0,
          "attributes": {
            "dns_suffix": "amazonaws.com",
            "id": "aws",
            "partition": "aws",
            "reverse_dns_prefix": "com.amazonaws"
          },
          "sensitive_attributes": []
        }
      ]
    },
    {
      "mode": "data",
      "type": "aws_region",
      "name": "current",
      "provider": "provider[\"registry.terraform.io/hashicorp/aws\"]",
      "instances": [
        {
          "schema_version": 0,
          "attributes": {
            "description": "Asia Pacific (Mumbai)",
            "endpoint": "ec2.ap-south-1.amazonaws.com",
            "id": "ap-south-1",
            "name": "ap-south-1",
            "region": "ap-south-1"
          },
          "sensitive_attributes": []
        }
      ]
    },
    {
      "mode": "managed",
      "type": "aws_cloudwatch_log_group",
      "name": "firehose",
      "provider": "provider[\"registry.terraform.io/hashicorp/aws\"]",
      "instances": [
        {
          "schema_version": 0,
          "attributes": {
            "arn": "arn:aws:logs:ap-south-1:741448939728:log-group:/aws/kinesisfirehose/msk-firehose-demo-dev",
            "deletion_protection_enabled": false,
            "id": "/aws/kinesisfirehose/msk-firehose-demo-dev",
            "kms_key_id": "",
            "log_group_class": "STANDARD",
            "name": "/aws/kinesisfirehose/msk-firehose-demo-dev",
            "name_prefix": "",
            "region": "ap-south-1",
            "retention_in_days": 7,
            "skip_destroy": false,
            "tags": {},
            "tags_all": {
              "Environment": "dev",
              "ManagedBy": "Terraform",
              "Project": "msk-firehose-demo"
            }
          },
          "sensitive_attributes": [],
          "private": "bnVsbA=="
        }
      ]
    },
    {
      "mode": "managed",
      "type": "aws_cloudwatch_log_group",
      "name": "msk",
      "provider": "provider[\"registry.terraform.io/hashicorp/aws\"]",
      "instances": [
        {
          "schema_version": 0,
          "attributes": {
            "arn": "arn:aws:logs:ap-south-1:741448939728:log-group:/aws/msk/msk-firehose-demo-dev",
            "deletion_protection_enabled": false,
            "id": "/aws/msk/msk-firehose-demo-dev",
            "kms_key_id": "",
            "log_group_class": "STANDARD",
            "name": "/aws/msk/msk-firehose-demo-dev",
            "name_prefix": "",
            "region": "ap-south-1",
            "retention_in_days": 7,
            "skip_destroy": false,
            "tags": {},
            "tags_all": {
              "Environment": "dev",
              "ManagedBy": "Terraform",
              "Project": "msk-firehose-demo"
            }
          },
          "sensitive_attributes": [],
          "private": "bnVsbA=="
        }
      ]
    },
    {
      "mode": "managed",
      "type": "aws_cloudwatch_log_stream",
      "name": "firehose",
      "provider": "provider[\"registry.terraform.io/hashicorp/aws\"]",
      "instances": [
        {
          "schema_version": 0,
          "attributes": {
            "arn": "arn:aws:logs:ap-south-1:741448939728:log-group:/aws/kinesisfirehose/msk-firehose-demo-dev:log-stream:S3Delivery",
            "id": "S3Delivery",
            "log_group_name": "/aws/kinesisfirehose/msk-firehose-demo-dev",
            "name": "S3Delivery",
            "region": "ap-south-1"
          },
          "sensitive_attributes": [],
          "private": "bnVsbA==",
          "dependencies": [
            "aws_cloudwatch_log_group.firehose"
          ]
        }
      ]
    },
    {
      "mode": "managed",
      "type": "aws_iam_instance_profile",
      "name": "producer",
      "provider": "provider[\"registry.terraform.io/hashicorp/aws\"]",
      "instances": [
        {
          "schema_version": 0,
          "attributes": {
            "arn": "arn:aws:iam::741448939728:instance-profile/msk-firehose-demo-dev-producer-profile",
            "create_date": "2026-07-29T17:24:30Z",
            "id": "msk-firehose-demo-dev-producer-profile",
            "name": "msk-firehose-demo-dev-producer-profile",
            "name_prefix": "",
            "path": "/",
            "role": "msk-firehose-demo-dev-producer-role",
            "tags": {},
            "tags_all": {
              "Environment": "dev",
              "ManagedBy": "Terraform",
              "Project": "msk-firehose-demo"
            },
            "unique_id": "AIPA2ZIOM7DIILTPHTQPL"
          },
          "sensitive_attributes": [],
          "private": "bnVsbA==",
          "dependencies": [
            "aws_iam_role.producer",
            "data.aws_iam_policy_document.producer_assume"
          ]
        }
      ]
    },
    {
      "mode": "managed",
      "type": "aws_iam_policy",
      "name": "firehose",
      "provider": "provider[\"registry.terraform.io/hashicorp/aws\"]",
      "instances": [
        {
          "schema_version": 0,
          "attributes": {
            "arn": "arn:aws:iam::741448939728:policy/msk-firehose-demo-dev-firehose",
            "attachment_count": 1,
            "delay_after_policy_creation_in_ms": null,
            "description": "",
            "id": "arn:aws:iam::741448939728:policy/msk-firehose-demo-dev-firehose",
            "name": "msk-firehose-demo-dev-firehose",
            "name_prefix": "",
            "path": "/",
            "policy": "{\"Statement\":[{\"Action\":[\"s3:PutObject\",\"s3:ListBucketMultipartUploads\",\"s3:ListBucket\",\"s3:GetObject\",\"s3:GetBucketLocation\",\"s3:AbortMultipartUpload\"],\"Effect\":\"Allow\",\"Resource\":[\"arn:aws:s3:::shivchoudhury-datasets-kafka/*\",\"arn:aws:s3:::shivchoudhury-datasets-kafka\"],\"Sid\":\"S3Access\"},{\"Action\":[\"logs:PutLogEvents\",\"logs:CreateLogStream\"],\"Effect\":\"Allow\",\"Resource\":\"*\",\"Sid\":\"CloudWatch\"},{\"Action\":\"lambda:InvokeFunction\",\"Effect\":\"Allow\",\"Resource\":\"arn:aws:lambda:ap-south-1:741448939728:function:msk-firehose-demo-dev-firehose-csv-transformer\",\"Sid\":\"InvokeCsvTransformer\"},{\"Action\":[\"kafka:GetBootstrapBrokers\",\"kafka:DescribeClusterV2\",\"kafka:DescribeCluster\",\"kafka-cluster:DescribeCluster\",\"kafka-cluster:Connect\"],\"Effect\":\"Allow\",\"Resource\":\"arn:aws:kafka:ap-south-1:741448939728:cluster/msk-firehose-demo-dev/1c433827-9671-4483-8aef-1193c523abdc-s2\",\"Sid\":\"MSK\"},{\"Action\":[\"kafka-cluster:ReadData\",\"kafka-cluster:DescribeTopic\"],\"Effect\":\"Allow\",\"Resource\":\"arn:aws:kafka:ap-south-1:741448939728:topic/msk-firehose-demo-dev/1c433827-9671-4483-8aef-1193c523abdc-s2/sample-topic\",\"Sid\":\"ReadFirehoseSourceTopic\"},{\"Action\":\"kafka-cluster:DescribeGroup\",\"Effect\":\"Allow\",\"Resource\":\"arn:aws:kafka:ap-south-1:741448939728:group/msk-firehose-demo-dev/1c433827-9671-4483-8aef-1193c523abdc-s2/*\",\"Sid\":\"DescribeFirehoseConsumerGroups\"}],\"Version\":\"2012-10-17\"}",
            "policy_id": "ANPA2ZIOM7DID3DCNLGAA",
            "tags": {},
            "tags_all": {
              "Environment": "dev",
              "ManagedBy": "Terraform",
              "Project": "msk-firehose-demo"
            }
          },
          "sensitive_attributes": [],
          "private": "bnVsbA==",
          "dependencies": [
            "aws_iam_role.firehose_csv_transformer",
            "aws_iam_role_policy.firehose_csv_transformer",
            "aws_lambda_function.firehose_csv_transformer",
            "aws_msk_serverless_cluster.this",
            "aws_s3_bucket.firehose",
            "aws_security_group.msk",
            "aws_subnet.private_a",
            "aws_subnet.private_b",
            "aws_vpc.main",
            "data.archive_file.firehose_csv_transformer",
            "data.aws_iam_policy_document.firehose",
            "data.aws_iam_policy_document.firehose_csv_transformer",
            "data.aws_iam_policy_document.firehose_csv_transformer_assume"
          ]
        }
      ]
    },
    {
      "mode": "managed",
      "type": "aws_iam_policy",
      "name": "producer_msk",
      "provider": "provider[\"registry.terraform.io/hashicorp/aws\"]",
      "instances": [
        {
          "schema_version": 0,
          "attributes": {
            "arn": "arn:aws:iam::741448939728:policy/msk-firehose-demo-dev-producer-msk",
            "attachment_count": 1,
            "delay_after_policy_creation_in_ms": null,
            "description": "",
            "id": "arn:aws:iam::741448939728:policy/msk-firehose-demo-dev-producer-msk",
            "name": "msk-firehose-demo-dev-producer-msk",
            "name_prefix": "",
            "path": "/",
            "policy": "{\"Statement\":[{\"Action\":[\"kafka:GetBootstrapBrokers\",\"kafka:DescribeClusterV2\",\"kafka:DescribeCluster\"],\"Effect\":\"Allow\",\"Resource\":\"arn:aws:kafka:ap-south-1:741448939728:cluster/msk-firehose-demo-dev/1c433827-9671-4483-8aef-1193c523abdc-s2\",\"Sid\":\"MskBootstrap\"},{\"Action\":[\"kafka-cluster:WriteData\",\"kafka-cluster:ReadData\",\"kafka-cluster:DescribeTopic\",\"kafka-cluster:DescribeGroup\",\"kafka-cluster:DescribeCluster\",\"kafka-cluster:DeleteTopic\",\"kafka-cluster:CreateTopic\",\"kafka-cluster:Connect\",\"kafka-cluster:AlterTopic\"],\"Effect\":\"Allow\",\"Resource\":[\"arn:aws:kafka:ap-south-1:741448939728:topic/msk-firehose-demo-dev/1c433827-9671-4483-8aef-1193c523abdc-s2/*\",\"arn:aws:kafka:ap-south-1:741448939728:group/msk-firehose-demo-dev/1c433827-9671-4483-8aef-1193c523abdc-s2/*\",\"arn:aws:kafka:ap-south-1:741448939728:cluster/msk-firehose-demo-dev/1c433827-9671-4483-8aef-1193c523abdc-s2\"],\"Sid\":\"MskDataPlane\"},{\"Action\":\"s3:GetObject\",\"Effect\":\"Allow\",\"Resource\":\"arn:aws:s3:::shivchoudhury-datasets-kafka/bootstrap/producer/*\",\"Sid\":\"ProducerSourceDownload\"}],\"Version\":\"2012-10-17\"}",
            "policy_id": "ANPA2ZIOM7DIMPXY35U7D",
            "tags": {},
            "tags_all": {
              "Environment": "dev",
              "ManagedBy": "Terraform",
              "Project": "msk-firehose-demo"
            }
          },
          "sensitive_attributes": [],
          "private": "bnVsbA==",
          "dependencies": [
            "aws_msk_serverless_cluster.this",
            "aws_s3_bucket.firehose",
            "aws_security_group.msk",
            "aws_subnet.private_a",
            "aws_subnet.private_b",
            "aws_vpc.main",
            "data.aws_iam_policy_document.producer_msk"
          ]
        }
      ]
    },
    {
      "mode": "managed",
      "type": "aws_iam_role",
      "name": "firehose",
      "provider": "provider[\"registry.terraform.io/hashicorp/aws\"]",
      "instances": [
        {
          "schema_version": 0,
          "attributes": {
            "arn": "arn:aws:iam::741448939728:role/msk-firehose-demo-dev-firehose-role",
            "assume_role_policy": "{\"Statement\":[{\"Action\":\"sts:AssumeRole\",\"Effect\":\"Allow\",\"Principal\":{\"Service\":\"firehose.amazonaws.com\"}}],\"Version\":\"2012-10-17\"}",
            "create_date": "2026-07-29T17:24:28Z",
            "description": "",
            "force_detach_policies": false,
            "id": "msk-firehose-demo-dev-firehose-role",
            "inline_policy": [],
            "managed_policy_arns": [
              "arn:aws:iam::741448939728:policy/msk-firehose-demo-dev-firehose"
            ],
            "max_session_duration": 3600,
            "name": "msk-firehose-demo-dev-firehose-role",
            "name_prefix": "",
            "path": "/",
            "permissions_boundary": "",
            "tags": {},
            "tags_all": {
              "Environment": "dev",
              "ManagedBy": "Terraform",
              "Project": "msk-firehose-demo"
            },
            "unique_id": "AROA2ZIOM7DIKS5BTBO3M"
          },
          "sensitive_attributes": [],
          "private": "bnVsbA==",
          "dependencies": [
            "data.aws_iam_policy_document.firehose_assume"
          ]
        }
      ]
    },
    {
      "mode": "managed",
      "type": "aws_iam_role",
      "name": "firehose_csv_transformer",
      "provider": "provider[\"registry.terraform.io/hashicorp/aws\"]",
      "instances": [
        {
          "schema_version": 0,
          "attributes": {
            "arn": "arn:aws:iam::741448939728:role/msk-firehose-demo-dev-firehose-csv-transformer-role",
            "assume_role_policy": "{\"Statement\":[{\"Action\":\"sts:AssumeRole\",\"Effect\":\"Allow\",\"Principal\":{\"Service\":\"lambda.amazonaws.com\"}}],\"Version\":\"2012-10-17\"}",
            "create_date": "2026-07-29T17:24:28Z",
            "description": "",
            "force_detach_policies": false,
            "id": "msk-firehose-demo-dev-firehose-csv-transformer-role",
            "inline_policy": [
              {
                "name": "msk-firehose-demo-dev-firehose-csv-transformer",
                "policy": "{\"Version\":\"2012-10-17\",\"Statement\":[{\"Action\":[\"logs:PutLogEvents\",\"logs:CreateLogStream\",\"logs:CreateLogGroup\"],\"Effect\":\"Allow\",\"Resource\":\"*\",\"Sid\":\"WriteLogs\"}]}"
              }
            ],
            "managed_policy_arns": [],
            "max_session_duration": 3600,
            "name": "msk-firehose-demo-dev-firehose-csv-transformer-role",
            "name_prefix": "",
            "path": "/",
            "permissions_boundary": "",
            "tags": {},
            "tags_all": {
              "Environment": "dev",
              "ManagedBy": "Terraform",
              "Project": "msk-firehose-demo"
            },
            "unique_id": "AROA2ZIOM7DIDAWZVJNYW"
          },
          "sensitive_attributes": [],
          "private": "bnVsbA==",
          "dependencies": [
            "data.aws_iam_policy_document.firehose_csv_transformer_assume"
          ]
        }
      ]
    },
    {
      "mode": "managed",
      "type": "aws_iam_role",
      "name": "producer",
      "provider": "provider[\"registry.terraform.io/hashicorp/aws\"]",
      "instances": [
        {
          "schema_version": 0,
          "attributes": {
            "arn": "arn:aws:iam::741448939728:role/msk-firehose-demo-dev-producer-role",
            "assume_role_policy": "{\"Statement\":[{\"Action\":\"sts:AssumeRole\",\"Effect\":\"Allow\",\"Principal\":{\"Service\":\"ec2.amazonaws.com\"}}],\"Version\":\"2012-10-17\"}",
            "create_date": "2026-07-29T17:24:28Z",
            "description": "",
            "force_detach_policies": false,
            "id": "msk-firehose-demo-dev-producer-role",
            "inline_policy": [],
            "managed_policy_arns": [
              "arn:aws:iam::741448939728:policy/msk-firehose-demo-dev-producer-msk",
              "arn:aws:iam::aws:policy/AmazonSSMManagedInstanceCore"
            ],
            "max_session_duration": 3600,
            "name": "msk-firehose-demo-dev-producer-role",
            "name_prefix": "",
            "path": "/",
            "permissions_boundary": "",
            "tags": {},
            "tags_all": {
              "Environment": "dev",
              "ManagedBy": "Terraform",
              "Project": "msk-firehose-demo"
            },
            "unique_id": "AROA2ZIOM7DINPF47XHRB"
          },
          "sensitive_attributes": [],
          "private": "bnVsbA==",
          "dependencies": [
            "data.aws_iam_policy_document.producer_assume"
          ]
        }
      ]
    },
    {
      "mode": "managed",
      "type": "aws_iam_role_policy",
      "name": "firehose_csv_transformer",
      "provider": "provider[\"registry.terraform.io/hashicorp/aws\"]",
      "instances": [
        {
          "schema_version": 0,
          "attributes": {
            "id": "msk-firehose-demo-dev-firehose-csv-transformer-role:msk-firehose-demo-dev-firehose-csv-transformer",
            "name": "msk-firehose-demo-dev-firehose-csv-transformer",
            "name_prefix": "",
            "policy": "{\"Version\":\"2012-10-17\",\"Statement\":[{\"Action\":[\"logs:PutLogEvents\",\"logs:CreateLogStream\",\"logs:CreateLogGroup\"],\"Effect\":\"Allow\",\"Resource\":\"*\",\"Sid\":\"WriteLogs\"}]}",
            "role": "msk-firehose-demo-dev-firehose-csv-transformer-role"
          },
          "sensitive_attributes": [],
          "private": "bnVsbA==",
          "dependencies": [
            "aws_iam_role.firehose_csv_transformer",
            "data.aws_iam_policy_document.firehose_csv_transformer",
            "data.aws_iam_policy_document.firehose_csv_transformer_assume"
          ]
        }
      ]
    },
    {
      "mode": "managed",
      "type": "aws_iam_role_policy_attachment",
      "name": "firehose",
      "provider": "provider[\"registry.terraform.io/hashicorp/aws\"]",
      "instances": [
        {
          "schema_version": 0,
          "attributes": {
            "id": "msk-firehose-demo-dev-firehose-role/arn:aws:iam::741448939728:policy/msk-firehose-demo-dev-firehose",
            "policy_arn": "arn:aws:iam::741448939728:policy/msk-firehose-demo-dev-firehose",
            "role": "msk-firehose-demo-dev-firehose-role"
          },
          "sensitive_attributes": [],
          "private": "bnVsbA==",
          "dependencies": [
            "aws_iam_policy.firehose",
            "aws_iam_role.firehose",
            "aws_iam_role.firehose_csv_transformer",
            "aws_iam_role_policy.firehose_csv_transformer",
            "aws_lambda_function.firehose_csv_transformer",
            "aws_msk_serverless_cluster.this",
            "aws_s3_bucket.firehose",
            "aws_security_group.msk",
            "aws_subnet.private_a",
            "aws_subnet.private_b",
            "aws_vpc.main",
            "data.archive_file.firehose_csv_transformer",
            "data.aws_iam_policy_document.firehose",
            "data.aws_iam_policy_document.firehose_assume",
            "data.aws_iam_policy_document.firehose_csv_transformer",
            "data.aws_iam_policy_document.firehose_csv_transformer_assume"
          ]
        }
      ]
    },
    {
      "mode": "managed",
      "type": "aws_iam_role_policy_attachment",
      "name": "producer_msk",
      "provider": "provider[\"registry.terraform.io/hashicorp/aws\"]",
      "instances": [
        {
          "schema_version": 0,
          "attributes": {
            "id": "msk-firehose-demo-dev-producer-role/arn:aws:iam::741448939728:policy/msk-firehose-demo-dev-producer-msk",
            "policy_arn": "arn:aws:iam::741448939728:policy/msk-firehose-demo-dev-producer-msk",
            "role": "msk-firehose-demo-dev-producer-role"
          },
          "sensitive_attributes": [],
          "private": "bnVsbA==",
          "dependencies": [
            "aws_iam_policy.producer_msk",
            "aws_iam_role.producer",
            "aws_msk_serverless_cluster.this",
            "aws_s3_bucket.firehose",
            "aws_security_group.msk",
            "aws_subnet.private_a",
            "aws_subnet.private_b",
            "aws_vpc.main",
            "data.aws_iam_policy_document.producer_assume",
            "data.aws_iam_policy_document.producer_msk"
          ]
        }
      ]
    },
    {
      "mode": "managed",
      "type": "aws_iam_role_policy_attachment",
      "name": "producer_ssm",
      "provider": "provider[\"registry.terraform.io/hashicorp/aws\"]",
      "instances": [
        {
          "schema_version": 0,
          "attributes": {
            "id": "msk-firehose-demo-dev-producer-role/arn:aws:iam::aws:policy/AmazonSSMManagedInstanceCore",
            "policy_arn": "arn:aws:iam::aws:policy/AmazonSSMManagedInstanceCore",
            "role": "msk-firehose-demo-dev-producer-role"
          },
          "sensitive_attributes": [],
          "private": "bnVsbA==",
          "dependencies": [
            "aws_iam_role.producer",
            "data.aws_iam_policy_document.producer_assume",
            "data.aws_partition.current"
          ]
        }
      ]
    },
    {
      "mode": "managed",
      "type": "aws_instance",
      "name": "producer",
      "provider": "provider[\"registry.terraform.io/hashicorp/aws\"]",
      "instances": [
        {
          "schema_version": 2,
          "attributes": {
            "ami": "ami-00bf907f47fe1fa0d",
            "arn": "arn:aws:ec2:ap-south-1:741448939728:instance/i-0f1061c22831a6cfd",
            "associate_public_ip_address": true,
            "availability_zone": "ap-south-1a",
            "capacity_reservation_specification": [
              {
                "capacity_reservation_preference": "open",
                "capacity_reservation_target": []
              }
            ],
            "cpu_options": [
              {
                "amd_sev_snp": "",
                "core_count": 1,
                "nested_virtualization": "",
                "threads_per_core": 2
              }
            ],
            "credit_specification": [
              {
                "cpu_credits": "unlimited"
              }
            ],
            "disable_api_stop": false,
            "disable_api_termination": false,
            "ebs_block_device": [],
            "ebs_optimized": false,
            "enable_primary_ipv6": null,
            "enclave_options": [
              {
                "enabled": false
              }
            ],
            "ephemeral_block_device": [],
            "force_destroy": false,
            "get_password_data": false,
            "hibernation": false,
            "host_id": "",
            "host_resource_group_arn": null,
            "iam_instance_profile": "msk-firehose-demo-dev-producer-profile",
            "id": "i-0f1061c22831a6cfd",
            "instance_initiated_shutdown_behavior": "stop",
            "instance_lifecycle": "",
            "instance_market_options": [],
            "instance_state": "running",
            "instance_type": "t3.micro",
            "ipv6_address_count": 0,
            "ipv6_addresses": [],
            "key_name": "",
            "launch_template": [],
            "maintenance_options": [
              {
                "auto_recovery": "default"
              }
            ],
            "metadata_options": [
              {
                "http_endpoint": "enabled",
                "http_protocol_ipv6": "disabled",
                "http_put_response_hop_limit": 2,
                "http_tokens": "required",
                "instance_metadata_tags": "disabled"
              }
            ],
            "monitoring": false,
            "network_interface": [],
            "outpost_arn": "",
            "password_data": "",
            "placement_group": "",
            "placement_group_id": "",
            "placement_partition_number": 0,
            "primary_network_interface": [
              {
                "delete_on_termination": true,
                "network_interface_id": "eni-008a0445e0adc8043"
              }
            ],
            "primary_network_interface_id": "eni-008a0445e0adc8043",
            "private_dns": "ip-10-0-10-121.ap-south-1.compute.internal",
            "private_dns_name_options": [
              {
                "enable_resource_name_dns_a_record": false,
                "enable_resource_name_dns_aaaa_record": false,
                "hostname_type": "ip-name"
              }
            ],
            "private_ip": "10.0.10.121",
            "public_dns": "ec2-13-207-192-223.ap-south-1.compute.amazonaws.com",
            "public_ip": "13.207.192.223",
            "region": "ap-south-1",
            "root_block_device": [
              {
                "delete_on_termination": true,
                "device_name": "/dev/xvda",
                "encrypted": false,
                "iops": 3000,
                "kms_key_id": "",
                "tags": {
                  "Environment": "dev",
                  "ManagedBy": "Terraform",
                  "Project": "msk-firehose-demo"
                },
                "tags_all": {
                  "Environment": "dev",
                  "ManagedBy": "Terraform",
                  "Project": "msk-firehose-demo"
                },
                "throughput": 125,
                "volume_id": "vol-0cd18acc56a19f831",
                "volume_size": 8,
                "volume_type": "gp3"
              }
            ],
            "secondary_network_interface": [],
            "secondary_private_ips": [],
            "security_groups": [],
            "source_dest_check": true,
            "spot_instance_request_id": "",
            "subnet_id": "subnet-0587c4e84f1287f9e",
            "tags": {
              "Name": "msk-firehose-demo-dev-producer"
            },
            "tags_all": {
              "Environment": "dev",
              "ManagedBy": "Terraform",
              "Name": "msk-firehose-demo-dev-producer",
              "Project": "msk-firehose-demo"
            },
            "tenancy": "default",
            "timeouts": null,
            "user_data": "#!/bin/bash\r\nset -euo pipefail\r\n\r\nexec \u003e \u003e(tee /var/log/user-data.log | logger -t user-data -s 2\u003e/dev/console) 2\u003e\u00261\r\n\r\necho \"Starting producer host bootstrap\"\r\n\r\nif command -v dnf \u003e/dev/null 2\u003e\u00261; then\r\n  dnf install -y python3 python3-pip git\r\nelif command -v yum \u003e/dev/null 2\u003e\u00261; then\r\n  yum install -y python3 python3-pip git\r\nfi\r\n\r\nmkdir -p /opt/msk-producer\r\ncd /opt/msk-producer\r\n\r\naws s3 cp \"s3://shivchoudhury-datasets-kafka/bootstrap/producer/README.md\" \"README.md\"\r\naws s3 cp \"s3://shivchoudhury-datasets-kafka/bootstrap/producer/config.py\" \"config.py\"\r\naws s3 cp \"s3://shivchoudhury-datasets-kafka/bootstrap/producer/create_topic.py\" \"create_topic.py\"\r\naws s3 cp \"s3://shivchoudhury-datasets-kafka/bootstrap/producer/kafka_utils.py\" \"kafka_utils.py\"\r\naws s3 cp \"s3://shivchoudhury-datasets-kafka/bootstrap/producer/producer.py\" \"producer.py\"\r\naws s3 cp \"s3://shivchoudhury-datasets-kafka/bootstrap/producer/requirements.txt\" \"requirements.txt\"\r\naws s3 cp \"s3://shivchoudhury-datasets-kafka/bootstrap/producer/run_on_ec2.sh\" \"run_on_ec2.sh\"\r\n\r\nchmod +x run_on_ec2.sh\r\n\r\npython3 -m venv .venv\r\nsource .venv/bin/activate\r\npip install --upgrade pip\r\npip install -r requirements.txt\r\n\r\ncat \u003e /etc/profile.d/msk_producer_env.sh \u003c\u003cEOF_ENV\r\nexport AWS_REGION=\"ap-south-1\"\r\nexport BOOTSTRAP_SERVERS=\"boot-wkpcgful.c2.kafka-serverless.ap-south-1.amazonaws.com:9098\"\r\nexport TOPIC=\"sample-topic\"\r\nexport INTERVAL=\"5\"\r\nEOF_ENV\r\n\r\ncat \u003e /usr/local/bin/msk-producer-run \u003c\u003c'EOF_RUNNER'\r\n#!/bin/bash\r\nset -euo pipefail\r\nsource /etc/profile.d/msk_producer_env.sh\r\ncd /opt/msk-producer\r\nsource .venv/bin/activate\r\npython producer.py run --topic \"${TOPIC}\" --interval \"${INTERVAL}\" --bootstrap \"${BOOTSTRAP_SERVERS}\"\r\nEOF_RUNNER\r\nchmod +x /usr/local/bin/msk-producer-run\r\n\r\necho \"Bootstrap complete. Use 'msk-producer-run' to start producer.\"\r\n",
            "user_data_base64": null,
            "user_data_replace_on_change": true,
            "volume_tags": null,
            "vpc_security_group_ids": [
              "sg-0c27eda0ad80f1018"
            ]
          },
          "sensitive_attributes": [],
          "private": "eyJlMmJmYjczMC1lY2FhLTExZTYtOGY4OC0zNDM2M2JjN2M0YzAiOnsiY3JlYXRlIjo2MDAwMDAwMDAwMDAsImRlbGV0ZSI6MTIwMDAwMDAwMDAwMCwicmVhZCI6OTAwMDAwMDAwMDAwLCJ1cGRhdGUiOjYwMDAwMDAwMDAwMH0sInNjaGVtYV92ZXJzaW9uIjoiMiJ9",
          "dependencies": [
            "aws_iam_instance_profile.producer",
            "aws_iam_policy.producer_msk",
            "aws_iam_role.producer",
            "aws_iam_role_policy_attachment.producer_msk",
            "aws_iam_role_policy_attachment.producer_ssm",
            "aws_msk_serverless_cluster.this",
            "aws_s3_bucket.firehose",
            "aws_s3_object.producer_source",
            "aws_security_group.msk",
            "aws_security_group.producer",
            "aws_subnet.private_a",
            "aws_subnet.private_b",
            "aws_subnet.producer_public",
            "aws_vpc.main",
            "data.aws_ami.al2023",
            "data.aws_iam_policy_document.producer_assume",
            "data.aws_iam_policy_document.producer_msk",
            "data.aws_partition.current"
          ]
        }
      ]
    },
    {
      "mode": "managed",
      "type": "aws_internet_gateway",
      "name": "main",
      "provider": "provider[\"registry.terraform.io/hashicorp/aws\"]",
      "instances": [
        {
          "schema_version": 0,
          "attributes": {
            "arn": "arn:aws:ec2:ap-south-1:741448939728:internet-gateway/igw-05367616d97b5fbb9",
            "id": "igw-05367616d97b5fbb9",
            "owner_id": "741448939728",
            "region": "ap-south-1",
            "tags": {
              "Name": "msk-firehose-demo-dev-igw"
            },
            "tags_all": {
              "Environment": "dev",
              "ManagedBy": "Terraform",
              "Name": "msk-firehose-demo-dev-igw",
              "Project": "msk-firehose-demo"
            },
            "timeouts": null,
            "vpc_id": "vpc-0423d24a10cb4cb64"
          },
          "sensitive_attributes": [],
          "private": "eyJlMmJmYjczMC1lY2FhLTExZTYtOGY4OC0zNDM2M2JjN2M0YzAiOnsiY3JlYXRlIjoxMjAwMDAwMDAwMDAwLCJkZWxldGUiOjEyMDAwMDAwMDAwMDAsInVwZGF0ZSI6MTIwMDAwMDAwMDAwMH19",
          "dependencies": [
            "aws_vpc.main"
          ]
        }
      ]
    },
    {
      "mode": "managed",
      "type": "aws_kinesis_firehose_delivery_stream",
      "name": "msk",
      "provider": "provider[\"registry.terraform.io/hashicorp/aws\"]",
      "instances": [
        {
          "schema_version": 1,
          "attributes": {
            "arn": "arn:aws:firehose:ap-south-1:741448939728:deliverystream/msk-firehose-demo-dev-firehose",
            "destination": "extended_s3",
            "destination_id": "destinationId-000000000001",
            "elasticsearch_configuration": [],
            "extended_s3_configuration": [
              {
                "bucket_arn": "arn:aws:s3:::shivchoudhury-datasets-kafka",
                "buffering_interval": 60,
                "buffering_size": 64,
                "cloudwatch_logging_options": [
                  {
                    "enabled": true,
                    "log_group_name": "/aws/kinesisfirehose/msk-firehose-demo-dev",
                    "log_stream_name": "S3Delivery"
                  }
                ],
                "compression_format": "UNCOMPRESSED",
                "custom_time_zone": "UTC",
                "data_format_conversion_configuration": [],
                "dynamic_partitioning_configuration": [],
                "error_output_prefix": "errors/",
                "file_extension": ".csv",
                "kms_key_arn": "",
                "prefix": "year=!{timestamp:yyyy}/month=!{timestamp:MM}/day=!{timestamp:dd}/",
                "processing_configuration": [
                  {
                    "enabled": true,
                    "processors": [
                      {
                        "parameters": [
                          {
                            "parameter_name": "LambdaArn",
                            "parameter_value": "arn:aws:lambda:ap-south-1:741448939728:function:msk-firehose-demo-dev-firehose-csv-transformer"
                          }
                        ],
                        "type": "Lambda"
                      }
                    ]
                  }
                ],
                "role_arn": "arn:aws:iam::741448939728:role/msk-firehose-demo-dev-firehose-role",
                "s3_backup_configuration": [],
                "s3_backup_mode": "Disabled"
              }
            ],
            "http_endpoint_configuration": [],
            "iceberg_configuration": [],
            "id": "arn:aws:firehose:ap-south-1:741448939728:deliverystream/msk-firehose-demo-dev-firehose",
            "kinesis_source_configuration": [],
            "msk_source_configuration": [
              {
                "authentication_configuration": [
                  {
                    "connectivity": "PRIVATE",
                    "role_arn": "arn:aws:iam::741448939728:role/msk-firehose-demo-dev-firehose-role"
                  }
                ],
                "msk_cluster_arn": "arn:aws:kafka:ap-south-1:741448939728:cluster/msk-firehose-demo-dev/1c433827-9671-4483-8aef-1193c523abdc-s2",
                "read_from_timestamp": "",
                "topic_name": "sample-topic"
              }
            ],
            "name": "msk-firehose-demo-dev-firehose",
            "opensearch_configuration": [],
            "opensearchserverless_configuration": [],
            "redshift_configuration": [],
            "region": "ap-south-1",
            "server_side_encryption": [
              {
                "enabled": false,
                "key_arn": "",
                "key_type": "AWS_OWNED_CMK"
              }
            ],
            "snowflake_configuration": [],
            "splunk_configuration": [],
            "tags": {},
            "tags_all": {
              "Environment": "dev",
              "ManagedBy": "Terraform",
              "Project": "msk-firehose-demo"
            },
            "timeouts": null,
            "version_id": "1"
          },
          "sensitive_attributes": [],
          "private": "eyJlMmJmYjczMC1lY2FhLTExZTYtOGY4OC0zNDM2M2JjN2M0YzAiOnsiY3JlYXRlIjoxODAwMDAwMDAwMDAwLCJkZWxldGUiOjE4MDAwMDAwMDAwMDAsInVwZGF0ZSI6NjAwMDAwMDAwMDAwfSwic2NoZW1hX3ZlcnNpb24iOiIxIn0=",
          "dependencies": [
            "aws_cloudwatch_log_group.firehose",
            "aws_cloudwatch_log_stream.firehose",
            "aws_iam_role.firehose",
            "aws_iam_role.firehose_csv_transformer",
            "aws_iam_role_policy.firehose_csv_transformer",
            "aws_lambda_function.firehose_csv_transformer",
            "aws_msk_serverless_cluster.this",
            "aws_s3_bucket.firehose",
            "aws_security_group.msk",
            "aws_subnet.private_a",
            "aws_subnet.private_b",
            "aws_vpc.main",
            "data.archive_file.firehose_csv_transformer",
            "data.aws_iam_policy_document.firehose_assume",
            "data.aws_iam_policy_document.firehose_csv_transformer",
            "data.aws_iam_policy_document.firehose_csv_transformer_assume"
          ]
        }
      ]
    },
    {
      "mode": "managed",
      "type": "aws_lambda_function",
      "name": "firehose_csv_transformer",
      "provider": "provider[\"registry.terraform.io/hashicorp/aws\"]",
      "instances": [
        {
          "schema_version": 0,
          "attributes": {
            "architectures": [
              "x86_64"
            ],
            "arn": "arn:aws:lambda:ap-south-1:741448939728:function:msk-firehose-demo-dev-firehose-csv-transformer",
            "capacity_provider_config": [],
            "code_sha256": "MCqj7WAxLVayWy6J7cc8Skzf4P4soUXyZfaQ87+YIp8=",
            "code_signing_config_arn": "",
            "dead_letter_config": [],
            "description": "Transforms Firehose JSON records into CSV rows",
            "durable_config": [],
            "environment": [],
            "ephemeral_storage": [
              {
                "size": 512
              }
            ],
            "file_system_config": [],
            "filename": "./.terraform/firehose_csv_transformer.zip",
            "function_name": "msk-firehose-demo-dev-firehose-csv-transformer",
            "handler": "firehose_csv_transformer.lambda_handler",
            "id": "msk-firehose-demo-dev-firehose-csv-transformer",
            "image_config": [],
            "image_uri": "",
            "invoke_arn": "arn:aws:apigateway:ap-south-1:lambda:path/2015-03-31/functions/arn:aws:lambda:ap-south-1:741448939728:function:msk-firehose-demo-dev-firehose-csv-transformer/invocations",
            "kms_key_arn": "",
            "last_modified": "2026-07-29T17:46:53.000+0000",
            "layers": [],
            "logging_config": [
              {
                "application_log_level": "",
                "log_format": "Text",
                "log_group": "/aws/lambda/msk-firehose-demo-dev-firehose-csv-transformer",
                "system_log_level": ""
              }
            ],
            "memory_size": 128,
            "package_type": "Zip",
            "publish": false,
            "publish_to": null,
            "qualified_arn": "arn:aws:lambda:ap-south-1:741448939728:function:msk-firehose-demo-dev-firehose-csv-transformer:$LATEST",
            "qualified_invoke_arn": "arn:aws:apigateway:ap-south-1:lambda:path/2015-03-31/functions/arn:aws:lambda:ap-south-1:741448939728:function:msk-firehose-demo-dev-firehose-csv-transformer:$LATEST/invocations",
            "region": "ap-south-1",
            "replace_security_groups_on_destroy": null,
            "replacement_security_group_ids": null,
            "reserved_concurrent_executions": -1,
            "response_streaming_invoke_arn": "arn:aws:apigateway:ap-south-1:lambda:path/2021-11-15/functions/arn:aws:lambda:ap-south-1:741448939728:function:msk-firehose-demo-dev-firehose-csv-transformer/response-streaming-invocations",
            "role": "arn:aws:iam::741448939728:role/msk-firehose-demo-dev-firehose-csv-transformer-role",
            "runtime": "python3.12",
            "s3_bucket": null,
            "s3_key": null,
            "s3_object_version": null,
            "signing_job_arn": "",
            "signing_profile_version_arn": "",
            "skip_destroy": false,
            "snap_start": [],
            "source_code_hash": "MCqj7WAxLVayWy6J7cc8Skzf4P4soUXyZfaQ87+YIp8=",
            "source_code_size": 828,
            "source_kms_key_arn": "",
            "tags": {},
            "tags_all": {
              "Environment": "dev",
              "ManagedBy": "Terraform",
              "Project": "msk-firehose-demo"
            },
            "tenancy_config": [],
            "timeout": 60,
            "timeouts": null,
            "tracing_config": [
              {
                "mode": "PassThrough"
              }
            ],
            "use_resource_timeout_for_propagation": null,
            "version": "$LATEST",
            "vpc_config": []
          },
          "sensitive_attributes": [],
          "private": "eyJlMmJmYjczMC1lY2FhLTExZTYtOGY4OC0zNDM2M2JjN2M0YzAiOnsiY3JlYXRlIjo2MDAwMDAwMDAwMDAsImRlbGV0ZSI6NjAwMDAwMDAwMDAwLCJ1cGRhdGUiOjYwMDAwMDAwMDAwMH19",
          "dependencies": [
            "aws_iam_role.firehose_csv_transformer",
            "aws_iam_role_policy.firehose_csv_transformer",
            "data.archive_file.firehose_csv_transformer",
            "data.aws_iam_policy_document.firehose_csv_transformer",
            "data.aws_iam_policy_document.firehose_csv_transformer_assume"
          ]
        }
      ]
    },
    {
      "mode": "managed",
      "type": "aws_lambda_permission",
      "name": "allow_firehose_csv_transformer",
      "provider": "provider[\"registry.terraform.io/hashicorp/aws\"]",
      "instances": [
        {
          "schema_version": 0,
          "attributes": {
            "action": "lambda:InvokeFunction",
            "event_source_token": "",
            "function_name": "msk-firehose-demo-dev-firehose-csv-transformer",
            "function_url_auth_type": "",
            "id": "AllowFirehoseInvocation",
            "invoked_via_function_url": null,
            "principal": "firehose.amazonaws.com",
            "principal_org_id": "",
            "qualifier": "",
            "region": "ap-south-1",
            "source_account": "741448939728",
            "source_arn": null,
            "statement_id": "AllowFirehoseInvocation",
            "statement_id_prefix": "",
            "timeouts": null
          },
          "sensitive_attributes": [],
          "private": "eyJlMmJmYjczMC1lY2FhLTExZTYtOGY4OC0zNDM2M2JjN2M0YzAiOnsiY3JlYXRlIjozMDAwMDAwMDAwMDAsImRlbGV0ZSI6MzAwMDAwMDAwMDAwLCJyZWFkIjozMDAwMDAwMDAwMDB9fQ==",
          "dependencies": [
            "aws_iam_role.firehose_csv_transformer",
            "aws_iam_role_policy.firehose_csv_transformer",
            "aws_lambda_function.firehose_csv_transformer",
            "data.archive_file.firehose_csv_transformer",
            "data.aws_caller_identity.current",
            "data.aws_iam_policy_document.firehose_csv_transformer",
            "data.aws_iam_policy_document.firehose_csv_transformer_assume"
          ]
        }
      ]
    },
    {
      "mode": "managed",
      "type": "aws_msk_cluster_policy",
      "name": "firehose",
      "provider": "provider[\"registry.terraform.io/hashicorp/aws\"]",
      "instances": [
        {
          "schema_version": 0,
          "attributes": {
            "cluster_arn": "arn:aws:kafka:ap-south-1:741448939728:cluster/msk-firehose-demo-dev/1c433827-9671-4483-8aef-1193c523abdc-s2",
            "current_version": "KTVPDKIKX0DER",
            "id": "arn:aws:kafka:ap-south-1:741448939728:cluster/msk-firehose-demo-dev/1c433827-9671-4483-8aef-1193c523abdc-s2",
            "policy": "{\"Statement\":[{\"Action\":[\"kafka:CreateVpcConnection\",\"kafka:GetBootstrapBrokers\"],\"Effect\":\"Allow\",\"Principal\":{\"Service\":\"firehose.amazonaws.com\"},\"Resource\":\"arn:aws:kafka:ap-south-1:741448939728:cluster/msk-firehose-demo-dev/1c433827-9671-4483-8aef-1193c523abdc-s2\",\"Sid\":\"AllowFirehoseVpcConnection\"}],\"Version\":\"2012-10-17\"}",
            "region": "ap-south-1"
          },
          "sensitive_attributes": [],
          "private": "bnVsbA==",
          "dependencies": [
            "aws_msk_serverless_cluster.this",
            "aws_security_group.msk",
            "aws_subnet.private_a",
            "aws_subnet.private_b",
            "aws_vpc.main"
          ]
        }
      ]
    },
    {
      "mode": "managed",
      "type": "aws_msk_serverless_cluster",
      "name": "this",
      "provider": "provider[\"registry.terraform.io/hashicorp/aws\"]",
      "instances": [
        {
          "schema_version": 0,
          "attributes": {
            "arn": "arn:aws:kafka:ap-south-1:741448939728:cluster/msk-firehose-demo-dev/1c433827-9671-4483-8aef-1193c523abdc-s2",
            "bootstrap_brokers_sasl_iam": "boot-wkpcgful.c2.kafka-serverless.ap-south-1.amazonaws.com:9098",
            "client_authentication": [
              {
                "sasl": [
                  {
                    "iam": [
                      {
                        "enabled": true
                      }
                    ]
                  }
                ]
              }
            ],
            "cluster_name": "msk-firehose-demo-dev",
            "cluster_uuid": "1c433827-9671-4483-8aef-1193c523abdc-s2",
            "id": "arn:aws:kafka:ap-south-1:741448939728:cluster/msk-firehose-demo-dev/1c433827-9671-4483-8aef-1193c523abdc-s2",
            "region": "ap-south-1",
            "tags": {
              "Name": "msk-firehose-demo-dev"
            },
            "tags_all": {
              "Environment": "dev",
              "ManagedBy": "Terraform",
              "Name": "msk-firehose-demo-dev",
              "Project": "msk-firehose-demo"
            },
            "timeouts": null,
            "vpc_config": [
              {
                "security_group_ids": [
                  "sg-060b15b2471c8d333"
                ],
                "subnet_ids": [
                  "subnet-07df0052db7366c5b",
                  "subnet-0dd1f71a2649211cb"
                ]
              }
            ]
          },
          "sensitive_attributes": [],
          "private": "eyJlMmJmYjczMC1lY2FhLTExZTYtOGY4OC0zNDM2M2JjN2M0YzAiOnsiY3JlYXRlIjo3MjAwMDAwMDAwMDAwLCJkZWxldGUiOjcyMDAwMDAwMDAwMDB9fQ==",
          "dependencies": [
            "aws_security_group.msk",
            "aws_subnet.private_a",
            "aws_subnet.private_b",
            "aws_vpc.main"
          ]
        }
      ]
    },
    {
      "mode": "managed",
      "type": "aws_route_table",
      "name": "producer_public",
      "provider": "provider[\"registry.terraform.io/hashicorp/aws\"]",
      "instances": [
        {
          "schema_version": 0,
          "attributes": {
            "arn": "arn:aws:ec2:ap-south-1:741448939728:route-table/rtb-0a4247d0d17455eb4",
            "id": "rtb-0a4247d0d17455eb4",
            "owner_id": "741448939728",
            "propagating_vgws": [],
            "region": "ap-south-1",
            "route": [
              {
                "carrier_gateway_id": "",
                "cidr_block": "0.0.0.0/0",
                "core_network_arn": "",
                "destination_prefix_list_id": "",
                "egress_only_gateway_id": "",
                "gateway_id": "igw-05367616d97b5fbb9",
                "ipv6_cidr_block": "",
                "local_gateway_id": "",
                "nat_gateway_id": "",
                "network_interface_id": "",
                "odb_network_arn": "",
                "transit_gateway_id": "",
                "vpc_endpoint_id": "",
                "vpc_peering_connection_id": ""
              }
            ],
            "tags": {
              "Name": "msk-firehose-demo-dev-producer-public-rt"
            },
            "tags_all": {
              "Environment": "dev",
              "ManagedBy": "Terraform",
              "Name": "msk-firehose-demo-dev-producer-public-rt",
              "Project": "msk-firehose-demo"
            },
            "timeouts": null,
            "vpc_id": "vpc-0423d24a10cb4cb64"
          },
          "sensitive_attributes": [],
          "private": "eyJlMmJmYjczMC1lY2FhLTExZTYtOGY4OC0zNDM2M2JjN2M0YzAiOnsiY3JlYXRlIjozMDAwMDAwMDAwMDAsImRlbGV0ZSI6MzAwMDAwMDAwMDAwLCJ1cGRhdGUiOjEyMDAwMDAwMDAwMH19",
          "dependencies": [
            "aws_internet_gateway.main",
            "aws_vpc.main"
          ]
        }
      ]
    },
    {
      "mode": "managed",
      "type": "aws_route_table_association",
      "name": "producer_public",
      "provider": "provider[\"registry.terraform.io/hashicorp/aws\"]",
      "instances": [
        {
          "schema_version": 0,
          "attributes": {
            "gateway_id": "",
            "id": "rtbassoc-0227e3ec3ae95b3ec",
            "region": "ap-south-1",
            "route_table_id": "rtb-0a4247d0d17455eb4",
            "subnet_id": "subnet-0587c4e84f1287f9e",
            "timeouts": null
          },
          "sensitive_attributes": [],
          "private": "eyJlMmJmYjczMC1lY2FhLTExZTYtOGY4OC0zNDM2M2JjN2M0YzAiOnsiY3JlYXRlIjozMDAwMDAwMDAwMDAsImRlbGV0ZSI6MzAwMDAwMDAwMDAwLCJ1cGRhdGUiOjEyMDAwMDAwMDAwMH19",
          "dependencies": [
            "aws_internet_gateway.main",
            "aws_route_table.producer_public",
            "aws_subnet.producer_public",
            "aws_vpc.main"
          ]
        }
      ]
    },
    {
      "mode": "managed",
      "type": "aws_s3_bucket",
      "name": "firehose",
      "provider": "provider[\"registry.terraform.io/hashicorp/aws\"]",
      "instances": [
        {
          "schema_version": 0,
          "attributes": {
            "acceleration_status": "",
            "acl": null,
            "arn": "arn:aws:s3:::shivchoudhury-datasets-kafka",
            "bucket": "shivchoudhury-datasets-kafka",
            "bucket_domain_name": "shivchoudhury-datasets-kafka.s3.amazonaws.com",
            "bucket_namespace": "global",
            "bucket_prefix": "",
            "bucket_region": "ap-south-1",
            "bucket_regional_domain_name": "shivchoudhury-datasets-kafka.s3.ap-south-1.amazonaws.com",
            "cors_rule": [],
            "force_destroy": true,
            "grant": [
              {
                "id": "d8b1de9be7972954f6ff8b36435aca044033f5610bbf2f871bc09e66ea19ba25",
                "permissions": [
                  "FULL_CONTROL"
                ],
                "type": "CanonicalUser",
                "uri": ""
              }
            ],
            "hosted_zone_id": "Z11RGJOFQNVJUP",
            "id": "shivchoudhury-datasets-kafka",
            "lifecycle_rule": [
              {
                "abort_incomplete_multipart_upload_days": 0,
                "enabled": true,
                "expiration": [],
                "id": "cleanup",
                "noncurrent_version_expiration": [],
                "noncurrent_version_transition": [],
                "prefix": "",
                "tags": {},
                "transition": [
                  {
                    "date": "",
                    "days": 30,
                    "storage_class": "STANDARD_IA"
                  },
                  {
                    "date": "",
                    "days": 90,
                    "storage_class": "GLACIER"
                  }
                ]
              }
            ],
            "logging": [],
            "object_lock_configuration": [],
            "object_lock_enabled": false,
            "policy": "",
            "region": "ap-south-1",
            "replication_configuration": [],
            "request_payer": "BucketOwner",
            "server_side_encryption_configuration": [
              {
                "rule": [
                  {
                    "apply_server_side_encryption_by_default": [
                      {
                        "kms_master_key_id": "",
                        "sse_algorithm": "AES256"
                      }
                    ],
                    "bucket_key_enabled": false
                  }
                ]
              }
            ],
            "tags": {
              "Name": "shivchoudhury-datasets-kafka"
            },
            "tags_all": {
              "Environment": "dev",
              "ManagedBy": "Terraform",
              "Name": "shivchoudhury-datasets-kafka",
              "Project": "msk-firehose-demo"
            },
            "timeouts": null,
            "versioning": [
              {
                "enabled": true,
                "mfa_delete": false
              }
            ],
            "website": [],
            "website_domain": null,
            "website_endpoint": null
          },
          "sensitive_attributes": [],
          "private": "eyJlMmJmYjczMC1lY2FhLTExZTYtOGY4OC0zNDM2M2JjN2M0YzAiOnsiY3JlYXRlIjoxMjAwMDAwMDAwMDAwLCJkZWxldGUiOjM2MDAwMDAwMDAwMDAsInJlYWQiOjEyMDAwMDAwMDAwMDAsInVwZGF0ZSI6MTIwMDAwMDAwMDAwMH19"
        }
      ]
    },
    {
      "mode": "managed",
      "type": "aws_s3_bucket_lifecycle_configuration",
      "name": "firehose",
      "provider": "provider[\"registry.terraform.io/hashicorp/aws\"]",
      "instances": [
        {
          "schema_version": 1,
          "attributes": {
            "bucket": "shivchoudhury-datasets-kafka",
            "expected_bucket_owner": "",
            "id": "shivchoudhury-datasets-kafka",
            "region": "ap-south-1",
            "rule": [
              {
                "abort_incomplete_multipart_upload": [],
                "expiration": [],
                "filter": [
                  {
                    "and": [],
                    "object_size_greater_than": null,
                    "object_size_less_than": null,
                    "prefix": "",
                    "tag": []
                  }
                ],
                "id": "cleanup",
                "noncurrent_version_expiration": [],
                "noncurrent_version_transition": [],
                "prefix": "",
                "status": "Enabled",
                "transition": [
                  {
                    "date": null,
                    "days": 30,
                    "storage_class": "STANDARD_IA"
                  },
                  {
                    "date": null,
                    "days": 90,
                    "storage_class": "GLACIER"
                  }
                ]
              }
            ],
            "timeouts": null,
            "transition_default_minimum_object_size": "all_storage_classes_128K"
          },
          "sensitive_attributes": [],
          "dependencies": [
            "aws_s3_bucket.firehose"
          ]
        }
      ]
    },
    {
      "mode": "managed",
      "type": "aws_s3_bucket_public_access_block",
      "name": "firehose",
      "provider": "provider[\"registry.terraform.io/hashicorp/aws\"]",
      "instances": [
        {
          "schema_version": 0,
          "attributes": {
            "block_public_acls": true,
            "block_public_policy": true,
            "bucket": "shivchoudhury-datasets-kafka",
            "id": "shivchoudhury-datasets-kafka",
            "ignore_public_acls": true,
            "region": "ap-south-1",
            "restrict_public_buckets": true,
            "skip_destroy": null
          },
          "sensitive_attributes": [],
          "private": "bnVsbA==",
          "dependencies": [
            "aws_s3_bucket.firehose"
          ]
        }
      ]
    },
    {
      "mode": "managed",
      "type": "aws_s3_bucket_server_side_encryption_configuration",
      "name": "firehose",
      "provider": "provider[\"registry.terraform.io/hashicorp/aws\"]",
      "instances": [
        {
          "schema_version": 0,
          "attributes": {
            "bucket": "shivchoudhury-datasets-kafka",
            "expected_bucket_owner": "",
            "id": "shivchoudhury-datasets-kafka",
            "region": "ap-south-1",
            "rule": [
              {
                "apply_server_side_encryption_by_default": [
                  {
                    "kms_master_key_id": "",
                    "sse_algorithm": "AES256"
                  }
                ],
                "blocked_encryption_types": [
                  "SSE-C"
                ],
                "bucket_key_enabled": false
              }
            ]
          },
          "sensitive_attributes": [],
          "private": "bnVsbA==",
          "dependencies": [
            "aws_s3_bucket.firehose"
          ]
        }
      ]
    },
    {
      "mode": "managed",
      "type": "aws_s3_bucket_versioning",
      "name": "firehose",
      "provider": "provider[\"registry.terraform.io/hashicorp/aws\"]",
      "instances": [
        {
          "schema_version": 0,
          "attributes": {
            "bucket": "shivchoudhury-datasets-kafka",
            "expected_bucket_owner": "",
            "id": "shivchoudhury-datasets-kafka",
            "mfa": null,
            "region": "ap-south-1",
            "versioning_configuration": [
              {
                "mfa_delete": "Disabled",
                "status": "Enabled"
              }
            ]
          },
          "sensitive_attributes": [],
          "private": "bnVsbA==",
          "dependencies": [
            "aws_s3_bucket.firehose"
          ]
        }
      ]
    },
    {
      "mode": "managed",
      "type": "aws_s3_object",
      "name": "producer_source",
      "provider": "provider[\"registry.terraform.io/hashicorp/aws\"]",
      "instances": [
        {
          "index_key": "README.md",
          "schema_version": 0,
          "attributes": {
            "acl": null,
            "arn": "arn:aws:s3:::shivchoudhury-datasets-kafka/bootstrap/producer/README.md",
            "bucket": "shivchoudhury-datasets-kafka",
            "bucket_key_enabled": false,
            "cache_control": "",
            "checksum_algorithm": null,
            "checksum_crc32": "",
            "checksum_crc32c": "",
            "checksum_crc64nvme": "",
            "checksum_sha1": "",
            "checksum_sha256": "",
            "content": null,
            "content_base64": null,
            "content_disposition": "",
            "content_encoding": "",
            "content_language": "",
            "content_type": "application/octet-stream",
            "etag": "954b59b19540dd2047411e7fc06c781b",
            "force_destroy": false,
            "id": "shivchoudhury-datasets-kafka/bootstrap/producer/README.md",
            "key": "bootstrap/producer/README.md",
            "kms_key_id": null,
            "metadata": {},
            "object_lock_legal_hold_status": "",
            "object_lock_mode": "",
            "object_lock_retain_until_date": "",
            "override_provider": [],
            "region": "ap-south-1",
            "server_side_encryption": "AES256",
            "source": "./producer/README.md",
            "source_hash": null,
            "storage_class": "STANDARD",
            "tags": {},
            "tags_all": {
              "Environment": "dev",
              "ManagedBy": "Terraform",
              "Project": "msk-firehose-demo"
            },
            "version_id": "null",
            "website_redirect": ""
          },
          "sensitive_attributes": [],
          "private": "bnVsbA==",
          "dependencies": [
            "aws_s3_bucket.firehose"
          ]
        },
        {
          "index_key": "config.py",
          "schema_version": 0,
          "attributes": {
            "acl": null,
            "arn": "arn:aws:s3:::shivchoudhury-datasets-kafka/bootstrap/producer/config.py",
            "bucket": "shivchoudhury-datasets-kafka",
            "bucket_key_enabled": false,
            "cache_control": "",
            "checksum_algorithm": null,
            "checksum_crc32": "",
            "checksum_crc32c": "",
            "checksum_crc64nvme": "",
            "checksum_sha1": "",
            "checksum_sha256": "",
            "content": null,
            "content_base64": null,
            "content_disposition": "",
            "content_encoding": "",
            "content_language": "",
            "content_type": "application/octet-stream",
            "etag": "91340963359e2e95c336368cf5326963",
            "force_destroy": false,
            "id": "shivchoudhury-datasets-kafka/bootstrap/producer/config.py",
            "key": "bootstrap/producer/config.py",
            "kms_key_id": null,
            "metadata": {},
            "object_lock_legal_hold_status": "",
            "object_lock_mode": "",
            "object_lock_retain_until_date": "",
            "override_provider": [],
            "region": "ap-south-1",
            "server_side_encryption": "AES256",
            "source": "./producer/config.py",
            "source_hash": null,
            "storage_class": "STANDARD",
            "tags": {},
            "tags_all": {
              "Environment": "dev",
              "ManagedBy": "Terraform",
              "Project": "msk-firehose-demo"
            },
            "version_id": "null",
            "website_redirect": ""
          },
          "sensitive_attributes": [],
          "private": "bnVsbA==",
          "dependencies": [
            "aws_s3_bucket.firehose"
          ]
        },
        {
          "index_key": "create_topic.py",
          "schema_version": 0,
          "attributes": {
            "acl": null,
            "arn": "arn:aws:s3:::shivchoudhury-datasets-kafka/bootstrap/producer/create_topic.py",
            "bucket": "shivchoudhury-datasets-kafka",
            "bucket_key_enabled": false,
            "cache_control": "",
            "checksum_algorithm": null,
            "checksum_crc32": "",
            "checksum_crc32c": "",
            "checksum_crc64nvme": "",
            "checksum_sha1": "",
            "checksum_sha256": "",
            "content": null,
            "content_base64": null,
            "content_disposition": "",
            "content_encoding": "",
            "content_language": "",
            "content_type": "application/octet-stream",
            "etag": "72ed3ad61c605273b7defab493c83190",
            "force_destroy": false,
            "id": "shivchoudhury-datasets-kafka/bootstrap/producer/create_topic.py",
            "key": "bootstrap/producer/create_topic.py",
            "kms_key_id": null,
            "metadata": {},
            "object_lock_legal_hold_status": "",
            "object_lock_mode": "",
            "object_lock_retain_until_date": "",
            "override_provider": [],
            "region": "ap-south-1",
            "server_side_encryption": "AES256",
            "source": "./producer/create_topic.py",
            "source_hash": null,
            "storage_class": "STANDARD",
            "tags": {},
            "tags_all": {
              "Environment": "dev",
              "ManagedBy": "Terraform",
              "Project": "msk-firehose-demo"
            },
            "version_id": "ZJdjeYBcdFj5sBDfEHRDbMqUxPFmWri4",
            "website_redirect": ""
          },
          "sensitive_attributes": [],
          "private": "bnVsbA==",
          "dependencies": [
            "aws_s3_bucket.firehose"
          ]
        },
        {
          "index_key": "kafka_utils.py",
          "schema_version": 0,
          "attributes": {
            "acl": null,
            "arn": "arn:aws:s3:::shivchoudhury-datasets-kafka/bootstrap/producer/kafka_utils.py",
            "bucket": "shivchoudhury-datasets-kafka",
            "bucket_key_enabled": false,
            "cache_control": "",
            "checksum_algorithm": null,
            "checksum_crc32": "",
            "checksum_crc32c": "",
            "checksum_crc64nvme": "",
            "checksum_sha1": "",
            "checksum_sha256": "",
            "content": null,
            "content_base64": null,
            "content_disposition": "",
            "content_encoding": "",
            "content_language": "",
            "content_type": "application/octet-stream",
            "etag": "94c160a65f5a73db774f7fbe8a3bd1d7",
            "force_destroy": false,
            "id": "shivchoudhury-datasets-kafka/bootstrap/producer/kafka_utils.py",
            "key": "bootstrap/producer/kafka_utils.py",
            "kms_key_id": null,
            "metadata": {},
            "object_lock_legal_hold_status": "",
            "object_lock_mode": "",
            "object_lock_retain_until_date": "",
            "override_provider": [],
            "region": "ap-south-1",
            "server_side_encryption": "AES256",
            "source": "./producer/kafka_utils.py",
            "source_hash": null,
            "storage_class": "STANDARD",
            "tags": {},
            "tags_all": {
              "Environment": "dev",
              "ManagedBy": "Terraform",
              "Project": "msk-firehose-demo"
            },
            "version_id": "null",
            "website_redirect": ""
          },
          "sensitive_attributes": [],
          "private": "bnVsbA==",
          "dependencies": [
            "aws_s3_bucket.firehose"
          ]
        },
        {
          "index_key": "producer.py",
          "schema_version": 0,
          "attributes": {
            "acl": null,
            "arn": "arn:aws:s3:::shivchoudhury-datasets-kafka/bootstrap/producer/producer.py",
            "bucket": "shivchoudhury-datasets-kafka",
            "bucket_key_enabled": false,
            "cache_control": "",
            "checksum_algorithm": null,
            "checksum_crc32": "",
            "checksum_crc32c": "",
            "checksum_crc64nvme": "",
            "checksum_sha1": "",
            "checksum_sha256": "",
            "content": null,
            "content_base64": null,
            "content_disposition": "",
            "content_encoding": "",
            "content_language": "",
            "content_type": "application/octet-stream",
            "etag": "99a355c86a2f40d1bfbd07798218d870",
            "force_destroy": false,
            "id": "shivchoudhury-datasets-kafka/bootstrap/producer/producer.py",
            "key": "bootstrap/producer/producer.py",
            "kms_key_id": null,
            "metadata": {},
            "object_lock_legal_hold_status": "",
            "object_lock_mode": "",
            "object_lock_retain_until_date": "",
            "override_provider": [],
            "region": "ap-south-1",
            "server_side_encryption": "AES256",
            "source": "./producer/producer.py",
            "source_hash": null,
            "storage_class": "STANDARD",
            "tags": {},
            "tags_all": {
              "Environment": "dev",
              "ManagedBy": "Terraform",
              "Project": "msk-firehose-demo"
            },
            "version_id": "null",
            "website_redirect": ""
          },
          "sensitive_attributes": [],
          "private": "bnVsbA==",
          "dependencies": [
            "aws_s3_bucket.firehose"
          ]
        },
        {
          "index_key": "requirements.txt",
          "schema_version": 0,
          "attributes": {
            "acl": null,
            "arn": "arn:aws:s3:::shivchoudhury-datasets-kafka/bootstrap/producer/requirements.txt",
            "bucket": "shivchoudhury-datasets-kafka",
            "bucket_key_enabled": false,
            "cache_control": "",
            "checksum_algorithm": null,
            "checksum_crc32": "",
            "checksum_crc32c": "",
            "checksum_crc64nvme": "",
            "checksum_sha1": "",
            "checksum_sha256": "",
            "content": null,
            "content_base64": null,
            "content_disposition": "",
            "content_encoding": "",
            "content_language": "",
            "content_type": "application/octet-stream",
            "etag": "04d516dd8a5dbb500c42f333e49607fb",
            "force_destroy": false,
            "id": "shivchoudhury-datasets-kafka/bootstrap/producer/requirements.txt",
            "key": "bootstrap/producer/requirements.txt",
            "kms_key_id": null,
            "metadata": {},
            "object_lock_legal_hold_status": "",
            "object_lock_mode": "",
            "object_lock_retain_until_date": "",
            "override_provider": [],
            "region": "ap-south-1",
            "server_side_encryption": "AES256",
            "source": "./producer/requirements.txt",
            "source_hash": null,
            "storage_class": "STANDARD",
            "tags": {},
            "tags_all": {
              "Environment": "dev",
              "ManagedBy": "Terraform",
              "Project": "msk-firehose-demo"
            },
            "version_id": "ydGkERO5hYLXoxN27UR5a9KTlFtsv.Ru",
            "website_redirect": ""
          },
          "sensitive_attributes": [],
          "private": "bnVsbA==",
          "dependencies": [
            "aws_s3_bucket.firehose"
          ]
        },
        {
          "index_key": "run_on_ec2.sh",
          "schema_version": 0,
          "attributes": {
            "acl": null,
            "arn": "arn:aws:s3:::shivchoudhury-datasets-kafka/bootstrap/producer/run_on_ec2.sh",
            "bucket": "shivchoudhury-datasets-kafka",
            "bucket_key_enabled": false,
            "cache_control": "",
            "checksum_algorithm": null,
            "checksum_crc32": "",
            "checksum_crc32c": "",
            "checksum_crc64nvme": "",
            "checksum_sha1": "",
            "checksum_sha256": "",
            "content": null,
            "content_base64": null,
            "content_disposition": "",
            "content_encoding": "",
            "content_language": "",
            "content_type": "application/octet-stream",
            "etag": "590736bf856c2d83e3741deb9eb62792",
            "force_destroy": false,
            "id": "shivchoudhury-datasets-kafka/bootstrap/producer/run_on_ec2.sh",
            "key": "bootstrap/producer/run_on_ec2.sh",
            "kms_key_id": null,
            "metadata": {},
            "object_lock_legal_hold_status": "",
            "object_lock_mode": "",
            "object_lock_retain_until_date": "",
            "override_provider": [],
            "region": "ap-south-1",
            "server_side_encryption": "AES256",
            "source": "./producer/run_on_ec2.sh",
            "source_hash": null,
            "storage_class": "STANDARD",
            "tags": {},
            "tags_all": {
              "Environment": "dev",
              "ManagedBy": "Terraform",
              "Project": "msk-firehose-demo"
            },
            "version_id": "null",
            "website_redirect": ""
          },
          "sensitive_attributes": [],
          "private": "bnVsbA==",
          "dependencies": [
            "aws_s3_bucket.firehose"
          ]
        }
      ]
    },
    {
      "mode": "managed",
      "type": "aws_security_group",
      "name": "msk",
      "provider": "provider[\"registry.terraform.io/hashicorp/aws\"]",
      "instances": [
        {
          "schema_version": 1,
          "attributes": {
            "arn": "arn:aws:ec2:ap-south-1:741448939728:security-group/sg-060b15b2471c8d333",
            "description": "Security Group for MSK Serverless",
            "egress": [
              {
                "cidr_blocks": [
                  "0.0.0.0/0"
                ],
                "description": "HTTPS",
                "from_port": 443,
                "ipv6_cidr_blocks": [],
                "prefix_list_ids": [],
                "protocol": "tcp",
                "security_groups": [],
                "self": false,
                "to_port": 443
              },
              {
                "cidr_blocks": [
                  "10.0.0.0/8"
                ],
                "description": "Kafka to allowed CIDR",
                "from_port": 9098,
                "ipv6_cidr_blocks": [],
                "prefix_list_ids": [],
                "protocol": "tcp",
                "security_groups": [],
                "self": false,
                "to_port": 9098
              }
            ],
            "id": "sg-060b15b2471c8d333",
            "ingress": [
              {
                "cidr_blocks": [
                  "10.0.0.0/8"
                ],
                "description": "Kafka IAM TLS from allowed CIDR",
                "from_port": 9098,
                "ipv6_cidr_blocks": [],
                "prefix_list_ids": [],
                "protocol": "tcp",
                "security_groups": [],
                "self": false,
                "to_port": 9098
              },
              {
                "cidr_blocks": [],
                "description": "Allow producer EC2 to MSK IAM listener",
                "from_port": 9098,
                "ipv6_cidr_blocks": [],
                "prefix_list_ids": [],
                "protocol": "tcp",
                "security_groups": [
                  "sg-0c27eda0ad80f1018"
                ],
                "self": false,
                "to_port": 9098
              }
            ],
            "name": "msk-firehose-demo-dev-msk-sg",
            "name_prefix": "",
            "owner_id": "741448939728",
            "region": "ap-south-1",
            "revoke_rules_on_delete": false,
            "tags": {
              "Name": "msk-firehose-demo-dev-msk-sg"
            },
            "tags_all": {
              "Environment": "dev",
              "ManagedBy": "Terraform",
              "Name": "msk-firehose-demo-dev-msk-sg",
              "Project": "msk-firehose-demo"
            },
            "timeouts": null,
            "vpc_id": "vpc-0423d24a10cb4cb64"
          },
          "sensitive_attributes": [],
          "private": "eyJlMmJmYjczMC1lY2FhLTExZTYtOGY4OC0zNDM2M2JjN2M0YzAiOnsiY3JlYXRlIjo2MDAwMDAwMDAwMDAsImRlbGV0ZSI6OTAwMDAwMDAwMDAwfSwic2NoZW1hX3ZlcnNpb24iOiIxIn0=",
          "dependencies": [
            "aws_vpc.main"
          ]
        }
      ]
    },
    {
      "mode": "managed",
      "type": "aws_security_group",
      "name": "producer",
      "provider": "provider[\"registry.terraform.io/hashicorp/aws\"]",
      "instances": [
        {
          "schema_version": 1,
          "attributes": {
            "arn": "arn:aws:ec2:ap-south-1:741448939728:security-group/sg-0c27eda0ad80f1018",
            "description": "Security Group for producer EC2",
            "egress": [
              {
                "cidr_blocks": [
                  "0.0.0.0/0"
                ],
                "description": "Allow all outbound traffic",
                "from_port": 0,
                "ipv6_cidr_blocks": [],
                "prefix_list_ids": [],
                "protocol": "-1",
                "security_groups": [],
                "self": false,
                "to_port": 0
              }
            ],
            "id": "sg-0c27eda0ad80f1018",
            "ingress": [
              {
                "cidr_blocks": [
                  "0.0.0.0/0"
                ],
                "description": "Allow SSH",
                "from_port": 22,
                "ipv6_cidr_blocks": [],
                "prefix_list_ids": [],
                "protocol": "tcp",
                "security_groups": [],
                "self": false,
                "to_port": 22
              }
            ],
            "name": "msk-firehose-demo-dev-producer-sg",
            "name_prefix": "",
            "owner_id": "741448939728",
            "region": "ap-south-1",
            "revoke_rules_on_delete": false,
            "tags": {
              "Name": "msk-firehose-demo-dev-producer-sg"
            },
            "tags_all": {
              "Environment": "dev",
              "ManagedBy": "Terraform",
              "Name": "msk-firehose-demo-dev-producer-sg",
              "Project": "msk-firehose-demo"
            },
            "timeouts": null,
            "vpc_id": "vpc-0423d24a10cb4cb64"
          },
          "sensitive_attributes": [],
          "private": "eyJlMmJmYjczMC1lY2FhLTExZTYtOGY4OC0zNDM2M2JjN2M0YzAiOnsiY3JlYXRlIjo2MDAwMDAwMDAwMDAsImRlbGV0ZSI6OTAwMDAwMDAwMDAwfSwic2NoZW1hX3ZlcnNpb24iOiIxIn0=",
          "dependencies": [
            "aws_vpc.main"
          ]
        }
      ]
    },
    {
      "mode": "managed",
      "type": "aws_subnet",
      "name": "private_a",
      "provider": "provider[\"registry.terraform.io/hashicorp/aws\"]",
      "instances": [
        {
          "schema_version": 1,
          "attributes": {
            "arn": "arn:aws:ec2:ap-south-1:741448939728:subnet/subnet-0dd1f71a2649211cb",
            "assign_ipv6_address_on_creation": false,
            "availability_zone": "ap-south-1a",
            "availability_zone_id": "aps1-az1",
            "cidr_block": "10.0.1.0/24",
            "customer_owned_ipv4_pool": "",
            "enable_dns64": false,
            "enable_lni_at_device_index": 0,
            "enable_resource_name_dns_a_record_on_launch": false,
            "enable_resource_name_dns_aaaa_record_on_launch": false,
            "id": "subnet-0dd1f71a2649211cb",
            "ipv4_ipam_pool_id": null,
            "ipv4_netmask_length": null,
            "ipv6_cidr_block": "",
            "ipv6_cidr_block_association_id": "",
            "ipv6_ipam_pool_id": null,
            "ipv6_native": false,
            "ipv6_netmask_length": null,
            "map_customer_owned_ip_on_launch": false,
            "map_public_ip_on_launch": false,
            "outpost_arn": "",
            "owner_id": "741448939728",
            "private_dns_hostname_type_on_launch": "ip-name",
            "region": "ap-south-1",
            "tags": {},
            "tags_all": {
              "Environment": "dev",
              "ManagedBy": "Terraform",
              "Project": "msk-firehose-demo"
            },
            "timeouts": null,
            "vpc_id": "vpc-0423d24a10cb4cb64"
          },
          "sensitive_attributes": [],
          "private": "eyJlMmJmYjczMC1lY2FhLTExZTYtOGY4OC0zNDM2M2JjN2M0YzAiOnsiY3JlYXRlIjo2MDAwMDAwMDAwMDAsImRlbGV0ZSI6MTIwMDAwMDAwMDAwMH0sInNjaGVtYV92ZXJzaW9uIjoiMSJ9",
          "dependencies": [
            "aws_vpc.main"
          ]
        }
      ]
    },
    {
      "mode": "managed",
      "type": "aws_subnet",
      "name": "private_b",
      "provider": "provider[\"registry.terraform.io/hashicorp/aws\"]",
      "instances": [
        {
          "schema_version": 1,
          "attributes": {
            "arn": "arn:aws:ec2:ap-south-1:741448939728:subnet/subnet-07df0052db7366c5b",
            "assign_ipv6_address_on_creation": false,
            "availability_zone": "ap-south-1b",
            "availability_zone_id": "aps1-az3",
            "cidr_block": "10.0.2.0/24",
            "customer_owned_ipv4_pool": "",
            "enable_dns64": false,
            "enable_lni_at_device_index": 0,
            "enable_resource_name_dns_a_record_on_launch": false,
            "enable_resource_name_dns_aaaa_record_on_launch": false,
            "id": "subnet-07df0052db7366c5b",
            "ipv4_ipam_pool_id": null,
            "ipv4_netmask_length": null,
            "ipv6_cidr_block": "",
            "ipv6_cidr_block_association_id": "",
            "ipv6_ipam_pool_id": null,
            "ipv6_native": false,
            "ipv6_netmask_length": null,
            "map_customer_owned_ip_on_launch": false,
            "map_public_ip_on_launch": false,
            "outpost_arn": "",
            "owner_id": "741448939728",
            "private_dns_hostname_type_on_launch": "ip-name",
            "region": "ap-south-1",
            "tags": {},
            "tags_all": {
              "Environment": "dev",
              "ManagedBy": "Terraform",
              "Project": "msk-firehose-demo"
            },
            "timeouts": null,
            "vpc_id": "vpc-0423d24a10cb4cb64"
          },
          "sensitive_attributes": [],
          "private": "eyJlMmJmYjczMC1lY2FhLTExZTYtOGY4OC0zNDM2M2JjN2M0YzAiOnsiY3JlYXRlIjo2MDAwMDAwMDAwMDAsImRlbGV0ZSI6MTIwMDAwMDAwMDAwMH0sInNjaGVtYV92ZXJzaW9uIjoiMSJ9",
          "dependencies": [
            "aws_vpc.main"
          ]
        }
      ]
    },
    {
      "mode": "managed",
      "type": "aws_subnet",
      "name": "producer_public",
      "provider": "provider[\"registry.terraform.io/hashicorp/aws\"]",
      "instances": [
        {
          "schema_version": 1,
          "attributes": {
            "arn": "arn:aws:ec2:ap-south-1:741448939728:subnet/subnet-0587c4e84f1287f9e",
            "assign_ipv6_address_on_creation": false,
            "availability_zone": "ap-south-1a",
            "availability_zone_id": "aps1-az1",
            "cidr_block": "10.0.10.0/24",
            "customer_owned_ipv4_pool": "",
            "enable_dns64": false,
            "enable_lni_at_device_index": 0,
            "enable_resource_name_dns_a_record_on_launch": false,
            "enable_resource_name_dns_aaaa_record_on_launch": false,
            "id": "subnet-0587c4e84f1287f9e",
            "ipv4_ipam_pool_id": null,
            "ipv4_netmask_length": null,
            "ipv6_cidr_block": "",
            "ipv6_cidr_block_association_id": "",
            "ipv6_ipam_pool_id": null,
            "ipv6_native": false,
            "ipv6_netmask_length": null,
            "map_customer_owned_ip_on_launch": false,
            "map_public_ip_on_launch": true,
            "outpost_arn": "",
            "owner_id": "741448939728",
            "private_dns_hostname_type_on_launch": "ip-name",
            "region": "ap-south-1",
            "tags": {
              "Name": "msk-firehose-demo-dev-producer-public"
            },
            "tags_all": {
              "Environment": "dev",
              "ManagedBy": "Terraform",
              "Name": "msk-firehose-demo-dev-producer-public",
              "Project": "msk-firehose-demo"
            },
            "timeouts": null,
            "vpc_id": "vpc-0423d24a10cb4cb64"
          },
          "sensitive_attributes": [],
          "private": "eyJlMmJmYjczMC1lY2FhLTExZTYtOGY4OC0zNDM2M2JjN2M0YzAiOnsiY3JlYXRlIjo2MDAwMDAwMDAwMDAsImRlbGV0ZSI6MTIwMDAwMDAwMDAwMH0sInNjaGVtYV92ZXJzaW9uIjoiMSJ9",
          "dependencies": [
            "aws_vpc.main"
          ]
        }
      ]
    },
    {
      "mode": "managed",
      "type": "aws_vpc",
      "name": "main",
      "provider": "provider[\"registry.terraform.io/hashicorp/aws\"]",
      "instances": [
        {
          "schema_version": 1,
          "attributes": {
            "arn": "arn:aws:ec2:ap-south-1:741448939728:vpc/vpc-0423d24a10cb4cb64",
            "assign_generated_ipv6_cidr_block": false,
            "cidr_block": "10.0.0.0/16",
            "default_network_acl_id": "acl-07b62156dc3fa2915",
            "default_route_table_id": "rtb-02faaefdf7d7755b3",
            "default_security_group_id": "sg-06fa2fff7ac0f2acb",
            "dhcp_options_id": "dopt-001d54595cb380f65",
            "enable_dns_hostnames": true,
            "enable_dns_support": true,
            "enable_network_address_usage_metrics": false,
            "id": "vpc-0423d24a10cb4cb64",
            "instance_tenancy": "default",
            "ipv4_ipam_pool_id": null,
            "ipv4_netmask_length": null,
            "ipv6_association_id": "",
            "ipv6_cidr_block": "",
            "ipv6_cidr_block_network_border_group": "",
            "ipv6_ipam_pool_id": "",
            "ipv6_netmask_length": 0,
            "main_route_table_id": "rtb-02faaefdf7d7755b3",
            "owner_id": "741448939728",
            "region": "ap-south-1",
            "tags": {},
            "tags_all": {
              "Environment": "dev",
              "ManagedBy": "Terraform",
              "Project": "msk-firehose-demo"
            }
          },
          "sensitive_attributes": [],
          "private": "eyJzY2hlbWFfdmVyc2lvbiI6IjEifQ=="
        }
      ]
    },
    {
      "mode": "managed",
      "type": "aws_vpc_security_group_egress_rule",
      "name": "https",
      "provider": "provider[\"registry.terraform.io/hashicorp/aws\"]",
      "instances": [
        {
          "schema_version": 0,
          "attributes": {
            "arn": "arn:aws:ec2:ap-south-1:741448939728:security-group-rule/sgr-00e224323a25c831c",
            "cidr_ipv4": "0.0.0.0/0",
            "cidr_ipv6": null,
            "description": "HTTPS",
            "from_port": 443,
            "id": "sgr-00e224323a25c831c",
            "ip_protocol": "tcp",
            "prefix_list_id": null,
            "referenced_security_group_id": null,
            "region": "ap-south-1",
            "security_group_id": "sg-060b15b2471c8d333",
            "security_group_rule_id": "sgr-00e224323a25c831c",
            "tags": null,
            "tags_all": {
              "Environment": "dev",
              "ManagedBy": "Terraform",
              "Project": "msk-firehose-demo"
            },
            "to_port": 443
          },
          "sensitive_attributes": [],
          "dependencies": [
            "aws_security_group.msk",
            "aws_vpc.main"
          ]
        }
      ]
    },
    {
      "mode": "managed",
      "type": "aws_vpc_security_group_egress_rule",
      "name": "kafka",
      "provider": "provider[\"registry.terraform.io/hashicorp/aws\"]",
      "instances": [
        {
          "index_key": "10.0.0.0/8",
          "schema_version": 0,
          "attributes": {
            "arn": "arn:aws:ec2:ap-south-1:741448939728:security-group-rule/sgr-0b79632e370ff6969",
            "cidr_ipv4": "10.0.0.0/8",
            "cidr_ipv6": null,
            "description": "Kafka to allowed CIDR",
            "from_port": 9098,
            "id": "sgr-0b79632e370ff6969",
            "ip_protocol": "tcp",
            "prefix_list_id": null,
            "referenced_security_group_id": null,
            "region": "ap-south-1",
            "security_group_id": "sg-060b15b2471c8d333",
            "security_group_rule_id": "sgr-0b79632e370ff6969",
            "tags": null,
            "tags_all": {
              "Environment": "dev",
              "ManagedBy": "Terraform",
              "Project": "msk-firehose-demo"
            },
            "to_port": 9098
          },
          "sensitive_attributes": [],
          "dependencies": [
            "aws_security_group.msk",
            "aws_vpc.main"
          ]
        }
      ]
    },
    {
      "mode": "managed",
      "type": "aws_vpc_security_group_egress_rule",
      "name": "producer_all",
      "provider": "provider[\"registry.terraform.io/hashicorp/aws\"]",
      "instances": [
        {
          "schema_version": 0,
          "attributes": {
            "arn": "arn:aws:ec2:ap-south-1:741448939728:security-group-rule/sgr-0a6995c5dbce1ae59",
            "cidr_ipv4": "0.0.0.0/0",
            "cidr_ipv6": null,
            "description": "Allow all outbound traffic",
            "from_port": null,
            "id": "sgr-0a6995c5dbce1ae59",
            "ip_protocol": "-1",
            "prefix_list_id": null,
            "referenced_security_group_id": null,
            "region": "ap-south-1",
            "security_group_id": "sg-0c27eda0ad80f1018",
            "security_group_rule_id": "sgr-0a6995c5dbce1ae59",
            "tags": null,
            "tags_all": {
              "Environment": "dev",
              "ManagedBy": "Terraform",
              "Project": "msk-firehose-demo"
            },
            "to_port": null
          },
          "sensitive_attributes": [],
          "dependencies": [
            "aws_security_group.producer",
            "aws_vpc.main"
          ]
        }
      ]
    },
    {
      "mode": "managed",
      "type": "aws_vpc_security_group_ingress_rule",
      "name": "kafka",
      "provider": "provider[\"registry.terraform.io/hashicorp/aws\"]",
      "instances": [
        {
          "index_key": "10.0.0.0/8",
          "schema_version": 0,
          "attributes": {
            "arn": "arn:aws:ec2:ap-south-1:741448939728:security-group-rule/sgr-0fb9683111d44c82a",
            "cidr_ipv4": "10.0.0.0/8",
            "cidr_ipv6": null,
            "description": "Kafka IAM TLS from allowed CIDR",
            "from_port": 9098,
            "id": "sgr-0fb9683111d44c82a",
            "ip_protocol": "tcp",
            "prefix_list_id": null,
            "referenced_security_group_id": null,
            "region": "ap-south-1",
            "security_group_id": "sg-060b15b2471c8d333",
            "security_group_rule_id": "sgr-0fb9683111d44c82a",
            "tags": null,
            "tags_all": {
              "Environment": "dev",
              "ManagedBy": "Terraform",
              "Project": "msk-firehose-demo"
            },
            "to_port": 9098
          },
          "sensitive_attributes": [],
          "dependencies": [
            "aws_security_group.msk",
            "aws_vpc.main"
          ]
        }
      ]
    },
    {
      "mode": "managed",
      "type": "aws_vpc_security_group_ingress_rule",
      "name": "msk_from_producer",
      "provider": "provider[\"registry.terraform.io/hashicorp/aws\"]",
      "instances": [
        {
          "schema_version": 0,
          "attributes": {
            "arn": "arn:aws:ec2:ap-south-1:741448939728:security-group-rule/sgr-08d9c011a3d2d33cd",
            "cidr_ipv4": null,
            "cidr_ipv6": null,
            "description": "Allow producer EC2 to MSK IAM listener",
            "from_port": 9098,
            "id": "sgr-08d9c011a3d2d33cd",
            "ip_protocol": "tcp",
            "prefix_list_id": null,
            "referenced_security_group_id": "sg-0c27eda0ad80f1018",
            "region": "ap-south-1",
            "security_group_id": "sg-060b15b2471c8d333",
            "security_group_rule_id": "sgr-08d9c011a3d2d33cd",
            "tags": null,
            "tags_all": {
              "Environment": "dev",
              "ManagedBy": "Terraform",
              "Project": "msk-firehose-demo"
            },
            "to_port": 9098
          },
          "sensitive_attributes": [],
          "dependencies": [
            "aws_security_group.msk",
            "aws_security_group.producer",
            "aws_vpc.main"
          ]
        }
      ]
    },
    {
      "mode": "managed",
      "type": "aws_vpc_security_group_ingress_rule",
      "name": "producer_ssh",
      "provider": "provider[\"registry.terraform.io/hashicorp/aws\"]",
      "instances": [
        {
          "index_key": "0.0.0.0/0",
          "schema_version": 0,
          "attributes": {
            "arn": "arn:aws:ec2:ap-south-1:741448939728:security-group-rule/sgr-067013753d8df5b2d",
            "cidr_ipv4": "0.0.0.0/0",
            "cidr_ipv6": null,
            "description": "Allow SSH",
            "from_port": 22,
            "id": "sgr-067013753d8df5b2d",
            "ip_protocol": "tcp",
            "prefix_list_id": null,
            "referenced_security_group_id": null,
            "region": "ap-south-1",
            "security_group_id": "sg-0c27eda0ad80f1018",
            "security_group_rule_id": "sgr-067013753d8df5b2d",
            "tags": null,
            "tags_all": {
              "Environment": "dev",
              "ManagedBy": "Terraform",
              "Project": "msk-firehose-demo"
            },
            "to_port": 22
          },
          "sensitive_attributes": [],
          "dependencies": [
            "aws_security_group.producer",
            "aws_vpc.main"
          ]
        }
      ]
    }
  ],
  "check_results": null
}
